{
  "version": 4,
  "terraform_version": "1.14.9",
  "serial": 124,
  "lineage": "be09f584-b05b-5ff8-7a55-88aab4946f05",
  "outputs": {
    "api_gateway_url": {
      "value": "https://fjifywkhy9.execute-api.ap-south-1.amazonaws.com",
      "type": "string"
    },
    "dynamodb_table_name": {
      "value": "vlab-sessions",
      "type": "string"
    },
    "dynamodb_tables": {
      "value": {
        "results": "lab-results",
        "sessions": "vlab-sessions",
        "submissions": "lab-submissions"
      },
      "type": [
        "object",
        {
          "results": "string",
          "sessions": "string",
          "submissions": "string"
        }
      ]
    },
    "ecr_repository_urls": {
      "value": {
        "dbms": "465443875617.dkr.ecr.ap-south-1.amazonaws.com/vlab-dev-dbms",
        "java": "465443875617.dkr.ecr.ap-south-1.amazonaws.com/vlab-dev-java",
        "linux": "465443875617.dkr.ecr.ap-south-1.amazonaws.com/vlab-dev-linux",
        "python": "465443875617.dkr.ecr.ap-south-1.amazonaws.com/vlab-dev-python"
      },
      "type": [
        "object",
        {
          "dbms": "string",
          "java": "string",
          "linux": "string",
          "python": "string"
        }
      ]
    },
    "ecs_cluster_name": {
      "value": "vlab-dev-cluster",
      "type": "string"
    },
    "ecs_task_definition_arns": {
      "value": {
        "dbms": "arn:aws:ecs:ap-south-1:465443875617:task-definition/vlab-dev-dbms-task:1",
        "java": "arn:aws:ecs:ap-south-1:465443875617:task-definition/vlab-dev-java-task:1",
        "linux": "arn:aws:ecs:ap-south-1:465443875617:task-definition/vlab-dev-linux-task:1",
        "python": "arn:aws:ecs:ap-south-1:465443875617:task-definition/vlab-dev-python-task:5"
      },
      "type": [
        "object",
        {
          "dbms": "string",
          "java": "string",
          "linux": "string",
          "python": "string"
        }
      ]
    },
    "lambda_arns": {
      "value": {
        "cleanup_expired": "arn:aws:lambda:ap-south-1:465443875617:function:vlab-dev-cleanup-expired",
        "execute_code": "arn:aws:lambda:ap-south-1:465443875617:function:vlab-dev-execute-code",
        "get_result": "arn:aws:lambda:ap-south-1:465443875617:function:vlab-dev-get-result",
        "grade_lab": "arn:aws:lambda:ap-south-1:465443875617:function:vlab-dev-grade-lab",
        "start_lab": "arn:aws:lambda:ap-south-1:465443875617:function:vlab-dev-start-lab",
        "stop_lab": "arn:aws:lambda:ap-south-1:465443875617:function:vlab-dev-stop-lab",
        "submit_code": "arn:aws:lambda:ap-south-1:465443875617:function:vlab-dev-submit-code"
      },
      "type": [
        "object",
        {
          "cleanup_expired": "string",
          "execute_code": "string",
          "get_result": "string",
          "grade_lab": "string",
          "start_lab": "string",
          "stop_lab": "string",
          "submit_code": "string"
        }
      ]
    },
    "lock_table_name": {
      "value": "vlab-terraform-locks",
      "type": "string"
    },
    "state_bucket_name": {
      "value": "vlab-terraform-state-5x5avwpb",
      "type": "string"
    },
    "test_cases_bucket": {
      "value": "vlab-dev-test-cases-1fem8m0a",
      "type": "string"
    }
  },
  "resources": [
    {
      "mode": "data",
      "type": "archive_file",
      "name": "cleanup_expired_zip",
      "provider": "provider[\"registry.terraform.io/hashicorp/archive\"]",
      "instances": [
        {
          "schema_version": 0,
          "attributes": {
            "exclude_symlink_directories": null,
            "excludes": null,
            "id": "3e177b034c84296ad211f2f77ed84c6d39db8bb2",
            "output_base64sha256": "Ia5ar41DD8/9wjVHIbJACBWoLo7xYHSvLbifuqgyH3o=",
            "output_base64sha512": "Wj3QNaoZcDaDrVxaKadYkllyNHb0Gr5Bm5SGCMOg3YYHOtqg9pRTOJKx0Kz7lY4Eg4tZ7gPgouTRaa57qSxO3A==",
            "output_file_mode": null,
            "output_md5": "56498df101b44f16dbf242683a371f35",
            "output_path": "./cleanup_expired.zip",
            "output_sha": "3e177b034c84296ad211f2f77ed84c6d39db8bb2",
            "output_sha256": "21ae5aaf8d430fcffdc2354721b2400815a82e8ef16074af2db89fbaa8321f7a",
            "output_sha512": "5a3dd035aa19703683ad5c5a29a7589259723476f41abe419b948608c3a0dd86073adaa0f694533892b1d0acfb958e04838b59ee03e0a2e4d169ae7ba92c4edc",
            "output_size": 761,
            "source": [],
            "source_content": null,
            "source_content_filename": null,
            "source_dir": null,
            "source_file": "./../lambda/cleanup_expired.py",
            "type": "zip"
          },
          "sensitive_attributes": [],
          "identity_schema_version": 0
        }
      ]
    },
    {
      "mode": "data",
      "type": "archive_file",
      "name": "execute_code_zip",
      "provider": "provider[\"registry.terraform.io/hashicorp/archive\"]",
      "instances": [
        {
          "schema_version": 0,
          "attributes": {
            "exclude_symlink_directories": null,
            "excludes": null,
            "id": "6f7a9a15634c6fb7c82b23390e4ebc58a3f50a8c",
            "output_base64sha256": "x0Fc6BCLRCZR9dloBnpcp8z9VrNqPH7oQd1fvYhmz/A=",
            "output_base64sha512": "fX2CYpUj1YIHJKZdCthtXbWJo58kzKR/iZJPB2NLPLtxKe6zKod+96Q4Jo4ntMGL6MbEmY6P/VZhktGO7MHzRA==",
            "output_file_mode": null,
            "output_md5": "6645f4de7fb5c08d0c5637304906f2c2",
            "output_path": "./execute_code.zip",
            "output_sha": "6f7a9a15634c6fb7c82b23390e4ebc58a3f50a8c",
            "output_sha256": "c7415ce8108b442651f5d968067a5ca7ccfd56b36a3c7ee841dd5fbd8866cff0",
            "output_sha512": "7d7d82629523d5820724a65d0ad86d5db589a39f24cca47f89924f07634b3cbb7129eeb32a877ef7a438268e27b4c18be8c6c4998e8ffd566192d18eecc1f344",
            "output_size": 2225,
            "source": [],
            "source_content": null,
            "source_content_filename": null,
            "source_dir": null,
            "source_file": "./../lambda/execute_code.py",
            "type": "zip"
          },
          "sensitive_attributes": [],
          "identity_schema_version": 0
        }
      ]
    },
    {
      "mode": "data",
      "type": "archive_file",
      "name": "get_labs_zip",
      "provider": "provider[\"registry.terraform.io/hashicorp/archive\"]",
      "instances": [
        {
          "schema_version": 0,
          "attributes": {
            "exclude_symlink_directories": null,
            "excludes": null,
            "id": "bbb682ec1421d60b19b4ac9593fd5bc418cc633a",
            "output_base64sha256": "teNtGzAv8gGDD2e1jtzT1QezgZrvOn+pgRXymMFhupQ=",
            "output_base64sha512": "8n7LparMiJROklFiQei6skSbjKB9OovnCO0EzS+6mymyzDYCgPOtSC9291sd8oFLtc6ljuGYnSd4Hx9mfboJbQ==",
            "output_file_mode": null,
            "output_md5": "219f41f3bb1701f0aaeabd727cfd243f",
            "output_path": "./get_labs.zip",
            "output_sha": "bbb682ec1421d60b19b4ac9593fd5bc418cc633a",
            "output_sha256": "b5e36d1b302ff201830f67b58edcd3d507b3819aef3a7fa98115f298c161ba94",
            "output_sha512": "f27ecba5aacc88944e92516241e8bab2449b8ca07d3a8be708ed04cd2fba9b29b2cc360280f3ad482f76f75b1df2814bb5cea58ee1989d27781f1f667dba096d",
            "output_size": 1073,
            "source": [],
            "source_content": null,
            "source_content_filename": null,
            "source_dir": null,
            "source_file": "./../lambda/get_labs.py",
            "type": "zip"
          },
          "sensitive_attributes": [],
          "identity_schema_version": 0
        }
      ]
    },
    {
      "mode": "data",
      "type": "archive_file",
      "name": "get_result_zip",
      "provider": "provider[\"registry.terraform.io/hashicorp/archive\"]",
      "instances": [
        {
          "schema_version": 0,
          "attributes": {
            "exclude_symlink_directories": null,
            "excludes": null,
            "id": "3a25abaf0a67322ddc6c1ce906027e64a4c84805",
            "output_base64sha256": "+S9dH7R+55Acf8bCcPIrFm2Xf/uaiKOJlGJWPvQzsyk=",
            "output_base64sha512": "S6JN2KSuHRI/Wa4HDvdS9nn/8WyKLPbZb5hhh2SeQzNv9u4fzS3kU9viR0JI9QY/xbIKddH+rO5x81fjt605Nw==",
            "output_file_mode": null,
            "output_md5": "092e642c412603aaabd39c5a30e809e4",
            "output_path": "./get_result.zip",
            "output_sha": "3a25abaf0a67322ddc6c1ce906027e64a4c84805",
            "output_sha256": "f92f5d1fb47ee7901c7fc6c270f22b166d977ffb9a88a3899462563ef433b329",
            "output_sha512": "4ba24dd8a4ae1d123f59ae070ef752f679fff16c8a2cf6d96f986187649e43336ff6ee1fcd2de453dbe2474248f5063fc5b20a75d1feacee71f357e3b7ad3937",
            "output_size": 697,
            "source": [],
            "source_content": null,
            "source_content_filename": null,
            "source_dir": null,
            "source_file": "./../lambda/get_result.py",
            "type": "zip"
          },
          "sensitive_attributes": [],
          "identity_schema_version": 0
        }
      ]
    },
    {
      "mode": "data",
      "type": "archive_file",
      "name": "get_session_zip",
      "provider": "provider[\"registry.terraform.io/hashicorp/archive\"]",
      "instances": [
        {
          "schema_version": 0,
          "attributes": {
            "exclude_symlink_directories": null,
            "excludes": null,
            "id": "436e6a610f212c799a9c7355e472cffb2798348c",
            "output_base64sha256": "Psgba7h6mBOsVA42+lwV2TwSh6iEQHMcYA4NW0qcy7E=",
            "output_base64sha512": "w16TlAP8+dzTfTVL13TJ9ny+A2LytRGDps3IfihxiKu/1/+8o7llXDDuZk6cr/XI0PD7tVInQXypfJi0MK6nAg==",
            "output_file_mode": null,
            "output_md5": "eaa2c484f01b2e4499555948ebbdb4c4",
            "output_path": "./get_session.zip",
            "output_sha": "436e6a610f212c799a9c7355e472cffb2798348c",
            "output_sha256": "3ec81b6bb87a9813ac540e36fa5c15d93c1287a88440731c600e0d5b4a9ccbb1",
            "output_sha512": "c35e939403fcf9dcd37d354bd774c9f67cbe0362f2b51183a6cdc87e287188abbfd7ffbca3b9655c30ee664e9caff5c8d0f0fbb55227417ca97c98b430aea702",
            "output_size": 1531,
            "source": [],
            "source_content": null,
            "source_content_filename": null,
            "source_dir": null,
            "source_file": "./../lambda/get_session.py",
            "type": "zip"
          },
          "sensitive_attributes": [],
          "identity_schema_version": 0
        }
      ]
    },
    {
      "mode": "data",
      "type": "archive_file",
      "name": "grade_lab_zip",
      "provider": "provider[\"registry.terraform.io/hashicorp/archive\"]",
      "instances": [
        {
          "schema_version": 0,
          "attributes": {
            "exclude_symlink_directories": null,
            "excludes": null,
            "id": "7bf8db84bc337ac480e5ea3d3f27797ac012394f",
            "output_base64sha256": "83VX5fu2PHB3DttEgLC3WY7xcmbojjaLRXS9Ylt9lGU=",
            "output_base64sha512": "Znl4V5y6pTn2R9HwTgz5iQHiWuWi8YSu6JXCUXvFv1eSKhpXXpV2eWP4wM5DZIg63PUN8x+Qa6hIQv98QafSUg==",
            "output_file_mode": null,
            "output_md5": "5f44cb8ec85fa606e8e2ff6058e4ec1d",
            "output_path": "./grade_lab.zip",
            "output_sha": "7bf8db84bc337ac480e5ea3d3f27797ac012394f",
            "output_sha256": "f37557e5fbb63c70770edb4480b0b7598ef17266e88e368b4574bd625b7d9465",
            "output_sha512": "667978579cbaa539f647d1f04e0cf98901e25ae5a2f184aee895c2517bc5bf57922a1a575e95767963f8c0ce4364883adcf50df31f906ba84842ff7c41a7d252",
            "output_size": 1146,
            "source": [],
            "source_content": null,
            "source_content_filename": null,
            "source_dir": null,
            "source_file": "./../lambda/grade_lab.py",
            "type": "zip"
          },
          "sensitive_attributes": [],
          "identity_schema_version": 0
        }
      ]
    },
    {
      "mode": "data",
      "type": "archive_file",
      "name": "start_lab_zip",
      "provider": "provider[\"registry.terraform.io/hashicorp/archive\"]",
      "instances": [
        {
          "schema_version": 0,
          "attributes": {
            "exclude_symlink_directories": null,
            "excludes": null,
            "id": "a799342608aa145ad07298878c5d47a24ae5c8a5",
            "output_base64sha256": "UcUNU8FzEkHr4lClru/2AnArxtGejEamhFA1oqnTAhA=",
            "output_base64sha512": "S8zPN8XTlAYiEaeUtjmdtx4rl2WzXYHCVUr270dnM49VK73OVEegi9Ib6ArELbkIWJzEJnHIITOlFyxjobB6TA==",
            "output_file_mode": null,
            "output_md5": "bcbd5c0ee6444dba1cb405317c40d6bc",
            "output_path": "./start_lab.zip",
            "output_sha": "a799342608aa145ad07298878c5d47a24ae5c8a5",
            "output_sha256": "51c50d53c1731241ebe250a5aeeff602702bc6d19e8c46a6845035a2a9d30210",
            "output_sha512": "4bcccf37c5d394062211a794b6399db71e2b9765b35d81c2554af6ef4767338f552bbdce5447a08bd21be80ac42db908589cc42671c82133a5172c63a1b07a4c",
            "output_size": 2156,
            "source": [],
            "source_content": null,
            "source_content_filename": null,
            "source_dir": null,
            "source_file": "./../lambda/start_lab.py",
            "type": "zip"
          },
          "sensitive_attributes": [],
          "identity_schema_version": 0
        }
      ]
    },
    {
      "mode": "data",
      "type": "archive_file",
      "name": "stop_lab_zip",
      "provider": "provider[\"registry.terraform.io/hashicorp/archive\"]",
      "instances": [
        {
          "schema_version": 0,
          "attributes": {
            "exclude_symlink_directories": null,
            "excludes": null,
            "id": "97a1e12e7cdf0675b3568d9fca47cd1d1f17070c",
            "output_base64sha256": "BcbmHAuUP4m3prxMJ5+J5bEAFBv3HkdfpusUhgrfXe0=",
            "output_base64sha512": "1KxBQx03WHVPc2jT+xrNXi1gZFAZqkj09Oy1ksTs1/6TnnJbU0jkNf7eGMoM+64OYA97K+l652LnFu8Ago8U5Q==",
            "output_file_mode": null,
            "output_md5": "47e5b703ad5d763e49960b5214f9fbcb",
            "output_path": "./stop_lab.zip",
            "output_sha": "97a1e12e7cdf0675b3568d9fca47cd1d1f17070c",
            "output_sha256": "05c6e61c0b943f89b7a6bc4c279f89e5b100141bf71e475fa6eb14860adf5ded",
            "output_sha512": "d4ac41431d3758754f7368d3fb1acd5e2d60645019aa48f4f4ecb592c4ecd7fe939e725b5348e435fede18ca0cfbae0e600f7b2be97ae762e716ef00828f14e5",
            "output_size": 1252,
            "source": [],
            "source_content": null,
            "source_content_filename": null,
            "source_dir": null,
            "source_file": "./../lambda/stop_lab.py",
            "type": "zip"
          },
          "sensitive_attributes": [],
          "identity_schema_version": 0
        }
      ]
    },
    {
      "mode": "data",
      "type": "archive_file",
      "name": "submit_code_zip",
      "provider": "provider[\"registry.terraform.io/hashicorp/archive\"]",
      "instances": [
        {
          "schema_version": 0,
          "attributes": {
            "exclude_symlink_directories": null,
            "excludes": null,
            "id": "764eb066d612982c2283d1a3005b6f07943bae58",
            "output_base64sha256": "M4OwP/yWBbq/yGuE83sXdKmY1BUHjMsfJ/tnC32K5RM=",
            "output_base64sha512": "k8kmUI1RL8niXUv7pekkW0Pu8F74i/WALD8v1OCoOPxcGC4u2pAWmjHqdgQa8hW0p4t9vPtGxHTpAgh9dOyTWA==",
            "output_file_mode": null,
            "output_md5": "f78ce82dfe6e62ac2a4428e7e5a9f8db",
            "output_path": "./submit_code.zip",
            "output_sha": "764eb066d612982c2283d1a3005b6f07943bae58",
            "output_sha256": "3383b03ffc9605babfc86b84f37b1774a998d415078ccb1f27fb670b7d8ae513",
            "output_sha512": "93c926508d512fc9e25d4bfba5e9245b43eef05ef88bf5802c3f2fd4e0a838fc5c182e2eda90169a31ea76041af215b4a78b7dbcfb46c474e902087d74ec9358",
            "output_size": 916,
            "source": [],
            "source_content": null,
            "source_content_filename": null,
            "source_dir": null,
            "source_file": "./../lambda/submit_code.py",
            "type": "zip"
          },
          "sensitive_attributes": [],
          "identity_schema_version": 0
        }
      ]
    },
    {
      "mode": "data",
      "type": "aws_availability_zones",
      "name": "available",
      "provider": "provider[\"registry.terraform.io/hashicorp/aws\"]",
      "instances": [
        {
          "schema_version": 0,
          "attributes": {
            "all_availability_zones": null,
            "exclude_names": null,
            "exclude_zone_ids": null,
            "filter": null,
            "group_names": [
              "ap-south-1-zg-1"
            ],
            "id": "ap-south-1",
            "names": [
              "ap-south-1a",
              "ap-south-1b",
              "ap-south-1c"
            ],
            "state": "available",
            "timeouts": null,
            "zone_ids": [
              "aps1-az1",
              "aps1-az3",
              "aps1-az2"
            ]
          },
          "sensitive_attributes": [],
          "identity_schema_version": 0
        }
      ]
    },
    {
      "mode": "data",
      "type": "aws_caller_identity",
      "name": "current",
      "provider": "provider[\"registry.terraform.io/hashicorp/aws\"]",
      "instances": [
        {
          "schema_version": 0,
          "attributes": {
            "account_id": "465443875617",
            "arn": "arn:aws:iam::465443875617:user/nirva-padaliya",
            "id": "465443875617",
            "user_id": "AIDAWYXU55MQUEXJN5FJD"
          },
          "sensitive_attributes": [],
          "identity_schema_version": 0
        }
      ]
    },
    {
      "mode": "data",
      "type": "aws_iam_policy_document",
      "name": "ecs_task_execution_assume_role",
      "provider": "provider[\"registry.terraform.io/hashicorp/aws\"]",
      "instances": [
        {
          "schema_version": 0,
          "attributes": {
            "id": "1077804475",
            "json": "{\n  \"Version\": \"2012-10-17\",\n  \"Statement\": [\n    {\n      \"Effect\": \"Allow\",\n      \"Action\": \"sts:AssumeRole\",\n      \"Principal\": {\n        \"Service\": \"ecs-tasks.amazonaws.com\"\n      }\n    }\n  ]\n}",
            "minified_json": "{\"Version\":\"2012-10-17\",\"Statement\":[{\"Effect\":\"Allow\",\"Action\":\"sts:AssumeRole\",\"Principal\":{\"Service\":\"ecs-tasks.amazonaws.com\"}}]}",
            "override_json": null,
            "override_policy_documents": null,
            "policy_id": null,
            "source_json": null,
            "source_policy_documents": null,
            "statement": [
              {
                "actions": [
                  "sts:AssumeRole"
                ],
                "condition": [],
                "effect": "Allow",
                "not_actions": [],
                "not_principals": [],
                "not_resources": [],
                "principals": [
                  {
                    "identifiers": [
                      "ecs-tasks.amazonaws.com"
                    ],
                    "type": "Service"
                  }
                ],
                "resources": [],
                "sid": ""
              }
            ],
            "version": "2012-10-17"
          },
          "sensitive_attributes": [],
          "identity_schema_version": 0
        }
      ]
    },
    {
      "mode": "data",
      "type": "aws_iam_policy_document",
      "name": "lab_ops_lambda",
      "provider": "provider[\"registry.terraform.io/hashicorp/aws\"]",
      "instances": [
        {
          "schema_version": 0,
          "attributes": {
            "id": "2248826747",
            "json": "{\n  \"Version\": \"2012-10-17\",\n  \"Statement\": [\n    {\n      \"Sid\": \"CloudWatchLogs\",\n      \"Effect\": \"Allow\",\n      \"Action\": [\n        \"logs:PutLogEvents\",\n        \"logs:GetLogEvents\",\n        \"logs:DescribeLogStreams\",\n        \"logs:CreateLogStream\",\n        \"logs:CreateLogGroup\"\n      ],\n      \"Resource\": \"*\"\n    },\n    {\n      \"Sid\": \"VpcNetworking\",\n      \"Effect\": \"Allow\",\n      \"Action\": [\n        \"ec2:UnassignPrivateIpAddresses\",\n        \"ec2:DescribeNetworkInterfaces\",\n        \"ec2:DeleteNetworkInterface\",\n        \"ec2:CreateNetworkInterface\",\n        \"ec2:AssignPrivateIpAddresses\"\n      ],\n      \"Resource\": \"*\"\n    },\n    {\n      \"Sid\": \"EcsExecution\",\n      \"Effect\": \"Allow\",\n      \"Action\": [\n        \"ecs:StopTask\",\n        \"ecs:RunTask\",\n        \"ecs:ExecuteCommand\",\n        \"ecs:DescribeTasks\"\n      ],\n      \"Resource\": \"*\"\n    },\n    {\n      \"Sid\": \"PassEcsRoles\",\n      \"Effect\": \"Allow\",\n      \"Action\": \"iam:PassRole\",\n      \"Resource\": [\n        \"arn:aws:iam::465443875617:role/vlab-dev-ecs-task-role\",\n        \"arn:aws:iam::465443875617:role/vlab-dev-ecs-task-execution-role\"\n      ]\n    },\n    {\n      \"Sid\": \"DynamoAccess\",\n      \"Effect\": \"Allow\",\n      \"Action\": [\n        \"dynamodb:UpdateItem\",\n        \"dynamodb:Scan\",\n        \"dynamodb:Query\",\n        \"dynamodb:PutItem\",\n        \"dynamodb:GetItem\",\n        \"dynamodb:DeleteItem\"\n      ],\n      \"Resource\": [\n        \"arn:aws:dynamodb:ap-south-1:465443875617:table/vlab-sessions\",\n        \"arn:aws:dynamodb:ap-south-1:465443875617:table/lab-submissions\",\n        \"arn:aws:dynamodb:ap-south-1:465443875617:table/lab-results\"\n      ]\n    },\n    {\n      \"Sid\": \"S3TestCases\",\n      \"Effect\": \"Allow\",\n      \"Action\": [\n        \"s3:ListBucket\",\n        \"s3:GetObject\"\n      ],\n      \"Resource\": [\n        \"arn:aws:s3:::vlab-dev-test-cases-1fem8m0a/*\",\n        \"arn:aws:s3:::vlab-dev-test-cases-1fem8m0a\"\n      ]\n    },\n    {\n      \"Sid\": \"InvokeLabLambdas\",\n      \"Effect\": \"Allow\",\n      \"Action\": \"lambda:InvokeFunction\",\n      \"Resource\": \"*\"\n    }\n  ]\n}",
            "minified_json": "{\"Version\":\"2012-10-17\",\"Statement\":[{\"Sid\":\"CloudWatchLogs\",\"Effect\":\"Allow\",\"Action\":[\"logs:PutLogEvents\",\"logs:GetLogEvents\",\"logs:DescribeLogStreams\",\"logs:CreateLogStream\",\"logs:CreateLogGroup\"],\"Resource\":\"*\"},{\"Sid\":\"VpcNetworking\",\"Effect\":\"Allow\",\"Action\":[\"ec2:UnassignPrivateIpAddresses\",\"ec2:DescribeNetworkInterfaces\",\"ec2:DeleteNetworkInterface\",\"ec2:CreateNetworkInterface\",\"ec2:AssignPrivateIpAddresses\"],\"Resource\":\"*\"},{\"Sid\":\"EcsExecution\",\"Effect\":\"Allow\",\"Action\":[\"ecs:StopTask\",\"ecs:RunTask\",\"ecs:ExecuteCommand\",\"ecs:DescribeTasks\"],\"Resource\":\"*\"},{\"Sid\":\"PassEcsRoles\",\"Effect\":\"Allow\",\"Action\":\"iam:PassRole\",\"Resource\":[\"arn:aws:iam::465443875617:role/vlab-dev-ecs-task-role\",\"arn:aws:iam::465443875617:role/vlab-dev-ecs-task-execution-role\"]},{\"Sid\":\"DynamoAccess\",\"Effect\":\"Allow\",\"Action\":[\"dynamodb:UpdateItem\",\"dynamodb:Scan\",\"dynamodb:Query\",\"dynamodb:PutItem\",\"dynamodb:GetItem\",\"dynamodb:DeleteItem\"],\"Resource\":[\"arn:aws:dynamodb:ap-south-1:465443875617:table/vlab-sessions\",\"arn:aws:dynamodb:ap-south-1:465443875617:table/lab-submissions\",\"arn:aws:dynamodb:ap-south-1:465443875617:table/lab-results\"]},{\"Sid\":\"S3TestCases\",\"Effect\":\"Allow\",\"Action\":[\"s3:ListBucket\",\"s3:GetObject\"],\"Resource\":[\"arn:aws:s3:::vlab-dev-test-cases-1fem8m0a/*\",\"arn:aws:s3:::vlab-dev-test-cases-1fem8m0a\"]},{\"Sid\":\"InvokeLabLambdas\",\"Effect\":\"Allow\",\"Action\":\"lambda:InvokeFunction\",\"Resource\":\"*\"}]}",
            "override_json": null,
            "override_policy_documents": null,
            "policy_id": null,
            "source_json": null,
            "source_policy_documents": null,
            "statement": [
              {
                "actions": [
                  "logs:CreateLogGroup",
                  "logs:CreateLogStream",
                  "logs:DescribeLogStreams",
                  "logs:GetLogEvents",
                  "logs:PutLogEvents"
                ],
                "condition": [],
                "effect": "Allow",
                "not_actions": [],
                "not_principals": [],
                "not_resources": [],
                "principals": [],
                "resources": [
                  "*"
                ],
                "sid": "CloudWatchLogs"
              },
              {
                "actions": [
                  "ec2:AssignPrivateIpAddresses",
                  "ec2:CreateNetworkInterface",
                  "ec2:DeleteNetworkInterface",
                  "ec2:DescribeNetworkInterfaces",
                  "ec2:UnassignPrivateIpAddresses"
                ],
                "condition": [],
                "effect": "Allow",
                "not_actions": [],
                "not_principals": [],
                "not_resources": [],
                "principals": [],
                "resources": [
                  "*"
                ],
                "sid": "VpcNetworking"
              },
              {
                "actions": [
                  "ecs:DescribeTasks",
                  "ecs:ExecuteCommand",
                  "ecs:RunTask",
                  "ecs:StopTask"
                ],
                "condition": [],
                "effect": "Allow",
                "not_actions": [],
                "not_principals": [],
                "not_resources": [],
                "principals": [],
                "resources": [
                  "*"
                ],
                "sid": "EcsExecution"
              },
              {
                "actions": [
                  "iam:PassRole"
                ],
                "condition": [],
                "effect": "Allow",
                "not_actions": [],
                "not_principals": [],
                "not_resources": [],
                "principals": [],
                "resources": [
                  "arn:aws:iam::465443875617:role/vlab-dev-ecs-task-execution-role",
                  "arn:aws:iam::465443875617:role/vlab-dev-ecs-task-role"
                ],
                "sid": "PassEcsRoles"
              },
              {
                "actions": [
                  "dynamodb:DeleteItem",
                  "dynamodb:GetItem",
                  "dynamodb:PutItem",
                  "dynamodb:Query",
                  "dynamodb:Scan",
                  "dynamodb:UpdateItem"
                ],
                "condition": [],
                "effect": "Allow",
                "not_actions": [],
                "not_principals": [],
                "not_resources": [],
                "principals": [],
                "resources": [
                  "arn:aws:dynamodb:ap-south-1:465443875617:table/lab-results",
                  "arn:aws:dynamodb:ap-south-1:465443875617:table/lab-submissions",
                  "arn:aws:dynamodb:ap-south-1:465443875617:table/vlab-sessions"
                ],
                "sid": "DynamoAccess"
              },
              {
                "actions": [
                  "s3:GetObject",
                  "s3:ListBucket"
                ],
                "condition": [],
                "effect": "Allow",
                "not_actions": [],
                "not_principals": [],
                "not_resources": [],
                "principals": [],
                "resources": [
                  "arn:aws:s3:::vlab-dev-test-cases-1fem8m0a",
                  "arn:aws:s3:::vlab-dev-test-cases-1fem8m0a/*"
                ],
                "sid": "S3TestCases"
              },
              {
                "actions": [
                  "lambda:InvokeFunction"
                ],
                "condition": [],
                "effect": "Allow",
                "not_actions": [],
                "not_principals": [],
                "not_resources": [],
                "principals": [],
                "resources": [
                  "*"
                ],
                "sid": "InvokeLabLambdas"
              }
            ],
            "version": "2012-10-17"
          },
          "sensitive_attributes": [],
          "identity_schema_version": 0
        }
      ]
    },
    {
      "mode": "data",
      "type": "aws_iam_policy_document",
      "name": "lambda_assume_role",
      "provider": "provider[\"registry.terraform.io/hashicorp/aws\"]",
      "instances": [
        {
          "schema_version": 0,
          "attributes": {
            "id": "2690255455",
            "json": "{\n  \"Version\": \"2012-10-17\",\n  \"Statement\": [\n    {\n      \"Effect\": \"Allow\",\n      \"Action\": \"sts:AssumeRole\",\n      \"Principal\": {\n        \"Service\": \"lambda.amazonaws.com\"\n      }\n    }\n  ]\n}",
            "minified_json": "{\"Version\":\"2012-10-17\",\"Statement\":[{\"Effect\":\"Allow\",\"Action\":\"sts:AssumeRole\",\"Principal\":{\"Service\":\"lambda.amazonaws.com\"}}]}",
            "override_json": null,
            "override_policy_documents": null,
            "policy_id": null,
            "source_json": null,
            "source_policy_documents": null,
            "statement": [
              {
                "actions": [
                  "sts:AssumeRole"
                ],
                "condition": [],
                "effect": "Allow",
                "not_actions": [],
                "not_principals": [],
                "not_resources": [],
                "principals": [
                  {
                    "identifiers": [
                      "lambda.amazonaws.com"
                    ],
                    "type": "Service"
                  }
                ],
                "resources": [],
                "sid": ""
              }
            ],
            "version": "2012-10-17"
          },
          "sensitive_attributes": [],
          "identity_schema_version": 0
        }
      ]
    },
    {
      "mode": "data",
      "type": "aws_iam_policy_document",
      "name": "scheduler_assume_role",
      "provider": "provider[\"registry.terraform.io/hashicorp/aws\"]",
      "instances": [
        {
          "schema_version": 0,
          "attributes": {
            "id": "52247394",
            "json": "{\n  \"Version\": \"2012-10-17\",\n  \"Statement\": [\n    {\n      \"Effect\": \"Allow\",\n      \"Action\": \"sts:AssumeRole\",\n      \"Principal\": {\n        \"Service\": \"scheduler.amazonaws.com\"\n      }\n    }\n  ]\n}",
            "minified_json": "{\"Version\":\"2012-10-17\",\"Statement\":[{\"Effect\":\"Allow\",\"Action\":\"sts:AssumeRole\",\"Principal\":{\"Service\":\"scheduler.amazonaws.com\"}}]}",
            "override_json": null,
            "override_policy_documents": null,
            "policy_id": null,
            "source_json": null,
            "source_policy_documents": null,
            "statement": [
              {
                "actions": [
                  "sts:AssumeRole"
                ],
                "condition": [],
                "effect": "Allow",
                "not_actions": [],
                "not_principals": [],
                "not_resources": [],
                "principals": [
                  {
                    "identifiers": [
                      "scheduler.amazonaws.com"
                    ],
                    "type": "Service"
                  }
                ],
                "resources": [],
                "sid": ""
              }
            ],
            "version": "2012-10-17"
          },
          "sensitive_attributes": [],
          "identity_schema_version": 0
        }
      ]
    },
    {
      "mode": "data",
      "type": "aws_iam_policy_document",
      "name": "scheduler_invoke_stop_lambda",
      "provider": "provider[\"registry.terraform.io/hashicorp/aws\"]",
      "instances": [
        {
          "schema_version": 0,
          "attributes": {
            "id": "1614541065",
            "json": "{\n  \"Version\": \"2012-10-17\",\n  \"Statement\": [\n    {\n      \"Effect\": \"Allow\",\n      \"Action\": \"lambda:InvokeFunction\",\n      \"Resource\": [\n        \"arn:aws:lambda:ap-south-1:465443875617:function:vlab-dev-stop-lab\",\n        \"arn:aws:lambda:ap-south-1:465443875617:function:vlab-dev-grade-lab\",\n        \"arn:aws:lambda:ap-south-1:465443875617:function:vlab-dev-cleanup-expired\"\n      ]\n    }\n  ]\n}",
            "minified_json": "{\"Version\":\"2012-10-17\",\"Statement\":[{\"Effect\":\"Allow\",\"Action\":\"lambda:InvokeFunction\",\"Resource\":[\"arn:aws:lambda:ap-south-1:465443875617:function:vlab-dev-stop-lab\",\"arn:aws:lambda:ap-south-1:465443875617:function:vlab-dev-grade-lab\",\"arn:aws:lambda:ap-south-1:465443875617:function:vlab-dev-cleanup-expired\"]}]}",
            "override_json": null,
            "override_policy_documents": null,
            "policy_id": null,
            "source_json": null,
            "source_policy_documents": null,
            "statement": [
              {
                "actions": [
                  "lambda:InvokeFunction"
                ],
                "condition": [],
                "effect": "Allow",
                "not_actions": [],
                "not_principals": [],
                "not_resources": [],
                "principals": [],
                "resources": [
                  "arn:aws:lambda:ap-south-1:465443875617:function:vlab-dev-cleanup-expired",
                  "arn:aws:lambda:ap-south-1:465443875617:function:vlab-dev-grade-lab",
                  "arn:aws:lambda:ap-south-1:465443875617:function:vlab-dev-stop-lab"
                ],
                "sid": ""
              }
            ],
            "version": "2012-10-17"
          },
          "sensitive_attributes": [],
          "identity_schema_version": 0
        }
      ]
    },
    {
      "mode": "data",
      "type": "aws_iam_policy_document",
      "name": "start_lab_lambda",
      "provider": "provider[\"registry.terraform.io/hashicorp/aws\"]",
      "instances": [
        {
          "schema_version": 0,
          "attributes": {
            "id": "1486050333",
            "json": "{\n  \"Version\": \"2012-10-17\",\n  \"Statement\": [\n    {\n      \"Sid\": \"CloudWatchLogs\",\n      \"Effect\": \"Allow\",\n      \"Action\": [\n        \"logs:PutLogEvents\",\n        \"logs:CreateLogStream\",\n        \"logs:CreateLogGroup\"\n      ],\n      \"Resource\": \"*\"\n    },\n    {\n      \"Sid\": \"VpcNetworking\",\n      \"Effect\": \"Allow\",\n      \"Action\": [\n        \"ec2:UnassignPrivateIpAddresses\",\n        \"ec2:DescribeNetworkInterfaces\",\n        \"ec2:DeleteNetworkInterface\",\n        \"ec2:CreateNetworkInterface\",\n        \"ec2:AssignPrivateIpAddresses\"\n      ],\n      \"Resource\": \"*\"\n    },\n    {\n      \"Sid\": \"RunAndDescribeEcsTasks\",\n      \"Effect\": \"Allow\",\n      \"Action\": [\n        \"ecs:RunTask\",\n        \"ecs:DescribeTasks\"\n      ],\n      \"Resource\": [\n        \"arn:aws:ecs:ap-south-1:465443875617:task-definition/vlab-dev-python-task:5\",\n        \"arn:aws:ecs:ap-south-1:465443875617:task-definition/vlab-dev-linux-task:1\",\n        \"arn:aws:ecs:ap-south-1:465443875617:task-definition/vlab-dev-java-task:1\",\n        \"arn:aws:ecs:ap-south-1:465443875617:task-definition/vlab-dev-dbms-task:1\",\n        \"arn:aws:ecs:ap-south-1:465443875617:cluster/vlab-dev-cluster\"\n      ]\n    },\n    {\n      \"Sid\": \"PassEcsRoles\",\n      \"Effect\": \"Allow\",\n      \"Action\": \"iam:PassRole\",\n      \"Resource\": [\n        \"arn:aws:iam::465443875617:role/vlab-dev-scheduler-stop-lambda-role\",\n        \"arn:aws:iam::465443875617:role/vlab-dev-ecs-task-role\",\n        \"arn:aws:iam::465443875617:role/vlab-dev-ecs-task-execution-role\"\n      ]\n    },\n    {\n      \"Sid\": \"ManageSchedules\",\n      \"Effect\": \"Allow\",\n      \"Action\": [\n        \"scheduler:GetSchedule\",\n        \"scheduler:DeleteSchedule\",\n        \"scheduler:CreateSchedule\"\n      ],\n      \"Resource\": [\n        \"arn:aws:scheduler:ap-south-1:465443875617:schedule-group/vlab-dev-sessions\",\n        \"arn:aws:scheduler:ap-south-1:*:schedule/vlab-dev-sessions/*\"\n      ]\n    },\n    {\n      \"Sid\": \"SessionTableWrite\",\n      \"Effect\": \"Allow\",\n      \"Action\": [\n        \"dynamodb:UpdateItem\",\n        \"dynamodb:PutItem\",\n        \"dynamodb:GetItem\",\n        \"dynamodb:DeleteItem\"\n      ],\n      \"Resource\": \"arn:aws:dynamodb:ap-south-1:465443875617:table/vlab-sessions\"\n    }\n  ]\n}",
            "minified_json": "{\"Version\":\"2012-10-17\",\"Statement\":[{\"Sid\":\"CloudWatchLogs\",\"Effect\":\"Allow\",\"Action\":[\"logs:PutLogEvents\",\"logs:CreateLogStream\",\"logs:CreateLogGroup\"],\"Resource\":\"*\"},{\"Sid\":\"VpcNetworking\",\"Effect\":\"Allow\",\"Action\":[\"ec2:UnassignPrivateIpAddresses\",\"ec2:DescribeNetworkInterfaces\",\"ec2:DeleteNetworkInterface\",\"ec2:CreateNetworkInterface\",\"ec2:AssignPrivateIpAddresses\"],\"Resource\":\"*\"},{\"Sid\":\"RunAndDescribeEcsTasks\",\"Effect\":\"Allow\",\"Action\":[\"ecs:RunTask\",\"ecs:DescribeTasks\"],\"Resource\":[\"arn:aws:ecs:ap-south-1:465443875617:task-definition/vlab-dev-python-task:5\",\"arn:aws:ecs:ap-south-1:465443875617:task-definition/vlab-dev-linux-task:1\",\"arn:aws:ecs:ap-south-1:465443875617:task-definition/vlab-dev-java-task:1\",\"arn:aws:ecs:ap-south-1:465443875617:task-definition/vlab-dev-dbms-task:1\",\"arn:aws:ecs:ap-south-1:465443875617:cluster/vlab-dev-cluster\"]},{\"Sid\":\"PassEcsRoles\",\"Effect\":\"Allow\",\"Action\":\"iam:PassRole\",\"Resource\":[\"arn:aws:iam::465443875617:role/vlab-dev-scheduler-stop-lambda-role\",\"arn:aws:iam::465443875617:role/vlab-dev-ecs-task-role\",\"arn:aws:iam::465443875617:role/vlab-dev-ecs-task-execution-role\"]},{\"Sid\":\"ManageSchedules\",\"Effect\":\"Allow\",\"Action\":[\"scheduler:GetSchedule\",\"scheduler:DeleteSchedule\",\"scheduler:CreateSchedule\"],\"Resource\":[\"arn:aws:scheduler:ap-south-1:465443875617:schedule-group/vlab-dev-sessions\",\"arn:aws:scheduler:ap-south-1:*:schedule/vlab-dev-sessions/*\"]},{\"Sid\":\"SessionTableWrite\",\"Effect\":\"Allow\",\"Action\":[\"dynamodb:UpdateItem\",\"dynamodb:PutItem\",\"dynamodb:GetItem\",\"dynamodb:DeleteItem\"],\"Resource\":\"arn:aws:dynamodb:ap-south-1:465443875617:table/vlab-sessions\"}]}",
            "override_json": null,
            "override_policy_documents": null,
            "policy_id": null,
            "source_json": null,
            "source_policy_documents": null,
            "statement": [
              {
                "actions": [
                  "logs:CreateLogGroup",
                  "logs:CreateLogStream",
                  "logs:PutLogEvents"
                ],
                "condition": [],
                "effect": "Allow",
                "not_actions": [],
                "not_principals": [],
                "not_resources": [],
                "principals": [],
                "resources": [
                  "*"
                ],
                "sid": "CloudWatchLogs"
              },
              {
                "actions": [
                  "ec2:AssignPrivateIpAddresses",
                  "ec2:CreateNetworkInterface",
                  "ec2:DeleteNetworkInterface",
                  "ec2:DescribeNetworkInterfaces",
                  "ec2:UnassignPrivateIpAddresses"
                ],
                "condition": [],
                "effect": "Allow",
                "not_actions": [],
                "not_principals": [],
                "not_resources": [],
                "principals": [],
                "resources": [
                  "*"
                ],
                "sid": "VpcNetworking"
              },
              {
                "actions": [
                  "ecs:DescribeTasks",
                  "ecs:RunTask"
                ],
                "condition": [],
                "effect": "Allow",
                "not_actions": [],
                "not_principals": [],
                "not_resources": [],
                "principals": [],
                "resources": [
                  "arn:aws:ecs:ap-south-1:465443875617:cluster/vlab-dev-cluster",
                  "arn:aws:ecs:ap-south-1:465443875617:task-definition/vlab-dev-dbms-task:1",
                  "arn:aws:ecs:ap-south-1:465443875617:task-definition/vlab-dev-java-task:1",
                  "arn:aws:ecs:ap-south-1:465443875617:task-definition/vlab-dev-linux-task:1",
                  "arn:aws:ecs:ap-south-1:465443875617:task-definition/vlab-dev-python-task:5"
                ],
                "sid": "RunAndDescribeEcsTasks"
              },
              {
                "actions": [
                  "iam:PassRole"
                ],
                "condition": [],
                "effect": "Allow",
                "not_actions": [],
                "not_principals": [],
                "not_resources": [],
                "principals": [],
                "resources": [
                  "arn:aws:iam::465443875617:role/vlab-dev-ecs-task-execution-role",
                  "arn:aws:iam::465443875617:role/vlab-dev-ecs-task-role",
                  "arn:aws:iam::465443875617:role/vlab-dev-scheduler-stop-lambda-role"
                ],
                "sid": "PassEcsRoles"
              },
              {
                "actions": [
                  "scheduler:CreateSchedule",
                  "scheduler:DeleteSchedule",
                  "scheduler:GetSchedule"
                ],
                "condition": [],
                "effect": "Allow",
                "not_actions": [],
                "not_principals": [],
                "not_resources": [],
                "principals": [],
                "resources": [
                  "arn:aws:scheduler:ap-south-1:*:schedule/vlab-dev-sessions/*",
                  "arn:aws:scheduler:ap-south-1:465443875617:schedule-group/vlab-dev-sessions"
                ],
                "sid": "ManageSchedules"
              },
              {
                "actions": [
                  "dynamodb:DeleteItem",
                  "dynamodb:GetItem",
                  "dynamodb:PutItem",
                  "dynamodb:UpdateItem"
                ],
                "condition": [],
                "effect": "Allow",
                "not_actions": [],
                "not_principals": [],
                "not_resources": [],
                "principals": [],
                "resources": [
                  "arn:aws:dynamodb:ap-south-1:465443875617:table/vlab-sessions"
                ],
                "sid": "SessionTableWrite"
              }
            ],
            "version": "2012-10-17"
          },
          "sensitive_attributes": [],
          "identity_schema_version": 0
        }
      ]
    },
    {
      "mode": "data",
      "type": "aws_iam_policy_document",
      "name": "stop_lab_lambda",
      "provider": "provider[\"registry.terraform.io/hashicorp/aws\"]",
      "instances": [
        {
          "schema_version": 0,
          "attributes": {
            "id": "1256054928",
            "json": "{\n  \"Version\": \"2012-10-17\",\n  \"Statement\": [\n    {\n      \"Sid\": \"CloudWatchLogs\",\n      \"Effect\": \"Allow\",\n      \"Action\": [\n        \"logs:PutLogEvents\",\n        \"logs:CreateLogStream\",\n        \"logs:CreateLogGroup\"\n      ],\n      \"Resource\": \"*\"\n    },\n    {\n      \"Sid\": \"VpcNetworking\",\n      \"Effect\": \"Allow\",\n      \"Action\": [\n        \"ec2:UnassignPrivateIpAddresses\",\n        \"ec2:DescribeNetworkInterfaces\",\n        \"ec2:DeleteNetworkInterface\",\n        \"ec2:CreateNetworkInterface\",\n        \"ec2:AssignPrivateIpAddresses\"\n      ],\n      \"Resource\": \"*\"\n    },\n    {\n      \"Sid\": \"StopAndDescribeEcsTasks\",\n      \"Effect\": \"Allow\",\n      \"Action\": [\n        \"ecs:StopTask\",\n        \"ecs:DescribeTasks\"\n      ],\n      \"Resource\": \"*\"\n    },\n    {\n      \"Sid\": \"ManageSchedules\",\n      \"Effect\": \"Allow\",\n      \"Action\": [\n        \"scheduler:GetSchedule\",\n        \"scheduler:DeleteSchedule\"\n      ],\n      \"Resource\": [\n        \"arn:aws:scheduler:ap-south-1:465443875617:schedule-group/vlab-dev-sessions\",\n        \"arn:aws:scheduler:ap-south-1:*:schedule/vlab-dev-sessions/*\"\n      ]\n    },\n    {\n      \"Sid\": \"SessionTableReadWrite\",\n      \"Effect\": \"Allow\",\n      \"Action\": [\n        \"dynamodb:UpdateItem\",\n        \"dynamodb:GetItem\",\n        \"dynamodb:DeleteItem\"\n      ],\n      \"Resource\": \"arn:aws:dynamodb:ap-south-1:465443875617:table/vlab-sessions\"\n    }\n  ]\n}",
            "minified_json": "{\"Version\":\"2012-10-17\",\"Statement\":[{\"Sid\":\"CloudWatchLogs\",\"Effect\":\"Allow\",\"Action\":[\"logs:PutLogEvents\",\"logs:CreateLogStream\",\"logs:CreateLogGroup\"],\"Resource\":\"*\"},{\"Sid\":\"VpcNetworking\",\"Effect\":\"Allow\",\"Action\":[\"ec2:UnassignPrivateIpAddresses\",\"ec2:DescribeNetworkInterfaces\",\"ec2:DeleteNetworkInterface\",\"ec2:CreateNetworkInterface\",\"ec2:AssignPrivateIpAddresses\"],\"Resource\":\"*\"},{\"Sid\":\"StopAndDescribeEcsTasks\",\"Effect\":\"Allow\",\"Action\":[\"ecs:StopTask\",\"ecs:DescribeTasks\"],\"Resource\":\"*\"},{\"Sid\":\"ManageSchedules\",\"Effect\":\"Allow\",\"Action\":[\"scheduler:GetSchedule\",\"scheduler:DeleteSchedule\"],\"Resource\":[\"arn:aws:scheduler:ap-south-1:465443875617:schedule-group/vlab-dev-sessions\",\"arn:aws:scheduler:ap-south-1:*:schedule/vlab-dev-sessions/*\"]},{\"Sid\":\"SessionTableReadWrite\",\"Effect\":\"Allow\",\"Action\":[\"dynamodb:UpdateItem\",\"dynamodb:GetItem\",\"dynamodb:DeleteItem\"],\"Resource\":\"arn:aws:dynamodb:ap-south-1:465443875617:table/vlab-sessions\"}]}",
            "override_json": null,
            "override_policy_documents": null,
            "policy_id": null,
            "source_json": null,
            "source_policy_documents": null,
            "statement": [
              {
                "actions": [
                  "logs:CreateLogGroup",
                  "logs:CreateLogStream",
                  "logs:PutLogEvents"
                ],
                "condition": [],
                "effect": "Allow",
                "not_actions": [],
                "not_principals": [],
                "not_resources": [],
                "principals": [],
                "resources": [
                  "*"
                ],
                "sid": "CloudWatchLogs"
              },
              {
                "actions": [
                  "ec2:AssignPrivateIpAddresses",
                  "ec2:CreateNetworkInterface",
                  "ec2:DeleteNetworkInterface",
                  "ec2:DescribeNetworkInterfaces",
                  "ec2:UnassignPrivateIpAddresses"
                ],
                "condition": [],
                "effect": "Allow",
                "not_actions": [],
                "not_principals": [],
                "not_resources": [],
                "principals": [],
                "resources": [
                  "*"
                ],
                "sid": "VpcNetworking"
              },
              {
                "actions": [
                  "ecs:DescribeTasks",
                  "ecs:StopTask"
                ],
                "condition": [],
                "effect": "Allow",
                "not_actions": [],
                "not_principals": [],
                "not_resources": [],
                "principals": [],
                "resources": [
                  "*"
                ],
                "sid": "StopAndDescribeEcsTasks"
              },
              {
                "actions": [
                  "scheduler:DeleteSchedule",
                  "scheduler:GetSchedule"
                ],
                "condition": [],
                "effect": "Allow",
                "not_actions": [],
                "not_principals": [],
                "not_resources": [],
                "principals": [],
                "resources": [
                  "arn:aws:scheduler:ap-south-1:*:schedule/vlab-dev-sessions/*",
                  "arn:aws:scheduler:ap-south-1:465443875617:schedule-group/vlab-dev-sessions"
                ],
                "sid": "ManageSchedules"
              },
              {
                "actions": [
                  "dynamodb:DeleteItem",
                  "dynamodb:GetItem",
                  "dynamodb:UpdateItem"
                ],
                "condition": [],
                "effect": "Allow",
                "not_actions": [],
                "not_principals": [],
                "not_resources": [],
                "principals": [],
                "resources": [
                  "arn:aws:dynamodb:ap-south-1:465443875617:table/vlab-sessions"
                ],
                "sid": "SessionTableReadWrite"
              }
            ],
            "version": "2012-10-17"
          },
          "sensitive_attributes": [],
          "identity_schema_version": 0
        }
      ]
    },
    {
      "mode": "data",
      "type": "aws_region",
      "name": "current",
      "provider": "provider[\"registry.terraform.io/hashicorp/aws\"]",
      "instances": [
        {
          "schema_version": 0,
          "attributes": {
            "description": "Asia Pacific (Mumbai)",
            "endpoint": "ec2.ap-south-1.amazonaws.com",
            "id": "ap-south-1",
            "name": "ap-south-1"
          },
          "sensitive_attributes": [],
          "identity_schema_version": 0
        }
      ]
    },
    {
      "mode": "managed",
      "type": "aws_apigatewayv2_api",
      "name": "lab",
      "provider": "provider[\"registry.terraform.io/hashicorp/aws\"]",
      "instances": [
        {
          "schema_version": 0,
          "attributes": {
            "api_endpoint": "https://fjifywkhy9.execute-api.ap-south-1.amazonaws.com",
            "api_key_selection_expression": "$request.header.x-api-key",
            "arn": "arn:aws:apigateway:ap-south-1::/apis/fjifywkhy9",
            "body": null,
            "cors_configuration": [
              {
                "allow_credentials": false,
                "allow_headers": [
                  "authorization",
                  "content-type"
                ],
                "allow_methods": [
                  "GET",
                  "OPTIONS",
                  "POST"
                ],
                "allow_origins": [
                  "*"
                ],
                "expose_headers": [],
                "max_age": 3600
              }
            ],
            "credentials_arn": null,
            "description": "",
            "disable_execute_api_endpoint": false,
            "execution_arn": "arn:aws:execute-api:ap-south-1:465443875617:fjifywkhy9",
            "fail_on_warnings": null,
            "id": "fjifywkhy9",
            "ip_address_type": "ipv4",
            "name": "vlab-dev-http-api",
            "protocol_type": "HTTP",
            "route_key": null,
            "route_selection_expression": "$request.method $request.path",
            "tags": {
              "Environment": "dev",
              "ManagedBy": "terraform",
              "Project": "vlab"
            },
            "tags_all": {
              "Environment": "dev",
              "ManagedBy": "terraform",
              "Project": "vlab"
            },
            "target": null,
            "version": ""
          },
          "sensitive_attributes": [],
          "identity_schema_version": 0,
          "private": "bnVsbA=="
        }
      ]
    },
    {
      "mode": "managed",
      "type": "aws_apigatewayv2_integration",
      "name": "execute_code",
      "provider": "provider[\"registry.terraform.io/hashicorp/aws\"]",
      "instances": [
        {
          "schema_version": 0,
          "attributes": {
            "api_id": "fjifywkhy9",
            "connection_id": "",
            "connection_type": "INTERNET",
            "content_handling_strategy": "",
            "credentials_arn": "",
            "description": "",
            "id": "pb489yh",
            "integration_method": "POST",
            "integration_response_selection_expression": "",
            "integration_subtype": "",
            "integration_type": "AWS_PROXY",
            "integration_uri": "arn:aws:apigateway:ap-south-1:lambda:path/2015-03-31/functions/arn:aws:lambda:ap-south-1:465443875617:function:vlab-dev-execute-code/invocations",
            "passthrough_behavior": "",
            "payload_format_version": "2.0",
            "request_parameters": {},
            "request_templates": {},
            "response_parameters": [],
            "template_selection_expression": "",
            "timeout_milliseconds": 30000,
            "tls_config": []
          },
          "sensitive_attributes": [],
          "identity_schema_version": 0,
          "private": "bnVsbA==",
          "dependencies": [
            "aws_apigatewayv2_api.lab",
            "aws_cloudwatch_log_group.ecs",
            "aws_dynamodb_table.results",
            "aws_dynamodb_table.sessions",
            "aws_ecr_repository.lab_images",
            "aws_ecs_cluster.lab",
            "aws_ecs_task_definition.lab",
            "aws_iam_role.ecs_task",
            "aws_iam_role.ecs_task_execution",
            "aws_iam_role.lab_ops_lambda",
            "aws_lambda_function.execute_code",
            "aws_security_group.alb",
            "aws_security_group.ecs_tasks",
            "aws_security_group.lambda",
            "aws_subnet.private",
            "aws_vpc.main",
            "data.archive_file.execute_code_zip",
            "data.aws_availability_zones.available",
            "data.aws_iam_policy_document.ecs_task_execution_assume_role",
            "data.aws_iam_policy_document.lambda_assume_role"
          ]
        }
      ]
    },
    {
      "mode": "managed",
      "type": "aws_apigatewayv2_integration",
      "name": "get_labs",
      "provider": "provider[\"registry.terraform.io/hashicorp/aws\"]",
      "instances": [
        {
          "schema_version": 0,
          "attributes": {
            "api_id": "fjifywkhy9",
            "connection_id": "",
            "connection_type": "INTERNET",
            "content_handling_strategy": "",
            "credentials_arn": "",
            "description": "",
            "id": "9xpwhdn",
            "integration_method": "POST",
            "integration_response_selection_expression": "",
            "integration_subtype": "",
            "integration_type": "AWS_PROXY",
            "integration_uri": "arn:aws:apigateway:ap-south-1:lambda:path/2015-03-31/functions/arn:aws:lambda:ap-south-1:465443875617:function:vlab-dev-get-labs/invocations",
            "passthrough_behavior": "",
            "payload_format_version": "2.0",
            "request_parameters": {},
            "request_templates": {},
            "response_parameters": [],
            "template_selection_expression": "",
            "timeout_milliseconds": 30000,
            "tls_config": []
          },
          "sensitive_attributes": [],
          "identity_schema_version": 0,
          "private": "bnVsbA==",
          "dependencies": [
            "aws_apigatewayv2_api.lab",
            "aws_iam_role.lab_ops_lambda",
            "aws_lambda_function.get_labs",
            "aws_security_group.lambda",
            "aws_subnet.private",
            "aws_vpc.main",
            "data.archive_file.get_labs_zip",
            "data.aws_availability_zones.available",
            "data.aws_iam_policy_document.lambda_assume_role"
          ]
        }
      ]
    },
    {
      "mode": "managed",
      "type": "aws_apigatewayv2_integration",
      "name": "get_result",
      "provider": "provider[\"registry.terraform.io/hashicorp/aws\"]",
      "instances": [
        {
          "schema_version": 0,
          "attributes": {
            "api_id": "fjifywkhy9",
            "connection_id": "",
            "connection_type": "INTERNET",
            "content_handling_strategy": "",
            "credentials_arn": "",
            "description": "",
            "id": "r0ubnr9",
            "integration_method": "POST",
            "integration_response_selection_expression": "",
            "integration_subtype": "",
            "integration_type": "AWS_PROXY",
            "integration_uri": "arn:aws:apigateway:ap-south-1:lambda:path/2015-03-31/functions/arn:aws:lambda:ap-south-1:465443875617:function:vlab-dev-get-result/invocations",
            "passthrough_behavior": "",
            "payload_format_version": "2.0",
            "request_parameters": {},
            "request_templates": {},
            "response_parameters": [],
            "template_selection_expression": "",
            "timeout_milliseconds": 30000,
            "tls_config": []
          },
          "sensitive_attributes": [],
          "identity_schema_version": 0,
          "private": "bnVsbA==",
          "dependencies": [
            "aws_apigatewayv2_api.lab",
            "aws_dynamodb_table.results",
            "aws_iam_role.lab_ops_lambda",
            "aws_lambda_function.get_result",
            "aws_security_group.lambda",
            "aws_subnet.private",
            "aws_vpc.main",
            "data.archive_file.get_result_zip",
            "data.aws_availability_zones.available",
            "data.aws_iam_policy_document.lambda_assume_role"
          ]
        }
      ]
    },
    {
      "mode": "managed",
      "type": "aws_apigatewayv2_integration",
      "name": "get_session",
      "provider": "provider[\"registry.terraform.io/hashicorp/aws\"]",
      "instances": [
        {
          "schema_version": 0,
          "attributes": {
            "api_id": "fjifywkhy9",
            "connection_id": "",
            "connection_type": "INTERNET",
            "content_handling_strategy": "",
            "credentials_arn": "",
            "description": "",
            "id": "8648iid",
            "integration_method": "POST",
            "integration_response_selection_expression": "",
            "integration_subtype": "",
            "integration_type": "AWS_PROXY",
            "integration_uri": "arn:aws:apigateway:ap-south-1:lambda:path/2015-03-31/functions/arn:aws:lambda:ap-south-1:465443875617:function:vlab-dev-get-session/invocations",
            "passthrough_behavior": "",
            "payload_format_version": "2.0",
            "request_parameters": {},
            "request_templates": {},
            "response_parameters": [],
            "template_selection_expression": "",
            "timeout_milliseconds": 30000,
            "tls_config": []
          },
          "sensitive_attributes": [],
          "identity_schema_version": 0,
          "private": "bnVsbA==",
          "dependencies": [
            "aws_apigatewayv2_api.lab",
            "aws_dynamodb_table.sessions",
            "aws_ecs_cluster.lab",
            "aws_iam_role.lab_ops_lambda",
            "aws_lambda_function.get_session",
            "aws_security_group.lambda",
            "aws_subnet.private",
            "aws_vpc.main",
            "data.archive_file.get_session_zip",
            "data.aws_availability_zones.available",
            "data.aws_caller_identity.current",
            "data.aws_iam_policy_document.lambda_assume_role"
          ]
        }
      ]
    },
    {
      "mode": "managed",
      "type": "aws_apigatewayv2_integration",
      "name": "grade_lab",
      "provider": "provider[\"registry.terraform.io/hashicorp/aws\"]",
      "instances": [
        {
          "schema_version": 0,
          "attributes": {
            "api_id": "fjifywkhy9",
            "connection_id": "",
            "connection_type": "INTERNET",
            "content_handling_strategy": "",
            "credentials_arn": "",
            "description": "",
            "id": "vywt8m8",
            "integration_method": "POST",
            "integration_response_selection_expression": "",
            "integration_subtype": "",
            "integration_type": "AWS_PROXY",
            "integration_uri": "arn:aws:apigateway:ap-south-1:lambda:path/2015-03-31/functions/arn:aws:lambda:ap-south-1:465443875617:function:vlab-dev-grade-lab/invocations",
            "passthrough_behavior": "",
            "payload_format_version": "2.0",
            "request_parameters": {},
            "request_templates": {},
            "response_parameters": [],
            "template_selection_expression": "",
            "timeout_milliseconds": 30000,
            "tls_config": []
          },
          "sensitive_attributes": [],
          "identity_schema_version": 0,
          "private": "bnVsbA==",
          "dependencies": [
            "aws_apigatewayv2_api.lab",
            "aws_cloudwatch_log_group.ecs",
            "aws_dynamodb_table.results",
            "aws_dynamodb_table.sessions",
            "aws_dynamodb_table.submissions",
            "aws_ecr_repository.lab_images",
            "aws_ecs_cluster.lab",
            "aws_ecs_task_definition.lab",
            "aws_iam_role.ecs_task",
            "aws_iam_role.ecs_task_execution",
            "aws_iam_role.lab_ops_lambda",
            "aws_lambda_function.grade_lab",
            "aws_s3_bucket.test_cases",
            "aws_security_group.alb",
            "aws_security_group.ecs_tasks",
            "aws_security_group.lambda",
            "aws_subnet.private",
            "aws_vpc.main",
            "data.archive_file.grade_lab_zip",
            "data.aws_availability_zones.available",
            "data.aws_iam_policy_document.ecs_task_execution_assume_role",
            "data.aws_iam_policy_document.lambda_assume_role",
            "random_string.test_cases_suffix"
          ]
        }
      ]
    },
    {
      "mode": "managed",
      "type": "aws_apigatewayv2_integration",
      "name": "start_lab",
      "provider": "provider[\"registry.terraform.io/hashicorp/aws\"]",
      "instances": [
        {
          "schema_version": 0,
          "attributes": {
            "api_id": "fjifywkhy9",
            "connection_id": "",
            "connection_type": "INTERNET",
            "content_handling_strategy": "",
            "credentials_arn": "",
            "description": "",
            "id": "0eif4yj",
            "integration_method": "POST",
            "integration_response_selection_expression": "",
            "integration_subtype": "",
            "integration_type": "AWS_PROXY",
            "integration_uri": "arn:aws:apigateway:ap-south-1:lambda:path/2015-03-31/functions/arn:aws:lambda:ap-south-1:465443875617:function:vlab-dev-start-lab/invocations",
            "passthrough_behavior": "",
            "payload_format_version": "2.0",
            "request_parameters": {},
            "request_templates": {},
            "response_parameters": [],
            "template_selection_expression": "",
            "timeout_milliseconds": 30000,
            "tls_config": []
          },
          "sensitive_attributes": [],
          "identity_schema_version": 0,
          "private": "bnVsbA==",
          "dependencies": [
            "aws_apigatewayv2_api.lab",
            "aws_cloudwatch_log_group.ecs",
            "aws_dynamodb_table.results",
            "aws_dynamodb_table.sessions",
            "aws_dynamodb_table.submissions",
            "aws_ecr_repository.lab_images",
            "aws_ecs_cluster.lab",
            "aws_ecs_task_definition.lab",
            "aws_iam_role.ecs_task",
            "aws_iam_role.ecs_task_execution",
            "aws_iam_role.lab_ops_lambda",
            "aws_iam_role.scheduler_invoke_stop_lambda",
            "aws_iam_role.start_lab_lambda",
            "aws_iam_role.stop_lab_lambda",
            "aws_lambda_function.grade_lab",
            "aws_lambda_function.start_lab",
            "aws_lambda_function.stop_lab",
            "aws_lb.lab",
            "aws_s3_bucket.test_cases",
            "aws_scheduler_schedule_group.lab",
            "aws_security_group.alb",
            "aws_security_group.ecs_tasks",
            "aws_security_group.lambda",
            "aws_subnet.private",
            "aws_subnet.public",
            "aws_vpc.main",
            "data.archive_file.grade_lab_zip",
            "data.archive_file.start_lab_zip",
            "data.archive_file.stop_lab_zip",
            "data.aws_availability_zones.available",
            "data.aws_iam_policy_document.ecs_task_execution_assume_role",
            "data.aws_iam_policy_document.lambda_assume_role",
            "data.aws_iam_policy_document.scheduler_assume_role",
            "random_string.test_cases_suffix"
          ]
        }
      ]
    },
    {
      "mode": "managed",
      "type": "aws_apigatewayv2_integration",
      "name": "stop_lab",
      "provider": "provider[\"registry.terraform.io/hashicorp/aws\"]",
      "instances": [
        {
          "schema_version": 0,
          "attributes": {
            "api_id": "fjifywkhy9",
            "connection_id": "",
            "connection_type": "INTERNET",
            "content_handling_strategy": "",
            "credentials_arn": "",
            "description": "",
            "id": "lutfxpo",
            "integration_method": "POST",
            "integration_response_selection_expression": "",
            "integration_subtype": "",
            "integration_type": "AWS_PROXY",
            "integration_uri": "arn:aws:apigateway:ap-south-1:lambda:path/2015-03-31/functions/arn:aws:lambda:ap-south-1:465443875617:function:vlab-dev-stop-lab/invocations",
            "passthrough_behavior": "",
            "payload_format_version": "2.0",
            "request_parameters": {},
            "request_templates": {},
            "response_parameters": [],
            "template_selection_expression": "",
            "timeout_milliseconds": 30000,
            "tls_config": []
          },
          "sensitive_attributes": [],
          "identity_schema_version": 0,
          "private": "bnVsbA==",
          "dependencies": [
            "aws_apigatewayv2_api.lab",
            "aws_cloudwatch_log_group.ecs",
            "aws_dynamodb_table.results",
            "aws_dynamodb_table.sessions",
            "aws_dynamodb_table.submissions",
            "aws_ecr_repository.lab_images",
            "aws_ecs_cluster.lab",
            "aws_ecs_task_definition.lab",
            "aws_iam_role.ecs_task",
            "aws_iam_role.ecs_task_execution",
            "aws_iam_role.lab_ops_lambda",
            "aws_iam_role.stop_lab_lambda",
            "aws_lambda_function.grade_lab",
            "aws_lambda_function.stop_lab",
            "aws_s3_bucket.test_cases",
            "aws_scheduler_schedule_group.lab",
            "aws_security_group.alb",
            "aws_security_group.ecs_tasks",
            "aws_security_group.lambda",
            "aws_subnet.private",
            "aws_vpc.main",
            "data.archive_file.grade_lab_zip",
            "data.archive_file.stop_lab_zip",
            "data.aws_availability_zones.available",
            "data.aws_iam_policy_document.ecs_task_execution_assume_role",
            "data.aws_iam_policy_document.lambda_assume_role",
            "random_string.test_cases_suffix"
          ]
        }
      ]
    },
    {
      "mode": "managed",
      "type": "aws_apigatewayv2_integration",
      "name": "submit_code",
      "provider": "provider[\"registry.terraform.io/hashicorp/aws\"]",
      "instances": [
        {
          "schema_version": 0,
          "attributes": {
            "api_id": "fjifywkhy9",
            "connection_id": "",
            "connection_type": "INTERNET",
            "content_handling_strategy": "",
            "credentials_arn": "",
            "description": "",
            "id": "xdw1okg",
            "integration_method": "POST",
            "integration_response_selection_expression": "",
            "integration_subtype": "",
            "integration_type": "AWS_PROXY",
            "integration_uri": "arn:aws:apigateway:ap-south-1:lambda:path/2015-03-31/functions/arn:aws:lambda:ap-south-1:465443875617:function:vlab-dev-submit-code/invocations",
            "passthrough_behavior": "",
            "payload_format_version": "2.0",
            "request_parameters": {},
            "request_templates": {},
            "response_parameters": [],
            "template_selection_expression": "",
            "timeout_milliseconds": 30000,
            "tls_config": []
          },
          "sensitive_attributes": [],
          "identity_schema_version": 0,
          "private": "bnVsbA==",
          "dependencies": [
            "aws_apigatewayv2_api.lab",
            "aws_cloudwatch_log_group.ecs",
            "aws_dynamodb_table.results",
            "aws_dynamodb_table.sessions",
            "aws_dynamodb_table.submissions",
            "aws_ecr_repository.lab_images",
            "aws_ecs_cluster.lab",
            "aws_ecs_task_definition.lab",
            "aws_iam_role.ecs_task",
            "aws_iam_role.ecs_task_execution",
            "aws_iam_role.lab_ops_lambda",
            "aws_lambda_function.grade_lab",
            "aws_lambda_function.submit_code",
            "aws_s3_bucket.test_cases",
            "aws_security_group.alb",
            "aws_security_group.ecs_tasks",
            "aws_security_group.lambda",
            "aws_subnet.private",
            "aws_vpc.main",
            "data.archive_file.grade_lab_zip",
            "data.archive_file.submit_code_zip",
            "data.aws_availability_zones.available",
            "data.aws_iam_policy_document.ecs_task_execution_assume_role",
            "data.aws_iam_policy_document.lambda_assume_role",
            "random_string.test_cases_suffix"
          ]
        }
      ]
    },
    {
      "mode": "managed",
      "type": "aws_apigatewayv2_route",
      "name": "execute",
      "provider": "provider[\"registry.terraform.io/hashicorp/aws\"]",
      "instances": [
        {
          "schema_version": 0,
          "attributes": {
            "api_id": "fjifywkhy9",
            "api_key_required": false,
            "authorization_scopes": [],
            "authorization_type": "NONE",
            "authorizer_id": "",
            "id": "hvyo83a",
            "model_selection_expression": "",
            "operation_name": "",
            "request_models": {},
            "request_parameter": [],
            "route_key": "POST /execute",
            "route_response_selection_expression": "",
            "target": "integrations/pb489yh"
          },
          "sensitive_attributes": [],
          "identity_schema_version": 0,
          "private": "bnVsbA==",
          "dependencies": [
            "aws_apigatewayv2_api.lab",
            "aws_apigatewayv2_integration.execute_code",
            "aws_cloudwatch_log_group.ecs",
            "aws_dynamodb_table.results",
            "aws_dynamodb_table.sessions",
            "aws_ecr_repository.lab_images",
            "aws_ecs_cluster.lab",
            "aws_ecs_task_definition.lab",
            "aws_iam_role.ecs_task",
            "aws_iam_role.ecs_task_execution",
            "aws_iam_role.lab_ops_lambda",
            "aws_lambda_function.execute_code",
            "aws_security_group.alb",
            "aws_security_group.ecs_tasks",
            "aws_security_group.lambda",
            "aws_subnet.private",
            "aws_vpc.main",
            "data.archive_file.execute_code_zip",
            "data.aws_availability_zones.available",
            "data.aws_iam_policy_document.ecs_task_execution_assume_role",
            "data.aws_iam_policy_document.lambda_assume_role"
          ]
        }
      ]
    },
    {
      "mode": "managed",
      "type": "aws_apigatewayv2_route",
      "name": "lab_detail",
      "provider": "provider[\"registry.terraform.io/hashicorp/aws\"]",
      "instances": [
        {
          "schema_version": 0,
          "attributes": {
            "api_id": "fjifywkhy9",
            "api_key_required": false,
            "authorization_scopes": [],
            "authorization_type": "NONE",
            "authorizer_id": "",
            "id": "bomy01n",
            "model_selection_expression": "",
            "operation_name": "",
            "request_models": {},
            "request_parameter": [],
            "route_key": "GET /labs/{labId}",
            "route_response_selection_expression": "",
            "target": "integrations/9xpwhdn"
          },
          "sensitive_attributes": [],
          "identity_schema_version": 0,
          "private": "bnVsbA==",
          "dependencies": [
            "aws_apigatewayv2_api.lab",
            "aws_apigatewayv2_integration.get_labs",
            "aws_iam_role.lab_ops_lambda",
            "aws_lambda_function.get_labs",
            "aws_security_group.lambda",
            "aws_subnet.private",
            "aws_vpc.main",
            "data.archive_file.get_labs_zip",
            "data.aws_availability_zones.available",
            "data.aws_iam_policy_document.lambda_assume_role"
          ]
        }
      ]
    },
    {
      "mode": "managed",
      "type": "aws_apigatewayv2_route",
      "name": "lab_sessions",
      "provider": "provider[\"registry.terraform.io/hashicorp/aws\"]",
      "instances": [
        {
          "schema_version": 0,
          "attributes": {
            "api_id": "fjifywkhy9",
            "api_key_required": false,
            "authorization_scopes": [],
            "authorization_type": "NONE",
            "authorizer_id": "",
            "id": "xuwc7pm",
            "model_selection_expression": "",
            "operation_name": "",
            "request_models": {},
            "request_parameter": [],
            "route_key": "POST /lab-sessions",
            "route_response_selection_expression": "",
            "target": "integrations/0eif4yj"
          },
          "sensitive_attributes": [],
          "identity_schema_version": 0,
          "private": "bnVsbA==",
          "dependencies": [
            "aws_apigatewayv2_api.lab",
            "aws_apigatewayv2_integration.start_lab",
            "aws_cloudwatch_log_group.ecs",
            "aws_dynamodb_table.results",
            "aws_dynamodb_table.sessions",
            "aws_dynamodb_table.submissions",
            "aws_ecr_repository.lab_images",
            "aws_ecs_cluster.lab",
            "aws_ecs_task_definition.lab",
            "aws_iam_role.ecs_task",
            "aws_iam_role.ecs_task_execution",
            "aws_iam_role.lab_ops_lambda",
            "aws_iam_role.scheduler_invoke_stop_lambda",
            "aws_iam_role.start_lab_lambda",
            "aws_iam_role.stop_lab_lambda",
            "aws_lambda_function.grade_lab",
            "aws_lambda_function.start_lab",
            "aws_lambda_function.stop_lab",
            "aws_lb.lab",
            "aws_s3_bucket.test_cases",
            "aws_scheduler_schedule_group.lab",
            "aws_security_group.alb",
            "aws_security_group.ecs_tasks",
            "aws_security_group.lambda",
            "aws_subnet.private",
            "aws_subnet.public",
            "aws_vpc.main",
            "data.archive_file.grade_lab_zip",
            "data.archive_file.start_lab_zip",
            "data.archive_file.stop_lab_zip",
            "data.aws_availability_zones.available",
            "data.aws_iam_policy_document.ecs_task_execution_assume_role",
            "data.aws_iam_policy_document.lambda_assume_role",
            "data.aws_iam_policy_document.scheduler_assume_role",
            "random_string.test_cases_suffix"
          ]
        }
      ]
    },
    {
      "mode": "managed",
      "type": "aws_apigatewayv2_route",
      "name": "labs",
      "provider": "provider[\"registry.terraform.io/hashicorp/aws\"]",
      "instances": [
        {
          "schema_version": 0,
          "attributes": {
            "api_id": "fjifywkhy9",
            "api_key_required": false,
            "authorization_scopes": [],
            "authorization_type": "NONE",
            "authorizer_id": "",
            "id": "zqd2zpk",
            "model_selection_expression": "",
            "operation_name": "",
            "request_models": {},
            "request_parameter": [],
            "route_key": "GET /labs",
            "route_response_selection_expression": "",
            "target": "integrations/9xpwhdn"
          },
          "sensitive_attributes": [],
          "identity_schema_version": 0,
          "private": "bnVsbA==",
          "dependencies": [
            "aws_apigatewayv2_api.lab",
            "aws_apigatewayv2_integration.get_labs",
            "aws_iam_role.lab_ops_lambda",
            "aws_lambda_function.get_labs",
            "aws_security_group.lambda",
            "aws_subnet.private",
            "aws_vpc.main",
            "data.archive_file.get_labs_zip",
            "data.aws_availability_zones.available",
            "data.aws_iam_policy_document.lambda_assume_role"
          ]
        }
      ]
    },
    {
      "mode": "managed",
      "type": "aws_apigatewayv2_route",
      "name": "result",
      "provider": "provider[\"registry.terraform.io/hashicorp/aws\"]",
      "instances": [
        {
          "schema_version": 0,
          "attributes": {
            "api_id": "fjifywkhy9",
            "api_key_required": false,
            "authorization_scopes": [],
            "authorization_type": "NONE",
            "authorizer_id": "",
            "id": "tg3byen",
            "model_selection_expression": "",
            "operation_name": "",
            "request_models": {},
            "request_parameter": [],
            "route_key": "GET /result",
            "route_response_selection_expression": "",
            "target": "integrations/r0ubnr9"
          },
          "sensitive_attributes": [],
          "identity_schema_version": 0,
          "private": "bnVsbA==",
          "dependencies": [
            "aws_apigatewayv2_api.lab",
            "aws_apigatewayv2_integration.get_result",
            "aws_dynamodb_table.results",
            "aws_iam_role.lab_ops_lambda",
            "aws_lambda_function.get_result",
            "aws_security_group.lambda",
            "aws_subnet.private",
            "aws_vpc.main",
            "data.archive_file.get_result_zip",
            "data.aws_availability_zones.available",
            "data.aws_iam_policy_document.lambda_assume_role"
          ]
        }
      ]
    },
    {
      "mode": "managed",
      "type": "aws_apigatewayv2_route",
      "name": "session_status",
      "provider": "provider[\"registry.terraform.io/hashicorp/aws\"]",
      "instances": [
        {
          "schema_version": 0,
          "attributes": {
            "api_id": "fjifywkhy9",
            "api_key_required": false,
            "authorization_scopes": [],
            "authorization_type": "NONE",
            "authorizer_id": "",
            "id": "58ivva8",
            "model_selection_expression": "",
            "operation_name": "",
            "request_models": {},
            "request_parameter": [],
            "route_key": "GET /lab-sessions/{sessionId}",
            "route_response_selection_expression": "",
            "target": "integrations/8648iid"
          },
          "sensitive_attributes": [],
          "identity_schema_version": 0,
          "private": "bnVsbA==",
          "dependencies": [
            "aws_apigatewayv2_api.lab",
            "aws_apigatewayv2_integration.get_session",
            "aws_dynamodb_table.sessions",
            "aws_ecs_cluster.lab",
            "aws_iam_role.lab_ops_lambda",
            "aws_lambda_function.get_session",
            "aws_security_group.lambda",
            "aws_subnet.private",
            "aws_vpc.main",
            "data.archive_file.get_session_zip",
            "data.aws_availability_zones.available",
            "data.aws_caller_identity.current",
            "data.aws_iam_policy_document.lambda_assume_role"
          ]
        }
      ]
    },
    {
      "mode": "managed",
      "type": "aws_apigatewayv2_route",
      "name": "session_stop",
      "provider": "provider[\"registry.terraform.io/hashicorp/aws\"]",
      "instances": [
        {
          "schema_version": 0,
          "attributes": {
            "api_id": "fjifywkhy9",
            "api_key_required": false,
            "authorization_scopes": [],
            "authorization_type": "NONE",
            "authorizer_id": "",
            "id": "gzbo9nq",
            "model_selection_expression": "",
            "operation_name": "",
            "request_models": {},
            "request_parameter": [],
            "route_key": "POST /lab-sessions/{sessionId}/stop",
            "route_response_selection_expression": "",
            "target": "integrations/lutfxpo"
          },
          "sensitive_attributes": [],
          "identity_schema_version": 0,
          "private": "bnVsbA==",
          "dependencies": [
            "aws_apigatewayv2_api.lab",
            "aws_apigatewayv2_integration.stop_lab",
            "aws_cloudwatch_log_group.ecs",
            "aws_dynamodb_table.results",
            "aws_dynamodb_table.sessions",
            "aws_dynamodb_table.submissions",
            "aws_ecr_repository.lab_images",
            "aws_ecs_cluster.lab",
            "aws_ecs_task_definition.lab",
            "aws_iam_role.ecs_task",
            "aws_iam_role.ecs_task_execution",
            "aws_iam_role.lab_ops_lambda",
            "aws_iam_role.stop_lab_lambda",
            "aws_lambda_function.grade_lab",
            "aws_lambda_function.stop_lab",
            "aws_s3_bucket.test_cases",
            "aws_scheduler_schedule_group.lab",
            "aws_security_group.alb",
            "aws_security_group.ecs_tasks",
            "aws_security_group.lambda",
            "aws_subnet.private",
            "aws_vpc.main",
            "data.archive_file.grade_lab_zip",
            "data.archive_file.stop_lab_zip",
            "data.aws_availability_zones.available",
            "data.aws_iam_policy_document.ecs_task_execution_assume_role",
            "data.aws_iam_policy_document.lambda_assume_role",
            "random_string.test_cases_suffix"
          ]
        }
      ]
    },
    {
      "mode": "managed",
      "type": "aws_apigatewayv2_route",
      "name": "submit",
      "provider": "provider[\"registry.terraform.io/hashicorp/aws\"]",
      "instances": [
        {
          "schema_version": 0,
          "attributes": {
            "api_id": "fjifywkhy9",
            "api_key_required": false,
            "authorization_scopes": [],
            "authorization_type": "NONE",
            "authorizer_id": "",
            "id": "xsb3r4c",
            "model_selection_expression": "",
            "operation_name": "",
            "request_models": {},
            "request_parameter": [],
            "route_key": "POST /submit",
            "route_response_selection_expression": "",
            "target": "integrations/xdw1okg"
          },
          "sensitive_attributes": [],
          "identity_schema_version": 0,
          "private": "bnVsbA==",
          "dependencies": [
            "aws_apigatewayv2_api.lab",
            "aws_apigatewayv2_integration.submit_code",
            "aws_cloudwatch_log_group.ecs",
            "aws_dynamodb_table.results",
            "aws_dynamodb_table.sessions",
            "aws_dynamodb_table.submissions",
            "aws_ecr_repository.lab_images",
            "aws_ecs_cluster.lab",
            "aws_ecs_task_definition.lab",
            "aws_iam_role.ecs_task",
            "aws_iam_role.ecs_task_execution",
            "aws_iam_role.lab_ops_lambda",
            "aws_lambda_function.grade_lab",
            "aws_lambda_function.submit_code",
            "aws_s3_bucket.test_cases",
            "aws_security_group.alb",
            "aws_security_group.ecs_tasks",
            "aws_security_group.lambda",
            "aws_subnet.private",
            "aws_vpc.main",
            "data.archive_file.grade_lab_zip",
            "data.archive_file.submit_code_zip",
            "data.aws_availability_zones.available",
            "data.aws_iam_policy_document.ecs_task_execution_assume_role",
            "data.aws_iam_policy_document.lambda_assume_role",
            "random_string.test_cases_suffix"
          ]
        }
      ]
    },
    {
      "mode": "managed",
      "type": "aws_apigatewayv2_stage",
      "name": "lab",
      "provider": "provider[\"registry.terraform.io/hashicorp/aws\"]",
      "instances": [
        {
          "schema_version": 0,
          "attributes": {
            "access_log_settings": [
              {
                "destination_arn": "arn:aws:logs:ap-south-1:465443875617:log-group:/aws/apigateway/vlab-dev-http-api",
                "format": "{\"integration\":\"$context.integrationErrorMessage\",\"requestId\":\"$context.requestId\",\"requestTime\":\"$context.requestTime\",\"responseLength\":\"$context.responseLength\",\"routeKey\":\"$context.routeKey\",\"status\":\"$context.status\"}"
              }
            ],
            "api_id": "fjifywkhy9",
            "arn": "arn:aws:apigateway:ap-south-1::/apis/fjifywkhy9/stages/$default",
            "auto_deploy": true,
            "client_certificate_id": "",
            "default_route_settings": [
              {
                "data_trace_enabled": false,
                "detailed_metrics_enabled": false,
                "logging_level": "",
                "throttling_burst_limit": 100,
                "throttling_rate_limit": 50
              }
            ],
            "deployment_id": "f28m6f",
            "description": "",
            "execution_arn": "arn:aws:execute-api:ap-south-1:465443875617:fjifywkhy9/$default",
            "id": "$default",
            "invoke_url": "https://fjifywkhy9.execute-api.ap-south-1.amazonaws.com/",
            "name": "$default",
            "route_settings": [],
            "stage_variables": {},
            "tags": {
              "Environment": "dev",
              "ManagedBy": "terraform",
              "Project": "vlab"
            },
            "tags_all": {
              "Environment": "dev",
              "ManagedBy": "terraform",
              "Project": "vlab"
            }
          },
          "sensitive_attributes": [],
          "identity_schema_version": 0,
          "private": "bnVsbA==",
          "dependencies": [
            "aws_apigatewayv2_api.lab",
            "aws_cloudwatch_log_group.api_gateway"
          ]
        }
      ]
    },
    {
      "mode": "managed",
      "type": "aws_cloudwatch_log_group",
      "name": "api_gateway",
      "provider": "provider[\"registry.terraform.io/hashicorp/aws\"]",
      "instances": [
        {
          "schema_version": 0,
          "attributes": {
            "arn": "arn:aws:logs:ap-south-1:465443875617:log-group:/aws/apigateway/vlab-dev-http-api",
            "id": "/aws/apigateway/vlab-dev-http-api",
            "kms_key_id": "",
            "log_group_class": "STANDARD",
            "name": "/aws/apigateway/vlab-dev-http-api",
            "name_prefix": "",
            "retention_in_days": 14,
            "skip_destroy": false,
            "tags": {
              "Environment": "dev",
              "ManagedBy": "terraform",
              "Project": "vlab"
            },
            "tags_all": {
              "Environment": "dev",
              "ManagedBy": "terraform",
              "Project": "vlab"
            }
          },
          "sensitive_attributes": [],
          "identity_schema_version": 0,
          "private": "bnVsbA=="
        }
      ]
    },
    {
      "mode": "managed",
      "type": "aws_cloudwatch_log_group",
      "name": "cleanup_expired_lambda",
      "provider": "provider[\"registry.terraform.io/hashicorp/aws\"]",
      "instances": [
        {
          "schema_version": 0,
          "attributes": {
            "arn": "arn:aws:logs:ap-south-1:465443875617:log-group:/aws/lambda/vlab-dev-cleanup-expired",
            "id": "/aws/lambda/vlab-dev-cleanup-expired",
            "kms_key_id": "",
            "log_group_class": "STANDARD",
            "name": "/aws/lambda/vlab-dev-cleanup-expired",
            "name_prefix": "",
            "retention_in_days": 14,
            "skip_destroy": false,
            "tags": {
              "Environment": "dev",
              "ManagedBy": "terraform",
              "Project": "vlab"
            },
            "tags_all": {
              "Environment": "dev",
              "ManagedBy": "terraform",
              "Project": "vlab"
            }
          },
          "sensitive_attributes": [],
          "identity_schema_version": 0,
          "private": "bnVsbA=="
        }
      ]
    },
    {
      "mode": "managed",
      "type": "aws_cloudwatch_log_group",
      "name": "ecs",
      "provider": "provider[\"registry.terraform.io/hashicorp/aws\"]",
      "instances": [
        {
          "schema_version": 0,
          "attributes": {
            "arn": "arn:aws:logs:ap-south-1:465443875617:log-group:/aws/ecs/vlab-dev-lab",
            "id": "/aws/ecs/vlab-dev-lab",
            "kms_key_id": "",
            "log_group_class": "STANDARD",
            "name": "/aws/ecs/vlab-dev-lab",
            "name_prefix": "",
            "retention_in_days": 14,
            "skip_destroy": false,
            "tags": {
              "Environment": "dev",
              "ManagedBy": "terraform",
              "Project": "vlab"
            },
            "tags_all": {
              "Environment": "dev",
              "ManagedBy": "terraform",
              "Project": "vlab"
            }
          },
          "sensitive_attributes": [],
          "identity_schema_version": 0,
          "private": "bnVsbA=="
        }
      ]
    },
    {
      "mode": "managed",
      "type": "aws_cloudwatch_log_group",
      "name": "execute_code_lambda",
      "provider": "provider[\"registry.terraform.io/hashicorp/aws\"]",
      "instances": [
        {
          "schema_version": 0,
          "attributes": {
            "arn": "arn:aws:logs:ap-south-1:465443875617:log-group:/aws/lambda/vlab-dev-execute-code",
            "id": "/aws/lambda/vlab-dev-execute-code",
            "kms_key_id": "",
            "log_group_class": "STANDARD",
            "name": "/aws/lambda/vlab-dev-execute-code",
            "name_prefix": "",
            "retention_in_days": 14,
            "skip_destroy": false,
            "tags": {
              "Environment": "dev",
              "ManagedBy": "terraform",
              "Project": "vlab"
            },
            "tags_all": {
              "Environment": "dev",
              "ManagedBy": "terraform",
              "Project": "vlab"
            }
          },
          "sensitive_attributes": [],
          "identity_schema_version": 0,
          "private": "bnVsbA=="
        }
      ]
    },
    {
      "mode": "managed",
      "type": "aws_cloudwatch_log_group",
      "name": "get_labs_lambda",
      "provider": "provider[\"registry.terraform.io/hashicorp/aws\"]",
      "instances": [
        {
          "schema_version": 0,
          "attributes": {
            "arn": "arn:aws:logs:ap-south-1:465443875617:log-group:/aws/lambda/vlab-dev-get-labs",
            "id": "/aws/lambda/vlab-dev-get-labs",
            "kms_key_id": "",
            "log_group_class": "STANDARD",
            "name": "/aws/lambda/vlab-dev-get-labs",
            "name_prefix": "",
            "retention_in_days": 14,
            "skip_destroy": false,
            "tags": {
              "Environment": "dev",
              "ManagedBy": "terraform",
              "Project": "vlab"
            },
            "tags_all": {
              "Environment": "dev",
              "ManagedBy": "terraform",
              "Project": "vlab"
            }
          },
          "sensitive_attributes": [],
          "identity_schema_version": 0,
          "private": "bnVsbA=="
        }
      ]
    },
    {
      "mode": "managed",
      "type": "aws_cloudwatch_log_group",
      "name": "get_result_lambda",
      "provider": "provider[\"registry.terraform.io/hashicorp/aws\"]",
      "instances": [
        {
          "schema_version": 0,
          "attributes": {
            "arn": "arn:aws:logs:ap-south-1:465443875617:log-group:/aws/lambda/vlab-dev-get-result",
            "id": "/aws/lambda/vlab-dev-get-result",
            "kms_key_id": "",
            "log_group_class": "STANDARD",
            "name": "/aws/lambda/vlab-dev-get-result",
            "name_prefix": "",
            "retention_in_days": 14,
            "skip_destroy": false,
            "tags": {
              "Environment": "dev",
              "ManagedBy": "terraform",
              "Project": "vlab"
            },
            "tags_all": {
              "Environment": "dev",
              "ManagedBy": "terraform",
              "Project": "vlab"
            }
          },
          "sensitive_attributes": [],
          "identity_schema_version": 0,
          "private": "bnVsbA=="
        }
      ]
    },
    {
      "mode": "managed",
      "type": "aws_cloudwatch_log_group",
      "name": "get_session_lambda",
      "provider": "provider[\"registry.terraform.io/hashicorp/aws\"]",
      "instances": [
        {
          "schema_version": 0,
          "attributes": {
            "arn": "arn:aws:logs:ap-south-1:465443875617:log-group:/aws/lambda/vlab-dev-get-session",
            "id": "/aws/lambda/vlab-dev-get-session",
            "kms_key_id": "",
            "log_group_class": "STANDARD",
            "name": "/aws/lambda/vlab-dev-get-session",
            "name_prefix": "",
            "retention_in_days": 14,
            "skip_destroy": false,
            "tags": {
              "Environment": "dev",
              "ManagedBy": "terraform",
              "Project": "vlab"
            },
            "tags_all": {
              "Environment": "dev",
              "ManagedBy": "terraform",
              "Project": "vlab"
            }
          },
          "sensitive_attributes": [],
          "identity_schema_version": 0,
          "private": "bnVsbA=="
        }
      ]
    },
    {
      "mode": "managed",
      "type": "aws_cloudwatch_log_group",
      "name": "grade_lab_lambda",
      "provider": "provider[\"registry.terraform.io/hashicorp/aws\"]",
      "instances": [
        {
          "schema_version": 0,
          "attributes": {
            "arn": "arn:aws:logs:ap-south-1:465443875617:log-group:/aws/lambda/vlab-dev-grade-lab",
            "id": "/aws/lambda/vlab-dev-grade-lab",
            "kms_key_id": "",
            "log_group_class": "STANDARD",
            "name": "/aws/lambda/vlab-dev-grade-lab",
            "name_prefix": "",
            "retention_in_days": 14,
            "skip_destroy": false,
            "tags": {
              "Environment": "dev",
              "ManagedBy": "terraform",
              "Project": "vlab"
            },
            "tags_all": {
              "Environment": "dev",
              "ManagedBy": "terraform",
              "Project": "vlab"
            }
          },
          "sensitive_attributes": [],
          "identity_schema_version": 0,
          "private": "bnVsbA=="
        }
      ]
    },
    {
      "mode": "managed",
      "type": "aws_cloudwatch_log_group",
      "name": "start_lab_lambda",
      "provider": "provider[\"registry.terraform.io/hashicorp/aws\"]",
      "instances": [
        {
          "schema_version": 0,
          "attributes": {
            "arn": "arn:aws:logs:ap-south-1:465443875617:log-group:/aws/lambda/vlab-dev-start-lab",
            "id": "/aws/lambda/vlab-dev-start-lab",
            "kms_key_id": "",
            "log_group_class": "STANDARD",
            "name": "/aws/lambda/vlab-dev-start-lab",
            "name_prefix": "",
            "retention_in_days": 14,
            "skip_destroy": false,
            "tags": {
              "Environment": "dev",
              "ManagedBy": "terraform",
              "Project": "vlab"
            },
            "tags_all": {
              "Environment": "dev",
              "ManagedBy": "terraform",
              "Project": "vlab"
            }
          },
          "sensitive_attributes": [],
          "identity_schema_version": 0,
          "private": "bnVsbA=="
        }
      ]
    },
    {
      "mode": "managed",
      "type": "aws_cloudwatch_log_group",
      "name": "stop_lab_lambda",
      "provider": "provider[\"registry.terraform.io/hashicorp/aws\"]",
      "instances": [
        {
          "schema_version": 0,
          "attributes": {
            "arn": "arn:aws:logs:ap-south-1:465443875617:log-group:/aws/lambda/vlab-dev-stop-lab",
            "id": "/aws/lambda/vlab-dev-stop-lab",
            "kms_key_id": "",
            "log_group_class": "STANDARD",
            "name": "/aws/lambda/vlab-dev-stop-lab",
            "name_prefix": "",
            "retention_in_days": 14,
            "skip_destroy": false,
            "tags": {
              "Environment": "dev",
              "ManagedBy": "terraform",
              "Project": "vlab"
            },
            "tags_all": {
              "Environment": "dev",
              "ManagedBy": "terraform",
              "Project": "vlab"
            }
          },
          "sensitive_attributes": [],
          "identity_schema_version": 0,
          "private": "bnVsbA=="
        }
      ]
    },
    {
      "mode": "managed",
      "type": "aws_cloudwatch_log_group",
      "name": "submit_code_lambda",
      "provider": "provider[\"registry.terraform.io/hashicorp/aws\"]",
      "instances": [
        {
          "schema_version": 0,
          "attributes": {
            "arn": "arn:aws:logs:ap-south-1:465443875617:log-group:/aws/lambda/vlab-dev-submit-code",
            "id": "/aws/lambda/vlab-dev-submit-code",
            "kms_key_id": "",
            "log_group_class": "STANDARD",
            "name": "/aws/lambda/vlab-dev-submit-code",
            "name_prefix": "",
            "retention_in_days": 14,
            "skip_destroy": false,
            "tags": {
              "Environment": "dev",
              "ManagedBy": "terraform",
              "Project": "vlab"
            },
            "tags_all": {
              "Environment": "dev",
              "ManagedBy": "terraform",
              "Project": "vlab"
            }
          },
          "sensitive_attributes": [],
          "identity_schema_version": 0,
          "private": "bnVsbA=="
        }
      ]
    },
    {
      "mode": "managed",
      "type": "aws_dynamodb_table",
      "name": "results",
      "provider": "provider[\"registry.terraform.io/hashicorp/aws\"]",
      "instances": [
        {
          "schema_version": 1,
          "attributes": {
            "arn": "arn:aws:dynamodb:ap-south-1:465443875617:table/lab-results",
            "attribute": [
              {
                "name": "sessionId",
                "type": "S"
              }
            ],
            "billing_mode": "PAY_PER_REQUEST",
            "deletion_protection_enabled": false,
            "global_secondary_index": [],
            "hash_key": "sessionId",
            "id": "lab-results",
            "import_table": [],
            "local_secondary_index": [],
            "name": "lab-results",
            "on_demand_throughput": [],
            "point_in_time_recovery": [
              {
                "enabled": true,
                "recovery_period_in_days": 35
              }
            ],
            "range_key": null,
            "read_capacity": 0,
            "replica": [],
            "restore_date_time": null,
            "restore_source_name": null,
            "restore_source_table_arn": null,
            "restore_to_latest_time": null,
            "server_side_encryption": [],
            "stream_arn": "",
            "stream_enabled": false,
            "stream_label": "",
            "stream_view_type": "",
            "table_class": "STANDARD",
            "tags": {
              "Environment": "dev",
              "ManagedBy": "terraform",
              "Name": "lab-results",
              "Project": "vlab"
            },
            "tags_all": {
              "Environment": "dev",
              "ManagedBy": "terraform",
              "Name": "lab-results",
              "Project": "vlab"
            },
            "timeouts": null,
            "ttl": [
              {
                "attribute_name": "expiryTime",
                "enabled": true
              }
            ],
            "write_capacity": 0
          },
          "sensitive_attributes": [],
          "identity_schema_version": 0,
          "private": "eyJlMmJmYjczMC1lY2FhLTExZTYtOGY4OC0zNDM2M2JjN2M0YzAiOnsiY3JlYXRlIjoxODAwMDAwMDAwMDAwLCJkZWxldGUiOjYwMDAwMDAwMDAwMCwidXBkYXRlIjozNjAwMDAwMDAwMDAwfSwic2NoZW1hX3ZlcnNpb24iOiIxIn0="
        }
      ]
    },
    {
      "mode": "managed",
      "type": "aws_dynamodb_table",
      "name": "sessions",
      "provider": "provider[\"registry.terraform.io/hashicorp/aws\"]",
      "instances": [
        {
          "schema_version": 1,
          "attributes": {
            "arn": "arn:aws:dynamodb:ap-south-1:465443875617:table/vlab-sessions",
            "attribute": [
              {
                "name": "sessionId",
                "type": "S"
              }
            ],
            "billing_mode": "PAY_PER_REQUEST",
            "deletion_protection_enabled": false,
            "global_secondary_index": [],
            "hash_key": "sessionId",
            "id": "vlab-sessions",
            "import_table": [],
            "local_secondary_index": [],
            "name": "vlab-sessions",
            "on_demand_throughput": [],
            "point_in_time_recovery": [
              {
                "enabled": true,
                "recovery_period_in_days": 35
              }
            ],
            "range_key": null,
            "read_capacity": 0,
            "replica": [],
            "restore_date_time": null,
            "restore_source_name": null,
            "restore_source_table_arn": null,
            "restore_to_latest_time": null,
            "server_side_encryption": [],
            "stream_arn": "",
            "stream_enabled": false,
            "stream_label": "",
            "stream_view_type": "",
            "table_class": "STANDARD",
            "tags": {
              "Environment": "dev",
              "ManagedBy": "terraform",
              "Name": "vlab-sessions",
              "Project": "vlab"
            },
            "tags_all": {
              "Environment": "dev",
              "ManagedBy": "terraform",
              "Name": "vlab-sessions",
              "Project": "vlab"
            },
            "timeouts": null,
            "ttl": [
              {
                "attribute_name": "expiryTime",
                "enabled": true
              }
            ],
            "write_capacity": 0
          },
          "sensitive_attributes": [],
          "identity_schema_version": 0,
          "private": "eyJlMmJmYjczMC1lY2FhLTExZTYtOGY4OC0zNDM2M2JjN2M0YzAiOnsiY3JlYXRlIjoxODAwMDAwMDAwMDAwLCJkZWxldGUiOjYwMDAwMDAwMDAwMCwidXBkYXRlIjozNjAwMDAwMDAwMDAwfSwic2NoZW1hX3ZlcnNpb24iOiIxIn0="
        }
      ]
    },
    {
      "mode": "managed",
      "type": "aws_dynamodb_table",
      "name": "submissions",
      "provider": "provider[\"registry.terraform.io/hashicorp/aws\"]",
      "instances": [
        {
          "schema_version": 1,
          "attributes": {
            "arn": "arn:aws:dynamodb:ap-south-1:465443875617:table/lab-submissions",
            "attribute": [
              {
                "name": "sessionId",
                "type": "S"
              }
            ],
            "billing_mode": "PAY_PER_REQUEST",
            "deletion_protection_enabled": false,
            "global_secondary_index": [],
            "hash_key": "sessionId",
            "id": "lab-submissions",
            "import_table": [],
            "local_secondary_index": [],
            "name": "lab-submissions",
            "on_demand_throughput": [],
            "point_in_time_recovery": [
              {
                "enabled": true,
                "recovery_period_in_days": 35
              }
            ],
            "range_key": null,
            "read_capacity": 0,
            "replica": [],
            "restore_date_time": null,
            "restore_source_name": null,
            "restore_source_table_arn": null,
            "restore_to_latest_time": null,
            "server_side_encryption": [],
            "stream_arn": "",
            "stream_enabled": false,
            "stream_label": "",
            "stream_view_type": "",
            "table_class": "STANDARD",
            "tags": {
              "Environment": "dev",
              "ManagedBy": "terraform",
              "Name": "lab-submissions",
              "Project": "vlab"
            },
            "tags_all": {
              "Environment": "dev",
              "ManagedBy": "terraform",
              "Name": "lab-submissions",
              "Project": "vlab"
            },
            "timeouts": null,
            "ttl": [
              {
                "attribute_name": "",
                "enabled": false
              }
            ],
            "write_capacity": 0
          },
          "sensitive_attributes": [],
          "identity_schema_version": 0,
          "private": "eyJlMmJmYjczMC1lY2FhLTExZTYtOGY4OC0zNDM2M2JjN2M0YzAiOnsiY3JlYXRlIjoxODAwMDAwMDAwMDAwLCJkZWxldGUiOjYwMDAwMDAwMDAwMCwidXBkYXRlIjozNjAwMDAwMDAwMDAwfSwic2NoZW1hX3ZlcnNpb24iOiIxIn0="
        }
      ]
    },
    {
      "mode": "managed",
      "type": "aws_dynamodb_table",
      "name": "terraform_locks",
      "provider": "provider[\"registry.terraform.io/hashicorp/aws\"]",
      "instances": [
        {
          "schema_version": 1,
          "attributes": {
            "arn": "arn:aws:dynamodb:ap-south-1:465443875617:table/vlab-terraform-locks",
            "attribute": [
              {
                "name": "LockID",
                "type": "S"
              }
            ],
            "billing_mode": "PAY_PER_REQUEST",
            "deletion_protection_enabled": false,
            "global_secondary_index": [],
            "hash_key": "LockID",
            "id": "vlab-terraform-locks",
            "import_table": [],
            "local_secondary_index": [],
            "name": "vlab-terraform-locks",
            "on_demand_throughput": [],
            "point_in_time_recovery": [
              {
                "enabled": false,
                "recovery_period_in_days": 0
              }
            ],
            "range_key": null,
            "read_capacity": 0,
            "replica": [],
            "restore_date_time": null,
            "restore_source_name": null,
            "restore_source_table_arn": null,
            "restore_to_latest_time": null,
            "server_side_encryption": [],
            "stream_arn": "",
            "stream_enabled": false,
            "stream_label": "",
            "stream_view_type": "",
            "table_class": "STANDARD",
            "tags": {
              "Environment": "dev",
              "ManagedBy": "terraform",
              "Project": "vlab"
            },
            "tags_all": {
              "Environment": "dev",
              "ManagedBy": "terraform",
              "Project": "vlab"
            },
            "timeouts": null,
            "ttl": [
              {
                "attribute_name": "",
                "enabled": false
              }
            ],
            "write_capacity": 0
          },
          "sensitive_attributes": [],
          "identity_schema_version": 0,
          "private": "eyJlMmJmYjczMC1lY2FhLTExZTYtOGY4OC0zNDM2M2JjN2M0YzAiOnsiY3JlYXRlIjoxODAwMDAwMDAwMDAwLCJkZWxldGUiOjYwMDAwMDAwMDAwMCwidXBkYXRlIjozNjAwMDAwMDAwMDAwfSwic2NoZW1hX3ZlcnNpb24iOiIxIn0="
        }
      ]
    },
    {
      "mode": "managed",
      "type": "aws_ecr_lifecycle_policy",
      "name": "lab_images",
      "provider": "provider[\"registry.terraform.io/hashicorp/aws\"]",
      "instances": [
        {
          "index_key": "dbms",
          "schema_version": 0,
          "attributes": {
            "id": "vlab-dev-dbms",
            "policy": "{\"rules\":[{\"action\":{\"type\":\"expire\"},\"description\":\"Keep last 30 images\",\"rulePriority\":1,\"selection\":{\"countNumber\":30,\"countType\":\"imageCountMoreThan\",\"tagStatus\":\"any\"}}]}",
            "registry_id": "465443875617",
            "repository": "vlab-dev-dbms"
          },
          "sensitive_attributes": [],
          "identity_schema_version": 0,
          "private": "bnVsbA==",
          "dependencies": [
            "aws_ecr_repository.lab_images"
          ]
        },
        {
          "index_key": "java",
          "schema_version": 0,
          "attributes": {
            "id": "vlab-dev-java",
            "policy": "{\"rules\":[{\"action\":{\"type\":\"expire\"},\"description\":\"Keep last 30 images\",\"rulePriority\":1,\"selection\":{\"countNumber\":30,\"countType\":\"imageCountMoreThan\",\"tagStatus\":\"any\"}}]}",
            "registry_id": "465443875617",
            "repository": "vlab-dev-java"
          },
          "sensitive_attributes": [],
          "identity_schema_version": 0,
          "private": "bnVsbA==",
          "dependencies": [
            "aws_ecr_repository.lab_images"
          ]
        },
        {
          "index_key": "linux",
          "schema_version": 0,
          "attributes": {
            "id": "vlab-dev-linux",
            "policy": "{\"rules\":[{\"action\":{\"type\":\"expire\"},\"description\":\"Keep last 30 images\",\"rulePriority\":1,\"selection\":{\"countNumber\":30,\"countType\":\"imageCountMoreThan\",\"tagStatus\":\"any\"}}]}",
            "registry_id": "465443875617",
            "repository": "vlab-dev-linux"
          },
          "sensitive_attributes": [],
          "identity_schema_version": 0,
          "private": "bnVsbA==",
          "dependencies": [
            "aws_ecr_repository.lab_images"
          ]
        },
        {
          "index_key": "python",
          "schema_version": 0,
          "attributes": {
            "id": "vlab-dev-python",
            "policy": "{\"rules\":[{\"action\":{\"type\":\"expire\"},\"description\":\"Keep last 30 images\",\"rulePriority\":1,\"selection\":{\"countNumber\":30,\"countType\":\"imageCountMoreThan\",\"tagStatus\":\"any\"}}]}",
            "registry_id": "465443875617",
            "repository": "vlab-dev-python"
          },
          "sensitive_attributes": [],
          "identity_schema_version": 0,
          "private": "bnVsbA==",
          "dependencies": [
            "aws_ecr_repository.lab_images"
          ]
        }
      ]
    },
    {
      "mode": "managed",
      "type": "aws_ecr_repository",
      "name": "lab_images",
      "provider": "provider[\"registry.terraform.io/hashicorp/aws\"]",
      "instances": [
        {
          "index_key": "dbms",
          "schema_version": 0,
          "attributes": {
            "arn": "arn:aws:ecr:ap-south-1:465443875617:repository/vlab-dev-dbms",
            "encryption_configuration": [
              {
                "encryption_type": "AES256",
                "kms_key": ""
              }
            ],
            "force_delete": true,
            "id": "vlab-dev-dbms",
            "image_scanning_configuration": [
              {
                "scan_on_push": true
              }
            ],
            "image_tag_mutability": "MUTABLE",
            "name": "vlab-dev-dbms",
            "registry_id": "465443875617",
            "repository_url": "465443875617.dkr.ecr.ap-south-1.amazonaws.com/vlab-dev-dbms",
            "tags": {
              "Environment": "dev",
              "LabType": "dbms",
              "ManagedBy": "terraform",
              "Name": "vlab-dev-dbms-ecr",
              "Project": "vlab"
            },
            "tags_all": {
              "Environment": "dev",
              "LabType": "dbms",
              "ManagedBy": "terraform",
              "Name": "vlab-dev-dbms-ecr",
              "Project": "vlab"
            },
            "timeouts": null
          },
          "sensitive_attributes": [],
          "identity_schema_version": 0,
          "private": "eyJlMmJmYjczMC1lY2FhLTExZTYtOGY4OC0zNDM2M2JjN2M0YzAiOnsiZGVsZXRlIjoxMjAwMDAwMDAwMDAwfX0="
        },
        {
          "index_key": "java",
          "schema_version": 0,
          "attributes": {
            "arn": "arn:aws:ecr:ap-south-1:465443875617:repository/vlab-dev-java",
            "encryption_configuration": [
              {
                "encryption_type": "AES256",
                "kms_key": ""
              }
            ],
            "force_delete": true,
            "id": "vlab-dev-java",
            "image_scanning_configuration": [
              {
                "scan_on_push": true
              }
            ],
            "image_tag_mutability": "MUTABLE",
            "name": "vlab-dev-java",
            "registry_id": "465443875617",
            "repository_url": "465443875617.dkr.ecr.ap-south-1.amazonaws.com/vlab-dev-java",
            "tags": {
              "Environment": "dev",
              "LabType": "java",
              "ManagedBy": "terraform",
              "Name": "vlab-dev-java-ecr",
              "Project": "vlab"
            },
            "tags_all": {
              "Environment": "dev",
              "LabType": "java",
              "ManagedBy": "terraform",
              "Name": "vlab-dev-java-ecr",
              "Project": "vlab"
            },
            "timeouts": null
          },
          "sensitive_attributes": [],
          "identity_schema_version": 0,
          "private": "eyJlMmJmYjczMC1lY2FhLTExZTYtOGY4OC0zNDM2M2JjN2M0YzAiOnsiZGVsZXRlIjoxMjAwMDAwMDAwMDAwfX0="
        },
        {
          "index_key": "linux",
          "schema_version": 0,
          "attributes": {
            "arn": "arn:aws:ecr:ap-south-1:465443875617:repository/vlab-dev-linux",
            "encryption_configuration": [
              {
                "encryption_type": "AES256",
                "kms_key": ""
              }
            ],
            "force_delete": true,
            "id": "vlab-dev-linux",
            "image_scanning_configuration": [
              {
                "scan_on_push": true
              }
            ],
            "image_tag_mutability": "MUTABLE",
            "name": "vlab-dev-linux",
            "registry_id": "465443875617",
            "repository_url": "465443875617.dkr.ecr.ap-south-1.amazonaws.com/vlab-dev-linux",
            "tags": {
              "Environment": "dev",
              "LabType": "linux",
              "ManagedBy": "terraform",
              "Name": "vlab-dev-linux-ecr",
              "Project": "vlab"
            },
            "tags_all": {
              "Environment": "dev",
              "LabType": "linux",
              "ManagedBy": "terraform",
              "Name": "vlab-dev-linux-ecr",
              "Project": "vlab"
            },
            "timeouts": null
          },
          "sensitive_attributes": [],
          "identity_schema_version": 0,
          "private": "eyJlMmJmYjczMC1lY2FhLTExZTYtOGY4OC0zNDM2M2JjN2M0YzAiOnsiZGVsZXRlIjoxMjAwMDAwMDAwMDAwfX0="
        },
        {
          "index_key": "python",
          "schema_version": 0,
          "attributes": {
            "arn": "arn:aws:ecr:ap-south-1:465443875617:repository/vlab-dev-python",
            "encryption_configuration": [
              {
                "encryption_type": "AES256",
                "kms_key": ""
              }
            ],
            "force_delete": true,
            "id": "vlab-dev-python",
            "image_scanning_configuration": [
              {
                "scan_on_push": true
              }
            ],
            "image_tag_mutability": "MUTABLE",
            "name": "vlab-dev-python",
            "registry_id": "465443875617",
            "repository_url": "465443875617.dkr.ecr.ap-south-1.amazonaws.com/vlab-dev-python",
            "tags": {
              "Environment": "dev",
              "LabType": "python",
              "ManagedBy": "terraform",
              "Name": "vlab-dev-python-ecr",
              "Project": "vlab"
            },
            "tags_all": {
              "Environment": "dev",
              "LabType": "python",
              "ManagedBy": "terraform",
              "Name": "vlab-dev-python-ecr",
              "Project": "vlab"
            },
            "timeouts": null
          },
          "sensitive_attributes": [],
          "identity_schema_version": 0,
          "private": "eyJlMmJmYjczMC1lY2FhLTExZTYtOGY4OC0zNDM2M2JjN2M0YzAiOnsiZGVsZXRlIjoxMjAwMDAwMDAwMDAwfX0="
        }
      ]
    },
    {
      "mode": "managed",
      "type": "aws_ecs_cluster",
      "name": "lab",
      "provider": "provider[\"registry.terraform.io/hashicorp/aws\"]",
      "instances": [
        {
          "schema_version": 0,
          "attributes": {
            "arn": "arn:aws:ecs:ap-south-1:465443875617:cluster/vlab-dev-cluster",
            "configuration": [],
            "id": "arn:aws:ecs:ap-south-1:465443875617:cluster/vlab-dev-cluster",
            "name": "vlab-dev-cluster",
            "service_connect_defaults": [],
            "setting": [
              {
                "name": "containerInsights",
                "value": "enabled"
              }
            ],
            "tags": {
              "Environment": "dev",
              "ManagedBy": "terraform",
              "Name": "vlab-dev-cluster",
              "Project": "vlab"
            },
            "tags_all": {
              "Environment": "dev",
              "ManagedBy": "terraform",
              "Name": "vlab-dev-cluster",
              "Project": "vlab"
            }
          },
          "sensitive_attributes": [],
          "identity_schema_version": 0,
          "private": "bnVsbA=="
        }
      ]
    },
    {
      "mode": "managed",
      "type": "aws_ecs_task_definition",
      "name": "lab",
      "provider": "provider[\"registry.terraform.io/hashicorp/aws\"]",
      "instances": [
        {
          "index_key": "dbms",
          "schema_version": 1,
          "attributes": {
            "arn": "arn:aws:ecs:ap-south-1:465443875617:task-definition/vlab-dev-dbms-task:1",
            "arn_without_revision": "arn:aws:ecs:ap-south-1:465443875617:task-definition/vlab-dev-dbms-task",
            "container_definitions": "[{\"environment\":[{\"name\":\"PYTHONUNBUFFERED\",\"value\":\"1\"}],\"essential\":true,\"image\":\"465443875617.dkr.ecr.ap-south-1.amazonaws.com/vlab-dev-dbms:latest\",\"logConfiguration\":{\"logDriver\":\"awslogs\",\"options\":{\"awslogs-group\":\"/aws/ecs/vlab-dev-lab\",\"awslogs-region\":\"ap-south-1\",\"awslogs-stream-prefix\":\"ecs\"}},\"mountPoints\":[],\"name\":\"lab-runtime\",\"portMappings\":[{\"containerPort\":8888,\"hostPort\":8888,\"protocol\":\"tcp\"}],\"systemControls\":[],\"volumesFrom\":[]}]",
            "cpu": "512",
            "enable_fault_injection": false,
            "ephemeral_storage": [
              {
                "size_in_gib": 30
              }
            ],
            "execution_role_arn": "arn:aws:iam::465443875617:role/vlab-dev-ecs-task-execution-role",
            "family": "vlab-dev-dbms-task",
            "id": "vlab-dev-dbms-task",
            "inference_accelerator": [],
            "ipc_mode": "",
            "memory": "1024",
            "network_mode": "awsvpc",
            "pid_mode": "",
            "placement_constraints": [],
            "proxy_configuration": [],
            "requires_compatibilities": [
              "FARGATE"
            ],
            "revision": 1,
            "runtime_platform": [],
            "skip_destroy": false,
            "tags": {
              "Environment": "dev",
              "ManagedBy": "terraform",
              "Project": "vlab"
            },
            "tags_all": {
              "Environment": "dev",
              "ManagedBy": "terraform",
              "Project": "vlab"
            },
            "task_role_arn": "arn:aws:iam::465443875617:role/vlab-dev-ecs-task-role",
            "track_latest": false,
            "volume": []
          },
          "sensitive_attributes": [],
          "identity_schema_version": 0,
          "private": "eyJzY2hlbWFfdmVyc2lvbiI6IjEifQ==",
          "dependencies": [
            "aws_cloudwatch_log_group.ecs",
            "aws_ecr_repository.lab_images",
            "aws_iam_role.ecs_task",
            "aws_iam_role.ecs_task_execution",
            "data.aws_iam_policy_document.ecs_task_execution_assume_role"
          ]
        },
        {
          "index_key": "java",
          "schema_version": 1,
          "attributes": {
            "arn": "arn:aws:ecs:ap-south-1:465443875617:task-definition/vlab-dev-java-task:1",
            "arn_without_revision": "arn:aws:ecs:ap-south-1:465443875617:task-definition/vlab-dev-java-task",
            "container_definitions": "[{\"environment\":[{\"name\":\"PYTHONUNBUFFERED\",\"value\":\"1\"}],\"essential\":true,\"image\":\"465443875617.dkr.ecr.ap-south-1.amazonaws.com/vlab-dev-java:latest\",\"logConfiguration\":{\"logDriver\":\"awslogs\",\"options\":{\"awslogs-group\":\"/aws/ecs/vlab-dev-lab\",\"awslogs-region\":\"ap-south-1\",\"awslogs-stream-prefix\":\"ecs\"}},\"mountPoints\":[],\"name\":\"lab-runtime\",\"portMappings\":[{\"containerPort\":8888,\"hostPort\":8888,\"protocol\":\"tcp\"}],\"systemControls\":[],\"volumesFrom\":[]}]",
            "cpu": "512",
            "enable_fault_injection": false,
            "ephemeral_storage": [
              {
                "size_in_gib": 30
              }
            ],
            "execution_role_arn": "arn:aws:iam::465443875617:role/vlab-dev-ecs-task-execution-role",
            "family": "vlab-dev-java-task",
            "id": "vlab-dev-java-task",
            "inference_accelerator": [],
            "ipc_mode": "",
            "memory": "1024",
            "network_mode": "awsvpc",
            "pid_mode": "",
            "placement_constraints": [],
            "proxy_configuration": [],
            "requires_compatibilities": [
              "FARGATE"
            ],
            "revision": 1,
            "runtime_platform": [],
            "skip_destroy": false,
            "tags": {
              "Environment": "dev",
              "ManagedBy": "terraform",
              "Project": "vlab"
            },
            "tags_all": {
              "Environment": "dev",
              "ManagedBy": "terraform",
              "Project": "vlab"
            },
            "task_role_arn": "arn:aws:iam::465443875617:role/vlab-dev-ecs-task-role",
            "track_latest": false,
            "volume": []
          },
          "sensitive_attributes": [],
          "identity_schema_version": 0,
          "private": "eyJzY2hlbWFfdmVyc2lvbiI6IjEifQ==",
          "dependencies": [
            "aws_cloudwatch_log_group.ecs",
            "aws_ecr_repository.lab_images",
            "aws_iam_role.ecs_task",
            "aws_iam_role.ecs_task_execution",
            "data.aws_iam_policy_document.ecs_task_execution_assume_role"
          ]
        },
        {
          "index_key": "linux",
          "schema_version": 1,
          "attributes": {
            "arn": "arn:aws:ecs:ap-south-1:465443875617:task-definition/vlab-dev-linux-task:1",
            "arn_without_revision": "arn:aws:ecs:ap-south-1:465443875617:task-definition/vlab-dev-linux-task",
            "container_definitions": "[{\"environment\":[{\"name\":\"PYTHONUNBUFFERED\",\"value\":\"1\"}],\"essential\":true,\"image\":\"465443875617.dkr.ecr.ap-south-1.amazonaws.com/vlab-dev-linux:latest\",\"logConfiguration\":{\"logDriver\":\"awslogs\",\"options\":{\"awslogs-group\":\"/aws/ecs/vlab-dev-lab\",\"awslogs-region\":\"ap-south-1\",\"awslogs-stream-prefix\":\"ecs\"}},\"mountPoints\":[],\"name\":\"lab-runtime\",\"portMappings\":[{\"containerPort\":8888,\"hostPort\":8888,\"protocol\":\"tcp\"}],\"systemControls\":[],\"volumesFrom\":[]}]",
            "cpu": "512",
            "enable_fault_injection": false,
            "ephemeral_storage": [
              {
                "size_in_gib": 30
              }
            ],
            "execution_role_arn": "arn:aws:iam::465443875617:role/vlab-dev-ecs-task-execution-role",
            "family": "vlab-dev-linux-task",
            "id": "vlab-dev-linux-task",
            "inference_accelerator": [],
            "ipc_mode": "",
            "memory": "1024",
            "network_mode": "awsvpc",
            "pid_mode": "",
            "placement_constraints": [],
            "proxy_configuration": [],
            "requires_compatibilities": [
              "FARGATE"
            ],
            "revision": 1,
            "runtime_platform": [],
            "skip_destroy": false,
            "tags": {
              "Environment": "dev",
              "ManagedBy": "terraform",
              "Project": "vlab"
            },
            "tags_all": {
              "Environment": "dev",
              "ManagedBy": "terraform",
              "Project": "vlab"
            },
            "task_role_arn": "arn:aws:iam::465443875617:role/vlab-dev-ecs-task-role",
            "track_latest": false,
            "volume": []
          },
          "sensitive_attributes": [],
          "identity_schema_version": 0,
          "private": "eyJzY2hlbWFfdmVyc2lvbiI6IjEifQ==",
          "dependencies": [
            "aws_cloudwatch_log_group.ecs",
            "aws_ecr_repository.lab_images",
            "aws_iam_role.ecs_task",
            "aws_iam_role.ecs_task_execution",
            "data.aws_iam_policy_document.ecs_task_execution_assume_role"
          ]
        },
        {
          "index_key": "python",
          "schema_version": 1,
          "attributes": {
            "arn": "arn:aws:ecs:ap-south-1:465443875617:task-definition/vlab-dev-python-task:5",
            "arn_without_revision": "arn:aws:ecs:ap-south-1:465443875617:task-definition/vlab-dev-python-task",
            "container_definitions": "[{\"environment\":[{\"name\":\"PYTHONUNBUFFERED\",\"value\":\"1\"}],\"essential\":true,\"image\":\"465443875617.dkr.ecr.ap-south-1.amazonaws.com/vlab-dev-python:latest\",\"logConfiguration\":{\"logDriver\":\"awslogs\",\"options\":{\"awslogs-group\":\"/aws/ecs/vlab-dev-lab\",\"awslogs-region\":\"ap-south-1\",\"awslogs-stream-prefix\":\"ecs\"}},\"mountPoints\":[],\"name\":\"lab-runtime\",\"portMappings\":[{\"containerPort\":8888,\"hostPort\":8888,\"protocol\":\"tcp\"}],\"systemControls\":[],\"volumesFrom\":[]}]",
            "cpu": "512",
            "enable_fault_injection": false,
            "ephemeral_storage": [
              {
                "size_in_gib": 30
              }
            ],
            "execution_role_arn": "arn:aws:iam::465443875617:role/vlab-dev-ecs-task-execution-role",
            "family": "vlab-dev-python-task",
            "id": "vlab-dev-python-task",
            "inference_accelerator": [],
            "ipc_mode": "",
            "memory": "1024",
            "network_mode": "awsvpc",
            "pid_mode": "",
            "placement_constraints": [],
            "proxy_configuration": [],
            "requires_compatibilities": [
              "FARGATE"
            ],
            "revision": 5,
            "runtime_platform": [],
            "skip_destroy": false,
            "tags": {
              "Environment": "dev",
              "ManagedBy": "terraform",
              "Project": "vlab"
            },
            "tags_all": {
              "Environment": "dev",
              "ManagedBy": "terraform",
              "Project": "vlab"
            },
            "task_role_arn": "arn:aws:iam::465443875617:role/vlab-dev-ecs-task-role",
            "track_latest": false,
            "volume": []
          },
          "sensitive_attributes": [],
          "identity_schema_version": 0,
          "private": "eyJzY2hlbWFfdmVyc2lvbiI6IjEifQ==",
          "dependencies": [
            "aws_cloudwatch_log_group.ecs",
            "aws_ecr_repository.lab_images",
            "aws_iam_role.ecs_task",
            "aws_iam_role.ecs_task_execution",
            "data.aws_iam_policy_document.ecs_task_execution_assume_role"
          ]
        }
      ]
    },
    {
      "mode": "managed",
      "type": "aws_iam_role",
      "name": "ecs_task",
      "provider": "provider[\"registry.terraform.io/hashicorp/aws\"]",
      "instances": [
        {
          "schema_version": 0,
          "attributes": {
            "arn": "arn:aws:iam::465443875617:role/vlab-dev-ecs-task-role",
            "assume_role_policy": "{\"Statement\":[{\"Action\":\"sts:AssumeRole\",\"Effect\":\"Allow\",\"Principal\":{\"Service\":\"ecs-tasks.amazonaws.com\"}}],\"Version\":\"2012-10-17\"}",
            "create_date": "2026-04-25T12:53:52Z",
            "description": "",
            "force_detach_policies": false,
            "id": "vlab-dev-ecs-task-role",
            "inline_policy": [],
            "managed_policy_arns": [],
            "max_session_duration": 3600,
            "name": "vlab-dev-ecs-task-role",
            "name_prefix": "",
            "path": "/",
            "permissions_boundary": "",
            "tags": {
              "Environment": "dev",
              "ManagedBy": "terraform",
              "Project": "vlab"
            },
            "tags_all": {
              "Environment": "dev",
              "ManagedBy": "terraform",
              "Project": "vlab"
            },
            "unique_id": "AROAWYXU55MQZVOYQIAMO"
          },
          "sensitive_attributes": [],
          "identity_schema_version": 0,
          "private": "bnVsbA==",
          "dependencies": [
            "data.aws_iam_policy_document.ecs_task_execution_assume_role"
          ]
        }
      ]
    },
    {
      "mode": "managed",
      "type": "aws_iam_role",
      "name": "ecs_task_execution",
      "provider": "provider[\"registry.terraform.io/hashicorp/aws\"]",
      "instances": [
        {
          "schema_version": 0,
          "attributes": {
            "arn": "arn:aws:iam::465443875617:role/vlab-dev-ecs-task-execution-role",
            "assume_role_policy": "{\"Statement\":[{\"Action\":\"sts:AssumeRole\",\"Effect\":\"Allow\",\"Principal\":{\"Service\":\"ecs-tasks.amazonaws.com\"}}],\"Version\":\"2012-10-17\"}",
            "create_date": "2026-04-25T12:53:52Z",
            "description": "",
            "force_detach_policies": false,
            "id": "vlab-dev-ecs-task-execution-role",
            "inline_policy": [],
            "managed_policy_arns": [
              "arn:aws:iam::aws:policy/service-role/AmazonECSTaskExecutionRolePolicy"
            ],
            "max_session_duration": 3600,
            "name": "vlab-dev-ecs-task-execution-role",
            "name_prefix": "",
            "path": "/",
            "permissions_boundary": "",
            "tags": {
              "Environment": "dev",
              "ManagedBy": "terraform",
              "Project": "vlab"
            },
            "tags_all": {
              "Environment": "dev",
              "ManagedBy": "terraform",
              "Project": "vlab"
            },
            "unique_id": "AROAWYXU55MQ4WG4KKO7Z"
          },
          "sensitive_attributes": [],
          "identity_schema_version": 0,
          "private": "bnVsbA==",
          "dependencies": [
            "data.aws_iam_policy_document.ecs_task_execution_assume_role"
          ]
        }
      ]
    },
    {
      "mode": "managed",
      "type": "aws_iam_role",
      "name": "lab_ops_lambda",
      "provider": "provider[\"registry.terraform.io/hashicorp/aws\"]",
      "instances": [
        {
          "schema_version": 0,
          "attributes": {
            "arn": "arn:aws:iam::465443875617:role/vlab-dev-lab-ops-lambda-role",
            "assume_role_policy": "{\"Statement\":[{\"Action\":\"sts:AssumeRole\",\"Effect\":\"Allow\",\"Principal\":{\"Service\":\"lambda.amazonaws.com\"}}],\"Version\":\"2012-10-17\"}",
            "create_date": "2026-04-25T12:53:53Z",
            "description": "",
            "force_detach_policies": false,
            "id": "vlab-dev-lab-ops-lambda-role",
            "inline_policy": [
              {
                "name": "vlab-dev-lab-ops-policy",
                "policy": "{\"Version\":\"2012-10-17\",\"Statement\":[{\"Action\":[\"logs:PutLogEvents\",\"logs:GetLogEvents\",\"logs:DescribeLogStreams\",\"logs:CreateLogStream\",\"logs:CreateLogGroup\"],\"Effect\":\"Allow\",\"Resource\":\"*\",\"Sid\":\"CloudWatchLogs\"},{\"Action\":[\"ec2:UnassignPrivateIpAddresses\",\"ec2:DescribeNetworkInterfaces\",\"ec2:DeleteNetworkInterface\",\"ec2:CreateNetworkInterface\",\"ec2:AssignPrivateIpAddresses\"],\"Effect\":\"Allow\",\"Resource\":\"*\",\"Sid\":\"VpcNetworking\"},{\"Action\":[\"ecs:StopTask\",\"ecs:RunTask\",\"ecs:ExecuteCommand\",\"ecs:DescribeTasks\"],\"Effect\":\"Allow\",\"Resource\":\"*\",\"Sid\":\"EcsExecution\"},{\"Action\":\"iam:PassRole\",\"Effect\":\"Allow\",\"Resource\":[\"arn:aws:iam::465443875617:role/vlab-dev-ecs-task-role\",\"arn:aws:iam::465443875617:role/vlab-dev-ecs-task-execution-role\"],\"Sid\":\"PassEcsRoles\"},{\"Action\":[\"dynamodb:UpdateItem\",\"dynamodb:Scan\",\"dynamodb:Query\",\"dynamodb:PutItem\",\"dynamodb:GetItem\",\"dynamodb:DeleteItem\"],\"Effect\":\"Allow\",\"Resource\":[\"arn:aws:dynamodb:ap-south-1:465443875617:table/vlab-sessions\",\"arn:aws:dynamodb:ap-south-1:465443875617:table/lab-submissions\",\"arn:aws:dynamodb:ap-south-1:465443875617:table/lab-results\"],\"Sid\":\"DynamoAccess\"},{\"Action\":[\"s3:ListBucket\",\"s3:GetObject\"],\"Effect\":\"Allow\",\"Resource\":[\"arn:aws:s3:::vlab-dev-test-cases-1fem8m0a/*\",\"arn:aws:s3:::vlab-dev-test-cases-1fem8m0a\"],\"Sid\":\"S3TestCases\"},{\"Action\":\"lambda:InvokeFunction\",\"Effect\":\"Allow\",\"Resource\":\"*\",\"Sid\":\"InvokeLabLambdas\"}]}"
              }
            ],
            "managed_policy_arns": [
              "arn:aws:iam::aws:policy/service-role/AWSLambdaVPCAccessExecutionRole"
            ],
            "max_session_duration": 3600,
            "name": "vlab-dev-lab-ops-lambda-role",
            "name_prefix": "",
            "path": "/",
            "permissions_boundary": "",
            "tags": {
              "Environment": "dev",
              "ManagedBy": "terraform",
              "Project": "vlab"
            },
            "tags_all": {
              "Environment": "dev",
              "ManagedBy": "terraform",
              "Project": "vlab"
            },
            "unique_id": "AROAWYXU55MQ62MPFKZIQ"
          },
          "sensitive_attributes": [],
          "identity_schema_version": 0,
          "private": "bnVsbA==",
          "dependencies": [
            "data.aws_iam_policy_document.lambda_assume_role"
          ]
        }
      ]
    },
    {
      "mode": "managed",
      "type": "aws_iam_role",
      "name": "scheduler_invoke_stop_lambda",
      "provider": "provider[\"registry.terraform.io/hashicorp/aws\"]",
      "instances": [
        {
          "schema_version": 0,
          "attributes": {
            "arn": "arn:aws:iam::465443875617:role/vlab-dev-scheduler-stop-lambda-role",
            "assume_role_policy": "{\"Statement\":[{\"Action\":\"sts:AssumeRole\",\"Effect\":\"Allow\",\"Principal\":{\"Service\":\"scheduler.amazonaws.com\"}}],\"Version\":\"2012-10-17\"}",
            "create_date": "2026-04-25T12:53:52Z",
            "description": "",
            "force_detach_policies": false,
            "id": "vlab-dev-scheduler-stop-lambda-role",
            "inline_policy": [
              {
                "name": "vlab-dev-scheduler-stop-lambda-policy",
                "policy": "{\"Version\":\"2012-10-17\",\"Statement\":[{\"Action\":\"lambda:InvokeFunction\",\"Effect\":\"Allow\",\"Resource\":[\"arn:aws:lambda:ap-south-1:465443875617:function:vlab-dev-stop-lab\",\"arn:aws:lambda:ap-south-1:465443875617:function:vlab-dev-grade-lab\",\"arn:aws:lambda:ap-south-1:465443875617:function:vlab-dev-cleanup-expired\"]}]}"
              }
            ],
            "managed_policy_arns": [],
            "max_session_duration": 3600,
            "name": "vlab-dev-scheduler-stop-lambda-role",
            "name_prefix": "",
            "path": "/",
            "permissions_boundary": "",
            "tags": {
              "Environment": "dev",
              "ManagedBy": "terraform",
              "Project": "vlab"
            },
            "tags_all": {
              "Environment": "dev",
              "ManagedBy": "terraform",
              "Project": "vlab"
            },
            "unique_id": "AROAWYXU55MQ356GOGLOH"
          },
          "sensitive_attributes": [],
          "identity_schema_version": 0,
          "private": "bnVsbA==",
          "dependencies": [
            "data.aws_iam_policy_document.scheduler_assume_role"
          ]
        }
      ]
    },
    {
      "mode": "managed",
      "type": "aws_iam_role",
      "name": "start_lab_lambda",
      "provider": "provider[\"registry.terraform.io/hashicorp/aws\"]",
      "instances": [
        {
          "schema_version": 0,
          "attributes": {
            "arn": "arn:aws:iam::465443875617:role/vlab-dev-start-lab-lambda-role",
            "assume_role_policy": "{\"Statement\":[{\"Action\":\"sts:AssumeRole\",\"Effect\":\"Allow\",\"Principal\":{\"Service\":\"lambda.amazonaws.com\"}}],\"Version\":\"2012-10-17\"}",
            "create_date": "2026-04-25T12:53:52Z",
            "description": "",
            "force_detach_policies": false,
            "id": "vlab-dev-start-lab-lambda-role",
            "inline_policy": [
              {
                "name": "vlab-dev-start-lab-policy",
                "policy": "{\"Version\":\"2012-10-17\",\"Statement\":[{\"Action\":[\"logs:PutLogEvents\",\"logs:CreateLogStream\",\"logs:CreateLogGroup\"],\"Effect\":\"Allow\",\"Resource\":\"*\",\"Sid\":\"CloudWatchLogs\"},{\"Action\":[\"ec2:UnassignPrivateIpAddresses\",\"ec2:DescribeNetworkInterfaces\",\"ec2:DeleteNetworkInterface\",\"ec2:CreateNetworkInterface\",\"ec2:AssignPrivateIpAddresses\"],\"Effect\":\"Allow\",\"Resource\":\"*\",\"Sid\":\"VpcNetworking\"},{\"Action\":[\"ecs:RunTask\",\"ecs:DescribeTasks\"],\"Effect\":\"Allow\",\"Resource\":[\"arn:aws:ecs:ap-south-1:465443875617:task-definition/vlab-dev-python-task:4\",\"arn:aws:ecs:ap-south-1:465443875617:task-definition/vlab-dev-linux-task:1\",\"arn:aws:ecs:ap-south-1:465443875617:task-definition/vlab-dev-java-task:1\",\"arn:aws:ecs:ap-south-1:465443875617:task-definition/vlab-dev-dbms-task:1\",\"arn:aws:ecs:ap-south-1:465443875617:cluster/vlab-dev-cluster\"],\"Sid\":\"RunAndDescribeEcsTasks\"},{\"Action\":\"iam:PassRole\",\"Effect\":\"Allow\",\"Resource\":[\"arn:aws:iam::465443875617:role/vlab-dev-scheduler-stop-lambda-role\",\"arn:aws:iam::465443875617:role/vlab-dev-ecs-task-role\",\"arn:aws:iam::465443875617:role/vlab-dev-ecs-task-execution-role\"],\"Sid\":\"PassEcsRoles\"},{\"Action\":[\"scheduler:GetSchedule\",\"scheduler:DeleteSchedule\",\"scheduler:CreateSchedule\"],\"Effect\":\"Allow\",\"Resource\":[\"arn:aws:scheduler:ap-south-1:465443875617:schedule-group/vlab-dev-sessions\",\"arn:aws:scheduler:ap-south-1:*:schedule/vlab-dev-sessions/*\"],\"Sid\":\"ManageSchedules\"},{\"Action\":[\"dynamodb:UpdateItem\",\"dynamodb:PutItem\",\"dynamodb:GetItem\",\"dynamodb:DeleteItem\"],\"Effect\":\"Allow\",\"Resource\":\"arn:aws:dynamodb:ap-south-1:465443875617:table/vlab-sessions\",\"Sid\":\"SessionTableWrite\"}]}"
              }
            ],
            "managed_policy_arns": [
              "arn:aws:iam::aws:policy/service-role/AWSLambdaVPCAccessExecutionRole"
            ],
            "max_session_duration": 3600,
            "name": "vlab-dev-start-lab-lambda-role",
            "name_prefix": "",
            "path": "/",
            "permissions_boundary": "",
            "tags": {
              "Environment": "dev",
              "ManagedBy": "terraform",
              "Project": "vlab"
            },
            "tags_all": {
              "Environment": "dev",
              "ManagedBy": "terraform",
              "Project": "vlab"
            },
            "unique_id": "AROAWYXU55MQSDLBEY6GE"
          },
          "sensitive_attributes": [],
          "identity_schema_version": 0,
          "private": "bnVsbA==",
          "dependencies": [
            "data.aws_iam_policy_document.lambda_assume_role"
          ]
        }
      ]
    },
    {
      "mode": "managed",
      "type": "aws_iam_role",
      "name": "stop_lab_lambda",
      "provider": "provider[\"registry.terraform.io/hashicorp/aws\"]",
      "instances": [
        {
          "schema_version": 0,
          "attributes": {
            "arn": "arn:aws:iam::465443875617:role/vlab-dev-stop-lab-lambda-role",
            "assume_role_policy": "{\"Statement\":[{\"Action\":\"sts:AssumeRole\",\"Effect\":\"Allow\",\"Principal\":{\"Service\":\"lambda.amazonaws.com\"}}],\"Version\":\"2012-10-17\"}",
            "create_date": "2026-04-25T12:53:51Z",
            "description": "",
            "force_detach_policies": false,
            "id": "vlab-dev-stop-lab-lambda-role",
            "inline_policy": [
              {
                "name": "vlab-dev-stop-lab-policy",
                "policy": "{\"Version\":\"2012-10-17\",\"Statement\":[{\"Action\":[\"logs:PutLogEvents\",\"logs:CreateLogStream\",\"logs:CreateLogGroup\"],\"Effect\":\"Allow\",\"Resource\":\"*\",\"Sid\":\"CloudWatchLogs\"},{\"Action\":[\"ec2:UnassignPrivateIpAddresses\",\"ec2:DescribeNetworkInterfaces\",\"ec2:DeleteNetworkInterface\",\"ec2:CreateNetworkInterface\",\"ec2:AssignPrivateIpAddresses\"],\"Effect\":\"Allow\",\"Resource\":\"*\",\"Sid\":\"VpcNetworking\"},{\"Action\":[\"ecs:StopTask\",\"ecs:DescribeTasks\"],\"Effect\":\"Allow\",\"Resource\":\"*\",\"Sid\":\"StopAndDescribeEcsTasks\"},{\"Action\":[\"scheduler:GetSchedule\",\"scheduler:DeleteSchedule\"],\"Effect\":\"Allow\",\"Resource\":[\"arn:aws:scheduler:ap-south-1:465443875617:schedule-group/vlab-dev-sessions\",\"arn:aws:scheduler:ap-south-1:*:schedule/vlab-dev-sessions/*\"],\"Sid\":\"ManageSchedules\"},{\"Action\":[\"dynamodb:UpdateItem\",\"dynamodb:GetItem\",\"dynamodb:DeleteItem\"],\"Effect\":\"Allow\",\"Resource\":\"arn:aws:dynamodb:ap-south-1:465443875617:table/vlab-sessions\",\"Sid\":\"SessionTableReadWrite\"}]}"
              }
            ],
            "managed_policy_arns": [
              "arn:aws:iam::aws:policy/service-role/AWSLambdaVPCAccessExecutionRole"
            ],
            "max_session_duration": 3600,
            "name": "vlab-dev-stop-lab-lambda-role",
            "name_prefix": "",
            "path": "/",
            "permissions_boundary": "",
            "tags": {
              "Environment": "dev",
              "ManagedBy": "terraform",
              "Project": "vlab"
            },
            "tags_all": {
              "Environment": "dev",
              "ManagedBy": "terraform",
              "Project": "vlab"
            },
            "unique_id": "AROAWYXU55MQQFB46CHKW"
          },
          "sensitive_attributes": [],
          "identity_schema_version": 0,
          "private": "bnVsbA==",
          "dependencies": [
            "data.aws_iam_policy_document.lambda_assume_role"
          ]
        }
      ]
    },
    {
      "mode": "managed",
      "type": "aws_iam_role_policy",
      "name": "lab_ops_lambda",
      "provider": "provider[\"registry.terraform.io/hashicorp/aws\"]",
      "instances": [
        {
          "schema_version": 0,
          "attributes": {
            "id": "vlab-dev-lab-ops-lambda-role:vlab-dev-lab-ops-policy",
            "name": "vlab-dev-lab-ops-policy",
            "name_prefix": "",
            "policy": "{\"Version\":\"2012-10-17\",\"Statement\":[{\"Action\":[\"logs:PutLogEvents\",\"logs:GetLogEvents\",\"logs:DescribeLogStreams\",\"logs:CreateLogStream\",\"logs:CreateLogGroup\"],\"Effect\":\"Allow\",\"Resource\":\"*\",\"Sid\":\"CloudWatchLogs\"},{\"Action\":[\"ec2:UnassignPrivateIpAddresses\",\"ec2:DescribeNetworkInterfaces\",\"ec2:DeleteNetworkInterface\",\"ec2:CreateNetworkInterface\",\"ec2:AssignPrivateIpAddresses\"],\"Effect\":\"Allow\",\"Resource\":\"*\",\"Sid\":\"VpcNetworking\"},{\"Action\":[\"ecs:StopTask\",\"ecs:RunTask\",\"ecs:ExecuteCommand\",\"ecs:DescribeTasks\"],\"Effect\":\"Allow\",\"Resource\":\"*\",\"Sid\":\"EcsExecution\"},{\"Action\":\"iam:PassRole\",\"Effect\":\"Allow\",\"Resource\":[\"arn:aws:iam::465443875617:role/vlab-dev-ecs-task-role\",\"arn:aws:iam::465443875617:role/vlab-dev-ecs-task-execution-role\"],\"Sid\":\"PassEcsRoles\"},{\"Action\":[\"dynamodb:UpdateItem\",\"dynamodb:Scan\",\"dynamodb:Query\",\"dynamodb:PutItem\",\"dynamodb:GetItem\",\"dynamodb:DeleteItem\"],\"Effect\":\"Allow\",\"Resource\":[\"arn:aws:dynamodb:ap-south-1:465443875617:table/vlab-sessions\",\"arn:aws:dynamodb:ap-south-1:465443875617:table/lab-submissions\",\"arn:aws:dynamodb:ap-south-1:465443875617:table/lab-results\"],\"Sid\":\"DynamoAccess\"},{\"Action\":[\"s3:ListBucket\",\"s3:GetObject\"],\"Effect\":\"Allow\",\"Resource\":[\"arn:aws:s3:::vlab-dev-test-cases-1fem8m0a/*\",\"arn:aws:s3:::vlab-dev-test-cases-1fem8m0a\"],\"Sid\":\"S3TestCases\"},{\"Action\":\"lambda:InvokeFunction\",\"Effect\":\"Allow\",\"Resource\":\"*\",\"Sid\":\"InvokeLabLambdas\"}]}",
            "role": "vlab-dev-lab-ops-lambda-role"
          },
          "sensitive_attributes": [],
          "identity_schema_version": 0,
          "private": "bnVsbA==",
          "dependencies": [
            "aws_dynamodb_table.results",
            "aws_dynamodb_table.sessions",
            "aws_dynamodb_table.submissions",
            "aws_iam_role.ecs_task",
            "aws_iam_role.ecs_task_execution",
            "aws_iam_role.lab_ops_lambda",
            "aws_s3_bucket.test_cases",
            "data.aws_iam_policy_document.ecs_task_execution_assume_role",
            "data.aws_iam_policy_document.lab_ops_lambda",
            "data.aws_iam_policy_document.lambda_assume_role",
            "random_string.test_cases_suffix"
          ]
        }
      ]
    },
    {
      "mode": "managed",
      "type": "aws_iam_role_policy",
      "name": "scheduler_invoke_stop_lambda",
      "provider": "provider[\"registry.terraform.io/hashicorp/aws\"]",
      "instances": [
        {
          "schema_version": 0,
          "attributes": {
            "id": "vlab-dev-scheduler-stop-lambda-role:vlab-dev-scheduler-stop-lambda-policy",
            "name": "vlab-dev-scheduler-stop-lambda-policy",
            "name_prefix": "",
            "policy": "{\"Version\":\"2012-10-17\",\"Statement\":[{\"Action\":\"lambda:InvokeFunction\",\"Effect\":\"Allow\",\"Resource\":[\"arn:aws:lambda:ap-south-1:465443875617:function:vlab-dev-stop-lab\",\"arn:aws:lambda:ap-south-1:465443875617:function:vlab-dev-grade-lab\",\"arn:aws:lambda:ap-south-1:465443875617:function:vlab-dev-cleanup-expired\"]}]}",
            "role": "vlab-dev-scheduler-stop-lambda-role"
          },
          "sensitive_attributes": [],
          "identity_schema_version": 0,
          "private": "bnVsbA==",
          "dependencies": [
            "aws_cloudwatch_log_group.ecs",
            "aws_dynamodb_table.results",
            "aws_dynamodb_table.sessions",
            "aws_dynamodb_table.submissions",
            "aws_ecr_repository.lab_images",
            "aws_ecs_cluster.lab",
            "aws_ecs_task_definition.lab",
            "aws_iam_role.ecs_task",
            "aws_iam_role.ecs_task_execution",
            "aws_iam_role.lab_ops_lambda",
            "aws_iam_role.scheduler_invoke_stop_lambda",
            "aws_iam_role.stop_lab_lambda",
            "aws_lambda_function.cleanup_expired",
            "aws_lambda_function.grade_lab",
            "aws_lambda_function.stop_lab",
            "aws_s3_bucket.test_cases",
            "aws_scheduler_schedule_group.lab",
            "aws_security_group.alb",
            "aws_security_group.ecs_tasks",
            "aws_security_group.lambda",
            "aws_subnet.private",
            "aws_vpc.main",
            "data.archive_file.cleanup_expired_zip",
            "data.archive_file.grade_lab_zip",
            "data.archive_file.stop_lab_zip",
            "data.aws_availability_zones.available",
            "data.aws_iam_policy_document.ecs_task_execution_assume_role",
            "data.aws_iam_policy_document.lambda_assume_role",
            "data.aws_iam_policy_document.scheduler_assume_role",
            "data.aws_iam_policy_document.scheduler_invoke_stop_lambda",
            "random_string.test_cases_suffix"
          ]
        }
      ]
    },
    {
      "mode": "managed",
      "type": "aws_iam_role_policy",
      "name": "start_lab_lambda",
      "provider": "provider[\"registry.terraform.io/hashicorp/aws\"]",
      "instances": [
        {
          "schema_version": 0,
          "attributes": {
            "id": "vlab-dev-start-lab-lambda-role:vlab-dev-start-lab-policy",
            "name": "vlab-dev-start-lab-policy",
            "name_prefix": "",
            "policy": "{\"Version\":\"2012-10-17\",\"Statement\":[{\"Action\":[\"logs:PutLogEvents\",\"logs:CreateLogStream\",\"logs:CreateLogGroup\"],\"Effect\":\"Allow\",\"Resource\":\"*\",\"Sid\":\"CloudWatchLogs\"},{\"Action\":[\"ec2:UnassignPrivateIpAddresses\",\"ec2:DescribeNetworkInterfaces\",\"ec2:DeleteNetworkInterface\",\"ec2:CreateNetworkInterface\",\"ec2:AssignPrivateIpAddresses\"],\"Effect\":\"Allow\",\"Resource\":\"*\",\"Sid\":\"VpcNetworking\"},{\"Action\":[\"ecs:RunTask\",\"ecs:DescribeTasks\"],\"Effect\":\"Allow\",\"Resource\":[\"arn:aws:ecs:ap-south-1:465443875617:task-definition/vlab-dev-python-task:5\",\"arn:aws:ecs:ap-south-1:465443875617:task-definition/vlab-dev-linux-task:1\",\"arn:aws:ecs:ap-south-1:465443875617:task-definition/vlab-dev-java-task:1\",\"arn:aws:ecs:ap-south-1:465443875617:task-definition/vlab-dev-dbms-task:1\",\"arn:aws:ecs:ap-south-1:465443875617:cluster/vlab-dev-cluster\"],\"Sid\":\"RunAndDescribeEcsTasks\"},{\"Action\":\"iam:PassRole\",\"Effect\":\"Allow\",\"Resource\":[\"arn:aws:iam::465443875617:role/vlab-dev-scheduler-stop-lambda-role\",\"arn:aws:iam::465443875617:role/vlab-dev-ecs-task-role\",\"arn:aws:iam::465443875617:role/vlab-dev-ecs-task-execution-role\"],\"Sid\":\"PassEcsRoles\"},{\"Action\":[\"scheduler:GetSchedule\",\"scheduler:DeleteSchedule\",\"scheduler:CreateSchedule\"],\"Effect\":\"Allow\",\"Resource\":[\"arn:aws:scheduler:ap-south-1:465443875617:schedule-group/vlab-dev-sessions\",\"arn:aws:scheduler:ap-south-1:*:schedule/vlab-dev-sessions/*\"],\"Sid\":\"ManageSchedules\"},{\"Action\":[\"dynamodb:UpdateItem\",\"dynamodb:PutItem\",\"dynamodb:GetItem\",\"dynamodb:DeleteItem\"],\"Effect\":\"Allow\",\"Resource\":\"arn:aws:dynamodb:ap-south-1:465443875617:table/vlab-sessions\",\"Sid\":\"SessionTableWrite\"}]}",
            "role": "vlab-dev-start-lab-lambda-role"
          },
          "sensitive_attributes": [],
          "identity_schema_version": 0,
          "private": "bnVsbA==",
          "dependencies": [
            "aws_cloudwatch_log_group.ecs",
            "aws_dynamodb_table.sessions",
            "aws_ecr_repository.lab_images",
            "aws_ecs_cluster.lab",
            "aws_ecs_task_definition.lab",
            "aws_iam_role.ecs_task",
            "aws_iam_role.ecs_task_execution",
            "aws_iam_role.scheduler_invoke_stop_lambda",
            "aws_iam_role.start_lab_lambda",
            "aws_scheduler_schedule_group.lab",
            "data.aws_iam_policy_document.ecs_task_execution_assume_role",
            "data.aws_iam_policy_document.lambda_assume_role",
            "data.aws_iam_policy_document.scheduler_assume_role",
            "data.aws_iam_policy_document.start_lab_lambda"
          ]
        }
      ]
    },
    {
      "mode": "managed",
      "type": "aws_iam_role_policy",
      "name": "stop_lab_lambda",
      "provider": "provider[\"registry.terraform.io/hashicorp/aws\"]",
      "instances": [
        {
          "schema_version": 0,
          "attributes": {
            "id": "vlab-dev-stop-lab-lambda-role:vlab-dev-stop-lab-policy",
            "name": "vlab-dev-stop-lab-policy",
            "name_prefix": "",
            "policy": "{\"Version\":\"2012-10-17\",\"Statement\":[{\"Action\":[\"logs:PutLogEvents\",\"logs:CreateLogStream\",\"logs:CreateLogGroup\"],\"Effect\":\"Allow\",\"Resource\":\"*\",\"Sid\":\"CloudWatchLogs\"},{\"Action\":[\"ec2:UnassignPrivateIpAddresses\",\"ec2:DescribeNetworkInterfaces\",\"ec2:DeleteNetworkInterface\",\"ec2:CreateNetworkInterface\",\"ec2:AssignPrivateIpAddresses\"],\"Effect\":\"Allow\",\"Resource\":\"*\",\"Sid\":\"VpcNetworking\"},{\"Action\":[\"ecs:StopTask\",\"ecs:DescribeTasks\"],\"Effect\":\"Allow\",\"Resource\":\"*\",\"Sid\":\"StopAndDescribeEcsTasks\"},{\"Action\":[\"scheduler:GetSchedule\",\"scheduler:DeleteSchedule\"],\"Effect\":\"Allow\",\"Resource\":[\"arn:aws:scheduler:ap-south-1:465443875617:schedule-group/vlab-dev-sessions\",\"arn:aws:scheduler:ap-south-1:*:schedule/vlab-dev-sessions/*\"],\"Sid\":\"ManageSchedules\"},{\"Action\":[\"dynamodb:UpdateItem\",\"dynamodb:GetItem\",\"dynamodb:DeleteItem\"],\"Effect\":\"Allow\",\"Resource\":\"arn:aws:dynamodb:ap-south-1:465443875617:table/vlab-sessions\",\"Sid\":\"SessionTableReadWrite\"}]}",
            "role": "vlab-dev-stop-lab-lambda-role"
          },
          "sensitive_attributes": [],
          "identity_schema_version": 0,
          "private": "bnVsbA==",
          "dependencies": [
            "aws_dynamodb_table.sessions",
            "aws_iam_role.stop_lab_lambda",
            "aws_scheduler_schedule_group.lab",
            "data.aws_iam_policy_document.lambda_assume_role",
            "data.aws_iam_policy_document.stop_lab_lambda"
          ]
        }
      ]
    },
    {
      "mode": "managed",
      "type": "aws_iam_role_policy_attachment",
      "name": "ecs_task_execution_managed",
      "provider": "provider[\"registry.terraform.io/hashicorp/aws\"]",
      "instances": [
        {
          "schema_version": 0,
          "attributes": {
            "id": "vlab-dev-ecs-task-execution-role-20260425125419686800000001",
            "policy_arn": "arn:aws:iam::aws:policy/service-role/AmazonECSTaskExecutionRolePolicy",
            "role": "vlab-dev-ecs-task-execution-role"
          },
          "sensitive_attributes": [],
          "identity_schema_version": 0,
          "private": "bnVsbA==",
          "dependencies": [
            "aws_iam_role.ecs_task_execution",
            "data.aws_iam_policy_document.ecs_task_execution_assume_role"
          ]
        }
      ]
    },
    {
      "mode": "managed",
      "type": "aws_iam_role_policy_attachment",
      "name": "lab_ops_lambda_vpc",
      "provider": "provider[\"registry.terraform.io/hashicorp/aws\"]",
      "instances": [
        {
          "schema_version": 0,
          "attributes": {
            "id": "vlab-dev-lab-ops-lambda-role-20260425130544928500000003",
            "policy_arn": "arn:aws:iam::aws:policy/service-role/AWSLambdaVPCAccessExecutionRole",
            "role": "vlab-dev-lab-ops-lambda-role"
          },
          "sensitive_attributes": [],
          "identity_schema_version": 0,
          "private": "bnVsbA==",
          "dependencies": [
            "aws_iam_role.lab_ops_lambda",
            "data.aws_iam_policy_document.lambda_assume_role"
          ]
        }
      ]
    },
    {
      "mode": "managed",
      "type": "aws_iam_role_policy_attachment",
      "name": "start_lab_lambda_vpc",
      "provider": "provider[\"registry.terraform.io/hashicorp/aws\"]",
      "instances": [
        {
          "schema_version": 0,
          "attributes": {
            "id": "vlab-dev-start-lab-lambda-role-20260425130544911600000002",
            "policy_arn": "arn:aws:iam::aws:policy/service-role/AWSLambdaVPCAccessExecutionRole",
            "role": "vlab-dev-start-lab-lambda-role"
          },
          "sensitive_attributes": [],
          "identity_schema_version": 0,
          "private": "bnVsbA==",
          "dependencies": [
            "aws_iam_role.start_lab_lambda",
            "data.aws_iam_policy_document.lambda_assume_role"
          ]
        }
      ]
    },
    {
      "mode": "managed",
      "type": "aws_iam_role_policy_attachment",
      "name": "stop_lab_lambda_vpc",
      "provider": "provider[\"registry.terraform.io/hashicorp/aws\"]",
      "instances": [
        {
          "schema_version": 0,
          "attributes": {
            "id": "vlab-dev-stop-lab-lambda-role-20260425130544910300000001",
            "policy_arn": "arn:aws:iam::aws:policy/service-role/AWSLambdaVPCAccessExecutionRole",
            "role": "vlab-dev-stop-lab-lambda-role"
          },
          "sensitive_attributes": [],
          "identity_schema_version": 0,
          "private": "bnVsbA==",
          "dependencies": [
            "aws_iam_role.stop_lab_lambda",
            "data.aws_iam_policy_document.lambda_assume_role"
          ]
        }
      ]
    },
    {
      "mode": "managed",
      "type": "aws_lambda_function",
      "name": "cleanup_expired",
      "provider": "provider[\"registry.terraform.io/hashicorp/aws\"]",
      "instances": [
        {
          "schema_version": 0,
          "attributes": {
            "architectures": [
              "x86_64"
            ],
            "arn": "arn:aws:lambda:ap-south-1:465443875617:function:vlab-dev-cleanup-expired",
            "code_sha256": "Uhsc530/lKPlmtKiYYO37GzvVT+DXNn981oKDLukOqk=",
            "code_signing_config_arn": "",
            "dead_letter_config": [],
            "description": "",
            "environment": [
              {
                "variables": {
                  "GRADE_LAB_LAMBDA_ARN": "arn:aws:lambda:ap-south-1:465443875617:function:vlab-dev-grade-lab",
                  "SESSIONS_TABLE_NAME": "vlab-sessions",
                  "STOP_LAB_LAMBDA_ARN": "arn:aws:lambda:ap-south-1:465443875617:function:vlab-dev-stop-lab"
                }
              }
            ],
            "ephemeral_storage": [
              {
                "size": 512
              }
            ],
            "file_system_config": [],
            "filename": "./cleanup_expired.zip",
            "function_name": "vlab-dev-cleanup-expired",
            "handler": "cleanup_expired.lambda_handler",
            "id": "vlab-dev-cleanup-expired",
            "image_config": [],
            "image_uri": "",
            "invoke_arn": "arn:aws:apigateway:ap-south-1:lambda:path/2015-03-31/functions/arn:aws:lambda:ap-south-1:465443875617:function:vlab-dev-cleanup-expired/invocations",
            "kms_key_arn": "",
            "last_modified": "2026-04-28T11:23:36.000+0000",
            "layers": [],
            "logging_config": [
              {
                "application_log_level": "",
                "log_format": "Text",
                "log_group": "/aws/lambda/vlab-dev-cleanup-expired",
                "system_log_level": ""
              }
            ],
            "memory_size": 256,
            "package_type": "Zip",
            "publish": false,
            "qualified_arn": "arn:aws:lambda:ap-south-1:465443875617:function:vlab-dev-cleanup-expired:$LATEST",
            "qualified_invoke_arn": "arn:aws:apigateway:ap-south-1:lambda:path/2015-03-31/functions/arn:aws:lambda:ap-south-1:465443875617:function:vlab-dev-cleanup-expired:$LATEST/invocations",
            "replace_security_groups_on_destroy": null,
            "replacement_security_group_ids": null,
            "reserved_concurrent_executions": -1,
            "role": "arn:aws:iam::465443875617:role/vlab-dev-lab-ops-lambda-role",
            "runtime": "python3.12",
            "s3_bucket": null,
            "s3_key": null,
            "s3_object_version": null,
            "signing_job_arn": "",
            "signing_profile_version_arn": "",
            "skip_destroy": false,
            "snap_start": [],
            "source_code_hash": "Ia5ar41DD8/9wjVHIbJACBWoLo7xYHSvLbifuqgyH3o=",
            "source_code_size": 752,
            "tags": {
              "Environment": "dev",
              "ManagedBy": "terraform",
              "Project": "vlab"
            },
            "tags_all": {
              "Environment": "dev",
              "ManagedBy": "terraform",
              "Project": "vlab"
            },
            "timeout": 120,
            "timeouts": null,
            "tracing_config": [
              {
                "mode": "PassThrough"
              }
            ],
            "version": "$LATEST",
            "vpc_config": [
              {
                "ipv6_allowed_for_dual_stack": false,
                "security_group_ids": [
                  "sg-0583b23fb05abfff4"
                ],
                "subnet_ids": [
                  "subnet-0c5577ea6de81aa1b",
                  "subnet-0f183e286ec7748db"
                ],
                "vpc_id": "vpc-0e4baa01ea0c0fd2d"
              }
            ]
          },
          "sensitive_attributes": [],
          "identity_schema_version": 0,
          "private": "eyJlMmJmYjczMC1lY2FhLTExZTYtOGY4OC0zNDM2M2JjN2M0YzAiOnsiY3JlYXRlIjo2MDAwMDAwMDAwMDAsImRlbGV0ZSI6NjAwMDAwMDAwMDAwLCJ1cGRhdGUiOjYwMDAwMDAwMDAwMH19",
          "dependencies": [
            "aws_cloudwatch_log_group.ecs",
            "aws_dynamodb_table.results",
            "aws_dynamodb_table.sessions",
            "aws_dynamodb_table.submissions",
            "aws_ecr_repository.lab_images",
            "aws_ecs_cluster.lab",
            "aws_ecs_task_definition.lab",
            "aws_iam_role.ecs_task",
            "aws_iam_role.ecs_task_execution",
            "aws_iam_role.lab_ops_lambda",
            "aws_iam_role.stop_lab_lambda",
            "aws_lambda_function.grade_lab",
            "aws_lambda_function.stop_lab",
            "aws_s3_bucket.test_cases",
            "aws_scheduler_schedule_group.lab",
            "aws_security_group.alb",
            "aws_security_group.ecs_tasks",
            "aws_security_group.lambda",
            "aws_subnet.private",
            "aws_vpc.main",
            "data.archive_file.cleanup_expired_zip",
            "data.archive_file.grade_lab_zip",
            "data.archive_file.stop_lab_zip",
            "data.aws_availability_zones.available",
            "data.aws_iam_policy_document.ecs_task_execution_assume_role",
            "data.aws_iam_policy_document.lambda_assume_role",
            "random_string.test_cases_suffix"
          ]
        }
      ]
    },
    {
      "mode": "managed",
      "type": "aws_lambda_function",
      "name": "execute_code",
      "provider": "provider[\"registry.terraform.io/hashicorp/aws\"]",
      "instances": [
        {
          "schema_version": 0,
          "attributes": {
            "architectures": [
              "x86_64"
            ],
            "arn": "arn:aws:lambda:ap-south-1:465443875617:function:vlab-dev-execute-code",
            "code_sha256": "12RJWWWxev5bVYkkkRCIyndUtMWY4PM9Y0TpHqSpzMk=",
            "code_signing_config_arn": "",
            "dead_letter_config": [],
            "description": "",
            "environment": [
              {
                "variables": {
                  "ECS_CLUSTER_ARN": "arn:aws:ecs:ap-south-1:465443875617:cluster/vlab-dev-cluster",
                  "ECS_SECURITY_GROUP_ID": "sg-09bda27b37016e4bf",
                  "ECS_SUBNET_IDS": "subnet-0c5577ea6de81aa1b,subnet-0f183e286ec7748db",
                  "LAB_LOG_GROUP_NAME": "/aws/ecs/vlab-dev-lab",
                  "LAB_TASK_DEFINITION_MAP": "{\"dbms\":\"arn:aws:ecs:ap-south-1:465443875617:task-definition/vlab-dev-dbms-task:1\",\"java\":\"arn:aws:ecs:ap-south-1:465443875617:task-definition/vlab-dev-java-task:1\",\"linux\":\"arn:aws:ecs:ap-south-1:465443875617:task-definition/vlab-dev-linux-task:1\",\"python\":\"arn:aws:ecs:ap-south-1:465443875617:task-definition/vlab-dev-python-task:5\"}",
                  "RESULTS_TABLE_NAME": "lab-results",
                  "SESSIONS_TABLE_NAME": "vlab-sessions"
                }
              }
            ],
            "ephemeral_storage": [
              {
                "size": 512
              }
            ],
            "file_system_config": [],
            "filename": "./execute_code.zip",
            "function_name": "vlab-dev-execute-code",
            "handler": "execute_code.lambda_handler",
            "id": "vlab-dev-execute-code",
            "image_config": [],
            "image_uri": "",
            "invoke_arn": "arn:aws:apigateway:ap-south-1:lambda:path/2015-03-31/functions/arn:aws:lambda:ap-south-1:465443875617:function:vlab-dev-execute-code/invocations",
            "kms_key_arn": "",
            "last_modified": "2026-05-04T10:24:58.000+0000",
            "layers": [],
            "logging_config": [
              {
                "application_log_level": "",
                "log_format": "Text",
                "log_group": "/aws/lambda/vlab-dev-execute-code",
                "system_log_level": ""
              }
            ],
            "memory_size": 512,
            "package_type": "Zip",
            "publish": false,
            "qualified_arn": "arn:aws:lambda:ap-south-1:465443875617:function:vlab-dev-execute-code:$LATEST",
            "qualified_invoke_arn": "arn:aws:apigateway:ap-south-1:lambda:path/2015-03-31/functions/arn:aws:lambda:ap-south-1:465443875617:function:vlab-dev-execute-code:$LATEST/invocations",
            "replace_security_groups_on_destroy": null,
            "replacement_security_group_ids": null,
            "reserved_concurrent_executions": -1,
            "role": "arn:aws:iam::465443875617:role/vlab-dev-lab-ops-lambda-role",
            "runtime": "python3.12",
            "s3_bucket": null,
            "s3_key": null,
            "s3_object_version": null,
            "signing_job_arn": "",
            "signing_profile_version_arn": "",
            "skip_destroy": false,
            "snap_start": [],
            "source_code_hash": "x0Fc6BCLRCZR9dloBnpcp8z9VrNqPH7oQd1fvYhmz/A=",
            "source_code_size": 2212,
            "tags": {
              "Environment": "dev",
              "ManagedBy": "terraform",
              "Project": "vlab"
            },
            "tags_all": {
              "Environment": "dev",
              "ManagedBy": "terraform",
              "Project": "vlab"
            },
            "timeout": 120,
            "timeouts": null,
            "tracing_config": [
              {
                "mode": "PassThrough"
              }
            ],
            "version": "$LATEST",
            "vpc_config": [
              {
                "ipv6_allowed_for_dual_stack": false,
                "security_group_ids": [
                  "sg-0583b23fb05abfff4"
                ],
                "subnet_ids": [
                  "subnet-0c5577ea6de81aa1b",
                  "subnet-0f183e286ec7748db"
                ],
                "vpc_id": "vpc-0e4baa01ea0c0fd2d"
              }
            ]
          },
          "sensitive_attributes": [],
          "identity_schema_version": 0,
          "private": "eyJlMmJmYjczMC1lY2FhLTExZTYtOGY4OC0zNDM2M2JjN2M0YzAiOnsiY3JlYXRlIjo2MDAwMDAwMDAwMDAsImRlbGV0ZSI6NjAwMDAwMDAwMDAwLCJ1cGRhdGUiOjYwMDAwMDAwMDAwMH19",
          "dependencies": [
            "aws_cloudwatch_log_group.ecs",
            "aws_dynamodb_table.results",
            "aws_dynamodb_table.sessions",
            "aws_ecr_repository.lab_images",
            "aws_ecs_cluster.lab",
            "aws_ecs_task_definition.lab",
            "aws_iam_role.ecs_task",
            "aws_iam_role.ecs_task_execution",
            "aws_iam_role.lab_ops_lambda",
            "aws_security_group.alb",
            "aws_security_group.ecs_tasks",
            "aws_security_group.lambda",
            "aws_subnet.private",
            "aws_vpc.main",
            "data.archive_file.execute_code_zip",
            "data.aws_availability_zones.available",
            "data.aws_iam_policy_document.ecs_task_execution_assume_role",
            "data.aws_iam_policy_document.lambda_assume_role"
          ]
        }
      ]
    },
    {
      "mode": "managed",
      "type": "aws_lambda_function",
      "name": "get_labs",
      "provider": "provider[\"registry.terraform.io/hashicorp/aws\"]",
      "instances": [
        {
          "schema_version": 0,
          "attributes": {
            "architectures": [
              "x86_64"
            ],
            "arn": "arn:aws:lambda:ap-south-1:465443875617:function:vlab-dev-get-labs",
            "code_sha256": "6Jimkba7REUTdTTDD2HsYUf/QZ+zZ3P6/aDdN6ovQ90=",
            "code_signing_config_arn": "",
            "dead_letter_config": [],
            "description": "",
            "environment": [],
            "ephemeral_storage": [
              {
                "size": 512
              }
            ],
            "file_system_config": [],
            "filename": "./get_labs.zip",
            "function_name": "vlab-dev-get-labs",
            "handler": "get_labs.lambda_handler",
            "id": "vlab-dev-get-labs",
            "image_config": [],
            "image_uri": "",
            "invoke_arn": "arn:aws:apigateway:ap-south-1:lambda:path/2015-03-31/functions/arn:aws:lambda:ap-south-1:465443875617:function:vlab-dev-get-labs/invocations",
            "kms_key_arn": "",
            "last_modified": "2026-04-28T11:22:50.000+0000",
            "layers": [],
            "logging_config": [
              {
                "application_log_level": "",
                "log_format": "Text",
                "log_group": "/aws/lambda/vlab-dev-get-labs",
                "system_log_level": ""
              }
            ],
            "memory_size": 256,
            "package_type": "Zip",
            "publish": false,
            "qualified_arn": "arn:aws:lambda:ap-south-1:465443875617:function:vlab-dev-get-labs:$LATEST",
            "qualified_invoke_arn": "arn:aws:apigateway:ap-south-1:lambda:path/2015-03-31/functions/arn:aws:lambda:ap-south-1:465443875617:function:vlab-dev-get-labs:$LATEST/invocations",
            "replace_security_groups_on_destroy": null,
            "replacement_security_group_ids": null,
            "reserved_concurrent_executions": -1,
            "role": "arn:aws:iam::465443875617:role/vlab-dev-lab-ops-lambda-role",
            "runtime": "python3.12",
            "s3_bucket": null,
            "s3_key": null,
            "s3_object_version": null,
            "signing_job_arn": "",
            "signing_profile_version_arn": "",
            "skip_destroy": false,
            "snap_start": [],
            "source_code_hash": "teNtGzAv8gGDD2e1jtzT1QezgZrvOn+pgRXymMFhupQ=",
            "source_code_size": 1073,
            "tags": {
              "Environment": "dev",
              "ManagedBy": "terraform",
              "Project": "vlab"
            },
            "tags_all": {
              "Environment": "dev",
              "ManagedBy": "terraform",
              "Project": "vlab"
            },
            "timeout": 30,
            "timeouts": null,
            "tracing_config": [
              {
                "mode": "PassThrough"
              }
            ],
            "version": "$LATEST",
            "vpc_config": [
              {
                "ipv6_allowed_for_dual_stack": false,
                "security_group_ids": [
                  "sg-0583b23fb05abfff4"
                ],
                "subnet_ids": [
                  "subnet-0c5577ea6de81aa1b",
                  "subnet-0f183e286ec7748db"
                ],
                "vpc_id": "vpc-0e4baa01ea0c0fd2d"
              }
            ]
          },
          "sensitive_attributes": [],
          "identity_schema_version": 0,
          "private": "eyJlMmJmYjczMC1lY2FhLTExZTYtOGY4OC0zNDM2M2JjN2M0YzAiOnsiY3JlYXRlIjo2MDAwMDAwMDAwMDAsImRlbGV0ZSI6NjAwMDAwMDAwMDAwLCJ1cGRhdGUiOjYwMDAwMDAwMDAwMH19",
          "dependencies": [
            "aws_iam_role.lab_ops_lambda",
            "aws_security_group.lambda",
            "aws_subnet.private",
            "aws_vpc.main",
            "data.archive_file.get_labs_zip",
            "data.aws_availability_zones.available",
            "data.aws_iam_policy_document.lambda_assume_role"
          ]
        }
      ]
    },
    {
      "mode": "managed",
      "type": "aws_lambda_function",
      "name": "get_result",
      "provider": "provider[\"registry.terraform.io/hashicorp/aws\"]",
      "instances": [
        {
          "schema_version": 0,
          "attributes": {
            "architectures": [
              "x86_64"
            ],
            "arn": "arn:aws:lambda:ap-south-1:465443875617:function:vlab-dev-get-result",
            "code_sha256": "phsdsZvCEPC6GqIUsRY2lN/2rSxs41zhs+VfXy4HoxU=",
            "code_signing_config_arn": "",
            "dead_letter_config": [],
            "description": "",
            "environment": [
              {
                "variables": {
                  "RESULTS_TABLE_NAME": "lab-results"
                }
              }
            ],
            "ephemeral_storage": [
              {
                "size": 512
              }
            ],
            "file_system_config": [],
            "filename": "./get_result.zip",
            "function_name": "vlab-dev-get-result",
            "handler": "get_result.lambda_handler",
            "id": "vlab-dev-get-result",
            "image_config": [],
            "image_uri": "",
            "invoke_arn": "arn:aws:apigateway:ap-south-1:lambda:path/2015-03-31/functions/arn:aws:lambda:ap-south-1:465443875617:function:vlab-dev-get-result/invocations",
            "kms_key_arn": "",
            "last_modified": "2026-04-28T11:22:57.000+0000",
            "layers": [],
            "logging_config": [
              {
                "application_log_level": "",
                "log_format": "Text",
                "log_group": "/aws/lambda/vlab-dev-get-result",
                "system_log_level": ""
              }
            ],
            "memory_size": 256,
            "package_type": "Zip",
            "publish": false,
            "qualified_arn": "arn:aws:lambda:ap-south-1:465443875617:function:vlab-dev-get-result:$LATEST",
            "qualified_invoke_arn": "arn:aws:apigateway:ap-south-1:lambda:path/2015-03-31/functions/arn:aws:lambda:ap-south-1:465443875617:function:vlab-dev-get-result:$LATEST/invocations",
            "replace_security_groups_on_destroy": null,
            "replacement_security_group_ids": null,
            "reserved_concurrent_executions": -1,
            "role": "arn:aws:iam::465443875617:role/vlab-dev-lab-ops-lambda-role",
            "runtime": "python3.12",
            "s3_bucket": null,
            "s3_key": null,
            "s3_object_version": null,
            "signing_job_arn": "",
            "signing_profile_version_arn": "",
            "skip_destroy": false,
            "snap_start": [],
            "source_code_hash": "+S9dH7R+55Acf8bCcPIrFm2Xf/uaiKOJlGJWPvQzsyk=",
            "source_code_size": 687,
            "tags": {
              "Environment": "dev",
              "ManagedBy": "terraform",
              "Project": "vlab"
            },
            "tags_all": {
              "Environment": "dev",
              "ManagedBy": "terraform",
              "Project": "vlab"
            },
            "timeout": 30,
            "timeouts": null,
            "tracing_config": [
              {
                "mode": "PassThrough"
              }
            ],
            "version": "$LATEST",
            "vpc_config": [
              {
                "ipv6_allowed_for_dual_stack": false,
                "security_group_ids": [
                  "sg-0583b23fb05abfff4"
                ],
                "subnet_ids": [
                  "subnet-0c5577ea6de81aa1b",
                  "subnet-0f183e286ec7748db"
                ],
                "vpc_id": "vpc-0e4baa01ea0c0fd2d"
              }
            ]
          },
          "sensitive_attributes": [],
          "identity_schema_version": 0,
          "private": "eyJlMmJmYjczMC1lY2FhLTExZTYtOGY4OC0zNDM2M2JjN2M0YzAiOnsiY3JlYXRlIjo2MDAwMDAwMDAwMDAsImRlbGV0ZSI6NjAwMDAwMDAwMDAwLCJ1cGRhdGUiOjYwMDAwMDAwMDAwMH19",
          "dependencies": [
            "aws_dynamodb_table.results",
            "aws_iam_role.lab_ops_lambda",
            "aws_security_group.lambda",
            "aws_subnet.private",
            "aws_vpc.main",
            "data.archive_file.get_result_zip",
            "data.aws_availability_zones.available",
            "data.aws_iam_policy_document.lambda_assume_role"
          ]
        }
      ]
    },
    {
      "mode": "managed",
      "type": "aws_lambda_function",
      "name": "get_session",
      "provider": "provider[\"registry.terraform.io/hashicorp/aws\"]",
      "instances": [
        {
          "schema_version": 0,
          "attributes": {
            "architectures": [
              "x86_64"
            ],
            "arn": "arn:aws:lambda:ap-south-1:465443875617:function:vlab-dev-get-session",
            "code_sha256": "cn+KwWJ2iUJI/CgvVxEt7b/Awwc8lktpZ0kB5ARpCgQ=",
            "code_signing_config_arn": "",
            "dead_letter_config": [],
            "description": "",
            "environment": [
              {
                "variables": {
                  "AWS_ACCOUNT_ID": "465443875617",
                  "DYNAMODB_TABLE_NAME": "vlab-sessions",
                  "ECS_CLUSTER_ARN": "arn:aws:ecs:ap-south-1:465443875617:cluster/vlab-dev-cluster"
                }
              }
            ],
            "ephemeral_storage": [
              {
                "size": 512
              }
            ],
            "file_system_config": [],
            "filename": "./get_session.zip",
            "function_name": "vlab-dev-get-session",
            "handler": "get_session.lambda_handler",
            "id": "vlab-dev-get-session",
            "image_config": [],
            "image_uri": "",
            "invoke_arn": "arn:aws:apigateway:ap-south-1:lambda:path/2015-03-31/functions/arn:aws:lambda:ap-south-1:465443875617:function:vlab-dev-get-session/invocations",
            "kms_key_arn": "",
            "last_modified": "2026-04-28T11:23:03.000+0000",
            "layers": [],
            "logging_config": [
              {
                "application_log_level": "",
                "log_format": "Text",
                "log_group": "/aws/lambda/vlab-dev-get-session",
                "system_log_level": ""
              }
            ],
            "memory_size": 256,
            "package_type": "Zip",
            "publish": false,
            "qualified_arn": "arn:aws:lambda:ap-south-1:465443875617:function:vlab-dev-get-session:$LATEST",
            "qualified_invoke_arn": "arn:aws:apigateway:ap-south-1:lambda:path/2015-03-31/functions/arn:aws:lambda:ap-south-1:465443875617:function:vlab-dev-get-session:$LATEST/invocations",
            "replace_security_groups_on_destroy": null,
            "replacement_security_group_ids": null,
            "reserved_concurrent_executions": -1,
            "role": "arn:aws:iam::465443875617:role/vlab-dev-lab-ops-lambda-role",
            "runtime": "python3.12",
            "s3_bucket": null,
            "s3_key": null,
            "s3_object_version": null,
            "signing_job_arn": "",
            "signing_profile_version_arn": "",
            "skip_destroy": false,
            "snap_start": [],
            "source_code_hash": "Psgba7h6mBOsVA42+lwV2TwSh6iEQHMcYA4NW0qcy7E=",
            "source_code_size": 1531,
            "tags": {
              "Environment": "dev",
              "ManagedBy": "terraform",
              "Project": "vlab"
            },
            "tags_all": {
              "Environment": "dev",
              "ManagedBy": "terraform",
              "Project": "vlab"
            },
            "timeout": 30,
            "timeouts": null,
            "tracing_config": [
              {
                "mode": "PassThrough"
              }
            ],
            "version": "$LATEST",
            "vpc_config": [
              {
                "ipv6_allowed_for_dual_stack": false,
                "security_group_ids": [
                  "sg-0583b23fb05abfff4"
                ],
                "subnet_ids": [
                  "subnet-0c5577ea6de81aa1b",
                  "subnet-0f183e286ec7748db"
                ],
                "vpc_id": "vpc-0e4baa01ea0c0fd2d"
              }
            ]
          },
          "sensitive_attributes": [],
          "identity_schema_version": 0,
          "private": "eyJlMmJmYjczMC1lY2FhLTExZTYtOGY4OC0zNDM2M2JjN2M0YzAiOnsiY3JlYXRlIjo2MDAwMDAwMDAwMDAsImRlbGV0ZSI6NjAwMDAwMDAwMDAwLCJ1cGRhdGUiOjYwMDAwMDAwMDAwMH19",
          "dependencies": [
            "aws_dynamodb_table.sessions",
            "aws_ecs_cluster.lab",
            "aws_iam_role.lab_ops_lambda",
            "aws_security_group.lambda",
            "aws_subnet.private",
            "aws_vpc.main",
            "data.archive_file.get_session_zip",
            "data.aws_availability_zones.available",
            "data.aws_caller_identity.current",
            "data.aws_iam_policy_document.lambda_assume_role"
          ]
        }
      ]
    },
    {
      "mode": "managed",
      "type": "aws_lambda_function",
      "name": "grade_lab",
      "provider": "provider[\"registry.terraform.io/hashicorp/aws\"]",
      "instances": [
        {
          "schema_version": 0,
          "attributes": {
            "architectures": [
              "x86_64"
            ],
            "arn": "arn:aws:lambda:ap-south-1:465443875617:function:vlab-dev-grade-lab",
            "code_sha256": "rExBlbfFGLfhIL0vImYFU1juUQivBDXV7czSDwRLB4g=",
            "code_signing_config_arn": "",
            "dead_letter_config": [],
            "description": "",
            "environment": [
              {
                "variables": {
                  "ECS_CLUSTER_ARN": "arn:aws:ecs:ap-south-1:465443875617:cluster/vlab-dev-cluster",
                  "ECS_SECURITY_GROUP_ID": "sg-09bda27b37016e4bf",
                  "ECS_SUBNET_IDS": "subnet-0c5577ea6de81aa1b,subnet-0f183e286ec7748db",
                  "LAB_LOG_GROUP_NAME": "/aws/ecs/vlab-dev-lab",
                  "LAB_TASK_DEFINITION_MAP": "{\"dbms\":\"arn:aws:ecs:ap-south-1:465443875617:task-definition/vlab-dev-dbms-task:1\",\"java\":\"arn:aws:ecs:ap-south-1:465443875617:task-definition/vlab-dev-java-task:1\",\"linux\":\"arn:aws:ecs:ap-south-1:465443875617:task-definition/vlab-dev-linux-task:1\",\"python\":\"arn:aws:ecs:ap-south-1:465443875617:task-definition/vlab-dev-python-task:5\"}",
                  "RESULTS_TABLE_NAME": "lab-results",
                  "SESSIONS_TABLE_NAME": "vlab-sessions",
                  "SUBMISSIONS_TABLE_NAME": "lab-submissions",
                  "TEST_CASES_BUCKET": "vlab-dev-test-cases-1fem8m0a"
                }
              }
            ],
            "ephemeral_storage": [
              {
                "size": 512
              }
            ],
            "file_system_config": [],
            "filename": "./grade_lab.zip",
            "function_name": "vlab-dev-grade-lab",
            "handler": "grade_lab.lambda_handler",
            "id": "vlab-dev-grade-lab",
            "image_config": [],
            "image_uri": "",
            "invoke_arn": "arn:aws:apigateway:ap-south-1:lambda:path/2015-03-31/functions/arn:aws:lambda:ap-south-1:465443875617:function:vlab-dev-grade-lab/invocations",
            "kms_key_arn": "",
            "last_modified": "2026-05-04T10:24:58.000+0000",
            "layers": [],
            "logging_config": [
              {
                "application_log_level": "",
                "log_format": "Text",
                "log_group": "/aws/lambda/vlab-dev-grade-lab",
                "system_log_level": ""
              }
            ],
            "memory_size": 512,
            "package_type": "Zip",
            "publish": false,
            "qualified_arn": "arn:aws:lambda:ap-south-1:465443875617:function:vlab-dev-grade-lab:$LATEST",
            "qualified_invoke_arn": "arn:aws:apigateway:ap-south-1:lambda:path/2015-03-31/functions/arn:aws:lambda:ap-south-1:465443875617:function:vlab-dev-grade-lab:$LATEST/invocations",
            "replace_security_groups_on_destroy": null,
            "replacement_security_group_ids": null,
            "reserved_concurrent_executions": -1,
            "role": "arn:aws:iam::465443875617:role/vlab-dev-lab-ops-lambda-role",
            "runtime": "python3.12",
            "s3_bucket": null,
            "s3_key": null,
            "s3_object_version": null,
            "signing_job_arn": "",
            "signing_profile_version_arn": "",
            "skip_destroy": false,
            "snap_start": [],
            "source_code_hash": "83VX5fu2PHB3DttEgLC3WY7xcmbojjaLRXS9Ylt9lGU=",
            "source_code_size": 1135,
            "tags": {
              "Environment": "dev",
              "ManagedBy": "terraform",
              "Project": "vlab"
            },
            "tags_all": {
              "Environment": "dev",
              "ManagedBy": "terraform",
              "Project": "vlab"
            },
            "timeout": 180,
            "timeouts": null,
            "tracing_config": [
              {
                "mode": "PassThrough"
              }
            ],
            "version": "$LATEST",
            "vpc_config": [
              {
                "ipv6_allowed_for_dual_stack": false,
                "security_group_ids": [
                  "sg-0583b23fb05abfff4"
                ],
                "subnet_ids": [
                  "subnet-0c5577ea6de81aa1b",
                  "subnet-0f183e286ec7748db"
                ],
                "vpc_id": "vpc-0e4baa01ea0c0fd2d"
              }
            ]
          },
          "sensitive_attributes": [],
          "identity_schema_version": 0,
          "private": "eyJlMmJmYjczMC1lY2FhLTExZTYtOGY4OC0zNDM2M2JjN2M0YzAiOnsiY3JlYXRlIjo2MDAwMDAwMDAwMDAsImRlbGV0ZSI6NjAwMDAwMDAwMDAwLCJ1cGRhdGUiOjYwMDAwMDAwMDAwMH19",
          "dependencies": [
            "aws_cloudwatch_log_group.ecs",
            "aws_dynamodb_table.results",
            "aws_dynamodb_table.sessions",
            "aws_dynamodb_table.submissions",
            "aws_ecr_repository.lab_images",
            "aws_ecs_cluster.lab",
            "aws_ecs_task_definition.lab",
            "aws_iam_role.ecs_task",
            "aws_iam_role.ecs_task_execution",
            "aws_iam_role.lab_ops_lambda",
            "aws_s3_bucket.test_cases",
            "aws_security_group.alb",
            "aws_security_group.ecs_tasks",
            "aws_security_group.lambda",
            "aws_subnet.private",
            "aws_vpc.main",
            "data.archive_file.grade_lab_zip",
            "data.aws_availability_zones.available",
            "data.aws_iam_policy_document.ecs_task_execution_assume_role",
            "data.aws_iam_policy_document.lambda_assume_role",
            "random_string.test_cases_suffix"
          ]
        }
      ]
    },
    {
      "mode": "managed",
      "type": "aws_lambda_function",
      "name": "start_lab",
      "provider": "provider[\"registry.terraform.io/hashicorp/aws\"]",
      "instances": [
        {
          "schema_version": 0,
          "attributes": {
            "architectures": [
              "x86_64"
            ],
            "arn": "arn:aws:lambda:ap-south-1:465443875617:function:vlab-dev-start-lab",
            "code_sha256": "zZfo6Lr4YIPqqoQFbhDo9GnMq5VS+JH/UZYWviGwCfY=",
            "code_signing_config_arn": "",
            "dead_letter_config": [],
            "description": "",
            "environment": [
              {
                "variables": {
                  "ALB_DNS_NAME": "",
                  "ALLOWED_LAB_TYPES": "python,java,linux,dbms",
                  "DEFAULT_SESSION_TIMEOUT": "60",
                  "DYNAMODB_TABLE_NAME": "vlab-sessions",
                  "ECS_CLUSTER_ARN": "arn:aws:ecs:ap-south-1:465443875617:cluster/vlab-dev-cluster",
                  "ECS_SECURITY_GROUP_ID": "sg-09bda27b37016e4bf",
                  "ECS_SUBNET_IDS": "subnet-0c5577ea6de81aa1b,subnet-0f183e286ec7748db",
                  "ENABLE_ALB": "false",
                  "LAB_TASK_DEFINITION_MAP": "{\"dbms\":\"arn:aws:ecs:ap-south-1:465443875617:task-definition/vlab-dev-dbms-task:1\",\"java\":\"arn:aws:ecs:ap-south-1:465443875617:task-definition/vlab-dev-java-task:1\",\"linux\":\"arn:aws:ecs:ap-south-1:465443875617:task-definition/vlab-dev-linux-task:1\",\"python\":\"arn:aws:ecs:ap-south-1:465443875617:task-definition/vlab-dev-python-task:5\"}",
                  "SCHEDULER_GROUP_NAME": "vlab-dev-sessions",
                  "SCHEDULER_ROLE_ARN": "arn:aws:iam::465443875617:role/vlab-dev-scheduler-stop-lambda-role",
                  "STOP_LAB_LAMBDA_ARN": "arn:aws:lambda:ap-south-1:465443875617:function:vlab-dev-stop-lab"
                }
              }
            ],
            "ephemeral_storage": [
              {
                "size": 512
              }
            ],
            "file_system_config": [],
            "filename": "./start_lab.zip",
            "function_name": "vlab-dev-start-lab",
            "handler": "start_lab.lambda_handler",
            "id": "vlab-dev-start-lab",
            "image_config": [],
            "image_uri": "",
            "invoke_arn": "arn:aws:apigateway:ap-south-1:lambda:path/2015-03-31/functions/arn:aws:lambda:ap-south-1:465443875617:function:vlab-dev-start-lab/invocations",
            "kms_key_arn": "",
            "last_modified": "2026-05-04T10:25:03.000+0000",
            "layers": [],
            "logging_config": [
              {
                "application_log_level": "",
                "log_format": "Text",
                "log_group": "/aws/lambda/vlab-dev-start-lab",
                "system_log_level": ""
              }
            ],
            "memory_size": 256,
            "package_type": "Zip",
            "publish": false,
            "qualified_arn": "arn:aws:lambda:ap-south-1:465443875617:function:vlab-dev-start-lab:$LATEST",
            "qualified_invoke_arn": "arn:aws:apigateway:ap-south-1:lambda:path/2015-03-31/functions/arn:aws:lambda:ap-south-1:465443875617:function:vlab-dev-start-lab:$LATEST/invocations",
            "replace_security_groups_on_destroy": null,
            "replacement_security_group_ids": null,
            "reserved_concurrent_executions": -1,
            "role": "arn:aws:iam::465443875617:role/vlab-dev-start-lab-lambda-role",
            "runtime": "python3.12",
            "s3_bucket": null,
            "s3_key": null,
            "s3_object_version": null,
            "signing_job_arn": "",
            "signing_profile_version_arn": "",
            "skip_destroy": false,
            "snap_start": [],
            "source_code_hash": "UcUNU8FzEkHr4lClru/2AnArxtGejEamhFA1oqnTAhA=",
            "source_code_size": 2140,
            "tags": {
              "Environment": "dev",
              "ManagedBy": "terraform",
              "Project": "vlab"
            },
            "tags_all": {
              "Environment": "dev",
              "ManagedBy": "terraform",
              "Project": "vlab"
            },
            "timeout": 30,
            "timeouts": null,
            "tracing_config": [
              {
                "mode": "PassThrough"
              }
            ],
            "version": "$LATEST",
            "vpc_config": [
              {
                "ipv6_allowed_for_dual_stack": false,
                "security_group_ids": [
                  "sg-0583b23fb05abfff4"
                ],
                "subnet_ids": [
                  "subnet-0c5577ea6de81aa1b",
                  "subnet-0f183e286ec7748db"
                ],
                "vpc_id": "vpc-0e4baa01ea0c0fd2d"
              }
            ]
          },
          "sensitive_attributes": [],
          "identity_schema_version": 0,
          "private": "eyJlMmJmYjczMC1lY2FhLTExZTYtOGY4OC0zNDM2M2JjN2M0YzAiOnsiY3JlYXRlIjo2MDAwMDAwMDAwMDAsImRlbGV0ZSI6NjAwMDAwMDAwMDAwLCJ1cGRhdGUiOjYwMDAwMDAwMDAwMH19",
          "dependencies": [
            "aws_cloudwatch_log_group.ecs",
            "aws_dynamodb_table.results",
            "aws_dynamodb_table.sessions",
            "aws_dynamodb_table.submissions",
            "aws_ecr_repository.lab_images",
            "aws_ecs_cluster.lab",
            "aws_ecs_task_definition.lab",
            "aws_iam_role.ecs_task",
            "aws_iam_role.ecs_task_execution",
            "aws_iam_role.lab_ops_lambda",
            "aws_iam_role.scheduler_invoke_stop_lambda",
            "aws_iam_role.start_lab_lambda",
            "aws_iam_role.stop_lab_lambda",
            "aws_lambda_function.grade_lab",
            "aws_lambda_function.stop_lab",
            "aws_lb.lab",
            "aws_s3_bucket.test_cases",
            "aws_scheduler_schedule_group.lab",
            "aws_security_group.alb",
            "aws_security_group.ecs_tasks",
            "aws_security_group.lambda",
            "aws_subnet.private",
            "aws_subnet.public",
            "aws_vpc.main",
            "data.archive_file.grade_lab_zip",
            "data.archive_file.start_lab_zip",
            "data.archive_file.stop_lab_zip",
            "data.aws_availability_zones.available",
            "data.aws_iam_policy_document.ecs_task_execution_assume_role",
            "data.aws_iam_policy_document.lambda_assume_role",
            "data.aws_iam_policy_document.scheduler_assume_role",
            "random_string.test_cases_suffix"
          ]
        }
      ]
    },
    {
      "mode": "managed",
      "type": "aws_lambda_function",
      "name": "stop_lab",
      "provider": "provider[\"registry.terraform.io/hashicorp/aws\"]",
      "instances": [
        {
          "schema_version": 0,
          "attributes": {
            "architectures": [
              "x86_64"
            ],
            "arn": "arn:aws:lambda:ap-south-1:465443875617:function:vlab-dev-stop-lab",
            "code_sha256": "SsUUyGE5Y/HD+EomZ4pYiaITWDydW3QQfsvaQX9n/LI=",
            "code_signing_config_arn": "",
            "dead_letter_config": [],
            "description": "",
            "environment": [
              {
                "variables": {
                  "DYNAMODB_TABLE_NAME": "vlab-sessions",
                  "ECS_CLUSTER_ARN": "arn:aws:ecs:ap-south-1:465443875617:cluster/vlab-dev-cluster",
                  "GRADE_LAB_LAMBDA_ARN": "arn:aws:lambda:ap-south-1:465443875617:function:vlab-dev-grade-lab",
                  "SCHEDULER_GROUP_NAME": "vlab-dev-sessions"
                }
              }
            ],
            "ephemeral_storage": [
              {
                "size": 512
              }
            ],
            "file_system_config": [],
            "filename": "./stop_lab.zip",
            "function_name": "vlab-dev-stop-lab",
            "handler": "stop_lab.lambda_handler",
            "id": "vlab-dev-stop-lab",
            "image_config": [],
            "image_uri": "",
            "invoke_arn": "arn:aws:apigateway:ap-south-1:lambda:path/2015-03-31/functions/arn:aws:lambda:ap-south-1:465443875617:function:vlab-dev-stop-lab/invocations",
            "kms_key_arn": "",
            "last_modified": "2026-04-28T11:23:23.000+0000",
            "layers": [],
            "logging_config": [
              {
                "application_log_level": "",
                "log_format": "Text",
                "log_group": "/aws/lambda/vlab-dev-stop-lab",
                "system_log_level": ""
              }
            ],
            "memory_size": 256,
            "package_type": "Zip",
            "publish": false,
            "qualified_arn": "arn:aws:lambda:ap-south-1:465443875617:function:vlab-dev-stop-lab:$LATEST",
            "qualified_invoke_arn": "arn:aws:apigateway:ap-south-1:lambda:path/2015-03-31/functions/arn:aws:lambda:ap-south-1:465443875617:function:vlab-dev-stop-lab:$LATEST/invocations",
            "replace_security_groups_on_destroy": null,
            "replacement_security_group_ids": null,
            "reserved_concurrent_executions": -1,
            "role": "arn:aws:iam::465443875617:role/vlab-dev-stop-lab-lambda-role",
            "runtime": "python3.12",
            "s3_bucket": null,
            "s3_key": null,
            "s3_object_version": null,
            "signing_job_arn": "",
            "signing_profile_version_arn": "",
            "skip_destroy": false,
            "snap_start": [],
            "source_code_hash": "BcbmHAuUP4m3prxMJ5+J5bEAFBv3HkdfpusUhgrfXe0=",
            "source_code_size": 1244,
            "tags": {
              "Environment": "dev",
              "ManagedBy": "terraform",
              "Project": "vlab"
            },
            "tags_all": {
              "Environment": "dev",
              "ManagedBy": "terraform",
              "Project": "vlab"
            },
            "timeout": 30,
            "timeouts": null,
            "tracing_config": [
              {
                "mode": "PassThrough"
              }
            ],
            "version": "$LATEST",
            "vpc_config": [
              {
                "ipv6_allowed_for_dual_stack": false,
                "security_group_ids": [
                  "sg-0583b23fb05abfff4"
                ],
                "subnet_ids": [
                  "subnet-0c5577ea6de81aa1b",
                  "subnet-0f183e286ec7748db"
                ],
                "vpc_id": "vpc-0e4baa01ea0c0fd2d"
              }
            ]
          },
          "sensitive_attributes": [],
          "identity_schema_version": 0,
          "private": "eyJlMmJmYjczMC1lY2FhLTExZTYtOGY4OC0zNDM2M2JjN2M0YzAiOnsiY3JlYXRlIjo2MDAwMDAwMDAwMDAsImRlbGV0ZSI6NjAwMDAwMDAwMDAwLCJ1cGRhdGUiOjYwMDAwMDAwMDAwMH19",
          "dependencies": [
            "aws_cloudwatch_log_group.ecs",
            "aws_dynamodb_table.results",
            "aws_dynamodb_table.sessions",
            "aws_dynamodb_table.submissions",
            "aws_ecr_repository.lab_images",
            "aws_ecs_cluster.lab",
            "aws_ecs_task_definition.lab",
            "aws_iam_role.ecs_task",
            "aws_iam_role.ecs_task_execution",
            "aws_iam_role.lab_ops_lambda",
            "aws_iam_role.stop_lab_lambda",
            "aws_lambda_function.grade_lab",
            "aws_s3_bucket.test_cases",
            "aws_scheduler_schedule_group.lab",
            "aws_security_group.alb",
            "aws_security_group.ecs_tasks",
            "aws_security_group.lambda",
            "aws_subnet.private",
            "aws_vpc.main",
            "data.archive_file.grade_lab_zip",
            "data.archive_file.stop_lab_zip",
            "data.aws_availability_zones.available",
            "data.aws_iam_policy_document.ecs_task_execution_assume_role",
            "data.aws_iam_policy_document.lambda_assume_role",
            "random_string.test_cases_suffix"
          ]
        }
      ]
    },
    {
      "mode": "managed",
      "type": "aws_lambda_function",
      "name": "submit_code",
      "provider": "provider[\"registry.terraform.io/hashicorp/aws\"]",
      "instances": [
        {
          "schema_version": 0,
          "attributes": {
            "architectures": [
              "x86_64"
            ],
            "arn": "arn:aws:lambda:ap-south-1:465443875617:function:vlab-dev-submit-code",
            "code_sha256": "Q/Noyx5WMuNWhWsJ4wq+VNT5jYdt/4Hr2lpU4lyx2Y8=",
            "code_signing_config_arn": "",
            "dead_letter_config": [],
            "description": "",
            "environment": [
              {
                "variables": {
                  "GRADE_LAB_LAMBDA_ARN": "arn:aws:lambda:ap-south-1:465443875617:function:vlab-dev-grade-lab",
                  "SESSIONS_TABLE_NAME": "vlab-sessions",
                  "SUBMISSIONS_TABLE_NAME": "lab-submissions"
                }
              }
            ],
            "ephemeral_storage": [
              {
                "size": 512
              }
            ],
            "file_system_config": [],
            "filename": "./submit_code.zip",
            "function_name": "vlab-dev-submit-code",
            "handler": "submit_code.lambda_handler",
            "id": "vlab-dev-submit-code",
            "image_config": [],
            "image_uri": "",
            "invoke_arn": "arn:aws:apigateway:ap-south-1:lambda:path/2015-03-31/functions/arn:aws:lambda:ap-south-1:465443875617:function:vlab-dev-submit-code/invocations",
            "kms_key_arn": "",
            "last_modified": "2026-04-28T11:23:29.000+0000",
            "layers": [],
            "logging_config": [
              {
                "application_log_level": "",
                "log_format": "Text",
                "log_group": "/aws/lambda/vlab-dev-submit-code",
                "system_log_level": ""
              }
            ],
            "memory_size": 256,
            "package_type": "Zip",
            "publish": false,
            "qualified_arn": "arn:aws:lambda:ap-south-1:465443875617:function:vlab-dev-submit-code:$LATEST",
            "qualified_invoke_arn": "arn:aws:apigateway:ap-south-1:lambda:path/2015-03-31/functions/arn:aws:lambda:ap-south-1:465443875617:function:vlab-dev-submit-code:$LATEST/invocations",
            "replace_security_groups_on_destroy": null,
            "replacement_security_group_ids": null,
            "reserved_concurrent_executions": -1,
            "role": "arn:aws:iam::465443875617:role/vlab-dev-lab-ops-lambda-role",
            "runtime": "python3.12",
            "s3_bucket": null,
            "s3_key": null,
            "s3_object_version": null,
            "signing_job_arn": "",
            "signing_profile_version_arn": "",
            "skip_destroy": false,
            "snap_start": [],
            "source_code_hash": "M4OwP/yWBbq/yGuE83sXdKmY1BUHjMsfJ/tnC32K5RM=",
            "source_code_size": 905,
            "tags": {
              "Environment": "dev",
              "ManagedBy": "terraform",
              "Project": "vlab"
            },
            "tags_all": {
              "Environment": "dev",
              "ManagedBy": "terraform",
              "Project": "vlab"
            },
            "timeout": 30,
            "timeouts": null,
            "tracing_config": [
              {
                "mode": "PassThrough"
              }
            ],
            "version": "$LATEST",
            "vpc_config": [
              {
                "ipv6_allowed_for_dual_stack": false,
                "security_group_ids": [
                  "sg-0583b23fb05abfff4"
                ],
                "subnet_ids": [
                  "subnet-0c5577ea6de81aa1b",
                  "subnet-0f183e286ec7748db"
                ],
                "vpc_id": "vpc-0e4baa01ea0c0fd2d"
              }
            ]
          },
          "sensitive_attributes": [],
          "identity_schema_version": 0,
          "private": "eyJlMmJmYjczMC1lY2FhLTExZTYtOGY4OC0zNDM2M2JjN2M0YzAiOnsiY3JlYXRlIjo2MDAwMDAwMDAwMDAsImRlbGV0ZSI6NjAwMDAwMDAwMDAwLCJ1cGRhdGUiOjYwMDAwMDAwMDAwMH19",
          "dependencies": [
            "aws_cloudwatch_log_group.ecs",
            "aws_dynamodb_table.results",
            "aws_dynamodb_table.sessions",
            "aws_dynamodb_table.submissions",
            "aws_ecr_repository.lab_images",
            "aws_ecs_cluster.lab",
            "aws_ecs_task_definition.lab",
            "aws_iam_role.ecs_task",
            "aws_iam_role.ecs_task_execution",
            "aws_iam_role.lab_ops_lambda",
            "aws_lambda_function.grade_lab",
            "aws_s3_bucket.test_cases",
            "aws_security_group.alb",
            "aws_security_group.ecs_tasks",
            "aws_security_group.lambda",
            "aws_subnet.private",
            "aws_vpc.main",
            "data.archive_file.grade_lab_zip",
            "data.archive_file.submit_code_zip",
            "data.aws_availability_zones.available",
            "data.aws_iam_policy_document.ecs_task_execution_assume_role",
            "data.aws_iam_policy_document.lambda_assume_role",
            "random_string.test_cases_suffix"
          ]
        }
      ]
    },
    {
      "mode": "managed",
      "type": "aws_lambda_permission",
      "name": "apigw_execute",
      "provider": "provider[\"registry.terraform.io/hashicorp/aws\"]",
      "instances": [
        {
          "schema_version": 0,
          "attributes": {
            "action": "lambda:InvokeFunction",
            "event_source_token": null,
            "function_name": "vlab-dev-execute-code",
            "function_url_auth_type": null,
            "id": "AllowApiGatewayInvokeExecuteCode",
            "principal": "apigateway.amazonaws.com",
            "principal_org_id": null,
            "qualifier": "",
            "source_account": null,
            "source_arn": "arn:aws:execute-api:ap-south-1:465443875617:fjifywkhy9/*/*",
            "statement_id": "AllowApiGatewayInvokeExecuteCode",
            "statement_id_prefix": ""
          },
          "sensitive_attributes": [],
          "identity_schema_version": 0,
          "private": "bnVsbA==",
          "dependencies": [
            "aws_apigatewayv2_api.lab",
            "aws_cloudwatch_log_group.ecs",
            "aws_dynamodb_table.results",
            "aws_dynamodb_table.sessions",
            "aws_ecr_repository.lab_images",
            "aws_ecs_cluster.lab",
            "aws_ecs_task_definition.lab",
            "aws_iam_role.ecs_task",
            "aws_iam_role.ecs_task_execution",
            "aws_iam_role.lab_ops_lambda",
            "aws_lambda_function.execute_code",
            "aws_security_group.alb",
            "aws_security_group.ecs_tasks",
            "aws_security_group.lambda",
            "aws_subnet.private",
            "aws_vpc.main",
            "data.archive_file.execute_code_zip",
            "data.aws_availability_zones.available",
            "data.aws_iam_policy_document.ecs_task_execution_assume_role",
            "data.aws_iam_policy_document.lambda_assume_role"
          ]
        }
      ]
    },
    {
      "mode": "managed",
      "type": "aws_lambda_permission",
      "name": "apigw_get_labs",
      "provider": "provider[\"registry.terraform.io/hashicorp/aws\"]",
      "instances": [
        {
          "schema_version": 0,
          "attributes": {
            "action": "lambda:InvokeFunction",
            "event_source_token": null,
            "function_name": "vlab-dev-get-labs",
            "function_url_auth_type": null,
            "id": "AllowApiGatewayInvokeGetLabs",
            "principal": "apigateway.amazonaws.com",
            "principal_org_id": null,
            "qualifier": "",
            "source_account": null,
            "source_arn": "arn:aws:execute-api:ap-south-1:465443875617:fjifywkhy9/*/*",
            "statement_id": "AllowApiGatewayInvokeGetLabs",
            "statement_id_prefix": ""
          },
          "sensitive_attributes": [],
          "identity_schema_version": 0,
          "private": "bnVsbA==",
          "dependencies": [
            "aws_apigatewayv2_api.lab",
            "aws_iam_role.lab_ops_lambda",
            "aws_lambda_function.get_labs",
            "aws_security_group.lambda",
            "aws_subnet.private",
            "aws_vpc.main",
            "data.archive_file.get_labs_zip",
            "data.aws_availability_zones.available",
            "data.aws_iam_policy_document.lambda_assume_role"
          ]
        }
      ]
    },
    {
      "mode": "managed",
      "type": "aws_lambda_permission",
      "name": "apigw_get_result",
      "provider": "provider[\"registry.terraform.io/hashicorp/aws\"]",
      "instances": [
        {
          "schema_version": 0,
          "attributes": {
            "action": "lambda:InvokeFunction",
            "event_source_token": null,
            "function_name": "vlab-dev-get-result",
            "function_url_auth_type": null,
            "id": "AllowApiGatewayInvokeGetResult",
            "principal": "apigateway.amazonaws.com",
            "principal_org_id": null,
            "qualifier": "",
            "source_account": null,
            "source_arn": "arn:aws:execute-api:ap-south-1:465443875617:fjifywkhy9/*/*",
            "statement_id": "AllowApiGatewayInvokeGetResult",
            "statement_id_prefix": ""
          },
          "sensitive_attributes": [],
          "identity_schema_version": 0,
          "private": "bnVsbA==",
          "dependencies": [
            "aws_apigatewayv2_api.lab",
            "aws_dynamodb_table.results",
            "aws_iam_role.lab_ops_lambda",
            "aws_lambda_function.get_result",
            "aws_security_group.lambda",
            "aws_subnet.private",
            "aws_vpc.main",
            "data.archive_file.get_result_zip",
            "data.aws_availability_zones.available",
            "data.aws_iam_policy_document.lambda_assume_role"
          ]
        }
      ]
    },
    {
      "mode": "managed",
      "type": "aws_lambda_permission",
      "name": "apigw_get_session",
      "provider": "provider[\"registry.terraform.io/hashicorp/aws\"]",
      "instances": [
        {
          "schema_version": 0,
          "attributes": {
            "action": "lambda:InvokeFunction",
            "event_source_token": null,
            "function_name": "vlab-dev-get-session",
            "function_url_auth_type": null,
            "id": "AllowApiGatewayInvokeGetSession",
            "principal": "apigateway.amazonaws.com",
            "principal_org_id": null,
            "qualifier": "",
            "source_account": null,
            "source_arn": "arn:aws:execute-api:ap-south-1:465443875617:fjifywkhy9/*/*",
            "statement_id": "AllowApiGatewayInvokeGetSession",
            "statement_id_prefix": ""
          },
          "sensitive_attributes": [],
          "identity_schema_version": 0,
          "private": "bnVsbA==",
          "dependencies": [
            "aws_apigatewayv2_api.lab",
            "aws_dynamodb_table.sessions",
            "aws_ecs_cluster.lab",
            "aws_iam_role.lab_ops_lambda",
            "aws_lambda_function.get_session",
            "aws_security_group.lambda",
            "aws_subnet.private",
            "aws_vpc.main",
            "data.archive_file.get_session_zip",
            "data.aws_availability_zones.available",
            "data.aws_caller_identity.current",
            "data.aws_iam_policy_document.lambda_assume_role"
          ]
        }
      ]
    },
    {
      "mode": "managed",
      "type": "aws_lambda_permission",
      "name": "apigw_start",
      "provider": "provider[\"registry.terraform.io/hashicorp/aws\"]",
      "instances": [
        {
          "schema_version": 0,
          "attributes": {
            "action": "lambda:InvokeFunction",
            "event_source_token": null,
            "function_name": "vlab-dev-start-lab",
            "function_url_auth_type": null,
            "id": "AllowApiGatewayInvokeStartLab",
            "principal": "apigateway.amazonaws.com",
            "principal_org_id": null,
            "qualifier": "",
            "source_account": null,
            "source_arn": "arn:aws:execute-api:ap-south-1:465443875617:fjifywkhy9/*/*",
            "statement_id": "AllowApiGatewayInvokeStartLab",
            "statement_id_prefix": ""
          },
          "sensitive_attributes": [],
          "identity_schema_version": 0,
          "private": "bnVsbA==",
          "dependencies": [
            "aws_apigatewayv2_api.lab",
            "aws_cloudwatch_log_group.ecs",
            "aws_dynamodb_table.results",
            "aws_dynamodb_table.sessions",
            "aws_dynamodb_table.submissions",
            "aws_ecr_repository.lab_images",
            "aws_ecs_cluster.lab",
            "aws_ecs_task_definition.lab",
            "aws_iam_role.ecs_task",
            "aws_iam_role.ecs_task_execution",
            "aws_iam_role.lab_ops_lambda",
            "aws_iam_role.scheduler_invoke_stop_lambda",
            "aws_iam_role.start_lab_lambda",
            "aws_iam_role.stop_lab_lambda",
            "aws_lambda_function.grade_lab",
            "aws_lambda_function.start_lab",
            "aws_lambda_function.stop_lab",
            "aws_lb.lab",
            "aws_s3_bucket.test_cases",
            "aws_scheduler_schedule_group.lab",
            "aws_security_group.alb",
            "aws_security_group.ecs_tasks",
            "aws_security_group.lambda",
            "aws_subnet.private",
            "aws_subnet.public",
            "aws_vpc.main",
            "data.archive_file.grade_lab_zip",
            "data.archive_file.start_lab_zip",
            "data.archive_file.stop_lab_zip",
            "data.aws_availability_zones.available",
            "data.aws_iam_policy_document.ecs_task_execution_assume_role",
            "data.aws_iam_policy_document.lambda_assume_role",
            "data.aws_iam_policy_document.scheduler_assume_role",
            "random_string.test_cases_suffix"
          ]
        }
      ]
    },
    {
      "mode": "managed",
      "type": "aws_lambda_permission",
      "name": "apigw_stop",
      "provider": "provider[\"registry.terraform.io/hashicorp/aws\"]",
      "instances": [
        {
          "schema_version": 0,
          "attributes": {
            "action": "lambda:InvokeFunction",
            "event_source_token": null,
            "function_name": "vlab-dev-stop-lab",
            "function_url_auth_type": null,
            "id": "AllowApiGatewayInvokeStopLab",
            "principal": "apigateway.amazonaws.com",
            "principal_org_id": null,
            "qualifier": "",
            "source_account": null,
            "source_arn": "arn:aws:execute-api:ap-south-1:465443875617:fjifywkhy9/*/*",
            "statement_id": "AllowApiGatewayInvokeStopLab",
            "statement_id_prefix": ""
          },
          "sensitive_attributes": [],
          "identity_schema_version": 0,
          "private": "bnVsbA==",
          "dependencies": [
            "aws_apigatewayv2_api.lab",
            "aws_cloudwatch_log_group.ecs",
            "aws_dynamodb_table.results",
            "aws_dynamodb_table.sessions",
            "aws_dynamodb_table.submissions",
            "aws_ecr_repository.lab_images",
            "aws_ecs_cluster.lab",
            "aws_ecs_task_definition.lab",
            "aws_iam_role.ecs_task",
            "aws_iam_role.ecs_task_execution",
            "aws_iam_role.lab_ops_lambda",
            "aws_iam_role.stop_lab_lambda",
            "aws_lambda_function.grade_lab",
            "aws_lambda_function.stop_lab",
            "aws_s3_bucket.test_cases",
            "aws_scheduler_schedule_group.lab",
            "aws_security_group.alb",
            "aws_security_group.ecs_tasks",
            "aws_security_group.lambda",
            "aws_subnet.private",
            "aws_vpc.main",
            "data.archive_file.grade_lab_zip",
            "data.archive_file.stop_lab_zip",
            "data.aws_availability_zones.available",
            "data.aws_iam_policy_document.ecs_task_execution_assume_role",
            "data.aws_iam_policy_document.lambda_assume_role",
            "random_string.test_cases_suffix"
          ]
        }
      ]
    },
    {
      "mode": "managed",
      "type": "aws_lambda_permission",
      "name": "apigw_submit",
      "provider": "provider[\"registry.terraform.io/hashicorp/aws\"]",
      "instances": [
        {
          "schema_version": 0,
          "attributes": {
            "action": "lambda:InvokeFunction",
            "event_source_token": null,
            "function_name": "vlab-dev-submit-code",
            "function_url_auth_type": null,
            "id": "AllowApiGatewayInvokeSubmitCode",
            "principal": "apigateway.amazonaws.com",
            "principal_org_id": null,
            "qualifier": "",
            "source_account": null,
            "source_arn": "arn:aws:execute-api:ap-south-1:465443875617:fjifywkhy9/*/*",
            "statement_id": "AllowApiGatewayInvokeSubmitCode",
            "statement_id_prefix": ""
          },
          "sensitive_attributes": [],
          "identity_schema_version": 0,
          "private": "bnVsbA==",
          "dependencies": [
            "aws_apigatewayv2_api.lab",
            "aws_cloudwatch_log_group.ecs",
            "aws_dynamodb_table.results",
            "aws_dynamodb_table.sessions",
            "aws_dynamodb_table.submissions",
            "aws_ecr_repository.lab_images",
            "aws_ecs_cluster.lab",
            "aws_ecs_task_definition.lab",
            "aws_iam_role.ecs_task",
            "aws_iam_role.ecs_task_execution",
            "aws_iam_role.lab_ops_lambda",
            "aws_lambda_function.grade_lab",
            "aws_lambda_function.submit_code",
            "aws_s3_bucket.test_cases",
            "aws_security_group.alb",
            "aws_security_group.ecs_tasks",
            "aws_security_group.lambda",
            "aws_subnet.private",
            "aws_vpc.main",
            "data.archive_file.grade_lab_zip",
            "data.archive_file.submit_code_zip",
            "data.aws_availability_zones.available",
            "data.aws_iam_policy_document.ecs_task_execution_assume_role",
            "data.aws_iam_policy_document.lambda_assume_role",
            "random_string.test_cases_suffix"
          ]
        }
      ]
    },
    {
      "mode": "managed",
      "type": "aws_route_table",
      "name": "private",
      "provider": "provider[\"registry.terraform.io/hashicorp/aws\"]",
      "instances": [
        {
          "index_key": 0,
          "schema_version": 0,
          "attributes": {
            "arn": "arn:aws:ec2:ap-south-1:465443875617:route-table/rtb-0de3351130b9eea37",
            "id": "rtb-0de3351130b9eea37",
            "owner_id": "465443875617",
            "propagating_vgws": [],
            "route": [],
            "tags": {
              "Environment": "dev",
              "ManagedBy": "terraform",
              "Name": "vlab-dev-private-rt-1",
              "Project": "vlab"
            },
            "tags_all": {
              "Environment": "dev",
              "ManagedBy": "terraform",
              "Name": "vlab-dev-private-rt-1",
              "Project": "vlab"
            },
            "timeouts": null,
            "vpc_id": "vpc-0e4baa01ea0c0fd2d"
          },
          "sensitive_attributes": [],
          "identity_schema_version": 0,
          "private": "eyJlMmJmYjczMC1lY2FhLTExZTYtOGY4OC0zNDM2M2JjN2M0YzAiOnsiY3JlYXRlIjozMDAwMDAwMDAwMDAsImRlbGV0ZSI6MzAwMDAwMDAwMDAwLCJ1cGRhdGUiOjEyMDAwMDAwMDAwMH19",
          "dependencies": [
            "aws_subnet.private",
            "aws_vpc.main",
            "data.aws_availability_zones.available"
          ]
        },
        {
          "index_key": 1,
          "schema_version": 0,
          "attributes": {
            "arn": "arn:aws:ec2:ap-south-1:465443875617:route-table/rtb-0d8b9873141bf0713",
            "id": "rtb-0d8b9873141bf0713",
            "owner_id": "465443875617",
            "propagating_vgws": [],
            "route": [],
            "tags": {
              "Environment": "dev",
              "ManagedBy": "terraform",
              "Name": "vlab-dev-private-rt-2",
              "Project": "vlab"
            },
            "tags_all": {
              "Environment": "dev",
              "ManagedBy": "terraform",
              "Name": "vlab-dev-private-rt-2",
              "Project": "vlab"
            },
            "timeouts": null,
            "vpc_id": "vpc-0e4baa01ea0c0fd2d"
          },
          "sensitive_attributes": [],
          "identity_schema_version": 0,
          "private": "eyJlMmJmYjczMC1lY2FhLTExZTYtOGY4OC0zNDM2M2JjN2M0YzAiOnsiY3JlYXRlIjozMDAwMDAwMDAwMDAsImRlbGV0ZSI6MzAwMDAwMDAwMDAwLCJ1cGRhdGUiOjEyMDAwMDAwMDAwMH19",
          "dependencies": [
            "aws_subnet.private",
            "aws_vpc.main",
            "data.aws_availability_zones.available"
          ]
        }
      ]
    },
    {
      "mode": "managed",
      "type": "aws_route_table_association",
      "name": "private",
      "provider": "provider[\"registry.terraform.io/hashicorp/aws\"]",
      "instances": [
        {
          "index_key": 0,
          "schema_version": 0,
          "attributes": {
            "gateway_id": "",
            "id": "rtbassoc-0519e960fb3fd66df",
            "route_table_id": "rtb-0de3351130b9eea37",
            "subnet_id": "subnet-0c5577ea6de81aa1b",
            "timeouts": null
          },
          "sensitive_attributes": [],
          "identity_schema_version": 0,
          "private": "eyJlMmJmYjczMC1lY2FhLTExZTYtOGY4OC0zNDM2M2JjN2M0YzAiOnsiY3JlYXRlIjozMDAwMDAwMDAwMDAsImRlbGV0ZSI6MzAwMDAwMDAwMDAwLCJ1cGRhdGUiOjEyMDAwMDAwMDAwMH19",
          "dependencies": [
            "aws_route_table.private",
            "aws_subnet.private",
            "aws_vpc.main",
            "data.aws_availability_zones.available"
          ]
        },
        {
          "index_key": 1,
          "schema_version": 0,
          "attributes": {
            "gateway_id": "",
            "id": "rtbassoc-0886927ca73390a88",
            "route_table_id": "rtb-0d8b9873141bf0713",
            "subnet_id": "subnet-0f183e286ec7748db",
            "timeouts": null
          },
          "sensitive_attributes": [],
          "identity_schema_version": 0,
          "private": "eyJlMmJmYjczMC1lY2FhLTExZTYtOGY4OC0zNDM2M2JjN2M0YzAiOnsiY3JlYXRlIjozMDAwMDAwMDAwMDAsImRlbGV0ZSI6MzAwMDAwMDAwMDAwLCJ1cGRhdGUiOjEyMDAwMDAwMDAwMH19",
          "dependencies": [
            "aws_route_table.private",
            "aws_subnet.private",
            "aws_vpc.main",
            "data.aws_availability_zones.available"
          ]
        }
      ]
    },
    {
      "mode": "managed",
      "type": "aws_s3_bucket",
      "name": "terraform_state",
      "provider": "provider[\"registry.terraform.io/hashicorp/aws\"]",
      "instances": [
        {
          "schema_version": 0,
          "attributes": {
            "acceleration_status": "",
            "acl": null,
            "arn": "arn:aws:s3:::vlab-terraform-state-5x5avwpb",
            "bucket": "vlab-terraform-state-5x5avwpb",
            "bucket_domain_name": "vlab-terraform-state-5x5avwpb.s3.amazonaws.com",
            "bucket_prefix": "",
            "bucket_regional_domain_name": "vlab-terraform-state-5x5avwpb.s3.ap-south-1.amazonaws.com",
            "cors_rule": [],
            "force_destroy": false,
            "grant": [
              {
                "id": "ff10efb958309f884659d700a4d562d7fe35160ba4e53adab7bad092070355ec",
                "permissions": [
                  "FULL_CONTROL"
                ],
                "type": "CanonicalUser",
                "uri": ""
              }
            ],
            "hosted_zone_id": "Z11RGJOFQNVJUP",
            "id": "vlab-terraform-state-5x5avwpb",
            "lifecycle_rule": [],
            "logging": [],
            "object_lock_configuration": [],
            "object_lock_enabled": false,
            "policy": "",
            "region": "ap-south-1",
            "replication_configuration": [],
            "request_payer": "BucketOwner",
            "server_side_encryption_configuration": [
              {
                "rule": [
                  {
                    "apply_server_side_encryption_by_default": [
                      {
                        "kms_master_key_id": "",
                        "sse_algorithm": "AES256"
                      }
                    ],
                    "bucket_key_enabled": false
                  }
                ]
              }
            ],
            "tags": {
              "Environment": "dev",
              "ManagedBy": "terraform",
              "Project": "vlab"
            },
            "tags_all": {
              "Environment": "dev",
              "ManagedBy": "terraform",
              "Project": "vlab"
            },
            "timeouts": null,
            "versioning": [
              {
                "enabled": true,
                "mfa_delete": false
              }
            ],
            "website": [],
            "website_domain": null,
            "website_endpoint": null
          },
          "sensitive_attributes": [],
          "identity_schema_version": 0,
          "private": "eyJlMmJmYjczMC1lY2FhLTExZTYtOGY4OC0zNDM2M2JjN2M0YzAiOnsiY3JlYXRlIjoxMjAwMDAwMDAwMDAwLCJkZWxldGUiOjM2MDAwMDAwMDAwMDAsInJlYWQiOjEyMDAwMDAwMDAwMDAsInVwZGF0ZSI6MTIwMDAwMDAwMDAwMH19",
          "dependencies": [
            "random_string.backend_suffix"
          ]
        }
      ]
    },
    {
      "mode": "managed",
      "type": "aws_s3_bucket",
      "name": "test_cases",
      "provider": "provider[\"registry.terraform.io/hashicorp/aws\"]",
      "instances": [
        {
          "schema_version": 0,
          "attributes": {
            "acceleration_status": "",
            "acl": null,
            "arn": "arn:aws:s3:::vlab-dev-test-cases-1fem8m0a",
            "bucket": "vlab-dev-test-cases-1fem8m0a",
            "bucket_domain_name": "vlab-dev-test-cases-1fem8m0a.s3.amazonaws.com",
            "bucket_prefix": "",
            "bucket_regional_domain_name": "vlab-dev-test-cases-1fem8m0a.s3.ap-south-1.amazonaws.com",
            "cors_rule": [],
            "force_destroy": false,
            "grant": [
              {
                "id": "ff10efb958309f884659d700a4d562d7fe35160ba4e53adab7bad092070355ec",
                "permissions": [
                  "FULL_CONTROL"
                ],
                "type": "CanonicalUser",
                "uri": ""
              }
            ],
            "hosted_zone_id": "Z11RGJOFQNVJUP",
            "id": "vlab-dev-test-cases-1fem8m0a",
            "lifecycle_rule": [],
            "logging": [],
            "object_lock_configuration": [],
            "object_lock_enabled": false,
            "policy": "",
            "region": "ap-south-1",
            "replication_configuration": [],
            "request_payer": "BucketOwner",
            "server_side_encryption_configuration": [
              {
                "rule": [
                  {
                    "apply_server_side_encryption_by_default": [
                      {
                        "kms_master_key_id": "",
                        "sse_algorithm": "AES256"
                      }
                    ],
                    "bucket_key_enabled": false
                  }
                ]
              }
            ],
            "tags": {
              "Environment": "dev",
              "ManagedBy": "terraform",
              "Name": "vlab-dev-test-cases",
              "Project": "vlab"
            },
            "tags_all": {
              "Environment": "dev",
              "ManagedBy": "terraform",
              "Name": "vlab-dev-test-cases",
              "Project": "vlab"
            },
            "timeouts": null,
            "versioning": [
              {
                "enabled": false,
                "mfa_delete": false
              }
            ],
            "website": [],
            "website_domain": null,
            "website_endpoint": null
          },
          "sensitive_attributes": [],
          "identity_schema_version": 0,
          "private": "eyJlMmJmYjczMC1lY2FhLTExZTYtOGY4OC0zNDM2M2JjN2M0YzAiOnsiY3JlYXRlIjoxMjAwMDAwMDAwMDAwLCJkZWxldGUiOjM2MDAwMDAwMDAwMDAsInJlYWQiOjEyMDAwMDAwMDAwMDAsInVwZGF0ZSI6MTIwMDAwMDAwMDAwMH19",
          "dependencies": [
            "random_string.test_cases_suffix"
          ]
        }
      ]
    },
    {
      "mode": "managed",
      "type": "aws_s3_bucket_public_access_block",
      "name": "test_cases",
      "provider": "provider[\"registry.terraform.io/hashicorp/aws\"]",
      "instances": [
        {
          "schema_version": 0,
          "attributes": {
            "block_public_acls": true,
            "block_public_policy": true,
            "bucket": "vlab-dev-test-cases-1fem8m0a",
            "id": "vlab-dev-test-cases-1fem8m0a",
            "ignore_public_acls": true,
            "restrict_public_buckets": true
          },
          "sensitive_attributes": [],
          "identity_schema_version": 0,
          "private": "bnVsbA==",
          "dependencies": [
            "aws_s3_bucket.test_cases",
            "random_string.test_cases_suffix"
          ]
        }
      ]
    },
    {
      "mode": "managed",
      "type": "aws_s3_bucket_server_side_encryption_configuration",
      "name": "state_encryption",
      "provider": "provider[\"registry.terraform.io/hashicorp/aws\"]",
      "instances": [
        {
          "schema_version": 0,
          "attributes": {
            "bucket": "vlab-terraform-state-5x5avwpb",
            "expected_bucket_owner": "",
            "id": "vlab-terraform-state-5x5avwpb",
            "rule": [
              {
                "apply_server_side_encryption_by_default": [
                  {
                    "kms_master_key_id": "",
                    "sse_algorithm": "AES256"
                  }
                ],
                "bucket_key_enabled": false
              }
            ]
          },
          "sensitive_attributes": [],
          "identity_schema_version": 0,
          "private": "bnVsbA==",
          "dependencies": [
            "aws_s3_bucket.terraform_state",
            "random_string.backend_suffix"
          ]
        }
      ]
    },
    {
      "mode": "managed",
      "type": "aws_s3_bucket_versioning",
      "name": "state_versioning",
      "provider": "provider[\"registry.terraform.io/hashicorp/aws\"]",
      "instances": [
        {
          "schema_version": 0,
          "attributes": {
            "bucket": "vlab-terraform-state-5x5avwpb",
            "expected_bucket_owner": "",
            "id": "vlab-terraform-state-5x5avwpb",
            "mfa": null,
            "versioning_configuration": [
              {
                "mfa_delete": "",
                "status": "Enabled"
              }
            ]
          },
          "sensitive_attributes": [],
          "identity_schema_version": 0,
          "private": "bnVsbA==",
          "dependencies": [
            "aws_s3_bucket.terraform_state",
            "random_string.backend_suffix"
          ]
        }
      ]
    },
    {
      "mode": "managed",
      "type": "aws_scheduler_schedule",
      "name": "cleanup_expired",
      "provider": "provider[\"registry.terraform.io/hashicorp/aws\"]",
      "instances": [
        {
          "schema_version": 0,
          "attributes": {
            "arn": "arn:aws:scheduler:ap-south-1:465443875617:schedule/vlab-dev-sessions/vlab-dev-cleanup-expired",
            "description": "",
            "end_date": "",
            "flexible_time_window": [
              {
                "maximum_window_in_minutes": 0,
                "mode": "OFF"
              }
            ],
            "group_name": "vlab-dev-sessions",
            "id": "vlab-dev-sessions/vlab-dev-cleanup-expired",
            "kms_key_arn": "",
            "name": "vlab-dev-cleanup-expired",
            "name_prefix": "",
            "schedule_expression": "rate(5 minutes)",
            "schedule_expression_timezone": "UTC",
            "start_date": "",
            "state": "ENABLED",
            "target": [
              {
                "arn": "arn:aws:lambda:ap-south-1:465443875617:function:vlab-dev-cleanup-expired",
                "dead_letter_config": [],
                "ecs_parameters": [],
                "eventbridge_parameters": [],
                "input": "{\"trigger\":\"SCHEDULED_CLEANUP\"}",
                "kinesis_parameters": [],
                "retry_policy": [
                  {
                    "maximum_event_age_in_seconds": 86400,
                    "maximum_retry_attempts": 185
                  }
                ],
                "role_arn": "arn:aws:iam::465443875617:role/vlab-dev-scheduler-stop-lambda-role",
                "sagemaker_pipeline_parameters": [],
                "sqs_parameters": []
              }
            ]
          },
          "sensitive_attributes": [],
          "identity_schema_version": 0,
          "private": "bnVsbA==",
          "dependencies": [
            "aws_cloudwatch_log_group.ecs",
            "aws_dynamodb_table.results",
            "aws_dynamodb_table.sessions",
            "aws_dynamodb_table.submissions",
            "aws_ecr_repository.lab_images",
            "aws_ecs_cluster.lab",
            "aws_ecs_task_definition.lab",
            "aws_iam_role.ecs_task",
            "aws_iam_role.ecs_task_execution",
            "aws_iam_role.lab_ops_lambda",
            "aws_iam_role.scheduler_invoke_stop_lambda",
            "aws_iam_role.stop_lab_lambda",
            "aws_lambda_function.cleanup_expired",
            "aws_lambda_function.grade_lab",
            "aws_lambda_function.stop_lab",
            "aws_s3_bucket.test_cases",
            "aws_scheduler_schedule_group.lab",
            "aws_security_group.alb",
            "aws_security_group.ecs_tasks",
            "aws_security_group.lambda",
            "aws_subnet.private",
            "aws_vpc.main",
            "data.archive_file.cleanup_expired_zip",
            "data.archive_file.grade_lab_zip",
            "data.archive_file.stop_lab_zip",
            "data.aws_availability_zones.available",
            "data.aws_iam_policy_document.ecs_task_execution_assume_role",
            "data.aws_iam_policy_document.lambda_assume_role",
            "data.aws_iam_policy_document.scheduler_assume_role",
            "random_string.test_cases_suffix"
          ]
        }
      ]
    },
    {
      "mode": "managed",
      "type": "aws_scheduler_schedule_group",
      "name": "lab",
      "provider": "provider[\"registry.terraform.io/hashicorp/aws\"]",
      "instances": [
        {
          "schema_version": 0,
          "attributes": {
            "arn": "arn:aws:scheduler:ap-south-1:465443875617:schedule-group/vlab-dev-sessions",
            "creation_date": "2026-04-25T12:53:51Z",
            "id": "vlab-dev-sessions",
            "last_modification_date": "2026-04-25T12:53:51Z",
            "name": "vlab-dev-sessions",
            "name_prefix": "",
            "state": "ACTIVE",
            "tags": {
              "Environment": "dev",
              "ManagedBy": "terraform",
              "Project": "vlab"
            },
            "tags_all": {
              "Environment": "dev",
              "ManagedBy": "terraform",
              "Project": "vlab"
            },
            "timeouts": null
          },
          "sensitive_attributes": [],
          "identity_schema_version": 0,
          "private": "eyJlMmJmYjczMC1lY2FhLTExZTYtOGY4OC0zNDM2M2JjN2M0YzAiOnsiY3JlYXRlIjozMDAwMDAwMDAwMDAsImRlbGV0ZSI6MzAwMDAwMDAwMDAwfX0="
        }
      ]
    },
    {
      "mode": "managed",
      "type": "aws_security_group",
      "name": "ecs_tasks",
      "provider": "provider[\"registry.terraform.io/hashicorp/aws\"]",
      "instances": [
        {
          "schema_version": 1,
          "attributes": {
            "arn": "arn:aws:ec2:ap-south-1:465443875617:security-group/sg-09bda27b37016e4bf",
            "description": "Security group for ephemeral lab tasks",
            "egress": [
              {
                "cidr_blocks": [
                  "0.0.0.0/0"
                ],
                "description": "Allow all outbound",
                "from_port": 0,
                "ipv6_cidr_blocks": [],
                "prefix_list_ids": [],
                "protocol": "-1",
                "security_groups": [],
                "self": false,
                "to_port": 0
              }
            ],
            "id": "sg-09bda27b37016e4bf",
            "ingress": [
              {
                "cidr_blocks": [
                  "0.0.0.0/0"
                ],
                "description": "",
                "from_port": 8888,
                "ipv6_cidr_blocks": [],
                "prefix_list_ids": [],
                "protocol": "tcp",
                "security_groups": [],
                "self": false,
                "to_port": 8888
              }
            ],
            "name": "vlab-dev-ecs-task-sg",
            "name_prefix": "",
            "owner_id": "465443875617",
            "revoke_rules_on_delete": false,
            "tags": {
              "Environment": "dev",
              "ManagedBy": "terraform",
              "Name": "vlab-dev-ecs-task-sg",
              "Project": "vlab"
            },
            "tags_all": {
              "Environment": "dev",
              "ManagedBy": "terraform",
              "Name": "vlab-dev-ecs-task-sg",
              "Project": "vlab"
            },
            "timeouts": null,
            "vpc_id": "vpc-0e4baa01ea0c0fd2d"
          },
          "sensitive_attributes": [],
          "identity_schema_version": 0,
          "private": "eyJlMmJmYjczMC1lY2FhLTExZTYtOGY4OC0zNDM2M2JjN2M0YzAiOnsiY3JlYXRlIjo2MDAwMDAwMDAwMDAsImRlbGV0ZSI6OTAwMDAwMDAwMDAwfSwic2NoZW1hX3ZlcnNpb24iOiIxIn0=",
          "dependencies": [
            "aws_security_group.alb",
            "aws_vpc.main"
          ]
        }
      ]
    },
    {
      "mode": "managed",
      "type": "aws_security_group",
      "name": "lambda",
      "provider": "provider[\"registry.terraform.io/hashicorp/aws\"]",
      "instances": [
        {
          "schema_version": 1,
          "attributes": {
            "arn": "arn:aws:ec2:ap-south-1:465443875617:security-group/sg-0583b23fb05abfff4",
            "description": "Security group for lab control Lambdas",
            "egress": [
              {
                "cidr_blocks": [
                  "0.0.0.0/0"
                ],
                "description": "Allow all outbound",
                "from_port": 0,
                "ipv6_cidr_blocks": [],
                "prefix_list_ids": [],
                "protocol": "-1",
                "security_groups": [],
                "self": false,
                "to_port": 0
              }
            ],
            "id": "sg-0583b23fb05abfff4",
            "ingress": [],
            "name": "vlab-dev-lambda-sg",
            "name_prefix": "",
            "owner_id": "465443875617",
            "revoke_rules_on_delete": false,
            "tags": {
              "Environment": "dev",
              "ManagedBy": "terraform",
              "Name": "vlab-dev-lambda-sg",
              "Project": "vlab"
            },
            "tags_all": {
              "Environment": "dev",
              "ManagedBy": "terraform",
              "Name": "vlab-dev-lambda-sg",
              "Project": "vlab"
            },
            "timeouts": null,
            "vpc_id": "vpc-0e4baa01ea0c0fd2d"
          },
          "sensitive_attributes": [],
          "identity_schema_version": 0,
          "private": "eyJlMmJmYjczMC1lY2FhLTExZTYtOGY4OC0zNDM2M2JjN2M0YzAiOnsiY3JlYXRlIjo2MDAwMDAwMDAwMDAsImRlbGV0ZSI6OTAwMDAwMDAwMDAwfSwic2NoZW1hX3ZlcnNpb24iOiIxIn0=",
          "dependencies": [
            "aws_vpc.main"
          ]
        }
      ]
    },
    {
      "mode": "managed",
      "type": "aws_security_group",
      "name": "vpc_endpoints",
      "provider": "provider[\"registry.terraform.io/hashicorp/aws\"]",
      "instances": [
        {
          "schema_version": 1,
          "attributes": {
            "arn": "arn:aws:ec2:ap-south-1:465443875617:security-group/sg-0d9d980bd61789344",
            "description": "Security group for interface VPC endpoints",
            "egress": [
              {
                "cidr_blocks": [
                  "0.0.0.0/0"
                ],
                "description": "Allow endpoint responses",
                "from_port": 0,
                "ipv6_cidr_blocks": [],
                "prefix_list_ids": [],
                "protocol": "-1",
                "security_groups": [],
                "self": false,
                "to_port": 0
              }
            ],
            "id": "sg-0d9d980bd61789344",
            "ingress": [
              {
                "cidr_blocks": [],
                "description": "Allow VPC resources to call endpoints",
                "from_port": 443,
                "ipv6_cidr_blocks": [],
                "prefix_list_ids": [],
                "protocol": "tcp",
                "security_groups": [
                  "sg-0583b23fb05abfff4",
                  "sg-09bda27b37016e4bf"
                ],
                "self": false,
                "to_port": 443
              }
            ],
            "name": "vlab-dev-vpce-sg",
            "name_prefix": "",
            "owner_id": "465443875617",
            "revoke_rules_on_delete": false,
            "tags": {
              "Environment": "dev",
              "ManagedBy": "terraform",
              "Name": "vlab-dev-vpce-sg",
              "Project": "vlab"
            },
            "tags_all": {
              "Environment": "dev",
              "ManagedBy": "terraform",
              "Name": "vlab-dev-vpce-sg",
              "Project": "vlab"
            },
            "timeouts": null,
            "vpc_id": "vpc-0e4baa01ea0c0fd2d"
          },
          "sensitive_attributes": [],
          "identity_schema_version": 0,
          "private": "eyJlMmJmYjczMC1lY2FhLTExZTYtOGY4OC0zNDM2M2JjN2M0YzAiOnsiY3JlYXRlIjo2MDAwMDAwMDAwMDAsImRlbGV0ZSI6OTAwMDAwMDAwMDAwfSwic2NoZW1hX3ZlcnNpb24iOiIxIn0=",
          "dependencies": [
            "aws_security_group.alb",
            "aws_security_group.ecs_tasks",
            "aws_security_group.lambda",
            "aws_vpc.main"
          ]
        }
      ]
    },
    {
      "mode": "managed",
      "type": "aws_subnet",
      "name": "private",
      "provider": "provider[\"registry.terraform.io/hashicorp/aws\"]",
      "instances": [
        {
          "index_key": 0,
          "schema_version": 1,
          "attributes": {
            "arn": "arn:aws:ec2:ap-south-1:465443875617:subnet/subnet-0c5577ea6de81aa1b",
            "assign_ipv6_address_on_creation": false,
            "availability_zone": "ap-south-1a",
            "availability_zone_id": "aps1-az1",
            "cidr_block": "10.40.1.0/24",
            "customer_owned_ipv4_pool": "",
            "enable_dns64": false,
            "enable_lni_at_device_index": 0,
            "enable_resource_name_dns_a_record_on_launch": false,
            "enable_resource_name_dns_aaaa_record_on_launch": false,
            "id": "subnet-0c5577ea6de81aa1b",
            "ipv6_cidr_block": "",
            "ipv6_cidr_block_association_id": "",
            "ipv6_native": false,
            "map_customer_owned_ip_on_launch": false,
            "map_public_ip_on_launch": false,
            "outpost_arn": "",
            "owner_id": "465443875617",
            "private_dns_hostname_type_on_launch": "ip-name",
            "tags": {
              "Environment": "dev",
              "ManagedBy": "terraform",
              "Name": "vlab-dev-private-1",
              "Project": "vlab",
              "Tier": "private"
            },
            "tags_all": {
              "Environment": "dev",
              "ManagedBy": "terraform",
              "Name": "vlab-dev-private-1",
              "Project": "vlab",
              "Tier": "private"
            },
            "timeouts": null,
            "vpc_id": "vpc-0e4baa01ea0c0fd2d"
          },
          "sensitive_attributes": [],
          "identity_schema_version": 0,
          "private": "eyJlMmJmYjczMC1lY2FhLTExZTYtOGY4OC0zNDM2M2JjN2M0YzAiOnsiY3JlYXRlIjo2MDAwMDAwMDAwMDAsImRlbGV0ZSI6MTIwMDAwMDAwMDAwMH0sInNjaGVtYV92ZXJzaW9uIjoiMSJ9",
          "dependencies": [
            "aws_vpc.main",
            "data.aws_availability_zones.available"
          ]
        },
        {
          "index_key": 1,
          "schema_version": 1,
          "attributes": {
            "arn": "arn:aws:ec2:ap-south-1:465443875617:subnet/subnet-0f183e286ec7748db",
            "assign_ipv6_address_on_creation": false,
            "availability_zone": "ap-south-1b",
            "availability_zone_id": "aps1-az3",
            "cidr_block": "10.40.2.0/24",
            "customer_owned_ipv4_pool": "",
            "enable_dns64": false,
            "enable_lni_at_device_index": 0,
            "enable_resource_name_dns_a_record_on_launch": false,
            "enable_resource_name_dns_aaaa_record_on_launch": false,
            "id": "subnet-0f183e286ec7748db",
            "ipv6_cidr_block": "",
            "ipv6_cidr_block_association_id": "",
            "ipv6_native": false,
            "map_customer_owned_ip_on_launch": false,
            "map_public_ip_on_launch": false,
            "outpost_arn": "",
            "owner_id": "465443875617",
            "private_dns_hostname_type_on_launch": "ip-name",
            "tags": {
              "Environment": "dev",
              "ManagedBy": "terraform",
              "Name": "vlab-dev-private-2",
              "Project": "vlab",
              "Tier": "private"
            },
            "tags_all": {
              "Environment": "dev",
              "ManagedBy": "terraform",
              "Name": "vlab-dev-private-2",
              "Project": "vlab",
              "Tier": "private"
            },
            "timeouts": null,
            "vpc_id": "vpc-0e4baa01ea0c0fd2d"
          },
          "sensitive_attributes": [],
          "identity_schema_version": 0,
          "private": "eyJlMmJmYjczMC1lY2FhLTExZTYtOGY4OC0zNDM2M2JjN2M0YzAiOnsiY3JlYXRlIjo2MDAwMDAwMDAwMDAsImRlbGV0ZSI6MTIwMDAwMDAwMDAwMH0sInNjaGVtYV92ZXJzaW9uIjoiMSJ9",
          "dependencies": [
            "aws_vpc.main",
            "data.aws_availability_zones.available"
          ]
        }
      ]
    },
    {
      "mode": "managed",
      "type": "aws_vpc",
      "name": "main",
      "provider": "provider[\"registry.terraform.io/hashicorp/aws\"]",
      "instances": [
        {
          "schema_version": 1,
          "attributes": {
            "arn": "arn:aws:ec2:ap-south-1:465443875617:vpc/vpc-0e4baa01ea0c0fd2d",
            "assign_generated_ipv6_cidr_block": false,
            "cidr_block": "10.40.0.0/16",
            "default_network_acl_id": "acl-0b21c720fa343e8ff",
            "default_route_table_id": "rtb-082c2da64863b3481",
            "default_security_group_id": "sg-05429ed05b25ca152",
            "dhcp_options_id": "dopt-0c69ebb4ca70f7a94",
            "enable_dns_hostnames": true,
            "enable_dns_support": true,
            "enable_network_address_usage_metrics": false,
            "id": "vpc-0e4baa01ea0c0fd2d",
            "instance_tenancy": "default",
            "ipv4_ipam_pool_id": null,
            "ipv4_netmask_length": null,
            "ipv6_association_id": "",
            "ipv6_cidr_block": "",
            "ipv6_cidr_block_network_border_group": "",
            "ipv6_ipam_pool_id": "",
            "ipv6_netmask_length": 0,
            "main_route_table_id": "rtb-082c2da64863b3481",
            "owner_id": "465443875617",
            "tags": {
              "Environment": "dev",
              "ManagedBy": "terraform",
              "Name": "vlab-dev-vpc",
              "Project": "vlab"
            },
            "tags_all": {
              "Environment": "dev",
              "ManagedBy": "terraform",
              "Name": "vlab-dev-vpc",
              "Project": "vlab"
            }
          },
          "sensitive_attributes": [],
          "identity_schema_version": 0,
          "private": "eyJzY2hlbWFfdmVyc2lvbiI6IjEifQ=="
        }
      ]
    },
    {
      "mode": "managed",
      "type": "aws_vpc_endpoint",
      "name": "dynamodb",
      "provider": "provider[\"registry.terraform.io/hashicorp/aws\"]",
      "instances": [
        {
          "schema_version": 0,
          "attributes": {
            "arn": "arn:aws:ec2:ap-south-1:465443875617:vpc-endpoint/vpce-0e98007c5aa0bf311",
            "auto_accept": null,
            "cidr_blocks": [
              "35.71.100.0/25",
              "35.71.100.128/26",
              "52.94.20.0/24"
            ],
            "dns_entry": [],
            "dns_options": [
              {
                "dns_record_ip_type": "service-defined",
                "private_dns_only_for_inbound_resolver_endpoint": false
              }
            ],
            "id": "vpce-0e98007c5aa0bf311",
            "ip_address_type": "ipv4",
            "network_interface_ids": [],
            "owner_id": "465443875617",
            "policy": "{\"Statement\":[{\"Action\":\"*\",\"Effect\":\"Allow\",\"Principal\":\"*\",\"Resource\":\"*\"}],\"Version\":\"2008-10-17\"}",
            "prefix_list_id": "pl-66a7420f",
            "private_dns_enabled": false,
            "requester_managed": false,
            "resource_configuration_arn": "",
            "route_table_ids": [
              "rtb-0d8b9873141bf0713",
              "rtb-0de3351130b9eea37"
            ],
            "security_group_ids": [],
            "service_name": "com.amazonaws.ap-south-1.dynamodb",
            "service_network_arn": "",
            "service_region": "ap-south-1",
            "state": "available",
            "subnet_configuration": [],
            "subnet_ids": [],
            "tags": {
              "Environment": "dev",
              "ManagedBy": "terraform",
              "Name": "vlab-dev-dynamodb-endpoint",
              "Project": "vlab"
            },
            "tags_all": {
              "Environment": "dev",
              "ManagedBy": "terraform",
              "Name": "vlab-dev-dynamodb-endpoint",
              "Project": "vlab"
            },
            "timeouts": null,
            "vpc_endpoint_type": "Gateway",
            "vpc_id": "vpc-0e4baa01ea0c0fd2d"
          },
          "sensitive_attributes": [],
          "identity_schema_version": 0,
          "private": "eyJlMmJmYjczMC1lY2FhLTExZTYtOGY4OC0zNDM2M2JjN2M0YzAiOnsiY3JlYXRlIjo2MDAwMDAwMDAwMDAsImRlbGV0ZSI6NjAwMDAwMDAwMDAwLCJ1cGRhdGUiOjYwMDAwMDAwMDAwMH19",
          "dependencies": [
            "aws_route_table.private",
            "aws_subnet.private",
            "aws_vpc.main",
            "data.aws_availability_zones.available"
          ]
        }
      ]
    },
    {
      "mode": "managed",
      "type": "aws_vpc_endpoint",
      "name": "ecr_api",
      "provider": "provider[\"registry.terraform.io/hashicorp/aws\"]",
      "instances": [
        {
          "schema_version": 0,
          "attributes": {
            "arn": "arn:aws:ec2:ap-south-1:465443875617:vpc-endpoint/vpce-0a5ee5890cba53def",
            "auto_accept": null,
            "cidr_blocks": [],
            "dns_entry": [
              {
                "dns_name": "vpce-0a5ee5890cba53def-508znk5a.api.ecr.ap-south-1.vpce.amazonaws.com",
                "hosted_zone_id": "Z2KVTB3ZLFM7JR"
              },
              {
                "dns_name": "vpce-0a5ee5890cba53def-508znk5a-ap-south-1a.api.ecr.ap-south-1.vpce.amazonaws.com",
                "hosted_zone_id": "Z2KVTB3ZLFM7JR"
              },
              {
                "dns_name": "vpce-0a5ee5890cba53def-508znk5a-ap-south-1b.api.ecr.ap-south-1.vpce.amazonaws.com",
                "hosted_zone_id": "Z2KVTB3ZLFM7JR"
              },
              {
                "dns_name": "api.ecr.ap-south-1.amazonaws.com",
                "hosted_zone_id": "Z07125813U6O9HQ9QCCYY"
              },
              {
                "dns_name": "ecr.ap-south-1.api.aws",
                "hosted_zone_id": "Z07125842AR1GZAX1BC4J"
              }
            ],
            "dns_options": [
              {
                "dns_record_ip_type": "ipv4",
                "private_dns_only_for_inbound_resolver_endpoint": false
              }
            ],
            "id": "vpce-0a5ee5890cba53def",
            "ip_address_type": "ipv4",
            "network_interface_ids": [
              "eni-09a4f2e182cb8de0a",
              "eni-0af958c42ed60ffbd"
            ],
            "owner_id": "465443875617",
            "policy": "{\"Statement\":[{\"Action\":\"*\",\"Effect\":\"Allow\",\"Principal\":\"*\",\"Resource\":\"*\"}]}",
            "prefix_list_id": null,
            "private_dns_enabled": true,
            "requester_managed": false,
            "resource_configuration_arn": "",
            "route_table_ids": [],
            "security_group_ids": [
              "sg-0d9d980bd61789344"
            ],
            "service_name": "com.amazonaws.ap-south-1.ecr.api",
            "service_network_arn": "",
            "service_region": "ap-south-1",
            "state": "available",
            "subnet_configuration": [
              {
                "ipv4": "10.40.1.25",
                "ipv6": "",
                "subnet_id": "subnet-0c5577ea6de81aa1b"
              },
              {
                "ipv4": "10.40.2.79",
                "ipv6": "",
                "subnet_id": "subnet-0f183e286ec7748db"
              }
            ],
            "subnet_ids": [
              "subnet-0c5577ea6de81aa1b",
              "subnet-0f183e286ec7748db"
            ],
            "tags": {
              "Environment": "dev",
              "ManagedBy": "terraform",
              "Name": "vlab-dev-ecr-api-endpoint",
              "Project": "vlab"
            },
            "tags_all": {
              "Environment": "dev",
              "ManagedBy": "terraform",
              "Name": "vlab-dev-ecr-api-endpoint",
              "Project": "vlab"
            },
            "timeouts": null,
            "vpc_endpoint_type": "Interface",
            "vpc_id": "vpc-0e4baa01ea0c0fd2d"
          },
          "sensitive_attributes": [],
          "identity_schema_version": 0,
          "private": "eyJlMmJmYjczMC1lY2FhLTExZTYtOGY4OC0zNDM2M2JjN2M0YzAiOnsiY3JlYXRlIjo2MDAwMDAwMDAwMDAsImRlbGV0ZSI6NjAwMDAwMDAwMDAwLCJ1cGRhdGUiOjYwMDAwMDAwMDAwMH19",
          "dependencies": [
            "aws_security_group.alb",
            "aws_security_group.ecs_tasks",
            "aws_security_group.lambda",
            "aws_security_group.vpc_endpoints",
            "aws_subnet.private",
            "aws_vpc.main",
            "data.aws_availability_zones.available"
          ]
        }
      ]
    },
    {
      "mode": "managed",
      "type": "aws_vpc_endpoint",
      "name": "ecr_dkr",
      "provider": "provider[\"registry.terraform.io/hashicorp/aws\"]",
      "instances": [
        {
          "schema_version": 0,
          "attributes": {
            "arn": "arn:aws:ec2:ap-south-1:465443875617:vpc-endpoint/vpce-0c19c9172191194b4",
            "auto_accept": null,
            "cidr_blocks": [],
            "dns_entry": [
              {
                "dns_name": "vpce-0c19c9172191194b4-hnet6rak.dkr.ecr.ap-south-1.vpce.amazonaws.com",
                "hosted_zone_id": "Z2KVTB3ZLFM7JR"
              },
              {
                "dns_name": "vpce-0c19c9172191194b4-hnet6rak-ap-south-1b.dkr.ecr.ap-south-1.vpce.amazonaws.com",
                "hosted_zone_id": "Z2KVTB3ZLFM7JR"
              },
              {
                "dns_name": "vpce-0c19c9172191194b4-hnet6rak-ap-south-1a.dkr.ecr.ap-south-1.vpce.amazonaws.com",
                "hosted_zone_id": "Z2KVTB3ZLFM7JR"
              },
              {
                "dns_name": "dkr.ecr.ap-south-1.amazonaws.com",
                "hosted_zone_id": "Z07103293SHEGLCUI26D"
              },
              {
                "dns_name": "*.dkr.ecr.ap-south-1.amazonaws.com",
                "hosted_zone_id": "Z07103293SHEGLCUI26D"
              },
              {
                "dns_name": "dkr-ecr.ap-south-1.on.aws",
                "hosted_zone_id": "Z09358632H2EMSGV5JP3P"
              },
              {
                "dns_name": "*.dkr-ecr.ap-south-1.on.aws",
                "hosted_zone_id": "Z09358632H2EMSGV5JP3P"
              }
            ],
            "dns_options": [
              {
                "dns_record_ip_type": "ipv4",
                "private_dns_only_for_inbound_resolver_endpoint": false
              }
            ],
            "id": "vpce-0c19c9172191194b4",
            "ip_address_type": "ipv4",
            "network_interface_ids": [
              "eni-013f001fc5911bc7c",
              "eni-05a58b27c34c9d0cb"
            ],
            "owner_id": "465443875617",
            "policy": "{\"Statement\":[{\"Action\":\"*\",\"Effect\":\"Allow\",\"Principal\":\"*\",\"Resource\":\"*\"}]}",
            "prefix_list_id": null,
            "private_dns_enabled": true,
            "requester_managed": false,
            "resource_configuration_arn": "",
            "route_table_ids": [],
            "security_group_ids": [
              "sg-0d9d980bd61789344"
            ],
            "service_name": "com.amazonaws.ap-south-1.ecr.dkr",
            "service_network_arn": "",
            "service_region": "ap-south-1",
            "state": "available",
            "subnet_configuration": [
              {
                "ipv4": "10.40.1.249",
                "ipv6": "",
                "subnet_id": "subnet-0c5577ea6de81aa1b"
              },
              {
                "ipv4": "10.40.2.36",
                "ipv6": "",
                "subnet_id": "subnet-0f183e286ec7748db"
              }
            ],
            "subnet_ids": [
              "subnet-0c5577ea6de81aa1b",
              "subnet-0f183e286ec7748db"
            ],
            "tags": {
              "Environment": "dev",
              "ManagedBy": "terraform",
              "Name": "vlab-dev-ecr-dkr-endpoint",
              "Project": "vlab"
            },
            "tags_all": {
              "Environment": "dev",
              "ManagedBy": "terraform",
              "Name": "vlab-dev-ecr-dkr-endpoint",
              "Project": "vlab"
            },
            "timeouts": null,
            "vpc_endpoint_type": "Interface",
            "vpc_id": "vpc-0e4baa01ea0c0fd2d"
          },
          "sensitive_attributes": [],
          "identity_schema_version": 0,
          "private": "eyJlMmJmYjczMC1lY2FhLTExZTYtOGY4OC0zNDM2M2JjN2M0YzAiOnsiY3JlYXRlIjo2MDAwMDAwMDAwMDAsImRlbGV0ZSI6NjAwMDAwMDAwMDAwLCJ1cGRhdGUiOjYwMDAwMDAwMDAwMH19",
          "dependencies": [
            "aws_security_group.alb",
            "aws_security_group.ecs_tasks",
            "aws_security_group.lambda",
            "aws_security_group.vpc_endpoints",
            "aws_subnet.private",
            "aws_vpc.main",
            "data.aws_availability_zones.available"
          ]
        }
      ]
    },
    {
      "mode": "managed",
      "type": "aws_vpc_endpoint",
      "name": "ecs",
      "provider": "provider[\"registry.terraform.io/hashicorp/aws\"]",
      "instances": [
        {
          "schema_version": 0,
          "attributes": {
            "arn": "arn:aws:ec2:ap-south-1:465443875617:vpc-endpoint/vpce-0bdd64a71a73ca054",
            "auto_accept": null,
            "cidr_blocks": [],
            "dns_entry": [
              {
                "dns_name": "vpce-0bdd64a71a73ca054-uc6y5l45.ecs.ap-south-1.vpce.amazonaws.com",
                "hosted_zone_id": "Z2KVTB3ZLFM7JR"
              },
              {
                "dns_name": "vpce-0bdd64a71a73ca054-uc6y5l45-ap-south-1b.ecs.ap-south-1.vpce.amazonaws.com",
                "hosted_zone_id": "Z2KVTB3ZLFM7JR"
              },
              {
                "dns_name": "vpce-0bdd64a71a73ca054-uc6y5l45-ap-south-1a.ecs.ap-south-1.vpce.amazonaws.com",
                "hosted_zone_id": "Z2KVTB3ZLFM7JR"
              },
              {
                "dns_name": "ecs.ap-south-1.amazonaws.com",
                "hosted_zone_id": "Z076115420AC8DS0OFE6W"
              },
              {
                "dns_name": "ecs.ap-south-1.api.aws",
                "hosted_zone_id": "Z017535716R5884QKSPIR"
              }
            ],
            "dns_options": [
              {
                "dns_record_ip_type": "ipv4",
                "private_dns_only_for_inbound_resolver_endpoint": false
              }
            ],
            "id": "vpce-0bdd64a71a73ca054",
            "ip_address_type": "ipv4",
            "network_interface_ids": [
              "eni-084793bb251e3eaca",
              "eni-0d05c5ee7ef1133de"
            ],
            "owner_id": "465443875617",
            "policy": "{\"Statement\":[{\"Action\":\"*\",\"Effect\":\"Allow\",\"Principal\":\"*\",\"Resource\":\"*\"}]}",
            "prefix_list_id": null,
            "private_dns_enabled": true,
            "requester_managed": false,
            "resource_configuration_arn": "",
            "route_table_ids": [],
            "security_group_ids": [
              "sg-0d9d980bd61789344"
            ],
            "service_name": "com.amazonaws.ap-south-1.ecs",
            "service_network_arn": "",
            "service_region": "ap-south-1",
            "state": "available",
            "subnet_configuration": [
              {
                "ipv4": "10.40.1.209",
                "ipv6": "",
                "subnet_id": "subnet-0c5577ea6de81aa1b"
              },
              {
                "ipv4": "10.40.2.142",
                "ipv6": "",
                "subnet_id": "subnet-0f183e286ec7748db"
              }
            ],
            "subnet_ids": [
              "subnet-0c5577ea6de81aa1b",
              "subnet-0f183e286ec7748db"
            ],
            "tags": {
              "Environment": "dev",
              "ManagedBy": "terraform",
              "Name": "vlab-dev-ecs-endpoint",
              "Project": "vlab"
            },
            "tags_all": {
              "Environment": "dev",
              "ManagedBy": "terraform",
              "Name": "vlab-dev-ecs-endpoint",
              "Project": "vlab"
            },
            "timeouts": null,
            "vpc_endpoint_type": "Interface",
            "vpc_id": "vpc-0e4baa01ea0c0fd2d"
          },
          "sensitive_attributes": [],
          "identity_schema_version": 0,
          "private": "eyJlMmJmYjczMC1lY2FhLTExZTYtOGY4OC0zNDM2M2JjN2M0YzAiOnsiY3JlYXRlIjo2MDAwMDAwMDAwMDAsImRlbGV0ZSI6NjAwMDAwMDAwMDAwLCJ1cGRhdGUiOjYwMDAwMDAwMDAwMH19",
          "dependencies": [
            "aws_security_group.alb",
            "aws_security_group.ecs_tasks",
            "aws_security_group.lambda",
            "aws_security_group.vpc_endpoints",
            "aws_subnet.private",
            "aws_vpc.main",
            "data.aws_availability_zones.available"
          ]
        }
      ]
    },
    {
      "mode": "managed",
      "type": "aws_vpc_endpoint",
      "name": "logs",
      "provider": "provider[\"registry.terraform.io/hashicorp/aws\"]",
      "instances": [
        {
          "schema_version": 0,
          "attributes": {
            "arn": "arn:aws:ec2:ap-south-1:465443875617:vpc-endpoint/vpce-0baf13f6aa13719bc",
            "auto_accept": null,
            "cidr_blocks": [],
            "dns_entry": [
              {
                "dns_name": "vpce-0baf13f6aa13719bc-nplh0g6j.logs.ap-south-1.vpce.amazonaws.com",
                "hosted_zone_id": "Z2KVTB3ZLFM7JR"
              },
              {
                "dns_name": "vpce-0baf13f6aa13719bc-nplh0g6j-ap-south-1a.logs.ap-south-1.vpce.amazonaws.com",
                "hosted_zone_id": "Z2KVTB3ZLFM7JR"
              },
              {
                "dns_name": "vpce-0baf13f6aa13719bc-nplh0g6j-ap-south-1b.logs.ap-south-1.vpce.amazonaws.com",
                "hosted_zone_id": "Z2KVTB3ZLFM7JR"
              },
              {
                "dns_name": "logs.ap-south-1.amazonaws.com",
                "hosted_zone_id": "Z01756722XYULFEU33D5I"
              },
              {
                "dns_name": "streaming-logs.ap-south-1.api.aws",
                "hosted_zone_id": "Z0175674325JYA1S7ZD69"
              },
              {
                "dns_name": "streaming-logs.ap-south-1.amazonaws.com",
                "hosted_zone_id": "Z07095683MZ47OM74LLX2"
              },
              {
                "dns_name": "logs.ap-south-1.api.aws",
                "hosted_zone_id": "Z01753371DVK30B5VUTBN"
              }
            ],
            "dns_options": [
              {
                "dns_record_ip_type": "ipv4",
                "private_dns_only_for_inbound_resolver_endpoint": false
              }
            ],
            "id": "vpce-0baf13f6aa13719bc",
            "ip_address_type": "ipv4",
            "network_interface_ids": [
              "eni-06d12dba5ae0b9b4a",
              "eni-07f48090b0fb57dfb"
            ],
            "owner_id": "465443875617",
            "policy": "{\"Statement\":[{\"Action\":\"*\",\"Effect\":\"Allow\",\"Principal\":\"*\",\"Resource\":\"*\"}]}",
            "prefix_list_id": null,
            "private_dns_enabled": true,
            "requester_managed": false,
            "resource_configuration_arn": "",
            "route_table_ids": [],
            "security_group_ids": [
              "sg-0d9d980bd61789344"
            ],
            "service_name": "com.amazonaws.ap-south-1.logs",
            "service_network_arn": "",
            "service_region": "ap-south-1",
            "state": "available",
            "subnet_configuration": [
              {
                "ipv4": "10.40.1.175",
                "ipv6": "",
                "subnet_id": "subnet-0c5577ea6de81aa1b"
              },
              {
                "ipv4": "10.40.2.17",
                "ipv6": "",
                "subnet_id": "subnet-0f183e286ec7748db"
              }
            ],
            "subnet_ids": [
              "subnet-0c5577ea6de81aa1b",
              "subnet-0f183e286ec7748db"
            ],
            "tags": {
              "Environment": "dev",
              "ManagedBy": "terraform",
              "Name": "vlab-dev-logs-endpoint",
              "Project": "vlab"
            },
            "tags_all": {
              "Environment": "dev",
              "ManagedBy": "terraform",
              "Name": "vlab-dev-logs-endpoint",
              "Project": "vlab"
            },
            "timeouts": null,
            "vpc_endpoint_type": "Interface",
            "vpc_id": "vpc-0e4baa01ea0c0fd2d"
          },
          "sensitive_attributes": [],
          "identity_schema_version": 0,
          "private": "eyJlMmJmYjczMC1lY2FhLTExZTYtOGY4OC0zNDM2M2JjN2M0YzAiOnsiY3JlYXRlIjo2MDAwMDAwMDAwMDAsImRlbGV0ZSI6NjAwMDAwMDAwMDAwLCJ1cGRhdGUiOjYwMDAwMDAwMDAwMH19",
          "dependencies": [
            "aws_security_group.alb",
            "aws_security_group.ecs_tasks",
            "aws_security_group.lambda",
            "aws_security_group.vpc_endpoints",
            "aws_subnet.private",
            "aws_vpc.main",
            "data.aws_availability_zones.available"
          ]
        }
      ]
    },
    {
      "mode": "managed",
      "type": "aws_vpc_endpoint",
      "name": "s3",
      "provider": "provider[\"registry.terraform.io/hashicorp/aws\"]",
      "instances": [
        {
          "schema_version": 0,
          "attributes": {
            "arn": "arn:aws:ec2:ap-south-1:465443875617:vpc-endpoint/vpce-074edec027efc3922",
            "auto_accept": null,
            "cidr_blocks": [
              "52.219.156.0/22",
              "52.219.160.0/23",
              "52.219.62.0/23",
              "3.5.212.0/23",
              "3.5.208.0/22",
              "16.12.3.0/24",
              "16.12.40.0/23",
              "52.219.64.0/22",
              "16.12.36.0/22"
            ],
            "dns_entry": [],
            "dns_options": [
              {
                "dns_record_ip_type": "service-defined",
                "private_dns_only_for_inbound_resolver_endpoint": false
              }
            ],
            "id": "vpce-074edec027efc3922",
            "ip_address_type": "ipv4",
            "network_interface_ids": [],
            "owner_id": "465443875617",
            "policy": "{\"Statement\":[{\"Action\":\"*\",\"Effect\":\"Allow\",\"Principal\":\"*\",\"Resource\":\"*\"}],\"Version\":\"2008-10-17\"}",
            "prefix_list_id": "pl-78a54011",
            "private_dns_enabled": false,
            "requester_managed": false,
            "resource_configuration_arn": "",
            "route_table_ids": [
              "rtb-0d8b9873141bf0713",
              "rtb-0de3351130b9eea37"
            ],
            "security_group_ids": [],
            "service_name": "com.amazonaws.ap-south-1.s3",
            "service_network_arn": "",
            "service_region": "ap-south-1",
            "state": "available",
            "subnet_configuration": [],
            "subnet_ids": [],
            "tags": {
              "Environment": "dev",
              "ManagedBy": "terraform",
              "Name": "vlab-dev-s3-endpoint",
              "Project": "vlab"
            },
            "tags_all": {
              "Environment": "dev",
              "ManagedBy": "terraform",
              "Name": "vlab-dev-s3-endpoint",
              "Project": "vlab"
            },
            "timeouts": null,
            "vpc_endpoint_type": "Gateway",
            "vpc_id": "vpc-0e4baa01ea0c0fd2d"
          },
          "sensitive_attributes": [],
          "identity_schema_version": 0,
          "private": "eyJlMmJmYjczMC1lY2FhLTExZTYtOGY4OC0zNDM2M2JjN2M0YzAiOnsiY3JlYXRlIjo2MDAwMDAwMDAwMDAsImRlbGV0ZSI6NjAwMDAwMDAwMDAwLCJ1cGRhdGUiOjYwMDAwMDAwMDAwMH19",
          "dependencies": [
            "aws_route_table.private",
            "aws_subnet.private",
            "aws_vpc.main",
            "data.aws_availability_zones.available"
          ]
        }
      ]
    },
    {
      "mode": "managed",
      "type": "aws_vpc_endpoint",
      "name": "scheduler",
      "provider": "provider[\"registry.terraform.io/hashicorp/aws\"]",
      "instances": [
        {
          "schema_version": 0,
          "attributes": {
            "arn": "arn:aws:ec2:ap-south-1:465443875617:vpc-endpoint/vpce-0c637bb7f7b9de8b2",
            "auto_accept": null,
            "cidr_blocks": [],
            "dns_entry": [
              {
                "dns_name": "vpce-0c637bb7f7b9de8b2-ijg6zkr5.scheduler.ap-south-1.vpce.amazonaws.com",
                "hosted_zone_id": "Z2KVTB3ZLFM7JR"
              },
              {
                "dns_name": "vpce-0c637bb7f7b9de8b2-ijg6zkr5-ap-south-1a.scheduler.ap-south-1.vpce.amazonaws.com",
                "hosted_zone_id": "Z2KVTB3ZLFM7JR"
              },
              {
                "dns_name": "vpce-0c637bb7f7b9de8b2-ijg6zkr5-ap-south-1b.scheduler.ap-south-1.vpce.amazonaws.com",
                "hosted_zone_id": "Z2KVTB3ZLFM7JR"
              },
              {
                "dns_name": "scheduler.ap-south-1.amazonaws.com",
                "hosted_zone_id": "Z07546961QFIDLZUXM4A9"
              },
              {
                "dns_name": "scheduler.ap-south-1.api.aws",
                "hosted_zone_id": "Z093636137IW59TEI81J7"
              }
            ],
            "dns_options": [
              {
                "dns_record_ip_type": "ipv4",
                "private_dns_only_for_inbound_resolver_endpoint": false
              }
            ],
            "id": "vpce-0c637bb7f7b9de8b2",
            "ip_address_type": "ipv4",
            "network_interface_ids": [
              "eni-0245e56053f5106a8",
              "eni-0a062c976c9e43cb3"
            ],
            "owner_id": "465443875617",
            "policy": "{\"Statement\":[{\"Action\":\"*\",\"Effect\":\"Allow\",\"Principal\":\"*\",\"Resource\":\"*\"}]}",
            "prefix_list_id": null,
            "private_dns_enabled": true,
            "requester_managed": false,
            "resource_configuration_arn": "",
            "route_table_ids": [],
            "security_group_ids": [
              "sg-0d9d980bd61789344"
            ],
            "service_name": "com.amazonaws.ap-south-1.scheduler",
            "service_network_arn": "",
            "service_region": "ap-south-1",
            "state": "available",
            "subnet_configuration": [
              {
                "ipv4": "10.40.1.166",
                "ipv6": "",
                "subnet_id": "subnet-0c5577ea6de81aa1b"
              },
              {
                "ipv4": "10.40.2.113",
                "ipv6": "",
                "subnet_id": "subnet-0f183e286ec7748db"
              }
            ],
            "subnet_ids": [
              "subnet-0c5577ea6de81aa1b",
              "subnet-0f183e286ec7748db"
            ],
            "tags": {
              "Environment": "dev",
              "ManagedBy": "terraform",
              "Name": "vlab-dev-scheduler-endpoint",
              "Project": "vlab"
            },
            "tags_all": {
              "Environment": "dev",
              "ManagedBy": "terraform",
              "Name": "vlab-dev-scheduler-endpoint",
              "Project": "vlab"
            },
            "timeouts": null,
            "vpc_endpoint_type": "Interface",
            "vpc_id": "vpc-0e4baa01ea0c0fd2d"
          },
          "sensitive_attributes": [],
          "identity_schema_version": 0,
          "private": "eyJlMmJmYjczMC1lY2FhLTExZTYtOGY4OC0zNDM2M2JjN2M0YzAiOnsiY3JlYXRlIjo2MDAwMDAwMDAwMDAsImRlbGV0ZSI6NjAwMDAwMDAwMDAwLCJ1cGRhdGUiOjYwMDAwMDAwMDAwMH19",
          "dependencies": [
            "aws_security_group.alb",
            "aws_security_group.ecs_tasks",
            "aws_security_group.lambda",
            "aws_security_group.vpc_endpoints",
            "aws_subnet.private",
            "aws_vpc.main",
            "data.aws_availability_zones.available"
          ]
        }
      ]
    },
    {
      "mode": "managed",
      "type": "random_string",
      "name": "backend_suffix",
      "provider": "provider[\"registry.terraform.io/hashicorp/random\"]",
      "instances": [
        {
          "schema_version": 2,
          "attributes": {
            "id": "5x5avwpb",
            "keepers": null,
            "length": 8,
            "lower": true,
            "min_lower": 0,
            "min_numeric": 0,
            "min_special": 0,
            "min_upper": 0,
            "number": true,
            "numeric": true,
            "override_special": null,
            "result": "5x5avwpb",
            "special": false,
            "upper": false
          },
          "sensitive_attributes": [],
          "identity_schema_version": 0
        }
      ]
    },
    {
      "mode": "managed",
      "type": "random_string",
      "name": "test_cases_suffix",
      "provider": "provider[\"registry.terraform.io/hashicorp/random\"]",
      "instances": [
        {
          "schema_version": 2,
          "attributes": {
            "id": "1fem8m0a",
            "keepers": null,
            "length": 8,
            "lower": true,
            "min_lower": 0,
            "min_numeric": 0,
            "min_special": 0,
            "min_upper": 0,
            "number": true,
            "numeric": true,
            "override_special": null,
            "result": "1fem8m0a",
            "special": false,
            "upper": false
          },
          "sensitive_attributes": [],
          "identity_schema_version": 0
        }
      ]
    }
  ],
  "check_results": [
    {
      "object_kind": "var",
      "config_addr": "var.lab_types",
      "status": "pass",
      "objects": [
        {
          "object_addr": "var.lab_types",
          "status": "pass"
        }
      ]
    }
  ]
}
