{
  "version": 4,
  "terraform_version": "1.14.9",
  "serial": 378,
  "lineage": "ee06ec29-43ae-2a9c-4329-c18ef41576f8",
  "outputs": {
    "api_gateway_url": {
      "value": "https://tqr8s2tjq9.execute-api.ap-south-1.amazonaws.com",
      "type": "string"
    },
    "dynamodb_table_name": {
      "value": "python-lab-sessions",
      "type": "string"
    },
    "dynamodb_tables": {
      "value": {
        "results": "lab-results",
        "sessions": "python-lab-sessions",
        "submissions": "lab-submissions"
      },
      "type": [
        "object",
        {
          "results": "string",
          "sessions": "string",
          "submissions": "string"
        }
      ]
    },
    "ecr_repository_urls": {
      "value": {
        "dbms": "465443875617.dkr.ecr.ap-south-1.amazonaws.com/python-lab-dev-dbms-lab",
        "java": "465443875617.dkr.ecr.ap-south-1.amazonaws.com/python-lab-dev-java-lab",
        "linux": "465443875617.dkr.ecr.ap-south-1.amazonaws.com/python-lab-dev-linux-lab",
        "python": "465443875617.dkr.ecr.ap-south-1.amazonaws.com/python-lab-dev-python-lab"
      },
      "type": [
        "object",
        {
          "dbms": "string",
          "java": "string",
          "linux": "string",
          "python": "string"
        }
      ]
    },
    "ecs_cluster_name": {
      "value": "python-lab-dev-cluster",
      "type": "string"
    },
    "ecs_task_definition_arns": {
      "value": {
        "dbms": "arn:aws:ecs:ap-south-1:465443875617:task-definition/python-lab-dev-dbms-task:1",
        "java": "arn:aws:ecs:ap-south-1:465443875617:task-definition/python-lab-dev-java-task:1",
        "linux": "arn:aws:ecs:ap-south-1:465443875617:task-definition/python-lab-dev-linux-task:1",
        "python": "arn:aws:ecs:ap-south-1:465443875617:task-definition/python-lab-dev-python-task:1"
      },
      "type": [
        "object",
        {
          "dbms": "string",
          "java": "string",
          "linux": "string",
          "python": "string"
        }
      ]
    },
    "lambda_arns": {
      "value": {
        "cleanup_expired": "arn:aws:lambda:ap-south-1:465443875617:function:python-lab-dev-cleanup-expired",
        "execute_code": "arn:aws:lambda:ap-south-1:465443875617:function:python-lab-dev-execute-code",
        "get_result": "arn:aws:lambda:ap-south-1:465443875617:function:python-lab-dev-get-result",
        "grade_lab": "arn:aws:lambda:ap-south-1:465443875617:function:python-lab-dev-grade-lab",
        "start_lab": "arn:aws:lambda:ap-south-1:465443875617:function:python-lab-dev-start-lab",
        "stop_lab": "arn:aws:lambda:ap-south-1:465443875617:function:python-lab-dev-stop-lab",
        "submit_code": "arn:aws:lambda:ap-south-1:465443875617:function:python-lab-dev-submit-code"
      },
      "type": [
        "object",
        {
          "cleanup_expired": "string",
          "execute_code": "string",
          "get_result": "string",
          "grade_lab": "string",
          "start_lab": "string",
          "stop_lab": "string",
          "submit_code": "string"
        }
      ]
    },
    "test_cases_bucket": {
      "value": "python-lab-dev-test-cases-z18dh34l",
      "type": "string"
    }
  },
  "resources": [
    {
      "mode": "data",
      "type": "archive_file",
      "name": "cleanup_expired_zip",
      "provider": "provider[\"registry.terraform.io/hashicorp/archive\"]",
      "instances": [
        {
          "schema_version": 0,
          "attributes": {
            "exclude_symlink_directories": null,
            "excludes": null,
            "id": "3e177b034c84296ad211f2f77ed84c6d39db8bb2",
            "output_base64sha256": "Ia5ar41DD8/9wjVHIbJACBWoLo7xYHSvLbifuqgyH3o=",
            "output_base64sha512": "Wj3QNaoZcDaDrVxaKadYkllyNHb0Gr5Bm5SGCMOg3YYHOtqg9pRTOJKx0Kz7lY4Eg4tZ7gPgouTRaa57qSxO3A==",
            "output_file_mode": null,
            "output_md5": "56498df101b44f16dbf242683a371f35",
            "output_path": "./cleanup_expired.zip",
            "output_sha": "3e177b034c84296ad211f2f77ed84c6d39db8bb2",
            "output_sha256": "21ae5aaf8d430fcffdc2354721b2400815a82e8ef16074af2db89fbaa8321f7a",
            "output_sha512": "5a3dd035aa19703683ad5c5a29a7589259723476f41abe419b948608c3a0dd86073adaa0f694533892b1d0acfb958e04838b59ee03e0a2e4d169ae7ba92c4edc",
            "output_size": 761,
            "source": [],
            "source_content": null,
            "source_content_filename": null,
            "source_dir": null,
            "source_file": "./../lambda/cleanup_expired.py",
            "type": "zip"
          },
          "sensitive_attributes": [],
          "identity_schema_version": 0
        }
      ]
    },
    {
      "mode": "data",
      "type": "archive_file",
      "name": "execute_code_zip",
      "provider": "provider[\"registry.terraform.io/hashicorp/archive\"]",
      "instances": [
        {
          "schema_version": 0,
          "attributes": {
            "exclude_symlink_directories": null,
            "excludes": null,
            "id": "8ddc906558a06b25664af4628d78cbbdc453816d",
            "output_base64sha256": "YaDRr4BthnSm7h8BqWzdbsWcuedmT8ZgruAJjKQlrGo=",
            "output_base64sha512": "GgYja04Io9rOZkR/hSsn2XG4Emsg2pSIrVXt8relt66eQRoSdCZIxZW6/XVbYj2Bw9janM4QF1GfgiUsbkw+UA==",
            "output_file_mode": null,
            "output_md5": "399ac0e9eaaebc0dc503df53bda868a8",
            "output_path": "./execute_code.zip",
            "output_sha": "8ddc906558a06b25664af4628d78cbbdc453816d",
            "output_sha256": "61a0d1af806d8674a6ee1f01a96cdd6ec59cb9e7664fc660aee0098ca425ac6a",
            "output_sha512": "1a06236b4e08a3dace66447f852b27d971b8126b20da9488ad55edf2b7a5b7ae9e411a12742648c595bafd755b623d81c3d8da9cce1017519f82252c6e4c3e50",
            "output_size": 2108,
            "source": [],
            "source_content": null,
            "source_content_filename": null,
            "source_dir": null,
            "source_file": "./../lambda/execute_code.py",
            "type": "zip"
          },
          "sensitive_attributes": [],
          "identity_schema_version": 0
        }
      ]
    },
    {
      "mode": "data",
      "type": "archive_file",
      "name": "get_result_zip",
      "provider": "provider[\"registry.terraform.io/hashicorp/archive\"]",
      "instances": [
        {
          "schema_version": 0,
          "attributes": {
            "exclude_symlink_directories": null,
            "excludes": null,
            "id": "ff67a0abbf64cd244208c668c2c1a155de946adb",
            "output_base64sha256": "pObcv8mwC8H49qV9wYV7RAcrMEXw4+ygRu/LRDhIEig=",
            "output_base64sha512": "TBNSvCD11CIrZtwpp7Bw3VZC3BHoQpy2aAwLTNKOh5E80Grbr+i22fm3BwOG9YdNhDtwtyjO0HX9rzCzS+x0qw==",
            "output_file_mode": null,
            "output_md5": "bd81e1b858ad35afd23fd3a26e85badf",
            "output_path": "./get_result.zip",
            "output_sha": "ff67a0abbf64cd244208c668c2c1a155de946adb",
            "output_sha256": "a4e6dcbfc9b00bc1f8f6a57dc1857b44072b3045f0e3eca046efcb4438481228",
            "output_sha512": "4c1352bc20f5d4222b66dc29a7b070dd5642dc11e8429cb6680c0b4cd28e87913cd06adbafe8b6d9f9b7070386f5874d843b70b728ced075fdaf30b34bec74ab",
            "output_size": 499,
            "source": [],
            "source_content": null,
            "source_content_filename": null,
            "source_dir": null,
            "source_file": "./../lambda/get_result.py",
            "type": "zip"
          },
          "sensitive_attributes": [],
          "identity_schema_version": 0
        }
      ]
    },
    {
      "mode": "data",
      "type": "archive_file",
      "name": "grade_lab_zip",
      "provider": "provider[\"registry.terraform.io/hashicorp/archive\"]",
      "instances": [
        {
          "schema_version": 0,
          "attributes": {
            "exclude_symlink_directories": null,
            "excludes": null,
            "id": "7bf8db84bc337ac480e5ea3d3f27797ac012394f",
            "output_base64sha256": "83VX5fu2PHB3DttEgLC3WY7xcmbojjaLRXS9Ylt9lGU=",
            "output_base64sha512": "Znl4V5y6pTn2R9HwTgz5iQHiWuWi8YSu6JXCUXvFv1eSKhpXXpV2eWP4wM5DZIg63PUN8x+Qa6hIQv98QafSUg==",
            "output_file_mode": null,
            "output_md5": "5f44cb8ec85fa606e8e2ff6058e4ec1d",
            "output_path": "./grade_lab.zip",
            "output_sha": "7bf8db84bc337ac480e5ea3d3f27797ac012394f",
            "output_sha256": "f37557e5fbb63c70770edb4480b0b7598ef17266e88e368b4574bd625b7d9465",
            "output_sha512": "667978579cbaa539f647d1f04e0cf98901e25ae5a2f184aee895c2517bc5bf57922a1a575e95767963f8c0ce4364883adcf50df31f906ba84842ff7c41a7d252",
            "output_size": 1146,
            "source": [],
            "source_content": null,
            "source_content_filename": null,
            "source_dir": null,
            "source_file": "./../lambda/grade_lab.py",
            "type": "zip"
          },
          "sensitive_attributes": [],
          "identity_schema_version": 0
        }
      ]
    },
    {
      "mode": "data",
      "type": "archive_file",
      "name": "start_lab_zip",
      "provider": "provider[\"registry.terraform.io/hashicorp/archive\"]",
      "instances": [
        {
          "schema_version": 0,
          "attributes": {
            "exclude_symlink_directories": null,
            "excludes": null,
            "id": "8aa7784844f1e04793127ee5f161c7144b5678a3",
            "output_base64sha256": "JgFDL6TPGHq6Hys4lObs6AeL5Ooy6d3MtFoh8X8NCrE=",
            "output_base64sha512": "2qhG4eHlwqAC/MYUJzRxRthlPhinpPvCwupRf22G3y22si4JlD7KRxOp16qUiQXE7/jR29Ggg1weplCxjd7QBg==",
            "output_file_mode": null,
            "output_md5": "d89aad63b2d55b5678e49244e957ec50",
            "output_path": "./start_lab.zip",
            "output_sha": "8aa7784844f1e04793127ee5f161c7144b5678a3",
            "output_sha256": "2601432fa4cf187aba1f2b3894e6ece8078be4ea32e9ddccb45a21f17f0d0ab1",
            "output_sha512": "daa846e1e1e5c2a002fcc61427347146d8653e18a7a4fbc2c2ea517f6d86df2db6b22e09943eca4713a9d7aa948905c4eff8d1dbd1a0835c1ea650b18dded006",
            "output_size": 2082,
            "source": [],
            "source_content": null,
            "source_content_filename": null,
            "source_dir": null,
            "source_file": "./../lambda/start_lab.py",
            "type": "zip"
          },
          "sensitive_attributes": [],
          "identity_schema_version": 0
        }
      ]
    },
    {
      "mode": "data",
      "type": "archive_file",
      "name": "stop_lab_zip",
      "provider": "provider[\"registry.terraform.io/hashicorp/archive\"]",
      "instances": [
        {
          "schema_version": 0,
          "attributes": {
            "exclude_symlink_directories": null,
            "excludes": null,
            "id": "fb9e52e8a92e9d55ca3410bd3143c7fd51009f8d",
            "output_base64sha256": "26hJQ3NQRB44dHsaqFStMQbnaJe3GSB5Q7r9MRiLckQ=",
            "output_base64sha512": "aYHukPJMC+cbuH0fgq6hyvGievQHQ4/2q+3aLriMam22HwZmy0nJ9MWn+oQ7+8j6Uig3uPECTNaw905eN2c0lA==",
            "output_file_mode": null,
            "output_md5": "39c7e7a1f8701be774238ef338cc997e",
            "output_path": "./stop_lab.zip",
            "output_sha": "fb9e52e8a92e9d55ca3410bd3143c7fd51009f8d",
            "output_sha256": "dba849437350441e38747b1aa854ad3106e76897b719207943bafd31188b7244",
            "output_sha512": "6981ee90f24c0be71bb87d1f82aea1caf1a27af407438ff6abedda2eb88c6a6db61f0666cb49c9f4c5a7fa843bfbc8fa522837b8f1024cd6b0f74e5e37673494",
            "output_size": 1181,
            "source": [],
            "source_content": null,
            "source_content_filename": null,
            "source_dir": null,
            "source_file": "./../lambda/stop_lab.py",
            "type": "zip"
          },
          "sensitive_attributes": [],
          "identity_schema_version": 0
        }
      ]
    },
    {
      "mode": "data",
      "type": "archive_file",
      "name": "submit_code_zip",
      "provider": "provider[\"registry.terraform.io/hashicorp/archive\"]",
      "instances": [
        {
          "schema_version": 0,
          "attributes": {
            "exclude_symlink_directories": null,
            "excludes": null,
            "id": "ab6ebb12c565f1bc9e81b6e87f77d67039f2dd44",
            "output_base64sha256": "bkUm7uC8VVrHTj8bIIkFQdU1IKmU3SNtdrub/MU3oMc=",
            "output_base64sha512": "0kHBSHWsITcl9zKvSE5sd+ph0POEqeaoChiz+Ulu7UWP+iyosCIpzXY4W3Spzptkcc2Q+QI2iRhi896ep1pmpw==",
            "output_file_mode": null,
            "output_md5": "225125a4ebbc218c68900b27ef8c4584",
            "output_path": "./submit_code.zip",
            "output_sha": "ab6ebb12c565f1bc9e81b6e87f77d67039f2dd44",
            "output_sha256": "6e4526eee0bc555ac74e3f1b20890541d53520a994dd236d76bb9bfcc537a0c7",
            "output_sha512": "d241c14875ac213725f732af484e6c77ea61d0f384a9e6a80a18b3f9496eed458ffa2ca8b02229cd76385b74a9ce9b6471cd90f90236891862f3de9ea75a66a7",
            "output_size": 910,
            "source": [],
            "source_content": null,
            "source_content_filename": null,
            "source_dir": null,
            "source_file": "./../lambda/submit_code.py",
            "type": "zip"
          },
          "sensitive_attributes": [],
          "identity_schema_version": 0
        }
      ]
    },
    {
      "mode": "data",
      "type": "aws_availability_zones",
      "name": "available",
      "provider": "provider[\"registry.terraform.io/hashicorp/aws\"]",
      "instances": [
        {
          "schema_version": 0,
          "attributes": {
            "all_availability_zones": null,
            "exclude_names": null,
            "exclude_zone_ids": null,
            "filter": null,
            "group_names": [
              "ap-south-1-zg-1"
            ],
            "id": "ap-south-1",
            "names": [
              "ap-south-1a",
              "ap-south-1b",
              "ap-south-1c"
            ],
            "state": "available",
            "timeouts": null,
            "zone_ids": [
              "aps1-az1",
              "aps1-az3",
              "aps1-az2"
            ]
          },
          "sensitive_attributes": [],
          "identity_schema_version": 0
        }
      ]
    },
    {
      "mode": "data",
      "type": "aws_iam_policy_document",
      "name": "ecs_task_execution_assume_role",
      "provider": "provider[\"registry.terraform.io/hashicorp/aws\"]",
      "instances": [
        {
          "schema_version": 0,
          "attributes": {
            "id": "1077804475",
            "json": "{\n  \"Version\": \"2012-10-17\",\n  \"Statement\": [\n    {\n      \"Effect\": \"Allow\",\n      \"Action\": \"sts:AssumeRole\",\n      \"Principal\": {\n        \"Service\": \"ecs-tasks.amazonaws.com\"\n      }\n    }\n  ]\n}",
            "minified_json": "{\"Version\":\"2012-10-17\",\"Statement\":[{\"Effect\":\"Allow\",\"Action\":\"sts:AssumeRole\",\"Principal\":{\"Service\":\"ecs-tasks.amazonaws.com\"}}]}",
            "override_json": null,
            "override_policy_documents": null,
            "policy_id": null,
            "source_json": null,
            "source_policy_documents": null,
            "statement": [
              {
                "actions": [
                  "sts:AssumeRole"
                ],
                "condition": [],
                "effect": "Allow",
                "not_actions": [],
                "not_principals": [],
                "not_resources": [],
                "principals": [
                  {
                    "identifiers": [
                      "ecs-tasks.amazonaws.com"
                    ],
                    "type": "Service"
                  }
                ],
                "resources": [],
                "sid": ""
              }
            ],
            "version": "2012-10-17"
          },
          "sensitive_attributes": [],
          "identity_schema_version": 0
        }
      ]
    },
    {
      "mode": "data",
      "type": "aws_iam_policy_document",
      "name": "lab_ops_lambda",
      "provider": "provider[\"registry.terraform.io/hashicorp/aws\"]",
      "instances": [
        {
          "schema_version": 0,
          "attributes": {
            "id": "3094236823",
            "json": "{\n  \"Version\": \"2012-10-17\",\n  \"Statement\": [\n    {\n      \"Sid\": \"CloudWatchLogs\",\n      \"Effect\": \"Allow\",\n      \"Action\": [\n        \"logs:PutLogEvents\",\n        \"logs:GetLogEvents\",\n        \"logs:DescribeLogStreams\",\n        \"logs:CreateLogStream\",\n        \"logs:CreateLogGroup\"\n      ],\n      \"Resource\": \"*\"\n    },\n    {\n      \"Sid\": \"VpcNetworking\",\n      \"Effect\": \"Allow\",\n      \"Action\": [\n        \"ec2:UnassignPrivateIpAddresses\",\n        \"ec2:DescribeNetworkInterfaces\",\n        \"ec2:DeleteNetworkInterface\",\n        \"ec2:CreateNetworkInterface\",\n        \"ec2:AssignPrivateIpAddresses\"\n      ],\n      \"Resource\": \"*\"\n    },\n    {\n      \"Sid\": \"EcsExecution\",\n      \"Effect\": \"Allow\",\n      \"Action\": [\n        \"ecs:StopTask\",\n        \"ecs:RunTask\",\n        \"ecs:ExecuteCommand\",\n        \"ecs:DescribeTasks\"\n      ],\n      \"Resource\": \"*\"\n    },\n    {\n      \"Sid\": \"PassEcsRoles\",\n      \"Effect\": \"Allow\",\n      \"Action\": \"iam:PassRole\",\n      \"Resource\": [\n        \"arn:aws:iam::465443875617:role/python-lab-dev-ecs-task-role\",\n        \"arn:aws:iam::465443875617:role/python-lab-dev-ecs-task-execution-role\"\n      ]\n    },\n    {\n      \"Sid\": \"DynamoAccess\",\n      \"Effect\": \"Allow\",\n      \"Action\": [\n        \"dynamodb:UpdateItem\",\n        \"dynamodb:Scan\",\n        \"dynamodb:Query\",\n        \"dynamodb:PutItem\",\n        \"dynamodb:GetItem\",\n        \"dynamodb:DeleteItem\"\n      ],\n      \"Resource\": [\n        \"arn:aws:dynamodb:ap-south-1:465443875617:table/python-lab-sessions\",\n        \"arn:aws:dynamodb:ap-south-1:465443875617:table/lab-submissions\",\n        \"arn:aws:dynamodb:ap-south-1:465443875617:table/lab-results\"\n      ]\n    },\n    {\n      \"Sid\": \"S3TestCases\",\n      \"Effect\": \"Allow\",\n      \"Action\": [\n        \"s3:ListBucket\",\n        \"s3:GetObject\"\n      ],\n      \"Resource\": [\n        \"arn:aws:s3:::python-lab-dev-test-cases-z18dh34l/*\",\n        \"arn:aws:s3:::python-lab-dev-test-cases-z18dh34l\"\n      ]\n    },\n    {\n      \"Sid\": \"InvokeLabLambdas\",\n      \"Effect\": \"Allow\",\n      \"Action\": \"lambda:InvokeFunction\",\n      \"Resource\": \"*\"\n    }\n  ]\n}",
            "minified_json": "{\"Version\":\"2012-10-17\",\"Statement\":[{\"Sid\":\"CloudWatchLogs\",\"Effect\":\"Allow\",\"Action\":[\"logs:PutLogEvents\",\"logs:GetLogEvents\",\"logs:DescribeLogStreams\",\"logs:CreateLogStream\",\"logs:CreateLogGroup\"],\"Resource\":\"*\"},{\"Sid\":\"VpcNetworking\",\"Effect\":\"Allow\",\"Action\":[\"ec2:UnassignPrivateIpAddresses\",\"ec2:DescribeNetworkInterfaces\",\"ec2:DeleteNetworkInterface\",\"ec2:CreateNetworkInterface\",\"ec2:AssignPrivateIpAddresses\"],\"Resource\":\"*\"},{\"Sid\":\"EcsExecution\",\"Effect\":\"Allow\",\"Action\":[\"ecs:StopTask\",\"ecs:RunTask\",\"ecs:ExecuteCommand\",\"ecs:DescribeTasks\"],\"Resource\":\"*\"},{\"Sid\":\"PassEcsRoles\",\"Effect\":\"Allow\",\"Action\":\"iam:PassRole\",\"Resource\":[\"arn:aws:iam::465443875617:role/python-lab-dev-ecs-task-role\",\"arn:aws:iam::465443875617:role/python-lab-dev-ecs-task-execution-role\"]},{\"Sid\":\"DynamoAccess\",\"Effect\":\"Allow\",\"Action\":[\"dynamodb:UpdateItem\",\"dynamodb:Scan\",\"dynamodb:Query\",\"dynamodb:PutItem\",\"dynamodb:GetItem\",\"dynamodb:DeleteItem\"],\"Resource\":[\"arn:aws:dynamodb:ap-south-1:465443875617:table/python-lab-sessions\",\"arn:aws:dynamodb:ap-south-1:465443875617:table/lab-submissions\",\"arn:aws:dynamodb:ap-south-1:465443875617:table/lab-results\"]},{\"Sid\":\"S3TestCases\",\"Effect\":\"Allow\",\"Action\":[\"s3:ListBucket\",\"s3:GetObject\"],\"Resource\":[\"arn:aws:s3:::python-lab-dev-test-cases-z18dh34l/*\",\"arn:aws:s3:::python-lab-dev-test-cases-z18dh34l\"]},{\"Sid\":\"InvokeLabLambdas\",\"Effect\":\"Allow\",\"Action\":\"lambda:InvokeFunction\",\"Resource\":\"*\"}]}",
            "override_json": null,
            "override_policy_documents": null,
            "policy_id": null,
            "source_json": null,
            "source_policy_documents": null,
            "statement": [
              {
                "actions": [
                  "logs:CreateLogGroup",
                  "logs:CreateLogStream",
                  "logs:DescribeLogStreams",
                  "logs:GetLogEvents",
                  "logs:PutLogEvents"
                ],
                "condition": [],
                "effect": "Allow",
                "not_actions": [],
                "not_principals": [],
                "not_resources": [],
                "principals": [],
                "resources": [
                  "*"
                ],
                "sid": "CloudWatchLogs"
              },
              {
                "actions": [
                  "ec2:AssignPrivateIpAddresses",
                  "ec2:CreateNetworkInterface",
                  "ec2:DeleteNetworkInterface",
                  "ec2:DescribeNetworkInterfaces",
                  "ec2:UnassignPrivateIpAddresses"
                ],
                "condition": [],
                "effect": "Allow",
                "not_actions": [],
                "not_principals": [],
                "not_resources": [],
                "principals": [],
                "resources": [
                  "*"
                ],
                "sid": "VpcNetworking"
              },
              {
                "actions": [
                  "ecs:DescribeTasks",
                  "ecs:ExecuteCommand",
                  "ecs:RunTask",
                  "ecs:StopTask"
                ],
                "condition": [],
                "effect": "Allow",
                "not_actions": [],
                "not_principals": [],
                "not_resources": [],
                "principals": [],
                "resources": [
                  "*"
                ],
                "sid": "EcsExecution"
              },
              {
                "actions": [
                  "iam:PassRole"
                ],
                "condition": [],
                "effect": "Allow",
                "not_actions": [],
                "not_principals": [],
                "not_resources": [],
                "principals": [],
                "resources": [
                  "arn:aws:iam::465443875617:role/python-lab-dev-ecs-task-execution-role",
                  "arn:aws:iam::465443875617:role/python-lab-dev-ecs-task-role"
                ],
                "sid": "PassEcsRoles"
              },
              {
                "actions": [
                  "dynamodb:DeleteItem",
                  "dynamodb:GetItem",
                  "dynamodb:PutItem",
                  "dynamodb:Query",
                  "dynamodb:Scan",
                  "dynamodb:UpdateItem"
                ],
                "condition": [],
                "effect": "Allow",
                "not_actions": [],
                "not_principals": [],
                "not_resources": [],
                "principals": [],
                "resources": [
                  "arn:aws:dynamodb:ap-south-1:465443875617:table/lab-results",
                  "arn:aws:dynamodb:ap-south-1:465443875617:table/lab-submissions",
                  "arn:aws:dynamodb:ap-south-1:465443875617:table/python-lab-sessions"
                ],
                "sid": "DynamoAccess"
              },
              {
                "actions": [
                  "s3:GetObject",
                  "s3:ListBucket"
                ],
                "condition": [],
                "effect": "Allow",
                "not_actions": [],
                "not_principals": [],
                "not_resources": [],
                "principals": [],
                "resources": [
                  "arn:aws:s3:::python-lab-dev-test-cases-z18dh34l",
                  "arn:aws:s3:::python-lab-dev-test-cases-z18dh34l/*"
                ],
                "sid": "S3TestCases"
              },
              {
                "actions": [
                  "lambda:InvokeFunction"
                ],
                "condition": [],
                "effect": "Allow",
                "not_actions": [],
                "not_principals": [],
                "not_resources": [],
                "principals": [],
                "resources": [
                  "*"
                ],
                "sid": "InvokeLabLambdas"
              }
            ],
            "version": "2012-10-17"
          },
          "sensitive_attributes": [],
          "identity_schema_version": 0
        }
      ]
    },
    {
      "mode": "data",
      "type": "aws_iam_policy_document",
      "name": "lambda_assume_role",
      "provider": "provider[\"registry.terraform.io/hashicorp/aws\"]",
      "instances": [
        {
          "schema_version": 0,
          "attributes": {
            "id": "2690255455",
            "json": "{\n  \"Version\": \"2012-10-17\",\n  \"Statement\": [\n    {\n      \"Effect\": \"Allow\",\n      \"Action\": \"sts:AssumeRole\",\n      \"Principal\": {\n        \"Service\": \"lambda.amazonaws.com\"\n      }\n    }\n  ]\n}",
            "minified_json": "{\"Version\":\"2012-10-17\",\"Statement\":[{\"Effect\":\"Allow\",\"Action\":\"sts:AssumeRole\",\"Principal\":{\"Service\":\"lambda.amazonaws.com\"}}]}",
            "override_json": null,
            "override_policy_documents": null,
            "policy_id": null,
            "source_json": null,
            "source_policy_documents": null,
            "statement": [
              {
                "actions": [
                  "sts:AssumeRole"
                ],
                "condition": [],
                "effect": "Allow",
                "not_actions": [],
                "not_principals": [],
                "not_resources": [],
                "principals": [
                  {
                    "identifiers": [
                      "lambda.amazonaws.com"
                    ],
                    "type": "Service"
                  }
                ],
                "resources": [],
                "sid": ""
              }
            ],
            "version": "2012-10-17"
          },
          "sensitive_attributes": [],
          "identity_schema_version": 0
        }
      ]
    },
    {
      "mode": "data",
      "type": "aws_iam_policy_document",
      "name": "scheduler_assume_role",
      "provider": "provider[\"registry.terraform.io/hashicorp/aws\"]",
      "instances": [
        {
          "schema_version": 0,
          "attributes": {
            "id": "52247394",
            "json": "{\n  \"Version\": \"2012-10-17\",\n  \"Statement\": [\n    {\n      \"Effect\": \"Allow\",\n      \"Action\": \"sts:AssumeRole\",\n      \"Principal\": {\n        \"Service\": \"scheduler.amazonaws.com\"\n      }\n    }\n  ]\n}",
            "minified_json": "{\"Version\":\"2012-10-17\",\"Statement\":[{\"Effect\":\"Allow\",\"Action\":\"sts:AssumeRole\",\"Principal\":{\"Service\":\"scheduler.amazonaws.com\"}}]}",
            "override_json": null,
            "override_policy_documents": null,
            "policy_id": null,
            "source_json": null,
            "source_policy_documents": null,
            "statement": [
              {
                "actions": [
                  "sts:AssumeRole"
                ],
                "condition": [],
                "effect": "Allow",
                "not_actions": [],
                "not_principals": [],
                "not_resources": [],
                "principals": [
                  {
                    "identifiers": [
                      "scheduler.amazonaws.com"
                    ],
                    "type": "Service"
                  }
                ],
                "resources": [],
                "sid": ""
              }
            ],
            "version": "2012-10-17"
          },
          "sensitive_attributes": [],
          "identity_schema_version": 0
        }
      ]
    },
    {
      "mode": "data",
      "type": "aws_iam_policy_document",
      "name": "scheduler_invoke_stop_lambda",
      "provider": "provider[\"registry.terraform.io/hashicorp/aws\"]",
      "instances": [
        {
          "schema_version": 0,
          "attributes": {
            "id": "547446155",
            "json": "{\n  \"Version\": \"2012-10-17\",\n  \"Statement\": [\n    {\n      \"Effect\": \"Allow\",\n      \"Action\": \"lambda:InvokeFunction\",\n      \"Resource\": [\n        \"arn:aws:lambda:ap-south-1:465443875617:function:python-lab-dev-stop-lab\",\n        \"arn:aws:lambda:ap-south-1:465443875617:function:python-lab-dev-grade-lab\",\n        \"arn:aws:lambda:ap-south-1:465443875617:function:python-lab-dev-cleanup-expired\"\n      ]\n    }\n  ]\n}",
            "minified_json": "{\"Version\":\"2012-10-17\",\"Statement\":[{\"Effect\":\"Allow\",\"Action\":\"lambda:InvokeFunction\",\"Resource\":[\"arn:aws:lambda:ap-south-1:465443875617:function:python-lab-dev-stop-lab\",\"arn:aws:lambda:ap-south-1:465443875617:function:python-lab-dev-grade-lab\",\"arn:aws:lambda:ap-south-1:465443875617:function:python-lab-dev-cleanup-expired\"]}]}",
            "override_json": null,
            "override_policy_documents": null,
            "policy_id": null,
            "source_json": null,
            "source_policy_documents": null,
            "statement": [
              {
                "actions": [
                  "lambda:InvokeFunction"
                ],
                "condition": [],
                "effect": "Allow",
                "not_actions": [],
                "not_principals": [],
                "not_resources": [],
                "principals": [],
                "resources": [
                  "arn:aws:lambda:ap-south-1:465443875617:function:python-lab-dev-cleanup-expired",
                  "arn:aws:lambda:ap-south-1:465443875617:function:python-lab-dev-grade-lab",
                  "arn:aws:lambda:ap-south-1:465443875617:function:python-lab-dev-stop-lab"
                ],
                "sid": ""
              }
            ],
            "version": "2012-10-17"
          },
          "sensitive_attributes": [],
          "identity_schema_version": 0
        }
      ]
    },
    {
      "mode": "data",
      "type": "aws_iam_policy_document",
      "name": "start_lab_lambda",
      "provider": "provider[\"registry.terraform.io/hashicorp/aws\"]",
      "instances": [
        {
          "schema_version": 0,
          "attributes": {
            "id": "3547339544",
            "json": "{\n  \"Version\": \"2012-10-17\",\n  \"Statement\": [\n    {\n      \"Sid\": \"CloudWatchLogs\",\n      \"Effect\": \"Allow\",\n      \"Action\": [\n        \"logs:PutLogEvents\",\n        \"logs:CreateLogStream\",\n        \"logs:CreateLogGroup\"\n      ],\n      \"Resource\": \"*\"\n    },\n    {\n      \"Sid\": \"VpcNetworking\",\n      \"Effect\": \"Allow\",\n      \"Action\": [\n        \"ec2:UnassignPrivateIpAddresses\",\n        \"ec2:DescribeNetworkInterfaces\",\n        \"ec2:DeleteNetworkInterface\",\n        \"ec2:CreateNetworkInterface\",\n        \"ec2:AssignPrivateIpAddresses\"\n      ],\n      \"Resource\": \"*\"\n    },\n    {\n      \"Sid\": \"RunAndDescribeEcsTasks\",\n      \"Effect\": \"Allow\",\n      \"Action\": [\n        \"ecs:RunTask\",\n        \"ecs:DescribeTasks\"\n      ],\n      \"Resource\": [\n        \"arn:aws:ecs:ap-south-1:465443875617:task-definition/python-lab-dev-python-task:1\",\n        \"arn:aws:ecs:ap-south-1:465443875617:task-definition/python-lab-dev-linux-task:1\",\n        \"arn:aws:ecs:ap-south-1:465443875617:task-definition/python-lab-dev-java-task:1\",\n        \"arn:aws:ecs:ap-south-1:465443875617:task-definition/python-lab-dev-dbms-task:1\",\n        \"arn:aws:ecs:ap-south-1:465443875617:cluster/python-lab-dev-cluster\"\n      ]\n    },\n    {\n      \"Sid\": \"PassEcsRoles\",\n      \"Effect\": \"Allow\",\n      \"Action\": \"iam:PassRole\",\n      \"Resource\": [\n        \"arn:aws:iam::465443875617:role/python-lab-dev-scheduler-stop-lambda-role\",\n        \"arn:aws:iam::465443875617:role/python-lab-dev-ecs-task-role\",\n        \"arn:aws:iam::465443875617:role/python-lab-dev-ecs-task-execution-role\"\n      ]\n    },\n    {\n      \"Sid\": \"ManageSchedules\",\n      \"Effect\": \"Allow\",\n      \"Action\": [\n        \"scheduler:GetSchedule\",\n        \"scheduler:DeleteSchedule\",\n        \"scheduler:CreateSchedule\"\n      ],\n      \"Resource\": [\n        \"arn:aws:scheduler:ap-south-1:465443875617:schedule-group/python-lab-dev-sessions\",\n        \"arn:aws:scheduler:ap-south-1:*:schedule/python-lab-dev-sessions/*\"\n      ]\n    },\n    {\n      \"Sid\": \"SessionTableWrite\",\n      \"Effect\": \"Allow\",\n      \"Action\": [\n        \"dynamodb:UpdateItem\",\n        \"dynamodb:PutItem\",\n        \"dynamodb:GetItem\",\n        \"dynamodb:DeleteItem\"\n      ],\n      \"Resource\": \"arn:aws:dynamodb:ap-south-1:465443875617:table/python-lab-sessions\"\n    }\n  ]\n}",
            "minified_json": "{\"Version\":\"2012-10-17\",\"Statement\":[{\"Sid\":\"CloudWatchLogs\",\"Effect\":\"Allow\",\"Action\":[\"logs:PutLogEvents\",\"logs:CreateLogStream\",\"logs:CreateLogGroup\"],\"Resource\":\"*\"},{\"Sid\":\"VpcNetworking\",\"Effect\":\"Allow\",\"Action\":[\"ec2:UnassignPrivateIpAddresses\",\"ec2:DescribeNetworkInterfaces\",\"ec2:DeleteNetworkInterface\",\"ec2:CreateNetworkInterface\",\"ec2:AssignPrivateIpAddresses\"],\"Resource\":\"*\"},{\"Sid\":\"RunAndDescribeEcsTasks\",\"Effect\":\"Allow\",\"Action\":[\"ecs:RunTask\",\"ecs:DescribeTasks\"],\"Resource\":[\"arn:aws:ecs:ap-south-1:465443875617:task-definition/python-lab-dev-python-task:1\",\"arn:aws:ecs:ap-south-1:465443875617:task-definition/python-lab-dev-linux-task:1\",\"arn:aws:ecs:ap-south-1:465443875617:task-definition/python-lab-dev-java-task:1\",\"arn:aws:ecs:ap-south-1:465443875617:task-definition/python-lab-dev-dbms-task:1\",\"arn:aws:ecs:ap-south-1:465443875617:cluster/python-lab-dev-cluster\"]},{\"Sid\":\"PassEcsRoles\",\"Effect\":\"Allow\",\"Action\":\"iam:PassRole\",\"Resource\":[\"arn:aws:iam::465443875617:role/python-lab-dev-scheduler-stop-lambda-role\",\"arn:aws:iam::465443875617:role/python-lab-dev-ecs-task-role\",\"arn:aws:iam::465443875617:role/python-lab-dev-ecs-task-execution-role\"]},{\"Sid\":\"ManageSchedules\",\"Effect\":\"Allow\",\"Action\":[\"scheduler:GetSchedule\",\"scheduler:DeleteSchedule\",\"scheduler:CreateSchedule\"],\"Resource\":[\"arn:aws:scheduler:ap-south-1:465443875617:schedule-group/python-lab-dev-sessions\",\"arn:aws:scheduler:ap-south-1:*:schedule/python-lab-dev-sessions/*\"]},{\"Sid\":\"SessionTableWrite\",\"Effect\":\"Allow\",\"Action\":[\"dynamodb:UpdateItem\",\"dynamodb:PutItem\",\"dynamodb:GetItem\",\"dynamodb:DeleteItem\"],\"Resource\":\"arn:aws:dynamodb:ap-south-1:465443875617:table/python-lab-sessions\"}]}",
            "override_json": null,
            "override_policy_documents": null,
            "policy_id": null,
            "source_json": null,
            "source_policy_documents": null,
            "statement": [
              {
                "actions": [
                  "logs:CreateLogGroup",
                  "logs:CreateLogStream",
                  "logs:PutLogEvents"
                ],
                "condition": [],
                "effect": "Allow",
                "not_actions": [],
                "not_principals": [],
                "not_resources": [],
                "principals": [],
                "resources": [
                  "*"
                ],
                "sid": "CloudWatchLogs"
              },
              {
                "actions": [
                  "ec2:AssignPrivateIpAddresses",
                  "ec2:CreateNetworkInterface",
                  "ec2:DeleteNetworkInterface",
                  "ec2:DescribeNetworkInterfaces",
                  "ec2:UnassignPrivateIpAddresses"
                ],
                "condition": [],
                "effect": "Allow",
                "not_actions": [],
                "not_principals": [],
                "not_resources": [],
                "principals": [],
                "resources": [
                  "*"
                ],
                "sid": "VpcNetworking"
              },
              {
                "actions": [
                  "ecs:DescribeTasks",
                  "ecs:RunTask"
                ],
                "condition": [],
                "effect": "Allow",
                "not_actions": [],
                "not_principals": [],
                "not_resources": [],
                "principals": [],
                "resources": [
                  "arn:aws:ecs:ap-south-1:465443875617:cluster/python-lab-dev-cluster",
                  "arn:aws:ecs:ap-south-1:465443875617:task-definition/python-lab-dev-dbms-task:1",
                  "arn:aws:ecs:ap-south-1:465443875617:task-definition/python-lab-dev-java-task:1",
                  "arn:aws:ecs:ap-south-1:465443875617:task-definition/python-lab-dev-linux-task:1",
                  "arn:aws:ecs:ap-south-1:465443875617:task-definition/python-lab-dev-python-task:1"
                ],
                "sid": "RunAndDescribeEcsTasks"
              },
              {
                "actions": [
                  "iam:PassRole"
                ],
                "condition": [],
                "effect": "Allow",
                "not_actions": [],
                "not_principals": [],
                "not_resources": [],
                "principals": [],
                "resources": [
                  "arn:aws:iam::465443875617:role/python-lab-dev-ecs-task-execution-role",
                  "arn:aws:iam::465443875617:role/python-lab-dev-ecs-task-role",
                  "arn:aws:iam::465443875617:role/python-lab-dev-scheduler-stop-lambda-role"
                ],
                "sid": "PassEcsRoles"
              },
              {
                "actions": [
                  "scheduler:CreateSchedule",
                  "scheduler:DeleteSchedule",
                  "scheduler:GetSchedule"
                ],
                "condition": [],
                "effect": "Allow",
                "not_actions": [],
                "not_principals": [],
                "not_resources": [],
                "principals": [],
                "resources": [
                  "arn:aws:scheduler:ap-south-1:*:schedule/python-lab-dev-sessions/*",
                  "arn:aws:scheduler:ap-south-1:465443875617:schedule-group/python-lab-dev-sessions"
                ],
                "sid": "ManageSchedules"
              },
              {
                "actions": [
                  "dynamodb:DeleteItem",
                  "dynamodb:GetItem",
                  "dynamodb:PutItem",
                  "dynamodb:UpdateItem"
                ],
                "condition": [],
                "effect": "Allow",
                "not_actions": [],
                "not_principals": [],
                "not_resources": [],
                "principals": [],
                "resources": [
                  "arn:aws:dynamodb:ap-south-1:465443875617:table/python-lab-sessions"
                ],
                "sid": "SessionTableWrite"
              }
            ],
            "version": "2012-10-17"
          },
          "sensitive_attributes": [],
          "identity_schema_version": 0
        }
      ]
    },
    {
      "mode": "data",
      "type": "aws_iam_policy_document",
      "name": "stop_lab_lambda",
      "provider": "provider[\"registry.terraform.io/hashicorp/aws\"]",
      "instances": [
        {
          "schema_version": 0,
          "attributes": {
            "id": "999663934",
            "json": "{\n  \"Version\": \"2012-10-17\",\n  \"Statement\": [\n    {\n      \"Sid\": \"CloudWatchLogs\",\n      \"Effect\": \"Allow\",\n      \"Action\": [\n        \"logs:PutLogEvents\",\n        \"logs:CreateLogStream\",\n        \"logs:CreateLogGroup\"\n      ],\n      \"Resource\": \"*\"\n    },\n    {\n      \"Sid\": \"VpcNetworking\",\n      \"Effect\": \"Allow\",\n      \"Action\": [\n        \"ec2:UnassignPrivateIpAddresses\",\n        \"ec2:DescribeNetworkInterfaces\",\n        \"ec2:DeleteNetworkInterface\",\n        \"ec2:CreateNetworkInterface\",\n        \"ec2:AssignPrivateIpAddresses\"\n      ],\n      \"Resource\": \"*\"\n    },\n    {\n      \"Sid\": \"StopAndDescribeEcsTasks\",\n      \"Effect\": \"Allow\",\n      \"Action\": [\n        \"ecs:StopTask\",\n        \"ecs:DescribeTasks\"\n      ],\n      \"Resource\": \"*\"\n    },\n    {\n      \"Sid\": \"ManageSchedules\",\n      \"Effect\": \"Allow\",\n      \"Action\": [\n        \"scheduler:GetSchedule\",\n        \"scheduler:DeleteSchedule\"\n      ],\n      \"Resource\": [\n        \"arn:aws:scheduler:ap-south-1:465443875617:schedule-group/python-lab-dev-sessions\",\n        \"arn:aws:scheduler:ap-south-1:*:schedule/python-lab-dev-sessions/*\"\n      ]\n    },\n    {\n      \"Sid\": \"SessionTableReadWrite\",\n      \"Effect\": \"Allow\",\n      \"Action\": [\n        \"dynamodb:UpdateItem\",\n        \"dynamodb:GetItem\",\n        \"dynamodb:DeleteItem\"\n      ],\n      \"Resource\": \"arn:aws:dynamodb:ap-south-1:465443875617:table/python-lab-sessions\"\n    }\n  ]\n}",
            "minified_json": "{\"Version\":\"2012-10-17\",\"Statement\":[{\"Sid\":\"CloudWatchLogs\",\"Effect\":\"Allow\",\"Action\":[\"logs:PutLogEvents\",\"logs:CreateLogStream\",\"logs:CreateLogGroup\"],\"Resource\":\"*\"},{\"Sid\":\"VpcNetworking\",\"Effect\":\"Allow\",\"Action\":[\"ec2:UnassignPrivateIpAddresses\",\"ec2:DescribeNetworkInterfaces\",\"ec2:DeleteNetworkInterface\",\"ec2:CreateNetworkInterface\",\"ec2:AssignPrivateIpAddresses\"],\"Resource\":\"*\"},{\"Sid\":\"StopAndDescribeEcsTasks\",\"Effect\":\"Allow\",\"Action\":[\"ecs:StopTask\",\"ecs:DescribeTasks\"],\"Resource\":\"*\"},{\"Sid\":\"ManageSchedules\",\"Effect\":\"Allow\",\"Action\":[\"scheduler:GetSchedule\",\"scheduler:DeleteSchedule\"],\"Resource\":[\"arn:aws:scheduler:ap-south-1:465443875617:schedule-group/python-lab-dev-sessions\",\"arn:aws:scheduler:ap-south-1:*:schedule/python-lab-dev-sessions/*\"]},{\"Sid\":\"SessionTableReadWrite\",\"Effect\":\"Allow\",\"Action\":[\"dynamodb:UpdateItem\",\"dynamodb:GetItem\",\"dynamodb:DeleteItem\"],\"Resource\":\"arn:aws:dynamodb:ap-south-1:465443875617:table/python-lab-sessions\"}]}",
            "override_json": null,
            "override_policy_documents": null,
            "policy_id": null,
            "source_json": null,
            "source_policy_documents": null,
            "statement": [
              {
                "actions": [
                  "logs:CreateLogGroup",
                  "logs:CreateLogStream",
                  "logs:PutLogEvents"
                ],
                "condition": [],
                "effect": "Allow",
                "not_actions": [],
                "not_principals": [],
                "not_resources": [],
                "principals": [],
                "resources": [
                  "*"
                ],
                "sid": "CloudWatchLogs"
              },
              {
                "actions": [
                  "ec2:AssignPrivateIpAddresses",
                  "ec2:CreateNetworkInterface",
                  "ec2:DeleteNetworkInterface",
                  "ec2:DescribeNetworkInterfaces",
                  "ec2:UnassignPrivateIpAddresses"
                ],
                "condition": [],
                "effect": "Allow",
                "not_actions": [],
                "not_principals": [],
                "not_resources": [],
                "principals": [],
                "resources": [
                  "*"
                ],
                "sid": "VpcNetworking"
              },
              {
                "actions": [
                  "ecs:DescribeTasks",
                  "ecs:StopTask"
                ],
                "condition": [],
                "effect": "Allow",
                "not_actions": [],
                "not_principals": [],
                "not_resources": [],
                "principals": [],
                "resources": [
                  "*"
                ],
                "sid": "StopAndDescribeEcsTasks"
              },
              {
                "actions": [
                  "scheduler:DeleteSchedule",
                  "scheduler:GetSchedule"
                ],
                "condition": [],
                "effect": "Allow",
                "not_actions": [],
                "not_principals": [],
                "not_resources": [],
                "principals": [],
                "resources": [
                  "arn:aws:scheduler:ap-south-1:*:schedule/python-lab-dev-sessions/*",
                  "arn:aws:scheduler:ap-south-1:465443875617:schedule-group/python-lab-dev-sessions"
                ],
                "sid": "ManageSchedules"
              },
              {
                "actions": [
                  "dynamodb:DeleteItem",
                  "dynamodb:GetItem",
                  "dynamodb:UpdateItem"
                ],
                "condition": [],
                "effect": "Allow",
                "not_actions": [],
                "not_principals": [],
                "not_resources": [],
                "principals": [],
                "resources": [
                  "arn:aws:dynamodb:ap-south-1:465443875617:table/python-lab-sessions"
                ],
                "sid": "SessionTableReadWrite"
              }
            ],
            "version": "2012-10-17"
          },
          "sensitive_attributes": [],
          "identity_schema_version": 0
        }
      ]
    },
    {
      "mode": "managed",
      "type": "aws_apigatewayv2_api",
      "name": "lab",
      "provider": "provider[\"registry.terraform.io/hashicorp/aws\"]",
      "instances": [
        {
          "schema_version": 0,
          "attributes": {
            "api_endpoint": "https://tqr8s2tjq9.execute-api.ap-south-1.amazonaws.com",
            "api_key_selection_expression": "$request.header.x-api-key",
            "arn": "arn:aws:apigateway:ap-south-1::/apis/tqr8s2tjq9",
            "body": null,
            "cors_configuration": [
              {
                "allow_credentials": false,
                "allow_headers": [
                  "authorization",
                  "content-type"
                ],
                "allow_methods": [
                  "GET",
                  "OPTIONS",
                  "POST"
                ],
                "allow_origins": [
                  "*"
                ],
                "expose_headers": [],
                "max_age": 3600
              }
            ],
            "credentials_arn": null,
            "description": "",
            "disable_execute_api_endpoint": false,
            "execution_arn": "arn:aws:execute-api:ap-south-1:465443875617:tqr8s2tjq9",
            "fail_on_warnings": null,
            "id": "tqr8s2tjq9",
            "ip_address_type": "ipv4",
            "name": "python-lab-dev-http-api",
            "protocol_type": "HTTP",
            "route_key": null,
            "route_selection_expression": "$request.method $request.path",
            "tags": {
              "Environment": "dev",
              "ManagedBy": "terraform",
              "Project": "python-lab"
            },
            "tags_all": {
              "Environment": "dev",
              "ManagedBy": "terraform",
              "Project": "python-lab"
            },
            "target": null,
            "version": ""
          },
          "sensitive_attributes": [],
          "identity_schema_version": 0,
          "private": "bnVsbA=="
        }
      ]
    },
    {
      "mode": "managed",
      "type": "aws_apigatewayv2_integration",
      "name": "execute_code",
      "provider": "provider[\"registry.terraform.io/hashicorp/aws\"]",
      "instances": [
        {
          "schema_version": 0,
          "attributes": {
            "api_id": "tqr8s2tjq9",
            "connection_id": "",
            "connection_type": "INTERNET",
            "content_handling_strategy": "",
            "credentials_arn": "",
            "description": "",
            "id": "xpa3uij",
            "integration_method": "POST",
            "integration_response_selection_expression": "",
            "integration_subtype": "",
            "integration_type": "AWS_PROXY",
            "integration_uri": "arn:aws:apigateway:ap-south-1:lambda:path/2015-03-31/functions/arn:aws:lambda:ap-south-1:465443875617:function:python-lab-dev-execute-code/invocations",
            "passthrough_behavior": "",
            "payload_format_version": "2.0",
            "request_parameters": {},
            "request_templates": {},
            "response_parameters": [],
            "template_selection_expression": "",
            "timeout_milliseconds": 30000,
            "tls_config": []
          },
          "sensitive_attributes": [],
          "identity_schema_version": 0,
          "private": "bnVsbA==",
          "dependencies": [
            "aws_apigatewayv2_api.lab",
            "aws_cloudwatch_log_group.ecs",
            "aws_dynamodb_table.sessions",
            "aws_ecr_repository.lab_images",
            "aws_ecs_cluster.lab",
            "aws_ecs_task_definition.lab",
            "aws_iam_role.ecs_task",
            "aws_iam_role.ecs_task_execution",
            "aws_iam_role.lab_ops_lambda",
            "aws_lambda_function.execute_code",
            "aws_security_group.alb",
            "aws_security_group.ecs_tasks",
            "aws_security_group.lambda",
            "aws_subnet.private",
            "aws_vpc.main",
            "data.archive_file.execute_code_zip",
            "data.aws_availability_zones.available",
            "data.aws_iam_policy_document.ecs_task_execution_assume_role",
            "data.aws_iam_policy_document.lambda_assume_role"
          ]
        }
      ]
    },
    {
      "mode": "managed",
      "type": "aws_apigatewayv2_integration",
      "name": "get_result",
      "provider": "provider[\"registry.terraform.io/hashicorp/aws\"]",
      "instances": [
        {
          "schema_version": 0,
          "attributes": {
            "api_id": "tqr8s2tjq9",
            "connection_id": "",
            "connection_type": "INTERNET",
            "content_handling_strategy": "",
            "credentials_arn": "",
            "description": "",
            "id": "lpsml8f",
            "integration_method": "POST",
            "integration_response_selection_expression": "",
            "integration_subtype": "",
            "integration_type": "AWS_PROXY",
            "integration_uri": "arn:aws:apigateway:ap-south-1:lambda:path/2015-03-31/functions/arn:aws:lambda:ap-south-1:465443875617:function:python-lab-dev-get-result/invocations",
            "passthrough_behavior": "",
            "payload_format_version": "2.0",
            "request_parameters": {},
            "request_templates": {},
            "response_parameters": [],
            "template_selection_expression": "",
            "timeout_milliseconds": 30000,
            "tls_config": []
          },
          "sensitive_attributes": [],
          "identity_schema_version": 0,
          "private": "bnVsbA==",
          "dependencies": [
            "aws_apigatewayv2_api.lab",
            "aws_dynamodb_table.results",
            "aws_iam_role.lab_ops_lambda",
            "aws_lambda_function.get_result",
            "aws_security_group.lambda",
            "aws_subnet.private",
            "aws_vpc.main",
            "data.archive_file.get_result_zip",
            "data.aws_availability_zones.available",
            "data.aws_iam_policy_document.lambda_assume_role"
          ]
        }
      ]
    },
    {
      "mode": "managed",
      "type": "aws_apigatewayv2_integration",
      "name": "grade_lab",
      "provider": "provider[\"registry.terraform.io/hashicorp/aws\"]",
      "instances": [
        {
          "schema_version": 0,
          "attributes": {
            "api_id": "tqr8s2tjq9",
            "connection_id": "",
            "connection_type": "INTERNET",
            "content_handling_strategy": "",
            "credentials_arn": "",
            "description": "",
            "id": "i59ibxc",
            "integration_method": "POST",
            "integration_response_selection_expression": "",
            "integration_subtype": "",
            "integration_type": "AWS_PROXY",
            "integration_uri": "arn:aws:apigateway:ap-south-1:lambda:path/2015-03-31/functions/arn:aws:lambda:ap-south-1:465443875617:function:python-lab-dev-grade-lab/invocations",
            "passthrough_behavior": "",
            "payload_format_version": "2.0",
            "request_parameters": {},
            "request_templates": {},
            "response_parameters": [],
            "template_selection_expression": "",
            "timeout_milliseconds": 30000,
            "tls_config": []
          },
          "sensitive_attributes": [],
          "identity_schema_version": 0,
          "private": "bnVsbA==",
          "dependencies": [
            "aws_apigatewayv2_api.lab",
            "aws_cloudwatch_log_group.ecs",
            "aws_dynamodb_table.results",
            "aws_dynamodb_table.sessions",
            "aws_dynamodb_table.submissions",
            "aws_ecr_repository.lab_images",
            "aws_ecs_cluster.lab",
            "aws_ecs_task_definition.lab",
            "aws_iam_role.ecs_task",
            "aws_iam_role.ecs_task_execution",
            "aws_iam_role.lab_ops_lambda",
            "aws_lambda_function.grade_lab",
            "aws_s3_bucket.test_cases",
            "aws_security_group.alb",
            "aws_security_group.ecs_tasks",
            "aws_security_group.lambda",
            "aws_subnet.private",
            "aws_vpc.main",
            "data.archive_file.grade_lab_zip",
            "data.aws_availability_zones.available",
            "data.aws_iam_policy_document.ecs_task_execution_assume_role",
            "data.aws_iam_policy_document.lambda_assume_role",
            "random_string.test_cases_suffix"
          ]
        }
      ]
    },
    {
      "mode": "managed",
      "type": "aws_apigatewayv2_integration",
      "name": "start_lab",
      "provider": "provider[\"registry.terraform.io/hashicorp/aws\"]",
      "instances": [
        {
          "schema_version": 0,
          "attributes": {
            "api_id": "tqr8s2tjq9",
            "connection_id": "",
            "connection_type": "INTERNET",
            "content_handling_strategy": "",
            "credentials_arn": "",
            "description": "",
            "id": "hlorul4",
            "integration_method": "POST",
            "integration_response_selection_expression": "",
            "integration_subtype": "",
            "integration_type": "AWS_PROXY",
            "integration_uri": "arn:aws:apigateway:ap-south-1:lambda:path/2015-03-31/functions/arn:aws:lambda:ap-south-1:465443875617:function:python-lab-dev-start-lab/invocations",
            "passthrough_behavior": "",
            "payload_format_version": "2.0",
            "request_parameters": {},
            "request_templates": {},
            "response_parameters": [],
            "template_selection_expression": "",
            "timeout_milliseconds": 30000,
            "tls_config": []
          },
          "sensitive_attributes": [],
          "identity_schema_version": 0,
          "private": "bnVsbA==",
          "dependencies": [
            "aws_apigatewayv2_api.lab",
            "aws_cloudwatch_log_group.ecs",
            "aws_dynamodb_table.results",
            "aws_dynamodb_table.sessions",
            "aws_dynamodb_table.submissions",
            "aws_ecr_repository.lab_images",
            "aws_ecs_cluster.lab",
            "aws_ecs_task_definition.lab",
            "aws_iam_role.ecs_task",
            "aws_iam_role.ecs_task_execution",
            "aws_iam_role.lab_ops_lambda",
            "aws_iam_role.scheduler_invoke_stop_lambda",
            "aws_iam_role.start_lab_lambda",
            "aws_iam_role.stop_lab_lambda",
            "aws_lambda_function.grade_lab",
            "aws_lambda_function.start_lab",
            "aws_lambda_function.stop_lab",
            "aws_lb.lab",
            "aws_s3_bucket.test_cases",
            "aws_scheduler_schedule_group.lab",
            "aws_security_group.alb",
            "aws_security_group.ecs_tasks",
            "aws_security_group.lambda",
            "aws_subnet.private",
            "aws_subnet.public",
            "aws_vpc.main",
            "data.archive_file.grade_lab_zip",
            "data.archive_file.start_lab_zip",
            "data.archive_file.stop_lab_zip",
            "data.aws_availability_zones.available",
            "data.aws_iam_policy_document.ecs_task_execution_assume_role",
            "data.aws_iam_policy_document.lambda_assume_role",
            "data.aws_iam_policy_document.scheduler_assume_role",
            "random_string.test_cases_suffix"
          ]
        }
      ]
    },
    {
      "mode": "managed",
      "type": "aws_apigatewayv2_integration",
      "name": "stop_lab",
      "provider": "provider[\"registry.terraform.io/hashicorp/aws\"]",
      "instances": [
        {
          "schema_version": 0,
          "attributes": {
            "api_id": "tqr8s2tjq9",
            "connection_id": "",
            "connection_type": "INTERNET",
            "content_handling_strategy": "",
            "credentials_arn": "",
            "description": "",
            "id": "7f3yo33",
            "integration_method": "POST",
            "integration_response_selection_expression": "",
            "integration_subtype": "",
            "integration_type": "AWS_PROXY",
            "integration_uri": "arn:aws:apigateway:ap-south-1:lambda:path/2015-03-31/functions/arn:aws:lambda:ap-south-1:465443875617:function:python-lab-dev-stop-lab/invocations",
            "passthrough_behavior": "",
            "payload_format_version": "2.0",
            "request_parameters": {},
            "request_templates": {},
            "response_parameters": [],
            "template_selection_expression": "",
            "timeout_milliseconds": 30000,
            "tls_config": []
          },
          "sensitive_attributes": [],
          "identity_schema_version": 0,
          "private": "bnVsbA==",
          "dependencies": [
            "aws_apigatewayv2_api.lab",
            "aws_cloudwatch_log_group.ecs",
            "aws_dynamodb_table.results",
            "aws_dynamodb_table.sessions",
            "aws_dynamodb_table.submissions",
            "aws_ecr_repository.lab_images",
            "aws_ecs_cluster.lab",
            "aws_ecs_task_definition.lab",
            "aws_iam_role.ecs_task",
            "aws_iam_role.ecs_task_execution",
            "aws_iam_role.lab_ops_lambda",
            "aws_iam_role.stop_lab_lambda",
            "aws_lambda_function.grade_lab",
            "aws_lambda_function.stop_lab",
            "aws_s3_bucket.test_cases",
            "aws_scheduler_schedule_group.lab",
            "aws_security_group.alb",
            "aws_security_group.ecs_tasks",
            "aws_security_group.lambda",
            "aws_subnet.private",
            "aws_vpc.main",
            "data.archive_file.grade_lab_zip",
            "data.archive_file.stop_lab_zip",
            "data.aws_availability_zones.available",
            "data.aws_iam_policy_document.ecs_task_execution_assume_role",
            "data.aws_iam_policy_document.lambda_assume_role",
            "random_string.test_cases_suffix"
          ]
        }
      ]
    },
    {
      "mode": "managed",
      "type": "aws_apigatewayv2_integration",
      "name": "submit_code",
      "provider": "provider[\"registry.terraform.io/hashicorp/aws\"]",
      "instances": [
        {
          "schema_version": 0,
          "attributes": {
            "api_id": "tqr8s2tjq9",
            "connection_id": "",
            "connection_type": "INTERNET",
            "content_handling_strategy": "",
            "credentials_arn": "",
            "description": "",
            "id": "2cb90z4",
            "integration_method": "POST",
            "integration_response_selection_expression": "",
            "integration_subtype": "",
            "integration_type": "AWS_PROXY",
            "integration_uri": "arn:aws:apigateway:ap-south-1:lambda:path/2015-03-31/functions/arn:aws:lambda:ap-south-1:465443875617:function:python-lab-dev-submit-code/invocations",
            "passthrough_behavior": "",
            "payload_format_version": "2.0",
            "request_parameters": {},
            "request_templates": {},
            "response_parameters": [],
            "template_selection_expression": "",
            "timeout_milliseconds": 30000,
            "tls_config": []
          },
          "sensitive_attributes": [],
          "identity_schema_version": 0,
          "private": "bnVsbA==",
          "dependencies": [
            "aws_apigatewayv2_api.lab",
            "aws_cloudwatch_log_group.ecs",
            "aws_dynamodb_table.results",
            "aws_dynamodb_table.sessions",
            "aws_dynamodb_table.submissions",
            "aws_ecr_repository.lab_images",
            "aws_ecs_cluster.lab",
            "aws_ecs_task_definition.lab",
            "aws_iam_role.ecs_task",
            "aws_iam_role.ecs_task_execution",
            "aws_iam_role.lab_ops_lambda",
            "aws_lambda_function.grade_lab",
            "aws_lambda_function.submit_code",
            "aws_s3_bucket.test_cases",
            "aws_security_group.alb",
            "aws_security_group.ecs_tasks",
            "aws_security_group.lambda",
            "aws_subnet.private",
            "aws_vpc.main",
            "data.archive_file.grade_lab_zip",
            "data.archive_file.submit_code_zip",
            "data.aws_availability_zones.available",
            "data.aws_iam_policy_document.ecs_task_execution_assume_role",
            "data.aws_iam_policy_document.lambda_assume_role",
            "random_string.test_cases_suffix"
          ]
        }
      ]
    },
    {
      "mode": "managed",
      "type": "aws_apigatewayv2_route",
      "name": "execute",
      "provider": "provider[\"registry.terraform.io/hashicorp/aws\"]",
      "instances": [
        {
          "schema_version": 0,
          "attributes": {
            "api_id": "tqr8s2tjq9",
            "api_key_required": false,
            "authorization_scopes": [],
            "authorization_type": "NONE",
            "authorizer_id": "",
            "id": "ot28zk1",
            "model_selection_expression": "",
            "operation_name": "",
            "request_models": {},
            "request_parameter": [],
            "route_key": "POST /execute",
            "route_response_selection_expression": "",
            "target": "integrations/xpa3uij"
          },
          "sensitive_attributes": [],
          "identity_schema_version": 0,
          "private": "bnVsbA==",
          "dependencies": [
            "aws_apigatewayv2_api.lab",
            "aws_apigatewayv2_integration.execute_code",
            "aws_cloudwatch_log_group.ecs",
            "aws_dynamodb_table.sessions",
            "aws_ecr_repository.lab_images",
            "aws_ecs_cluster.lab",
            "aws_ecs_task_definition.lab",
            "aws_iam_role.ecs_task",
            "aws_iam_role.ecs_task_execution",
            "aws_iam_role.lab_ops_lambda",
            "aws_lambda_function.execute_code",
            "aws_security_group.alb",
            "aws_security_group.ecs_tasks",
            "aws_security_group.lambda",
            "aws_subnet.private",
            "aws_vpc.main",
            "data.archive_file.execute_code_zip",
            "data.aws_availability_zones.available",
            "data.aws_iam_policy_document.ecs_task_execution_assume_role",
            "data.aws_iam_policy_document.lambda_assume_role"
          ]
        }
      ]
    },
    {
      "mode": "managed",
      "type": "aws_apigatewayv2_route",
      "name": "grade",
      "provider": "provider[\"registry.terraform.io/hashicorp/aws\"]",
      "instances": [
        {
          "schema_version": 0,
          "attributes": {
            "api_id": "tqr8s2tjq9",
            "api_key_required": false,
            "authorization_scopes": [],
            "authorization_type": "NONE",
            "authorizer_id": "",
            "id": "kry02z1",
            "model_selection_expression": "",
            "operation_name": "",
            "request_models": {},
            "request_parameter": [],
            "route_key": "POST /grade",
            "route_response_selection_expression": "",
            "target": "integrations/i59ibxc"
          },
          "sensitive_attributes": [],
          "identity_schema_version": 0,
          "private": "bnVsbA==",
          "dependencies": [
            "aws_apigatewayv2_api.lab",
            "aws_apigatewayv2_integration.grade_lab",
            "aws_cloudwatch_log_group.ecs",
            "aws_dynamodb_table.results",
            "aws_dynamodb_table.sessions",
            "aws_dynamodb_table.submissions",
            "aws_ecr_repository.lab_images",
            "aws_ecs_cluster.lab",
            "aws_ecs_task_definition.lab",
            "aws_iam_role.ecs_task",
            "aws_iam_role.ecs_task_execution",
            "aws_iam_role.lab_ops_lambda",
            "aws_lambda_function.grade_lab",
            "aws_s3_bucket.test_cases",
            "aws_security_group.alb",
            "aws_security_group.ecs_tasks",
            "aws_security_group.lambda",
            "aws_subnet.private",
            "aws_vpc.main",
            "data.archive_file.grade_lab_zip",
            "data.aws_availability_zones.available",
            "data.aws_iam_policy_document.ecs_task_execution_assume_role",
            "data.aws_iam_policy_document.lambda_assume_role",
            "random_string.test_cases_suffix"
          ]
        }
      ]
    },
    {
      "mode": "managed",
      "type": "aws_apigatewayv2_route",
      "name": "result",
      "provider": "provider[\"registry.terraform.io/hashicorp/aws\"]",
      "instances": [
        {
          "schema_version": 0,
          "attributes": {
            "api_id": "tqr8s2tjq9",
            "api_key_required": false,
            "authorization_scopes": [],
            "authorization_type": "NONE",
            "authorizer_id": "",
            "id": "4y51n5o",
            "model_selection_expression": "",
            "operation_name": "",
            "request_models": {},
            "request_parameter": [],
            "route_key": "GET /result",
            "route_response_selection_expression": "",
            "target": "integrations/lpsml8f"
          },
          "sensitive_attributes": [],
          "identity_schema_version": 0,
          "private": "bnVsbA==",
          "dependencies": [
            "aws_apigatewayv2_api.lab",
            "aws_apigatewayv2_integration.get_result",
            "aws_dynamodb_table.results",
            "aws_iam_role.lab_ops_lambda",
            "aws_lambda_function.get_result",
            "aws_security_group.lambda",
            "aws_subnet.private",
            "aws_vpc.main",
            "data.archive_file.get_result_zip",
            "data.aws_availability_zones.available",
            "data.aws_iam_policy_document.lambda_assume_role"
          ]
        }
      ]
    },
    {
      "mode": "managed",
      "type": "aws_apigatewayv2_route",
      "name": "start",
      "provider": "provider[\"registry.terraform.io/hashicorp/aws\"]",
      "instances": [
        {
          "schema_version": 0,
          "attributes": {
            "api_id": "tqr8s2tjq9",
            "api_key_required": false,
            "authorization_scopes": [],
            "authorization_type": "NONE",
            "authorizer_id": "",
            "id": "522hc1g",
            "model_selection_expression": "",
            "operation_name": "",
            "request_models": {},
            "request_parameter": [],
            "route_key": "POST /start",
            "route_response_selection_expression": "",
            "target": "integrations/hlorul4"
          },
          "sensitive_attributes": [],
          "identity_schema_version": 0,
          "private": "bnVsbA==",
          "dependencies": [
            "aws_apigatewayv2_api.lab",
            "aws_apigatewayv2_integration.start_lab",
            "aws_cloudwatch_log_group.ecs",
            "aws_dynamodb_table.results",
            "aws_dynamodb_table.sessions",
            "aws_dynamodb_table.submissions",
            "aws_ecr_repository.lab_images",
            "aws_ecs_cluster.lab",
            "aws_ecs_task_definition.lab",
            "aws_iam_role.ecs_task",
            "aws_iam_role.ecs_task_execution",
            "aws_iam_role.lab_ops_lambda",
            "aws_iam_role.scheduler_invoke_stop_lambda",
            "aws_iam_role.start_lab_lambda",
            "aws_iam_role.stop_lab_lambda",
            "aws_lambda_function.grade_lab",
            "aws_lambda_function.start_lab",
            "aws_lambda_function.stop_lab",
            "aws_lb.lab",
            "aws_s3_bucket.test_cases",
            "aws_scheduler_schedule_group.lab",
            "aws_security_group.alb",
            "aws_security_group.ecs_tasks",
            "aws_security_group.lambda",
            "aws_subnet.private",
            "aws_subnet.public",
            "aws_vpc.main",
            "data.archive_file.grade_lab_zip",
            "data.archive_file.start_lab_zip",
            "data.archive_file.stop_lab_zip",
            "data.aws_availability_zones.available",
            "data.aws_iam_policy_document.ecs_task_execution_assume_role",
            "data.aws_iam_policy_document.lambda_assume_role",
            "data.aws_iam_policy_document.scheduler_assume_role",
            "random_string.test_cases_suffix"
          ]
        }
      ]
    },
    {
      "mode": "managed",
      "type": "aws_apigatewayv2_route",
      "name": "stop",
      "provider": "provider[\"registry.terraform.io/hashicorp/aws\"]",
      "instances": [
        {
          "schema_version": 0,
          "attributes": {
            "api_id": "tqr8s2tjq9",
            "api_key_required": false,
            "authorization_scopes": [],
            "authorization_type": "NONE",
            "authorizer_id": "",
            "id": "91ikohc",
            "model_selection_expression": "",
            "operation_name": "",
            "request_models": {},
            "request_parameter": [],
            "route_key": "POST /stop",
            "route_response_selection_expression": "",
            "target": "integrations/7f3yo33"
          },
          "sensitive_attributes": [],
          "identity_schema_version": 0,
          "private": "bnVsbA==",
          "dependencies": [
            "aws_apigatewayv2_api.lab",
            "aws_apigatewayv2_integration.stop_lab",
            "aws_cloudwatch_log_group.ecs",
            "aws_dynamodb_table.results",
            "aws_dynamodb_table.sessions",
            "aws_dynamodb_table.submissions",
            "aws_ecr_repository.lab_images",
            "aws_ecs_cluster.lab",
            "aws_ecs_task_definition.lab",
            "aws_iam_role.ecs_task",
            "aws_iam_role.ecs_task_execution",
            "aws_iam_role.lab_ops_lambda",
            "aws_iam_role.stop_lab_lambda",
            "aws_lambda_function.grade_lab",
            "aws_lambda_function.stop_lab",
            "aws_s3_bucket.test_cases",
            "aws_scheduler_schedule_group.lab",
            "aws_security_group.alb",
            "aws_security_group.ecs_tasks",
            "aws_security_group.lambda",
            "aws_subnet.private",
            "aws_vpc.main",
            "data.archive_file.grade_lab_zip",
            "data.archive_file.stop_lab_zip",
            "data.aws_availability_zones.available",
            "data.aws_iam_policy_document.ecs_task_execution_assume_role",
            "data.aws_iam_policy_document.lambda_assume_role",
            "random_string.test_cases_suffix"
          ]
        }
      ]
    },
    {
      "mode": "managed",
      "type": "aws_apigatewayv2_route",
      "name": "submit",
      "provider": "provider[\"registry.terraform.io/hashicorp/aws\"]",
      "instances": [
        {
          "schema_version": 0,
          "attributes": {
            "api_id": "tqr8s2tjq9",
            "api_key_required": false,
            "authorization_scopes": [],
            "authorization_type": "NONE",
            "authorizer_id": "",
            "id": "abnycok",
            "model_selection_expression": "",
            "operation_name": "",
            "request_models": {},
            "request_parameter": [],
            "route_key": "POST /submit",
            "route_response_selection_expression": "",
            "target": "integrations/2cb90z4"
          },
          "sensitive_attributes": [],
          "identity_schema_version": 0,
          "private": "bnVsbA==",
          "dependencies": [
            "aws_apigatewayv2_api.lab",
            "aws_apigatewayv2_integration.submit_code",
            "aws_cloudwatch_log_group.ecs",
            "aws_dynamodb_table.results",
            "aws_dynamodb_table.sessions",
            "aws_dynamodb_table.submissions",
            "aws_ecr_repository.lab_images",
            "aws_ecs_cluster.lab",
            "aws_ecs_task_definition.lab",
            "aws_iam_role.ecs_task",
            "aws_iam_role.ecs_task_execution",
            "aws_iam_role.lab_ops_lambda",
            "aws_lambda_function.grade_lab",
            "aws_lambda_function.submit_code",
            "aws_s3_bucket.test_cases",
            "aws_security_group.alb",
            "aws_security_group.ecs_tasks",
            "aws_security_group.lambda",
            "aws_subnet.private",
            "aws_vpc.main",
            "data.archive_file.grade_lab_zip",
            "data.archive_file.submit_code_zip",
            "data.aws_availability_zones.available",
            "data.aws_iam_policy_document.ecs_task_execution_assume_role",
            "data.aws_iam_policy_document.lambda_assume_role",
            "random_string.test_cases_suffix"
          ]
        }
      ]
    },
    {
      "mode": "managed",
      "type": "aws_apigatewayv2_stage",
      "name": "lab",
      "provider": "provider[\"registry.terraform.io/hashicorp/aws\"]",
      "instances": [
        {
          "schema_version": 0,
          "attributes": {
            "access_log_settings": [
              {
                "destination_arn": "arn:aws:logs:ap-south-1:465443875617:log-group:/aws/apigateway/python-lab-dev-http-api",
                "format": "{\"integration\":\"$context.integrationErrorMessage\",\"requestId\":\"$context.requestId\",\"requestTime\":\"$context.requestTime\",\"responseLength\":\"$context.responseLength\",\"routeKey\":\"$context.routeKey\",\"status\":\"$context.status\"}"
              }
            ],
            "api_id": "tqr8s2tjq9",
            "arn": "arn:aws:apigateway:ap-south-1::/apis/tqr8s2tjq9/stages/$default",
            "auto_deploy": true,
            "client_certificate_id": "",
            "default_route_settings": [
              {
                "data_trace_enabled": false,
                "detailed_metrics_enabled": false,
                "logging_level": "",
                "throttling_burst_limit": 100,
                "throttling_rate_limit": 50
              }
            ],
            "deployment_id": "tsa0ku",
            "description": "",
            "execution_arn": "arn:aws:execute-api:ap-south-1:465443875617:tqr8s2tjq9/$default",
            "id": "$default",
            "invoke_url": "https://tqr8s2tjq9.execute-api.ap-south-1.amazonaws.com/",
            "name": "$default",
            "route_settings": [],
            "stage_variables": {},
            "tags": {
              "Environment": "dev",
              "ManagedBy": "terraform",
              "Project": "python-lab"
            },
            "tags_all": {
              "Environment": "dev",
              "ManagedBy": "terraform",
              "Project": "python-lab"
            }
          },
          "sensitive_attributes": [],
          "identity_schema_version": 0,
          "private": "bnVsbA==",
          "dependencies": [
            "aws_apigatewayv2_api.lab",
            "aws_cloudwatch_log_group.api_gateway"
          ]
        }
      ]
    },
    {
      "mode": "managed",
      "type": "aws_cloudwatch_log_group",
      "name": "api_gateway",
      "provider": "provider[\"registry.terraform.io/hashicorp/aws\"]",
      "instances": [
        {
          "schema_version": 0,
          "attributes": {
            "arn": "arn:aws:logs:ap-south-1:465443875617:log-group:/aws/apigateway/python-lab-dev-http-api",
            "id": "/aws/apigateway/python-lab-dev-http-api",
            "kms_key_id": "",
            "log_group_class": "STANDARD",
            "name": "/aws/apigateway/python-lab-dev-http-api",
            "name_prefix": "",
            "retention_in_days": 14,
            "skip_destroy": false,
            "tags": {
              "Environment": "dev",
              "ManagedBy": "terraform",
              "Project": "python-lab"
            },
            "tags_all": {
              "Environment": "dev",
              "ManagedBy": "terraform",
              "Project": "python-lab"
            }
          },
          "sensitive_attributes": [],
          "identity_schema_version": 0,
          "private": "bnVsbA=="
        }
      ]
    },
    {
      "mode": "managed",
      "type": "aws_cloudwatch_log_group",
      "name": "cleanup_expired_lambda",
      "provider": "provider[\"registry.terraform.io/hashicorp/aws\"]",
      "instances": [
        {
          "schema_version": 0,
          "attributes": {
            "arn": "arn:aws:logs:ap-south-1:465443875617:log-group:/aws/lambda/python-lab-dev-cleanup-expired",
            "id": "/aws/lambda/python-lab-dev-cleanup-expired",
            "kms_key_id": "",
            "log_group_class": "STANDARD",
            "name": "/aws/lambda/python-lab-dev-cleanup-expired",
            "name_prefix": "",
            "retention_in_days": 14,
            "skip_destroy": false,
            "tags": {
              "Environment": "dev",
              "ManagedBy": "terraform",
              "Project": "python-lab"
            },
            "tags_all": {
              "Environment": "dev",
              "ManagedBy": "terraform",
              "Project": "python-lab"
            }
          },
          "sensitive_attributes": [],
          "identity_schema_version": 0,
          "private": "bnVsbA=="
        }
      ]
    },
    {
      "mode": "managed",
      "type": "aws_cloudwatch_log_group",
      "name": "ecs",
      "provider": "provider[\"registry.terraform.io/hashicorp/aws\"]",
      "instances": [
        {
          "schema_version": 0,
          "attributes": {
            "arn": "arn:aws:logs:ap-south-1:465443875617:log-group:/aws/ecs/python-lab-dev-lab",
            "id": "/aws/ecs/python-lab-dev-lab",
            "kms_key_id": "",
            "log_group_class": "STANDARD",
            "name": "/aws/ecs/python-lab-dev-lab",
            "name_prefix": "",
            "retention_in_days": 14,
            "skip_destroy": false,
            "tags": {
              "Environment": "dev",
              "ManagedBy": "terraform",
              "Project": "python-lab"
            },
            "tags_all": {
              "Environment": "dev",
              "ManagedBy": "terraform",
              "Project": "python-lab"
            }
          },
          "sensitive_attributes": [],
          "identity_schema_version": 0,
          "private": "bnVsbA=="
        }
      ]
    },
    {
      "mode": "managed",
      "type": "aws_cloudwatch_log_group",
      "name": "execute_code_lambda",
      "provider": "provider[\"registry.terraform.io/hashicorp/aws\"]",
      "instances": [
        {
          "schema_version": 0,
          "attributes": {
            "arn": "arn:aws:logs:ap-south-1:465443875617:log-group:/aws/lambda/python-lab-dev-execute-code",
            "id": "/aws/lambda/python-lab-dev-execute-code",
            "kms_key_id": "",
            "log_group_class": "STANDARD",
            "name": "/aws/lambda/python-lab-dev-execute-code",
            "name_prefix": "",
            "retention_in_days": 14,
            "skip_destroy": false,
            "tags": {
              "Environment": "dev",
              "ManagedBy": "terraform",
              "Project": "python-lab"
            },
            "tags_all": {
              "Environment": "dev",
              "ManagedBy": "terraform",
              "Project": "python-lab"
            }
          },
          "sensitive_attributes": [],
          "identity_schema_version": 0,
          "private": "bnVsbA=="
        }
      ]
    },
    {
      "mode": "managed",
      "type": "aws_cloudwatch_log_group",
      "name": "get_result_lambda",
      "provider": "provider[\"registry.terraform.io/hashicorp/aws\"]",
      "instances": [
        {
          "schema_version": 0,
          "attributes": {
            "arn": "arn:aws:logs:ap-south-1:465443875617:log-group:/aws/lambda/python-lab-dev-get-result",
            "id": "/aws/lambda/python-lab-dev-get-result",
            "kms_key_id": "",
            "log_group_class": "STANDARD",
            "name": "/aws/lambda/python-lab-dev-get-result",
            "name_prefix": "",
            "retention_in_days": 14,
            "skip_destroy": false,
            "tags": {
              "Environment": "dev",
              "ManagedBy": "terraform",
              "Project": "python-lab"
            },
            "tags_all": {
              "Environment": "dev",
              "ManagedBy": "terraform",
              "Project": "python-lab"
            }
          },
          "sensitive_attributes": [],
          "identity_schema_version": 0,
          "private": "bnVsbA=="
        }
      ]
    },
    {
      "mode": "managed",
      "type": "aws_cloudwatch_log_group",
      "name": "grade_lab_lambda",
      "provider": "provider[\"registry.terraform.io/hashicorp/aws\"]",
      "instances": [
        {
          "schema_version": 0,
          "attributes": {
            "arn": "arn:aws:logs:ap-south-1:465443875617:log-group:/aws/lambda/python-lab-dev-grade-lab",
            "id": "/aws/lambda/python-lab-dev-grade-lab",
            "kms_key_id": "",
            "log_group_class": "STANDARD",
            "name": "/aws/lambda/python-lab-dev-grade-lab",
            "name_prefix": "",
            "retention_in_days": 14,
            "skip_destroy": false,
            "tags": {
              "Environment": "dev",
              "ManagedBy": "terraform",
              "Project": "python-lab"
            },
            "tags_all": {
              "Environment": "dev",
              "ManagedBy": "terraform",
              "Project": "python-lab"
            }
          },
          "sensitive_attributes": [],
          "identity_schema_version": 0,
          "private": "bnVsbA=="
        }
      ]
    },
    {
      "mode": "managed",
      "type": "aws_cloudwatch_log_group",
      "name": "start_lab_lambda",
      "provider": "provider[\"registry.terraform.io/hashicorp/aws\"]",
      "instances": [
        {
          "schema_version": 0,
          "attributes": {
            "arn": "arn:aws:logs:ap-south-1:465443875617:log-group:/aws/lambda/python-lab-dev-start-lab",
            "id": "/aws/lambda/python-lab-dev-start-lab",
            "kms_key_id": "",
            "log_group_class": "STANDARD",
            "name": "/aws/lambda/python-lab-dev-start-lab",
            "name_prefix": "",
            "retention_in_days": 14,
            "skip_destroy": false,
            "tags": {
              "Environment": "dev",
              "ManagedBy": "terraform",
              "Project": "python-lab"
            },
            "tags_all": {
              "Environment": "dev",
              "ManagedBy": "terraform",
              "Project": "python-lab"
            }
          },
          "sensitive_attributes": [],
          "identity_schema_version": 0,
          "private": "bnVsbA=="
        }
      ]
    },
    {
      "mode": "managed",
      "type": "aws_cloudwatch_log_group",
      "name": "stop_lab_lambda",
      "provider": "provider[\"registry.terraform.io/hashicorp/aws\"]",
      "instances": [
        {
          "schema_version": 0,
          "attributes": {
            "arn": "arn:aws:logs:ap-south-1:465443875617:log-group:/aws/lambda/python-lab-dev-stop-lab",
            "id": "/aws/lambda/python-lab-dev-stop-lab",
            "kms_key_id": "",
            "log_group_class": "STANDARD",
            "name": "/aws/lambda/python-lab-dev-stop-lab",
            "name_prefix": "",
            "retention_in_days": 14,
            "skip_destroy": false,
            "tags": {
              "Environment": "dev",
              "ManagedBy": "terraform",
              "Project": "python-lab"
            },
            "tags_all": {
              "Environment": "dev",
              "ManagedBy": "terraform",
              "Project": "python-lab"
            }
          },
          "sensitive_attributes": [],
          "identity_schema_version": 0,
          "private": "bnVsbA=="
        }
      ]
    },
    {
      "mode": "managed",
      "type": "aws_cloudwatch_log_group",
      "name": "submit_code_lambda",
      "provider": "provider[\"registry.terraform.io/hashicorp/aws\"]",
      "instances": [
        {
          "schema_version": 0,
          "attributes": {
            "arn": "arn:aws:logs:ap-south-1:465443875617:log-group:/aws/lambda/python-lab-dev-submit-code",
            "id": "/aws/lambda/python-lab-dev-submit-code",
            "kms_key_id": "",
            "log_group_class": "STANDARD",
            "name": "/aws/lambda/python-lab-dev-submit-code",
            "name_prefix": "",
            "retention_in_days": 14,
            "skip_destroy": false,
            "tags": {
              "Environment": "dev",
              "ManagedBy": "terraform",
              "Project": "python-lab"
            },
            "tags_all": {
              "Environment": "dev",
              "ManagedBy": "terraform",
              "Project": "python-lab"
            }
          },
          "sensitive_attributes": [],
          "identity_schema_version": 0,
          "private": "bnVsbA=="
        }
      ]
    },
    {
      "mode": "managed",
      "type": "aws_dynamodb_table",
      "name": "results",
      "provider": "provider[\"registry.terraform.io/hashicorp/aws\"]",
      "instances": [
        {
          "schema_version": 1,
          "attributes": {
            "arn": "arn:aws:dynamodb:ap-south-1:465443875617:table/lab-results",
            "attribute": [
              {
                "name": "sessionId",
                "type": "S"
              }
            ],
            "billing_mode": "PAY_PER_REQUEST",
            "deletion_protection_enabled": false,
            "global_secondary_index": [],
            "hash_key": "sessionId",
            "id": "lab-results",
            "import_table": [],
            "local_secondary_index": [],
            "name": "lab-results",
            "on_demand_throughput": [],
            "point_in_time_recovery": [
              {
                "enabled": true,
                "recovery_period_in_days": 35
              }
            ],
            "range_key": null,
            "read_capacity": 0,
            "replica": [],
            "restore_date_time": null,
            "restore_source_name": null,
            "restore_source_table_arn": null,
            "restore_to_latest_time": null,
            "server_side_encryption": [],
            "stream_arn": "",
            "stream_enabled": false,
            "stream_label": "",
            "stream_view_type": "",
            "table_class": "STANDARD",
            "tags": {
              "Environment": "dev",
              "ManagedBy": "terraform",
              "Name": "lab-results",
              "Project": "python-lab"
            },
            "tags_all": {
              "Environment": "dev",
              "ManagedBy": "terraform",
              "Name": "lab-results",
              "Project": "python-lab"
            },
            "timeouts": null,
            "ttl": [
              {
                "attribute_name": "",
                "enabled": false
              }
            ],
            "write_capacity": 0
          },
          "sensitive_attributes": [],
          "identity_schema_version": 0,
          "private": "eyJlMmJmYjczMC1lY2FhLTExZTYtOGY4OC0zNDM2M2JjN2M0YzAiOnsiY3JlYXRlIjoxODAwMDAwMDAwMDAwLCJkZWxldGUiOjYwMDAwMDAwMDAwMCwidXBkYXRlIjozNjAwMDAwMDAwMDAwfSwic2NoZW1hX3ZlcnNpb24iOiIxIn0="
        }
      ]
    },
    {
      "mode": "managed",
      "type": "aws_dynamodb_table",
      "name": "sessions",
      "provider": "provider[\"registry.terraform.io/hashicorp/aws\"]",
      "instances": [
        {
          "schema_version": 1,
          "attributes": {
            "arn": "arn:aws:dynamodb:ap-south-1:465443875617:table/python-lab-sessions",
            "attribute": [
              {
                "name": "sessionId",
                "type": "S"
              }
            ],
            "billing_mode": "PAY_PER_REQUEST",
            "deletion_protection_enabled": false,
            "global_secondary_index": [],
            "hash_key": "sessionId",
            "id": "python-lab-sessions",
            "import_table": [],
            "local_secondary_index": [],
            "name": "python-lab-sessions",
            "on_demand_throughput": [],
            "point_in_time_recovery": [
              {
                "enabled": true,
                "recovery_period_in_days": 35
              }
            ],
            "range_key": null,
            "read_capacity": 0,
            "replica": [],
            "restore_date_time": null,
            "restore_source_name": null,
            "restore_source_table_arn": null,
            "restore_to_latest_time": null,
            "server_side_encryption": [],
            "stream_arn": "",
            "stream_enabled": false,
            "stream_label": "",
            "stream_view_type": "",
            "table_class": "STANDARD",
            "tags": {
              "Environment": "dev",
              "ManagedBy": "terraform",
              "Name": "python-lab-sessions",
              "Project": "python-lab"
            },
            "tags_all": {
              "Environment": "dev",
              "ManagedBy": "terraform",
              "Name": "python-lab-sessions",
              "Project": "python-lab"
            },
            "timeouts": null,
            "ttl": [
              {
                "attribute_name": "expiryTime",
                "enabled": true
              }
            ],
            "write_capacity": 0
          },
          "sensitive_attributes": [],
          "identity_schema_version": 0,
          "private": "eyJlMmJmYjczMC1lY2FhLTExZTYtOGY4OC0zNDM2M2JjN2M0YzAiOnsiY3JlYXRlIjoxODAwMDAwMDAwMDAwLCJkZWxldGUiOjYwMDAwMDAwMDAwMCwidXBkYXRlIjozNjAwMDAwMDAwMDAwfSwic2NoZW1hX3ZlcnNpb24iOiIxIn0="
        }
      ]
    },
    {
      "mode": "managed",
      "type": "aws_dynamodb_table",
      "name": "submissions",
      "provider": "provider[\"registry.terraform.io/hashicorp/aws\"]",
      "instances": [
        {
          "schema_version": 1,
          "attributes": {
            "arn": "arn:aws:dynamodb:ap-south-1:465443875617:table/lab-submissions",
            "attribute": [
              {
                "name": "sessionId",
                "type": "S"
              }
            ],
            "billing_mode": "PAY_PER_REQUEST",
            "deletion_protection_enabled": false,
            "global_secondary_index": [],
            "hash_key": "sessionId",
            "id": "lab-submissions",
            "import_table": [],
            "local_secondary_index": [],
            "name": "lab-submissions",
            "on_demand_throughput": [],
            "point_in_time_recovery": [
              {
                "enabled": true,
                "recovery_period_in_days": 35
              }
            ],
            "range_key": null,
            "read_capacity": 0,
            "replica": [],
            "restore_date_time": null,
            "restore_source_name": null,
            "restore_source_table_arn": null,
            "restore_to_latest_time": null,
            "server_side_encryption": [],
            "stream_arn": "",
            "stream_enabled": false,
            "stream_label": "",
            "stream_view_type": "",
            "table_class": "STANDARD",
            "tags": {
              "Environment": "dev",
              "ManagedBy": "terraform",
              "Name": "lab-submissions",
              "Project": "python-lab"
            },
            "tags_all": {
              "Environment": "dev",
              "ManagedBy": "terraform",
              "Name": "lab-submissions",
              "Project": "python-lab"
            },
            "timeouts": null,
            "ttl": [
              {
                "attribute_name": "",
                "enabled": false
              }
            ],
            "write_capacity": 0
          },
          "sensitive_attributes": [],
          "identity_schema_version": 0,
          "private": "eyJlMmJmYjczMC1lY2FhLTExZTYtOGY4OC0zNDM2M2JjN2M0YzAiOnsiY3JlYXRlIjoxODAwMDAwMDAwMDAwLCJkZWxldGUiOjYwMDAwMDAwMDAwMCwidXBkYXRlIjozNjAwMDAwMDAwMDAwfSwic2NoZW1hX3ZlcnNpb24iOiIxIn0="
        }
      ]
    },
    {
      "mode": "managed",
      "type": "aws_ecr_lifecycle_policy",
      "name": "lab_images",
      "provider": "provider[\"registry.terraform.io/hashicorp/aws\"]",
      "instances": [
        {
          "index_key": "dbms",
          "schema_version": 0,
          "attributes": {
            "id": "python-lab-dev-dbms-lab",
            "policy": "{\"rules\":[{\"action\":{\"type\":\"expire\"},\"description\":\"Keep last 30 images\",\"rulePriority\":1,\"selection\":{\"countNumber\":30,\"countType\":\"imageCountMoreThan\",\"tagStatus\":\"any\"}}]}",
            "registry_id": "465443875617",
            "repository": "python-lab-dev-dbms-lab"
          },
          "sensitive_attributes": [],
          "identity_schema_version": 0,
          "private": "bnVsbA==",
          "dependencies": [
            "aws_ecr_repository.lab_images"
          ]
        },
        {
          "index_key": "java",
          "schema_version": 0,
          "attributes": {
            "id": "python-lab-dev-java-lab",
            "policy": "{\"rules\":[{\"action\":{\"type\":\"expire\"},\"description\":\"Keep last 30 images\",\"rulePriority\":1,\"selection\":{\"countNumber\":30,\"countType\":\"imageCountMoreThan\",\"tagStatus\":\"any\"}}]}",
            "registry_id": "465443875617",
            "repository": "python-lab-dev-java-lab"
          },
          "sensitive_attributes": [],
          "identity_schema_version": 0,
          "private": "bnVsbA==",
          "dependencies": [
            "aws_ecr_repository.lab_images"
          ]
        },
        {
          "index_key": "linux",
          "schema_version": 0,
          "attributes": {
            "id": "python-lab-dev-linux-lab",
            "policy": "{\"rules\":[{\"action\":{\"type\":\"expire\"},\"description\":\"Keep last 30 images\",\"rulePriority\":1,\"selection\":{\"countNumber\":30,\"countType\":\"imageCountMoreThan\",\"tagStatus\":\"any\"}}]}",
            "registry_id": "465443875617",
            "repository": "python-lab-dev-linux-lab"
          },
          "sensitive_attributes": [],
          "identity_schema_version": 0,
          "private": "bnVsbA==",
          "dependencies": [
            "aws_ecr_repository.lab_images"
          ]
        },
        {
          "index_key": "python",
          "schema_version": 0,
          "attributes": {
            "id": "python-lab-dev-python-lab",
            "policy": "{\"rules\":[{\"action\":{\"type\":\"expire\"},\"description\":\"Keep last 30 images\",\"rulePriority\":1,\"selection\":{\"countNumber\":30,\"countType\":\"imageCountMoreThan\",\"tagStatus\":\"any\"}}]}",
            "registry_id": "465443875617",
            "repository": "python-lab-dev-python-lab"
          },
          "sensitive_attributes": [],
          "identity_schema_version": 0,
          "private": "bnVsbA==",
          "dependencies": [
            "aws_ecr_repository.lab_images"
          ]
        }
      ]
    },
    {
      "mode": "managed",
      "type": "aws_ecr_repository",
      "name": "lab_images",
      "provider": "provider[\"registry.terraform.io/hashicorp/aws\"]",
      "instances": [
        {
          "index_key": "dbms",
          "schema_version": 0,
          "attributes": {
            "arn": "arn:aws:ecr:ap-south-1:465443875617:repository/python-lab-dev-dbms-lab",
            "encryption_configuration": [
              {
                "encryption_type": "AES256",
                "kms_key": ""
              }
            ],
            "force_delete": null,
            "id": "python-lab-dev-dbms-lab",
            "image_scanning_configuration": [
              {
                "scan_on_push": true
              }
            ],
            "image_tag_mutability": "MUTABLE",
            "name": "python-lab-dev-dbms-lab",
            "registry_id": "465443875617",
            "repository_url": "465443875617.dkr.ecr.ap-south-1.amazonaws.com/python-lab-dev-dbms-lab",
            "tags": {
              "Environment": "dev",
              "LabType": "dbms",
              "ManagedBy": "terraform",
              "Name": "python-lab-dev-dbms-lab-ecr",
              "Project": "python-lab"
            },
            "tags_all": {
              "Environment": "dev",
              "LabType": "dbms",
              "ManagedBy": "terraform",
              "Name": "python-lab-dev-dbms-lab-ecr",
              "Project": "python-lab"
            },
            "timeouts": null
          },
          "sensitive_attributes": [],
          "identity_schema_version": 0,
          "private": "eyJlMmJmYjczMC1lY2FhLTExZTYtOGY4OC0zNDM2M2JjN2M0YzAiOnsiZGVsZXRlIjoxMjAwMDAwMDAwMDAwfX0="
        },
        {
          "index_key": "java",
          "schema_version": 0,
          "attributes": {
            "arn": "arn:aws:ecr:ap-south-1:465443875617:repository/python-lab-dev-java-lab",
            "encryption_configuration": [
              {
                "encryption_type": "AES256",
                "kms_key": ""
              }
            ],
            "force_delete": null,
            "id": "python-lab-dev-java-lab",
            "image_scanning_configuration": [
              {
                "scan_on_push": true
              }
            ],
            "image_tag_mutability": "MUTABLE",
            "name": "python-lab-dev-java-lab",
            "registry_id": "465443875617",
            "repository_url": "465443875617.dkr.ecr.ap-south-1.amazonaws.com/python-lab-dev-java-lab",
            "tags": {
              "Environment": "dev",
              "LabType": "java",
              "ManagedBy": "terraform",
              "Name": "python-lab-dev-java-lab-ecr",
              "Project": "python-lab"
            },
            "tags_all": {
              "Environment": "dev",
              "LabType": "java",
              "ManagedBy": "terraform",
              "Name": "python-lab-dev-java-lab-ecr",
              "Project": "python-lab"
            },
            "timeouts": null
          },
          "sensitive_attributes": [],
          "identity_schema_version": 0,
          "private": "eyJlMmJmYjczMC1lY2FhLTExZTYtOGY4OC0zNDM2M2JjN2M0YzAiOnsiZGVsZXRlIjoxMjAwMDAwMDAwMDAwfX0="
        },
        {
          "index_key": "linux",
          "schema_version": 0,
          "attributes": {
            "arn": "arn:aws:ecr:ap-south-1:465443875617:repository/python-lab-dev-linux-lab",
            "encryption_configuration": [
              {
                "encryption_type": "AES256",
                "kms_key": ""
              }
            ],
            "force_delete": null,
            "id": "python-lab-dev-linux-lab",
            "image_scanning_configuration": [
              {
                "scan_on_push": true
              }
            ],
            "image_tag_mutability": "MUTABLE",
            "name": "python-lab-dev-linux-lab",
            "registry_id": "465443875617",
            "repository_url": "465443875617.dkr.ecr.ap-south-1.amazonaws.com/python-lab-dev-linux-lab",
            "tags": {
              "Environment": "dev",
              "LabType": "linux",
              "ManagedBy": "terraform",
              "Name": "python-lab-dev-linux-lab-ecr",
              "Project": "python-lab"
            },
            "tags_all": {
              "Environment": "dev",
              "LabType": "linux",
              "ManagedBy": "terraform",
              "Name": "python-lab-dev-linux-lab-ecr",
              "Project": "python-lab"
            },
            "timeouts": null
          },
          "sensitive_attributes": [],
          "identity_schema_version": 0,
          "private": "eyJlMmJmYjczMC1lY2FhLTExZTYtOGY4OC0zNDM2M2JjN2M0YzAiOnsiZGVsZXRlIjoxMjAwMDAwMDAwMDAwfX0="
        },
        {
          "index_key": "python",
          "schema_version": 0,
          "attributes": {
            "arn": "arn:aws:ecr:ap-south-1:465443875617:repository/python-lab-dev-python-lab",
            "encryption_configuration": [
              {
                "encryption_type": "AES256",
                "kms_key": ""
              }
            ],
            "force_delete": null,
            "id": "python-lab-dev-python-lab",
            "image_scanning_configuration": [
              {
                "scan_on_push": true
              }
            ],
            "image_tag_mutability": "MUTABLE",
            "name": "python-lab-dev-python-lab",
            "registry_id": "465443875617",
            "repository_url": "465443875617.dkr.ecr.ap-south-1.amazonaws.com/python-lab-dev-python-lab",
            "tags": {
              "Environment": "dev",
              "LabType": "python",
              "ManagedBy": "terraform",
              "Name": "python-lab-dev-python-lab-ecr",
              "Project": "python-lab"
            },
            "tags_all": {
              "Environment": "dev",
              "LabType": "python",
              "ManagedBy": "terraform",
              "Name": "python-lab-dev-python-lab-ecr",
              "Project": "python-lab"
            },
            "timeouts": null
          },
          "sensitive_attributes": [],
          "identity_schema_version": 0,
          "private": "eyJlMmJmYjczMC1lY2FhLTExZTYtOGY4OC0zNDM2M2JjN2M0YzAiOnsiZGVsZXRlIjoxMjAwMDAwMDAwMDAwfX0="
        }
      ]
    },
    {
      "mode": "managed",
      "type": "aws_ecs_cluster",
      "name": "lab",
      "provider": "provider[\"registry.terraform.io/hashicorp/aws\"]",
      "instances": [
        {
          "schema_version": 0,
          "attributes": {
            "arn": "arn:aws:ecs:ap-south-1:465443875617:cluster/python-lab-dev-cluster",
            "configuration": [],
            "id": "arn:aws:ecs:ap-south-1:465443875617:cluster/python-lab-dev-cluster",
            "name": "python-lab-dev-cluster",
            "service_connect_defaults": [],
            "setting": [
              {
                "name": "containerInsights",
                "value": "enabled"
              }
            ],
            "tags": {
              "Environment": "dev",
              "ManagedBy": "terraform",
              "Name": "python-lab-dev-cluster",
              "Project": "python-lab"
            },
            "tags_all": {
              "Environment": "dev",
              "ManagedBy": "terraform",
              "Name": "python-lab-dev-cluster",
              "Project": "python-lab"
            }
          },
          "sensitive_attributes": [],
          "identity_schema_version": 0,
          "private": "bnVsbA=="
        }
      ]
    },
    {
      "mode": "managed",
      "type": "aws_ecs_task_definition",
      "name": "lab",
      "provider": "provider[\"registry.terraform.io/hashicorp/aws\"]",
      "instances": [
        {
          "index_key": "dbms",
          "schema_version": 1,
          "attributes": {
            "arn": "arn:aws:ecs:ap-south-1:465443875617:task-definition/python-lab-dev-dbms-task:1",
            "arn_without_revision": "arn:aws:ecs:ap-south-1:465443875617:task-definition/python-lab-dev-dbms-task",
            "container_definitions": "[{\"environment\":[{\"name\":\"PYTHONUNBUFFERED\",\"value\":\"1\"}],\"essential\":true,\"image\":\"465443875617.dkr.ecr.ap-south-1.amazonaws.com/python-lab-dev-dbms-lab:latest\",\"logConfiguration\":{\"logDriver\":\"awslogs\",\"options\":{\"awslogs-region\":\"ap-south-1\",\"awslogs-stream-prefix\":\"ecs\",\"awslogs-group\":\"/aws/ecs/python-lab-dev-lab\"}},\"mountPoints\":[],\"name\":\"lab-runtime\",\"portMappings\":[{\"containerPort\":8888,\"hostPort\":8888,\"protocol\":\"tcp\"}],\"systemControls\":[],\"volumesFrom\":[]}]",
            "cpu": "512",
            "enable_fault_injection": false,
            "ephemeral_storage": [
              {
                "size_in_gib": 30
              }
            ],
            "execution_role_arn": "arn:aws:iam::465443875617:role/python-lab-dev-ecs-task-execution-role",
            "family": "python-lab-dev-dbms-task",
            "id": "python-lab-dev-dbms-task",
            "inference_accelerator": [],
            "ipc_mode": "",
            "memory": "1024",
            "network_mode": "awsvpc",
            "pid_mode": "",
            "placement_constraints": [],
            "proxy_configuration": [],
            "requires_compatibilities": [
              "FARGATE"
            ],
            "revision": 1,
            "runtime_platform": [],
            "skip_destroy": false,
            "tags": {
              "Environment": "dev",
              "ManagedBy": "terraform",
              "Project": "python-lab"
            },
            "tags_all": {
              "Environment": "dev",
              "ManagedBy": "terraform",
              "Project": "python-lab"
            },
            "task_role_arn": "arn:aws:iam::465443875617:role/python-lab-dev-ecs-task-role",
            "track_latest": false,
            "volume": []
          },
          "sensitive_attributes": [],
          "identity_schema_version": 0,
          "private": "eyJzY2hlbWFfdmVyc2lvbiI6IjEifQ==",
          "dependencies": [
            "aws_cloudwatch_log_group.ecs",
            "aws_ecr_repository.lab_images",
            "aws_iam_role.ecs_task",
            "aws_iam_role.ecs_task_execution",
            "data.aws_iam_policy_document.ecs_task_execution_assume_role"
          ]
        },
        {
          "index_key": "java",
          "schema_version": 1,
          "attributes": {
            "arn": "arn:aws:ecs:ap-south-1:465443875617:task-definition/python-lab-dev-java-task:1",
            "arn_without_revision": "arn:aws:ecs:ap-south-1:465443875617:task-definition/python-lab-dev-java-task",
            "container_definitions": "[{\"environment\":[{\"name\":\"PYTHONUNBUFFERED\",\"value\":\"1\"}],\"essential\":true,\"image\":\"465443875617.dkr.ecr.ap-south-1.amazonaws.com/python-lab-dev-java-lab:latest\",\"logConfiguration\":{\"logDriver\":\"awslogs\",\"options\":{\"awslogs-stream-prefix\":\"ecs\",\"awslogs-group\":\"/aws/ecs/python-lab-dev-lab\",\"awslogs-region\":\"ap-south-1\"}},\"mountPoints\":[],\"name\":\"lab-runtime\",\"portMappings\":[{\"containerPort\":8888,\"hostPort\":8888,\"protocol\":\"tcp\"}],\"systemControls\":[],\"volumesFrom\":[]}]",
            "cpu": "512",
            "enable_fault_injection": false,
            "ephemeral_storage": [
              {
                "size_in_gib": 30
              }
            ],
            "execution_role_arn": "arn:aws:iam::465443875617:role/python-lab-dev-ecs-task-execution-role",
            "family": "python-lab-dev-java-task",
            "id": "python-lab-dev-java-task",
            "inference_accelerator": [],
            "ipc_mode": "",
            "memory": "1024",
            "network_mode": "awsvpc",
            "pid_mode": "",
            "placement_constraints": [],
            "proxy_configuration": [],
            "requires_compatibilities": [
              "FARGATE"
            ],
            "revision": 1,
            "runtime_platform": [],
            "skip_destroy": false,
            "tags": {
              "Environment": "dev",
              "ManagedBy": "terraform",
              "Project": "python-lab"
            },
            "tags_all": {
              "Environment": "dev",
              "ManagedBy": "terraform",
              "Project": "python-lab"
            },
            "task_role_arn": "arn:aws:iam::465443875617:role/python-lab-dev-ecs-task-role",
            "track_latest": false,
            "volume": []
          },
          "sensitive_attributes": [],
          "identity_schema_version": 0,
          "private": "eyJzY2hlbWFfdmVyc2lvbiI6IjEifQ==",
          "dependencies": [
            "aws_cloudwatch_log_group.ecs",
            "aws_ecr_repository.lab_images",
            "aws_iam_role.ecs_task",
            "aws_iam_role.ecs_task_execution",
            "data.aws_iam_policy_document.ecs_task_execution_assume_role"
          ]
        },
        {
          "index_key": "linux",
          "schema_version": 1,
          "attributes": {
            "arn": "arn:aws:ecs:ap-south-1:465443875617:task-definition/python-lab-dev-linux-task:1",
            "arn_without_revision": "arn:aws:ecs:ap-south-1:465443875617:task-definition/python-lab-dev-linux-task",
            "container_definitions": "[{\"environment\":[{\"name\":\"PYTHONUNBUFFERED\",\"value\":\"1\"}],\"essential\":true,\"image\":\"465443875617.dkr.ecr.ap-south-1.amazonaws.com/python-lab-dev-linux-lab:latest\",\"logConfiguration\":{\"logDriver\":\"awslogs\",\"options\":{\"awslogs-stream-prefix\":\"ecs\",\"awslogs-group\":\"/aws/ecs/python-lab-dev-lab\",\"awslogs-region\":\"ap-south-1\"}},\"mountPoints\":[],\"name\":\"lab-runtime\",\"portMappings\":[{\"containerPort\":8888,\"hostPort\":8888,\"protocol\":\"tcp\"}],\"systemControls\":[],\"volumesFrom\":[]}]",
            "cpu": "512",
            "enable_fault_injection": false,
            "ephemeral_storage": [
              {
                "size_in_gib": 30
              }
            ],
            "execution_role_arn": "arn:aws:iam::465443875617:role/python-lab-dev-ecs-task-execution-role",
            "family": "python-lab-dev-linux-task",
            "id": "python-lab-dev-linux-task",
            "inference_accelerator": [],
            "ipc_mode": "",
            "memory": "1024",
            "network_mode": "awsvpc",
            "pid_mode": "",
            "placement_constraints": [],
            "proxy_configuration": [],
            "requires_compatibilities": [
              "FARGATE"
            ],
            "revision": 1,
            "runtime_platform": [],
            "skip_destroy": false,
            "tags": {
              "Environment": "dev",
              "ManagedBy": "terraform",
              "Project": "python-lab"
            },
            "tags_all": {
              "Environment": "dev",
              "ManagedBy": "terraform",
              "Project": "python-lab"
            },
            "task_role_arn": "arn:aws:iam::465443875617:role/python-lab-dev-ecs-task-role",
            "track_latest": false,
            "volume": []
          },
          "sensitive_attributes": [],
          "identity_schema_version": 0,
          "private": "eyJzY2hlbWFfdmVyc2lvbiI6IjEifQ==",
          "dependencies": [
            "aws_cloudwatch_log_group.ecs",
            "aws_ecr_repository.lab_images",
            "aws_iam_role.ecs_task",
            "aws_iam_role.ecs_task_execution",
            "data.aws_iam_policy_document.ecs_task_execution_assume_role"
          ]
        },
        {
          "index_key": "python",
          "schema_version": 1,
          "attributes": {
            "arn": "arn:aws:ecs:ap-south-1:465443875617:task-definition/python-lab-dev-python-task:1",
            "arn_without_revision": "arn:aws:ecs:ap-south-1:465443875617:task-definition/python-lab-dev-python-task",
            "container_definitions": "[{\"environment\":[{\"name\":\"PYTHONUNBUFFERED\",\"value\":\"1\"}],\"essential\":true,\"image\":\"465443875617.dkr.ecr.ap-south-1.amazonaws.com/python-lab-dev-python-lab:latest\",\"logConfiguration\":{\"logDriver\":\"awslogs\",\"options\":{\"awslogs-group\":\"/aws/ecs/python-lab-dev-lab\",\"awslogs-region\":\"ap-south-1\",\"awslogs-stream-prefix\":\"ecs\"}},\"mountPoints\":[],\"name\":\"lab-runtime\",\"portMappings\":[{\"containerPort\":8888,\"hostPort\":8888,\"protocol\":\"tcp\"}],\"systemControls\":[],\"volumesFrom\":[]}]",
            "cpu": "512",
            "enable_fault_injection": false,
            "ephemeral_storage": [
              {
                "size_in_gib": 30
              }
            ],
            "execution_role_arn": "arn:aws:iam::465443875617:role/python-lab-dev-ecs-task-execution-role",
            "family": "python-lab-dev-python-task",
            "id": "python-lab-dev-python-task",
            "inference_accelerator": [],
            "ipc_mode": "",
            "memory": "1024",
            "network_mode": "awsvpc",
            "pid_mode": "",
            "placement_constraints": [],
            "proxy_configuration": [],
            "requires_compatibilities": [
              "FARGATE"
            ],
            "revision": 1,
            "runtime_platform": [],
            "skip_destroy": false,
            "tags": {
              "Environment": "dev",
              "ManagedBy": "terraform",
              "Project": "python-lab"
            },
            "tags_all": {
              "Environment": "dev",
              "ManagedBy": "terraform",
              "Project": "python-lab"
            },
            "task_role_arn": "arn:aws:iam::465443875617:role/python-lab-dev-ecs-task-role",
            "track_latest": false,
            "volume": []
          },
          "sensitive_attributes": [],
          "identity_schema_version": 0,
          "private": "eyJzY2hlbWFfdmVyc2lvbiI6IjEifQ==",
          "dependencies": [
            "aws_cloudwatch_log_group.ecs",
            "aws_ecr_repository.lab_images",
            "aws_iam_role.ecs_task",
            "aws_iam_role.ecs_task_execution",
            "data.aws_iam_policy_document.ecs_task_execution_assume_role"
          ]
        }
      ]
    },
    {
      "mode": "managed",
      "type": "aws_iam_role",
      "name": "ecs_task",
      "provider": "provider[\"registry.terraform.io/hashicorp/aws\"]",
      "instances": [
        {
          "schema_version": 0,
          "attributes": {
            "arn": "arn:aws:iam::465443875617:role/python-lab-dev-ecs-task-role",
            "assume_role_policy": "{\"Statement\":[{\"Action\":\"sts:AssumeRole\",\"Effect\":\"Allow\",\"Principal\":{\"Service\":\"ecs-tasks.amazonaws.com\"}}],\"Version\":\"2012-10-17\"}",
            "create_date": "2026-04-22T10:33:33Z",
            "description": "",
            "force_detach_policies": false,
            "id": "python-lab-dev-ecs-task-role",
            "inline_policy": [],
            "managed_policy_arns": [],
            "max_session_duration": 3600,
            "name": "python-lab-dev-ecs-task-role",
            "name_prefix": "",
            "path": "/",
            "permissions_boundary": "",
            "tags": {
              "Environment": "dev",
              "ManagedBy": "terraform",
              "Project": "python-lab"
            },
            "tags_all": {
              "Environment": "dev",
              "ManagedBy": "terraform",
              "Project": "python-lab"
            },
            "unique_id": "AROAWYXU55MQUBTBVLKMY"
          },
          "sensitive_attributes": [],
          "identity_schema_version": 0,
          "private": "bnVsbA==",
          "dependencies": [
            "data.aws_iam_policy_document.ecs_task_execution_assume_role"
          ]
        }
      ]
    },
    {
      "mode": "managed",
      "type": "aws_iam_role",
      "name": "ecs_task_execution",
      "provider": "provider[\"registry.terraform.io/hashicorp/aws\"]",
      "instances": [
        {
          "schema_version": 0,
          "attributes": {
            "arn": "arn:aws:iam::465443875617:role/python-lab-dev-ecs-task-execution-role",
            "assume_role_policy": "{\"Statement\":[{\"Action\":\"sts:AssumeRole\",\"Effect\":\"Allow\",\"Principal\":{\"Service\":\"ecs-tasks.amazonaws.com\"}}],\"Version\":\"2012-10-17\"}",
            "create_date": "2026-04-22T10:33:33Z",
            "description": "",
            "force_detach_policies": false,
            "id": "python-lab-dev-ecs-task-execution-role",
            "inline_policy": [],
            "managed_policy_arns": [
              "arn:aws:iam::aws:policy/service-role/AmazonECSTaskExecutionRolePolicy"
            ],
            "max_session_duration": 3600,
            "name": "python-lab-dev-ecs-task-execution-role",
            "name_prefix": "",
            "path": "/",
            "permissions_boundary": "",
            "tags": {
              "Environment": "dev",
              "ManagedBy": "terraform",
              "Project": "python-lab"
            },
            "tags_all": {
              "Environment": "dev",
              "ManagedBy": "terraform",
              "Project": "python-lab"
            },
            "unique_id": "AROAWYXU55MQ5T62ME62M"
          },
          "sensitive_attributes": [],
          "identity_schema_version": 0,
          "private": "bnVsbA==",
          "dependencies": [
            "data.aws_iam_policy_document.ecs_task_execution_assume_role"
          ]
        }
      ]
    },
    {
      "mode": "managed",
      "type": "aws_iam_role",
      "name": "lab_ops_lambda",
      "provider": "provider[\"registry.terraform.io/hashicorp/aws\"]",
      "instances": [
        {
          "schema_version": 0,
          "attributes": {
            "arn": "arn:aws:iam::465443875617:role/python-lab-dev-lab-ops-lambda-role",
            "assume_role_policy": "{\"Statement\":[{\"Action\":\"sts:AssumeRole\",\"Effect\":\"Allow\",\"Principal\":{\"Service\":\"lambda.amazonaws.com\"}}],\"Version\":\"2012-10-17\"}",
            "create_date": "2026-04-22T10:33:33Z",
            "description": "",
            "force_detach_policies": false,
            "id": "python-lab-dev-lab-ops-lambda-role",
            "inline_policy": [
              {
                "name": "python-lab-dev-lab-ops-policy",
                "policy": "{\"Version\":\"2012-10-17\",\"Statement\":[{\"Action\":[\"logs:PutLogEvents\",\"logs:GetLogEvents\",\"logs:DescribeLogStreams\",\"logs:CreateLogStream\",\"logs:CreateLogGroup\"],\"Effect\":\"Allow\",\"Resource\":\"*\",\"Sid\":\"CloudWatchLogs\"},{\"Action\":[\"ec2:UnassignPrivateIpAddresses\",\"ec2:DescribeNetworkInterfaces\",\"ec2:DeleteNetworkInterface\",\"ec2:CreateNetworkInterface\",\"ec2:AssignPrivateIpAddresses\"],\"Effect\":\"Allow\",\"Resource\":\"*\",\"Sid\":\"VpcNetworking\"},{\"Action\":[\"ecs:StopTask\",\"ecs:RunTask\",\"ecs:ExecuteCommand\",\"ecs:DescribeTasks\"],\"Effect\":\"Allow\",\"Resource\":\"*\",\"Sid\":\"EcsExecution\"},{\"Action\":\"iam:PassRole\",\"Effect\":\"Allow\",\"Resource\":[\"arn:aws:iam::465443875617:role/python-lab-dev-ecs-task-role\",\"arn:aws:iam::465443875617:role/python-lab-dev-ecs-task-execution-role\"],\"Sid\":\"PassEcsRoles\"},{\"Action\":[\"dynamodb:UpdateItem\",\"dynamodb:Scan\",\"dynamodb:Query\",\"dynamodb:PutItem\",\"dynamodb:GetItem\",\"dynamodb:DeleteItem\"],\"Effect\":\"Allow\",\"Resource\":[\"arn:aws:dynamodb:ap-south-1:465443875617:table/python-lab-sessions\",\"arn:aws:dynamodb:ap-south-1:465443875617:table/lab-submissions\",\"arn:aws:dynamodb:ap-south-1:465443875617:table/lab-results\"],\"Sid\":\"DynamoAccess\"},{\"Action\":[\"s3:ListBucket\",\"s3:GetObject\"],\"Effect\":\"Allow\",\"Resource\":[\"arn:aws:s3:::python-lab-dev-test-cases-z18dh34l/*\",\"arn:aws:s3:::python-lab-dev-test-cases-z18dh34l\"],\"Sid\":\"S3TestCases\"},{\"Action\":\"lambda:InvokeFunction\",\"Effect\":\"Allow\",\"Resource\":\"*\",\"Sid\":\"InvokeLabLambdas\"}]}"
              }
            ],
            "managed_policy_arns": [],
            "max_session_duration": 3600,
            "name": "python-lab-dev-lab-ops-lambda-role",
            "name_prefix": "",
            "path": "/",
            "permissions_boundary": "",
            "tags": {
              "Environment": "dev",
              "ManagedBy": "terraform",
              "Project": "python-lab"
            },
            "tags_all": {
              "Environment": "dev",
              "ManagedBy": "terraform",
              "Project": "python-lab"
            },
            "unique_id": "AROAWYXU55MQ3DHCTIKU3"
          },
          "sensitive_attributes": [],
          "identity_schema_version": 0,
          "private": "bnVsbA==",
          "dependencies": [
            "data.aws_iam_policy_document.lambda_assume_role"
          ]
        }
      ]
    },
    {
      "mode": "managed",
      "type": "aws_iam_role",
      "name": "scheduler_invoke_stop_lambda",
      "provider": "provider[\"registry.terraform.io/hashicorp/aws\"]",
      "instances": [
        {
          "schema_version": 0,
          "attributes": {
            "arn": "arn:aws:iam::465443875617:role/python-lab-dev-scheduler-stop-lambda-role",
            "assume_role_policy": "{\"Statement\":[{\"Action\":\"sts:AssumeRole\",\"Effect\":\"Allow\",\"Principal\":{\"Service\":\"scheduler.amazonaws.com\"}}],\"Version\":\"2012-10-17\"}",
            "create_date": "2026-04-22T10:33:34Z",
            "description": "",
            "force_detach_policies": false,
            "id": "python-lab-dev-scheduler-stop-lambda-role",
            "inline_policy": [
              {
                "name": "python-lab-dev-scheduler-stop-lambda-policy",
                "policy": "{\"Version\":\"2012-10-17\",\"Statement\":[{\"Action\":\"lambda:InvokeFunction\",\"Effect\":\"Allow\",\"Resource\":[\"arn:aws:lambda:ap-south-1:465443875617:function:python-lab-dev-stop-lab\",\"arn:aws:lambda:ap-south-1:465443875617:function:python-lab-dev-grade-lab\",\"arn:aws:lambda:ap-south-1:465443875617:function:python-lab-dev-cleanup-expired\"]}]}"
              }
            ],
            "managed_policy_arns": [],
            "max_session_duration": 3600,
            "name": "python-lab-dev-scheduler-stop-lambda-role",
            "name_prefix": "",
            "path": "/",
            "permissions_boundary": "",
            "tags": {
              "Environment": "dev",
              "ManagedBy": "terraform",
              "Project": "python-lab"
            },
            "tags_all": {
              "Environment": "dev",
              "ManagedBy": "terraform",
              "Project": "python-lab"
            },
            "unique_id": "AROAWYXU55MQ6FVXEZAOX"
          },
          "sensitive_attributes": [],
          "identity_schema_version": 0,
          "private": "bnVsbA==",
          "dependencies": [
            "data.aws_iam_policy_document.scheduler_assume_role"
          ]
        }
      ]
    },
    {
      "mode": "managed",
      "type": "aws_iam_role",
      "name": "start_lab_lambda",
      "provider": "provider[\"registry.terraform.io/hashicorp/aws\"]",
      "instances": [
        {
          "schema_version": 0,
          "attributes": {
            "arn": "arn:aws:iam::465443875617:role/python-lab-dev-start-lab-lambda-role",
            "assume_role_policy": "{\"Statement\":[{\"Action\":\"sts:AssumeRole\",\"Effect\":\"Allow\",\"Principal\":{\"Service\":\"lambda.amazonaws.com\"}}],\"Version\":\"2012-10-17\"}",
            "create_date": "2026-04-22T10:33:34Z",
            "description": "",
            "force_detach_policies": false,
            "id": "python-lab-dev-start-lab-lambda-role",
            "inline_policy": [
              {
                "name": "python-lab-dev-start-lab-policy",
                "policy": "{\"Version\":\"2012-10-17\",\"Statement\":[{\"Action\":[\"logs:PutLogEvents\",\"logs:CreateLogStream\",\"logs:CreateLogGroup\"],\"Effect\":\"Allow\",\"Resource\":\"*\",\"Sid\":\"CloudWatchLogs\"},{\"Action\":[\"ec2:UnassignPrivateIpAddresses\",\"ec2:DescribeNetworkInterfaces\",\"ec2:DeleteNetworkInterface\",\"ec2:CreateNetworkInterface\",\"ec2:AssignPrivateIpAddresses\"],\"Effect\":\"Allow\",\"Resource\":\"*\",\"Sid\":\"VpcNetworking\"},{\"Action\":[\"ecs:RunTask\",\"ecs:DescribeTasks\"],\"Effect\":\"Allow\",\"Resource\":[\"arn:aws:ecs:ap-south-1:465443875617:task-definition/python-lab-dev-python-task:1\",\"arn:aws:ecs:ap-south-1:465443875617:task-definition/python-lab-dev-linux-task:1\",\"arn:aws:ecs:ap-south-1:465443875617:task-definition/python-lab-dev-java-task:1\",\"arn:aws:ecs:ap-south-1:465443875617:task-definition/python-lab-dev-dbms-task:1\",\"arn:aws:ecs:ap-south-1:465443875617:cluster/python-lab-dev-cluster\"],\"Sid\":\"RunAndDescribeEcsTasks\"},{\"Action\":\"iam:PassRole\",\"Effect\":\"Allow\",\"Resource\":[\"arn:aws:iam::465443875617:role/python-lab-dev-scheduler-stop-lambda-role\",\"arn:aws:iam::465443875617:role/python-lab-dev-ecs-task-role\",\"arn:aws:iam::465443875617:role/python-lab-dev-ecs-task-execution-role\"],\"Sid\":\"PassEcsRoles\"},{\"Action\":[\"scheduler:GetSchedule\",\"scheduler:DeleteSchedule\",\"scheduler:CreateSchedule\"],\"Effect\":\"Allow\",\"Resource\":[\"arn:aws:scheduler:ap-south-1:465443875617:schedule-group/python-lab-dev-sessions\",\"arn:aws:scheduler:ap-south-1:*:schedule/python-lab-dev-sessions/*\"],\"Sid\":\"ManageSchedules\"},{\"Action\":[\"dynamodb:UpdateItem\",\"dynamodb:PutItem\",\"dynamodb:GetItem\",\"dynamodb:DeleteItem\"],\"Effect\":\"Allow\",\"Resource\":\"arn:aws:dynamodb:ap-south-1:465443875617:table/python-lab-sessions\",\"Sid\":\"SessionTableWrite\"}]}"
              }
            ],
            "managed_policy_arns": [],
            "max_session_duration": 3600,
            "name": "python-lab-dev-start-lab-lambda-role",
            "name_prefix": "",
            "path": "/",
            "permissions_boundary": "",
            "tags": {
              "Environment": "dev",
              "ManagedBy": "terraform",
              "Project": "python-lab"
            },
            "tags_all": {
              "Environment": "dev",
              "ManagedBy": "terraform",
              "Project": "python-lab"
            },
            "unique_id": "AROAWYXU55MQX6MO6D3IL"
          },
          "sensitive_attributes": [],
          "identity_schema_version": 0,
          "private": "bnVsbA==",
          "dependencies": [
            "data.aws_iam_policy_document.lambda_assume_role"
          ]
        }
      ]
    },
    {
      "mode": "managed",
      "type": "aws_iam_role",
      "name": "stop_lab_lambda",
      "provider": "provider[\"registry.terraform.io/hashicorp/aws\"]",
      "instances": [
        {
          "schema_version": 0,
          "attributes": {
            "arn": "arn:aws:iam::465443875617:role/python-lab-dev-stop-lab-lambda-role",
            "assume_role_policy": "{\"Statement\":[{\"Action\":\"sts:AssumeRole\",\"Effect\":\"Allow\",\"Principal\":{\"Service\":\"lambda.amazonaws.com\"}}],\"Version\":\"2012-10-17\"}",
            "create_date": "2026-04-22T10:33:34Z",
            "description": "",
            "force_detach_policies": false,
            "id": "python-lab-dev-stop-lab-lambda-role",
            "inline_policy": [
              {
                "name": "python-lab-dev-stop-lab-policy",
                "policy": "{\"Version\":\"2012-10-17\",\"Statement\":[{\"Action\":[\"logs:PutLogEvents\",\"logs:CreateLogStream\",\"logs:CreateLogGroup\"],\"Effect\":\"Allow\",\"Resource\":\"*\",\"Sid\":\"CloudWatchLogs\"},{\"Action\":[\"ec2:UnassignPrivateIpAddresses\",\"ec2:DescribeNetworkInterfaces\",\"ec2:DeleteNetworkInterface\",\"ec2:CreateNetworkInterface\",\"ec2:AssignPrivateIpAddresses\"],\"Effect\":\"Allow\",\"Resource\":\"*\",\"Sid\":\"VpcNetworking\"},{\"Action\":[\"ecs:StopTask\",\"ecs:DescribeTasks\"],\"Effect\":\"Allow\",\"Resource\":\"*\",\"Sid\":\"StopAndDescribeEcsTasks\"},{\"Action\":[\"scheduler:GetSchedule\",\"scheduler:DeleteSchedule\"],\"Effect\":\"Allow\",\"Resource\":[\"arn:aws:scheduler:ap-south-1:465443875617:schedule-group/python-lab-dev-sessions\",\"arn:aws:scheduler:ap-south-1:*:schedule/python-lab-dev-sessions/*\"],\"Sid\":\"ManageSchedules\"},{\"Action\":[\"dynamodb:UpdateItem\",\"dynamodb:GetItem\",\"dynamodb:DeleteItem\"],\"Effect\":\"Allow\",\"Resource\":\"arn:aws:dynamodb:ap-south-1:465443875617:table/python-lab-sessions\",\"Sid\":\"SessionTableReadWrite\"}]}"
              }
            ],
            "managed_policy_arns": [],
            "max_session_duration": 3600,
            "name": "python-lab-dev-stop-lab-lambda-role",
            "name_prefix": "",
            "path": "/",
            "permissions_boundary": "",
            "tags": {
              "Environment": "dev",
              "ManagedBy": "terraform",
              "Project": "python-lab"
            },
            "tags_all": {
              "Environment": "dev",
              "ManagedBy": "terraform",
              "Project": "python-lab"
            },
            "unique_id": "AROAWYXU55MQYURI2UT2K"
          },
          "sensitive_attributes": [],
          "identity_schema_version": 0,
          "private": "bnVsbA==",
          "dependencies": [
            "data.aws_iam_policy_document.lambda_assume_role"
          ]
        }
      ]
    },
    {
      "mode": "managed",
      "type": "aws_iam_role_policy",
      "name": "lab_ops_lambda",
      "provider": "provider[\"registry.terraform.io/hashicorp/aws\"]",
      "instances": [
        {
          "schema_version": 0,
          "attributes": {
            "id": "python-lab-dev-lab-ops-lambda-role:python-lab-dev-lab-ops-policy",
            "name": "python-lab-dev-lab-ops-policy",
            "name_prefix": "",
            "policy": "{\"Version\":\"2012-10-17\",\"Statement\":[{\"Action\":[\"logs:PutLogEvents\",\"logs:GetLogEvents\",\"logs:DescribeLogStreams\",\"logs:CreateLogStream\",\"logs:CreateLogGroup\"],\"Effect\":\"Allow\",\"Resource\":\"*\",\"Sid\":\"CloudWatchLogs\"},{\"Action\":[\"ec2:UnassignPrivateIpAddresses\",\"ec2:DescribeNetworkInterfaces\",\"ec2:DeleteNetworkInterface\",\"ec2:CreateNetworkInterface\",\"ec2:AssignPrivateIpAddresses\"],\"Effect\":\"Allow\",\"Resource\":\"*\",\"Sid\":\"VpcNetworking\"},{\"Action\":[\"ecs:StopTask\",\"ecs:RunTask\",\"ecs:ExecuteCommand\",\"ecs:DescribeTasks\"],\"Effect\":\"Allow\",\"Resource\":\"*\",\"Sid\":\"EcsExecution\"},{\"Action\":\"iam:PassRole\",\"Effect\":\"Allow\",\"Resource\":[\"arn:aws:iam::465443875617:role/python-lab-dev-ecs-task-role\",\"arn:aws:iam::465443875617:role/python-lab-dev-ecs-task-execution-role\"],\"Sid\":\"PassEcsRoles\"},{\"Action\":[\"dynamodb:UpdateItem\",\"dynamodb:Scan\",\"dynamodb:Query\",\"dynamodb:PutItem\",\"dynamodb:GetItem\",\"dynamodb:DeleteItem\"],\"Effect\":\"Allow\",\"Resource\":[\"arn:aws:dynamodb:ap-south-1:465443875617:table/python-lab-sessions\",\"arn:aws:dynamodb:ap-south-1:465443875617:table/lab-submissions\",\"arn:aws:dynamodb:ap-south-1:465443875617:table/lab-results\"],\"Sid\":\"DynamoAccess\"},{\"Action\":[\"s3:ListBucket\",\"s3:GetObject\"],\"Effect\":\"Allow\",\"Resource\":[\"arn:aws:s3:::python-lab-dev-test-cases-z18dh34l/*\",\"arn:aws:s3:::python-lab-dev-test-cases-z18dh34l\"],\"Sid\":\"S3TestCases\"},{\"Action\":\"lambda:InvokeFunction\",\"Effect\":\"Allow\",\"Resource\":\"*\",\"Sid\":\"InvokeLabLambdas\"}]}",
            "role": "python-lab-dev-lab-ops-lambda-role"
          },
          "sensitive_attributes": [],
          "identity_schema_version": 0,
          "private": "bnVsbA==",
          "dependencies": [
            "aws_dynamodb_table.results",
            "aws_dynamodb_table.sessions",
            "aws_dynamodb_table.submissions",
            "aws_iam_role.ecs_task",
            "aws_iam_role.ecs_task_execution",
            "aws_iam_role.lab_ops_lambda",
            "aws_s3_bucket.test_cases",
            "data.aws_iam_policy_document.ecs_task_execution_assume_role",
            "data.aws_iam_policy_document.lab_ops_lambda",
            "data.aws_iam_policy_document.lambda_assume_role",
            "random_string.test_cases_suffix"
          ]
        }
      ]
    },
    {
      "mode": "managed",
      "type": "aws_iam_role_policy",
      "name": "scheduler_invoke_stop_lambda",
      "provider": "provider[\"registry.terraform.io/hashicorp/aws\"]",
      "instances": [
        {
          "schema_version": 0,
          "attributes": {
            "id": "python-lab-dev-scheduler-stop-lambda-role:python-lab-dev-scheduler-stop-lambda-policy",
            "name": "python-lab-dev-scheduler-stop-lambda-policy",
            "name_prefix": "",
            "policy": "{\"Version\":\"2012-10-17\",\"Statement\":[{\"Action\":\"lambda:InvokeFunction\",\"Effect\":\"Allow\",\"Resource\":[\"arn:aws:lambda:ap-south-1:465443875617:function:python-lab-dev-stop-lab\",\"arn:aws:lambda:ap-south-1:465443875617:function:python-lab-dev-grade-lab\",\"arn:aws:lambda:ap-south-1:465443875617:function:python-lab-dev-cleanup-expired\"]}]}",
            "role": "python-lab-dev-scheduler-stop-lambda-role"
          },
          "sensitive_attributes": [],
          "identity_schema_version": 0,
          "private": "bnVsbA==",
          "dependencies": [
            "aws_cloudwatch_log_group.ecs",
            "aws_dynamodb_table.results",
            "aws_dynamodb_table.sessions",
            "aws_dynamodb_table.submissions",
            "aws_ecr_repository.lab_images",
            "aws_ecs_cluster.lab",
            "aws_ecs_task_definition.lab",
            "aws_iam_role.ecs_task",
            "aws_iam_role.ecs_task_execution",
            "aws_iam_role.lab_ops_lambda",
            "aws_iam_role.scheduler_invoke_stop_lambda",
            "aws_iam_role.stop_lab_lambda",
            "aws_lambda_function.cleanup_expired",
            "aws_lambda_function.grade_lab",
            "aws_lambda_function.stop_lab",
            "aws_s3_bucket.test_cases",
            "aws_scheduler_schedule_group.lab",
            "aws_security_group.alb",
            "aws_security_group.ecs_tasks",
            "aws_security_group.lambda",
            "aws_subnet.private",
            "aws_vpc.main",
            "data.archive_file.cleanup_expired_zip",
            "data.archive_file.grade_lab_zip",
            "data.archive_file.stop_lab_zip",
            "data.aws_availability_zones.available",
            "data.aws_iam_policy_document.ecs_task_execution_assume_role",
            "data.aws_iam_policy_document.lambda_assume_role",
            "data.aws_iam_policy_document.scheduler_assume_role",
            "data.aws_iam_policy_document.scheduler_invoke_stop_lambda",
            "random_string.test_cases_suffix"
          ]
        }
      ]
    },
    {
      "mode": "managed",
      "type": "aws_iam_role_policy",
      "name": "start_lab_lambda",
      "provider": "provider[\"registry.terraform.io/hashicorp/aws\"]",
      "instances": [
        {
          "schema_version": 0,
          "attributes": {
            "id": "python-lab-dev-start-lab-lambda-role:python-lab-dev-start-lab-policy",
            "name": "python-lab-dev-start-lab-policy",
            "name_prefix": "",
            "policy": "{\"Version\":\"2012-10-17\",\"Statement\":[{\"Action\":[\"logs:PutLogEvents\",\"logs:CreateLogStream\",\"logs:CreateLogGroup\"],\"Effect\":\"Allow\",\"Resource\":\"*\",\"Sid\":\"CloudWatchLogs\"},{\"Action\":[\"ec2:UnassignPrivateIpAddresses\",\"ec2:DescribeNetworkInterfaces\",\"ec2:DeleteNetworkInterface\",\"ec2:CreateNetworkInterface\",\"ec2:AssignPrivateIpAddresses\"],\"Effect\":\"Allow\",\"Resource\":\"*\",\"Sid\":\"VpcNetworking\"},{\"Action\":[\"ecs:RunTask\",\"ecs:DescribeTasks\"],\"Effect\":\"Allow\",\"Resource\":[\"arn:aws:ecs:ap-south-1:465443875617:task-definition/python-lab-dev-python-task:1\",\"arn:aws:ecs:ap-south-1:465443875617:task-definition/python-lab-dev-linux-task:1\",\"arn:aws:ecs:ap-south-1:465443875617:task-definition/python-lab-dev-java-task:1\",\"arn:aws:ecs:ap-south-1:465443875617:task-definition/python-lab-dev-dbms-task:1\",\"arn:aws:ecs:ap-south-1:465443875617:cluster/python-lab-dev-cluster\"],\"Sid\":\"RunAndDescribeEcsTasks\"},{\"Action\":\"iam:PassRole\",\"Effect\":\"Allow\",\"Resource\":[\"arn:aws:iam::465443875617:role/python-lab-dev-scheduler-stop-lambda-role\",\"arn:aws:iam::465443875617:role/python-lab-dev-ecs-task-role\",\"arn:aws:iam::465443875617:role/python-lab-dev-ecs-task-execution-role\"],\"Sid\":\"PassEcsRoles\"},{\"Action\":[\"scheduler:GetSchedule\",\"scheduler:DeleteSchedule\",\"scheduler:CreateSchedule\"],\"Effect\":\"Allow\",\"Resource\":[\"arn:aws:scheduler:ap-south-1:465443875617:schedule-group/python-lab-dev-sessions\",\"arn:aws:scheduler:ap-south-1:*:schedule/python-lab-dev-sessions/*\"],\"Sid\":\"ManageSchedules\"},{\"Action\":[\"dynamodb:UpdateItem\",\"dynamodb:PutItem\",\"dynamodb:GetItem\",\"dynamodb:DeleteItem\"],\"Effect\":\"Allow\",\"Resource\":\"arn:aws:dynamodb:ap-south-1:465443875617:table/python-lab-sessions\",\"Sid\":\"SessionTableWrite\"}]}",
            "role": "python-lab-dev-start-lab-lambda-role"
          },
          "sensitive_attributes": [],
          "identity_schema_version": 0,
          "private": "bnVsbA==",
          "dependencies": [
            "aws_cloudwatch_log_group.ecs",
            "aws_dynamodb_table.sessions",
            "aws_ecr_repository.lab_images",
            "aws_ecs_cluster.lab",
            "aws_ecs_task_definition.lab",
            "aws_iam_role.ecs_task",
            "aws_iam_role.ecs_task_execution",
            "aws_iam_role.scheduler_invoke_stop_lambda",
            "aws_iam_role.start_lab_lambda",
            "aws_scheduler_schedule_group.lab",
            "data.aws_iam_policy_document.ecs_task_execution_assume_role",
            "data.aws_iam_policy_document.lambda_assume_role",
            "data.aws_iam_policy_document.scheduler_assume_role",
            "data.aws_iam_policy_document.start_lab_lambda"
          ]
        }
      ]
    },
    {
      "mode": "managed",
      "type": "aws_iam_role_policy",
      "name": "stop_lab_lambda",
      "provider": "provider[\"registry.terraform.io/hashicorp/aws\"]",
      "instances": [
        {
          "schema_version": 0,
          "attributes": {
            "id": "python-lab-dev-stop-lab-lambda-role:python-lab-dev-stop-lab-policy",
            "name": "python-lab-dev-stop-lab-policy",
            "name_prefix": "",
            "policy": "{\"Version\":\"2012-10-17\",\"Statement\":[{\"Action\":[\"logs:PutLogEvents\",\"logs:CreateLogStream\",\"logs:CreateLogGroup\"],\"Effect\":\"Allow\",\"Resource\":\"*\",\"Sid\":\"CloudWatchLogs\"},{\"Action\":[\"ec2:UnassignPrivateIpAddresses\",\"ec2:DescribeNetworkInterfaces\",\"ec2:DeleteNetworkInterface\",\"ec2:CreateNetworkInterface\",\"ec2:AssignPrivateIpAddresses\"],\"Effect\":\"Allow\",\"Resource\":\"*\",\"Sid\":\"VpcNetworking\"},{\"Action\":[\"ecs:StopTask\",\"ecs:DescribeTasks\"],\"Effect\":\"Allow\",\"Resource\":\"*\",\"Sid\":\"StopAndDescribeEcsTasks\"},{\"Action\":[\"scheduler:GetSchedule\",\"scheduler:DeleteSchedule\"],\"Effect\":\"Allow\",\"Resource\":[\"arn:aws:scheduler:ap-south-1:465443875617:schedule-group/python-lab-dev-sessions\",\"arn:aws:scheduler:ap-south-1:*:schedule/python-lab-dev-sessions/*\"],\"Sid\":\"ManageSchedules\"},{\"Action\":[\"dynamodb:UpdateItem\",\"dynamodb:GetItem\",\"dynamodb:DeleteItem\"],\"Effect\":\"Allow\",\"Resource\":\"arn:aws:dynamodb:ap-south-1:465443875617:table/python-lab-sessions\",\"Sid\":\"SessionTableReadWrite\"}]}",
            "role": "python-lab-dev-stop-lab-lambda-role"
          },
          "sensitive_attributes": [],
          "identity_schema_version": 0,
          "private": "bnVsbA==",
          "dependencies": [
            "aws_dynamodb_table.sessions",
            "aws_iam_role.stop_lab_lambda",
            "aws_scheduler_schedule_group.lab",
            "data.aws_iam_policy_document.lambda_assume_role",
            "data.aws_iam_policy_document.stop_lab_lambda"
          ]
        }
      ]
    },
    {
      "mode": "managed",
      "type": "aws_iam_role_policy_attachment",
      "name": "ecs_task_execution_managed",
      "provider": "provider[\"registry.terraform.io/hashicorp/aws\"]",
      "instances": [
        {
          "schema_version": 0,
          "attributes": {
            "id": "python-lab-dev-ecs-task-execution-role-20260422103356596800000001",
            "policy_arn": "arn:aws:iam::aws:policy/service-role/AmazonECSTaskExecutionRolePolicy",
            "role": "python-lab-dev-ecs-task-execution-role"
          },
          "sensitive_attributes": [],
          "identity_schema_version": 0,
          "private": "bnVsbA==",
          "dependencies": [
            "aws_iam_role.ecs_task_execution",
            "data.aws_iam_policy_document.ecs_task_execution_assume_role"
          ]
        }
      ]
    },
    {
      "mode": "managed",
      "type": "aws_lambda_function",
      "name": "cleanup_expired",
      "provider": "provider[\"registry.terraform.io/hashicorp/aws\"]",
      "instances": [
        {
          "schema_version": 0,
          "attributes": {
            "architectures": [
              "x86_64"
            ],
            "arn": "arn:aws:lambda:ap-south-1:465443875617:function:python-lab-dev-cleanup-expired",
            "code_sha256": "Ia5ar41DD8/9wjVHIbJACBWoLo7xYHSvLbifuqgyH3o=",
            "code_signing_config_arn": "",
            "dead_letter_config": [],
            "description": "",
            "environment": [
              {
                "variables": {
                  "GRADE_LAB_LAMBDA_ARN": "arn:aws:lambda:ap-south-1:465443875617:function:python-lab-dev-grade-lab",
                  "SESSIONS_TABLE_NAME": "python-lab-sessions",
                  "STOP_LAB_LAMBDA_ARN": "arn:aws:lambda:ap-south-1:465443875617:function:python-lab-dev-stop-lab"
                }
              }
            ],
            "ephemeral_storage": [
              {
                "size": 512
              }
            ],
            "file_system_config": [],
            "filename": "./cleanup_expired.zip",
            "function_name": "python-lab-dev-cleanup-expired",
            "handler": "cleanup_expired.lambda_handler",
            "id": "python-lab-dev-cleanup-expired",
            "image_config": [],
            "image_uri": "",
            "invoke_arn": "arn:aws:apigateway:ap-south-1:lambda:path/2015-03-31/functions/arn:aws:lambda:ap-south-1:465443875617:function:python-lab-dev-cleanup-expired/invocations",
            "kms_key_arn": "",
            "last_modified": "2026-04-22T10:36:28.151+0000",
            "layers": [],
            "logging_config": [
              {
                "application_log_level": "",
                "log_format": "Text",
                "log_group": "/aws/lambda/python-lab-dev-cleanup-expired",
                "system_log_level": ""
              }
            ],
            "memory_size": 256,
            "package_type": "Zip",
            "publish": false,
            "qualified_arn": "arn:aws:lambda:ap-south-1:465443875617:function:python-lab-dev-cleanup-expired:$LATEST",
            "qualified_invoke_arn": "arn:aws:apigateway:ap-south-1:lambda:path/2015-03-31/functions/arn:aws:lambda:ap-south-1:465443875617:function:python-lab-dev-cleanup-expired:$LATEST/invocations",
            "replace_security_groups_on_destroy": null,
            "replacement_security_group_ids": null,
            "reserved_concurrent_executions": -1,
            "role": "arn:aws:iam::465443875617:role/python-lab-dev-lab-ops-lambda-role",
            "runtime": "python3.12",
            "s3_bucket": null,
            "s3_key": null,
            "s3_object_version": null,
            "signing_job_arn": "",
            "signing_profile_version_arn": "",
            "skip_destroy": false,
            "snap_start": [],
            "source_code_hash": "Ia5ar41DD8/9wjVHIbJACBWoLo7xYHSvLbifuqgyH3o=",
            "source_code_size": 761,
            "tags": {
              "Environment": "dev",
              "ManagedBy": "terraform",
              "Project": "python-lab"
            },
            "tags_all": {
              "Environment": "dev",
              "ManagedBy": "terraform",
              "Project": "python-lab"
            },
            "timeout": 120,
            "timeouts": null,
            "tracing_config": [
              {
                "mode": "PassThrough"
              }
            ],
            "version": "$LATEST",
            "vpc_config": [
              {
                "ipv6_allowed_for_dual_stack": false,
                "security_group_ids": [
                  "sg-09837bae4d658df14"
                ],
                "subnet_ids": [
                  "subnet-040be3bd0f74956eb",
                  "subnet-0587bab6117f52e32"
                ],
                "vpc_id": "vpc-03478218adc0b99d9"
              }
            ]
          },
          "sensitive_attributes": [],
          "identity_schema_version": 0,
          "private": "eyJlMmJmYjczMC1lY2FhLTExZTYtOGY4OC0zNDM2M2JjN2M0YzAiOnsiY3JlYXRlIjo2MDAwMDAwMDAwMDAsImRlbGV0ZSI6NjAwMDAwMDAwMDAwLCJ1cGRhdGUiOjYwMDAwMDAwMDAwMH19",
          "dependencies": [
            "aws_cloudwatch_log_group.ecs",
            "aws_dynamodb_table.results",
            "aws_dynamodb_table.sessions",
            "aws_dynamodb_table.submissions",
            "aws_ecr_repository.lab_images",
            "aws_ecs_cluster.lab",
            "aws_ecs_task_definition.lab",
            "aws_iam_role.ecs_task",
            "aws_iam_role.ecs_task_execution",
            "aws_iam_role.lab_ops_lambda",
            "aws_iam_role.stop_lab_lambda",
            "aws_lambda_function.grade_lab",
            "aws_lambda_function.stop_lab",
            "aws_s3_bucket.test_cases",
            "aws_scheduler_schedule_group.lab",
            "aws_security_group.alb",
            "aws_security_group.ecs_tasks",
            "aws_security_group.lambda",
            "aws_subnet.private",
            "aws_vpc.main",
            "data.archive_file.cleanup_expired_zip",
            "data.archive_file.grade_lab_zip",
            "data.archive_file.stop_lab_zip",
            "data.aws_availability_zones.available",
            "data.aws_iam_policy_document.ecs_task_execution_assume_role",
            "data.aws_iam_policy_document.lambda_assume_role",
            "random_string.test_cases_suffix"
          ]
        }
      ]
    },
    {
      "mode": "managed",
      "type": "aws_lambda_function",
      "name": "execute_code",
      "provider": "provider[\"registry.terraform.io/hashicorp/aws\"]",
      "instances": [
        {
          "schema_version": 0,
          "attributes": {
            "architectures": [
              "x86_64"
            ],
            "arn": "arn:aws:lambda:ap-south-1:465443875617:function:python-lab-dev-execute-code",
            "code_sha256": "YaDRr4BthnSm7h8BqWzdbsWcuedmT8ZgruAJjKQlrGo=",
            "code_signing_config_arn": "",
            "dead_letter_config": [],
            "description": "",
            "environment": [
              {
                "variables": {
                  "ECS_CLUSTER_ARN": "arn:aws:ecs:ap-south-1:465443875617:cluster/python-lab-dev-cluster",
                  "ECS_SECURITY_GROUP_ID": "sg-0681b7b6d1fde08c3",
                  "ECS_SUBNET_IDS": "subnet-0587bab6117f52e32,subnet-040be3bd0f74956eb",
                  "LAB_LOG_GROUP_NAME": "/aws/ecs/python-lab-dev-lab",
                  "LAB_TASK_DEFINITION_MAP": "{\"dbms\":\"arn:aws:ecs:ap-south-1:465443875617:task-definition/python-lab-dev-dbms-task:1\",\"java\":\"arn:aws:ecs:ap-south-1:465443875617:task-definition/python-lab-dev-java-task:1\",\"linux\":\"arn:aws:ecs:ap-south-1:465443875617:task-definition/python-lab-dev-linux-task:1\",\"python\":\"arn:aws:ecs:ap-south-1:465443875617:task-definition/python-lab-dev-python-task:1\"}",
                  "SESSIONS_TABLE_NAME": "python-lab-sessions"
                }
              }
            ],
            "ephemeral_storage": [
              {
                "size": 512
              }
            ],
            "file_system_config": [],
            "filename": "./execute_code.zip",
            "function_name": "python-lab-dev-execute-code",
            "handler": "execute_code.lambda_handler",
            "id": "python-lab-dev-execute-code",
            "image_config": [],
            "image_uri": "",
            "invoke_arn": "arn:aws:apigateway:ap-south-1:lambda:path/2015-03-31/functions/arn:aws:lambda:ap-south-1:465443875617:function:python-lab-dev-execute-code/invocations",
            "kms_key_arn": "",
            "last_modified": "2026-04-22T11:30:49.000+0000",
            "layers": [],
            "logging_config": [
              {
                "application_log_level": "",
                "log_format": "Text",
                "log_group": "/aws/lambda/python-lab-dev-execute-code",
                "system_log_level": ""
              }
            ],
            "memory_size": 512,
            "package_type": "Zip",
            "publish": false,
            "qualified_arn": "arn:aws:lambda:ap-south-1:465443875617:function:python-lab-dev-execute-code:$LATEST",
            "qualified_invoke_arn": "arn:aws:apigateway:ap-south-1:lambda:path/2015-03-31/functions/arn:aws:lambda:ap-south-1:465443875617:function:python-lab-dev-execute-code:$LATEST/invocations",
            "replace_security_groups_on_destroy": null,
            "replacement_security_group_ids": null,
            "reserved_concurrent_executions": -1,
            "role": "arn:aws:iam::465443875617:role/python-lab-dev-lab-ops-lambda-role",
            "runtime": "python3.12",
            "s3_bucket": null,
            "s3_key": null,
            "s3_object_version": null,
            "signing_job_arn": "",
            "signing_profile_version_arn": "",
            "skip_destroy": false,
            "snap_start": [],
            "source_code_hash": "YaDRr4BthnSm7h8BqWzdbsWcuedmT8ZgruAJjKQlrGo=",
            "source_code_size": 2108,
            "tags": {
              "Environment": "dev",
              "ManagedBy": "terraform",
              "Project": "python-lab"
            },
            "tags_all": {
              "Environment": "dev",
              "ManagedBy": "terraform",
              "Project": "python-lab"
            },
            "timeout": 120,
            "timeouts": null,
            "tracing_config": [
              {
                "mode": "PassThrough"
              }
            ],
            "version": "$LATEST",
            "vpc_config": [
              {
                "ipv6_allowed_for_dual_stack": false,
                "security_group_ids": [
                  "sg-09837bae4d658df14"
                ],
                "subnet_ids": [
                  "subnet-040be3bd0f74956eb",
                  "subnet-0587bab6117f52e32"
                ],
                "vpc_id": "vpc-03478218adc0b99d9"
              }
            ]
          },
          "sensitive_attributes": [],
          "identity_schema_version": 0,
          "private": "eyJlMmJmYjczMC1lY2FhLTExZTYtOGY4OC0zNDM2M2JjN2M0YzAiOnsiY3JlYXRlIjo2MDAwMDAwMDAwMDAsImRlbGV0ZSI6NjAwMDAwMDAwMDAwLCJ1cGRhdGUiOjYwMDAwMDAwMDAwMH19",
          "dependencies": [
            "aws_cloudwatch_log_group.ecs",
            "aws_dynamodb_table.sessions",
            "aws_ecr_repository.lab_images",
            "aws_ecs_cluster.lab",
            "aws_ecs_task_definition.lab",
            "aws_iam_role.ecs_task",
            "aws_iam_role.ecs_task_execution",
            "aws_iam_role.lab_ops_lambda",
            "aws_security_group.alb",
            "aws_security_group.ecs_tasks",
            "aws_security_group.lambda",
            "aws_subnet.private",
            "aws_vpc.main",
            "data.archive_file.execute_code_zip",
            "data.aws_availability_zones.available",
            "data.aws_iam_policy_document.ecs_task_execution_assume_role",
            "data.aws_iam_policy_document.lambda_assume_role"
          ]
        }
      ]
    },
    {
      "mode": "managed",
      "type": "aws_lambda_function",
      "name": "get_result",
      "provider": "provider[\"registry.terraform.io/hashicorp/aws\"]",
      "instances": [
        {
          "schema_version": 0,
          "attributes": {
            "architectures": [
              "x86_64"
            ],
            "arn": "arn:aws:lambda:ap-south-1:465443875617:function:python-lab-dev-get-result",
            "code_sha256": "pObcv8mwC8H49qV9wYV7RAcrMEXw4+ygRu/LRDhIEig=",
            "code_signing_config_arn": "",
            "dead_letter_config": [],
            "description": "",
            "environment": [
              {
                "variables": {
                  "RESULTS_TABLE_NAME": "lab-results"
                }
              }
            ],
            "ephemeral_storage": [
              {
                "size": 512
              }
            ],
            "file_system_config": [],
            "filename": "./get_result.zip",
            "function_name": "python-lab-dev-get-result",
            "handler": "get_result.lambda_handler",
            "id": "python-lab-dev-get-result",
            "image_config": [],
            "image_uri": "",
            "invoke_arn": "arn:aws:apigateway:ap-south-1:lambda:path/2015-03-31/functions/arn:aws:lambda:ap-south-1:465443875617:function:python-lab-dev-get-result/invocations",
            "kms_key_arn": "",
            "last_modified": "2026-04-22T10:36:09.610+0000",
            "layers": [],
            "logging_config": [
              {
                "application_log_level": "",
                "log_format": "Text",
                "log_group": "/aws/lambda/python-lab-dev-get-result",
                "system_log_level": ""
              }
            ],
            "memory_size": 256,
            "package_type": "Zip",
            "publish": false,
            "qualified_arn": "arn:aws:lambda:ap-south-1:465443875617:function:python-lab-dev-get-result:$LATEST",
            "qualified_invoke_arn": "arn:aws:apigateway:ap-south-1:lambda:path/2015-03-31/functions/arn:aws:lambda:ap-south-1:465443875617:function:python-lab-dev-get-result:$LATEST/invocations",
            "replace_security_groups_on_destroy": null,
            "replacement_security_group_ids": null,
            "reserved_concurrent_executions": -1,
            "role": "arn:aws:iam::465443875617:role/python-lab-dev-lab-ops-lambda-role",
            "runtime": "python3.12",
            "s3_bucket": null,
            "s3_key": null,
            "s3_object_version": null,
            "signing_job_arn": "",
            "signing_profile_version_arn": "",
            "skip_destroy": false,
            "snap_start": [],
            "source_code_hash": "pObcv8mwC8H49qV9wYV7RAcrMEXw4+ygRu/LRDhIEig=",
            "source_code_size": 499,
            "tags": {
              "Environment": "dev",
              "ManagedBy": "terraform",
              "Project": "python-lab"
            },
            "tags_all": {
              "Environment": "dev",
              "ManagedBy": "terraform",
              "Project": "python-lab"
            },
            "timeout": 30,
            "timeouts": null,
            "tracing_config": [
              {
                "mode": "PassThrough"
              }
            ],
            "version": "$LATEST",
            "vpc_config": [
              {
                "ipv6_allowed_for_dual_stack": false,
                "security_group_ids": [
                  "sg-09837bae4d658df14"
                ],
                "subnet_ids": [
                  "subnet-040be3bd0f74956eb",
                  "subnet-0587bab6117f52e32"
                ],
                "vpc_id": "vpc-03478218adc0b99d9"
              }
            ]
          },
          "sensitive_attributes": [],
          "identity_schema_version": 0,
          "private": "eyJlMmJmYjczMC1lY2FhLTExZTYtOGY4OC0zNDM2M2JjN2M0YzAiOnsiY3JlYXRlIjo2MDAwMDAwMDAwMDAsImRlbGV0ZSI6NjAwMDAwMDAwMDAwLCJ1cGRhdGUiOjYwMDAwMDAwMDAwMH19",
          "dependencies": [
            "aws_dynamodb_table.results",
            "aws_iam_role.lab_ops_lambda",
            "aws_security_group.lambda",
            "aws_subnet.private",
            "aws_vpc.main",
            "data.archive_file.get_result_zip",
            "data.aws_availability_zones.available",
            "data.aws_iam_policy_document.lambda_assume_role"
          ]
        }
      ]
    },
    {
      "mode": "managed",
      "type": "aws_lambda_function",
      "name": "grade_lab",
      "provider": "provider[\"registry.terraform.io/hashicorp/aws\"]",
      "instances": [
        {
          "schema_version": 0,
          "attributes": {
            "architectures": [
              "x86_64"
            ],
            "arn": "arn:aws:lambda:ap-south-1:465443875617:function:python-lab-dev-grade-lab",
            "code_sha256": "83VX5fu2PHB3DttEgLC3WY7xcmbojjaLRXS9Ylt9lGU=",
            "code_signing_config_arn": "",
            "dead_letter_config": [],
            "description": "",
            "environment": [
              {
                "variables": {
                  "ECS_CLUSTER_ARN": "arn:aws:ecs:ap-south-1:465443875617:cluster/python-lab-dev-cluster",
                  "ECS_SECURITY_GROUP_ID": "sg-0681b7b6d1fde08c3",
                  "ECS_SUBNET_IDS": "subnet-0587bab6117f52e32,subnet-040be3bd0f74956eb",
                  "LAB_LOG_GROUP_NAME": "/aws/ecs/python-lab-dev-lab",
                  "LAB_TASK_DEFINITION_MAP": "{\"dbms\":\"arn:aws:ecs:ap-south-1:465443875617:task-definition/python-lab-dev-dbms-task:1\",\"java\":\"arn:aws:ecs:ap-south-1:465443875617:task-definition/python-lab-dev-java-task:1\",\"linux\":\"arn:aws:ecs:ap-south-1:465443875617:task-definition/python-lab-dev-linux-task:1\",\"python\":\"arn:aws:ecs:ap-south-1:465443875617:task-definition/python-lab-dev-python-task:1\"}",
                  "RESULTS_TABLE_NAME": "lab-results",
                  "SESSIONS_TABLE_NAME": "python-lab-sessions",
                  "SUBMISSIONS_TABLE_NAME": "lab-submissions",
                  "TEST_CASES_BUCKET": "python-lab-dev-test-cases-z18dh34l"
                }
              }
            ],
            "ephemeral_storage": [
              {
                "size": 512
              }
            ],
            "file_system_config": [],
            "filename": "./grade_lab.zip",
            "function_name": "python-lab-dev-grade-lab",
            "handler": "grade_lab.lambda_handler",
            "id": "python-lab-dev-grade-lab",
            "image_config": [],
            "image_uri": "",
            "invoke_arn": "arn:aws:apigateway:ap-south-1:lambda:path/2015-03-31/functions/arn:aws:lambda:ap-south-1:465443875617:function:python-lab-dev-grade-lab/invocations",
            "kms_key_arn": "",
            "last_modified": "2026-04-22T11:30:49.000+0000",
            "layers": [],
            "logging_config": [
              {
                "application_log_level": "",
                "log_format": "Text",
                "log_group": "/aws/lambda/python-lab-dev-grade-lab",
                "system_log_level": ""
              }
            ],
            "memory_size": 512,
            "package_type": "Zip",
            "publish": false,
            "qualified_arn": "arn:aws:lambda:ap-south-1:465443875617:function:python-lab-dev-grade-lab:$LATEST",
            "qualified_invoke_arn": "arn:aws:apigateway:ap-south-1:lambda:path/2015-03-31/functions/arn:aws:lambda:ap-south-1:465443875617:function:python-lab-dev-grade-lab:$LATEST/invocations",
            "replace_security_groups_on_destroy": null,
            "replacement_security_group_ids": null,
            "reserved_concurrent_executions": -1,
            "role": "arn:aws:iam::465443875617:role/python-lab-dev-lab-ops-lambda-role",
            "runtime": "python3.12",
            "s3_bucket": null,
            "s3_key": null,
            "s3_object_version": null,
            "signing_job_arn": "",
            "signing_profile_version_arn": "",
            "skip_destroy": false,
            "snap_start": [],
            "source_code_hash": "83VX5fu2PHB3DttEgLC3WY7xcmbojjaLRXS9Ylt9lGU=",
            "source_code_size": 1146,
            "tags": {
              "Environment": "dev",
              "ManagedBy": "terraform",
              "Project": "python-lab"
            },
            "tags_all": {
              "Environment": "dev",
              "ManagedBy": "terraform",
              "Project": "python-lab"
            },
            "timeout": 180,
            "timeouts": null,
            "tracing_config": [
              {
                "mode": "PassThrough"
              }
            ],
            "version": "$LATEST",
            "vpc_config": [
              {
                "ipv6_allowed_for_dual_stack": false,
                "security_group_ids": [
                  "sg-09837bae4d658df14"
                ],
                "subnet_ids": [
                  "subnet-040be3bd0f74956eb",
                  "subnet-0587bab6117f52e32"
                ],
                "vpc_id": "vpc-03478218adc0b99d9"
              }
            ]
          },
          "sensitive_attributes": [],
          "identity_schema_version": 0,
          "private": "eyJlMmJmYjczMC1lY2FhLTExZTYtOGY4OC0zNDM2M2JjN2M0YzAiOnsiY3JlYXRlIjo2MDAwMDAwMDAwMDAsImRlbGV0ZSI6NjAwMDAwMDAwMDAwLCJ1cGRhdGUiOjYwMDAwMDAwMDAwMH19",
          "dependencies": [
            "aws_cloudwatch_log_group.ecs",
            "aws_dynamodb_table.results",
            "aws_dynamodb_table.sessions",
            "aws_dynamodb_table.submissions",
            "aws_ecr_repository.lab_images",
            "aws_ecs_cluster.lab",
            "aws_ecs_task_definition.lab",
            "aws_iam_role.ecs_task",
            "aws_iam_role.ecs_task_execution",
            "aws_iam_role.lab_ops_lambda",
            "aws_s3_bucket.test_cases",
            "aws_security_group.alb",
            "aws_security_group.ecs_tasks",
            "aws_security_group.lambda",
            "aws_subnet.private",
            "aws_vpc.main",
            "data.archive_file.grade_lab_zip",
            "data.aws_availability_zones.available",
            "data.aws_iam_policy_document.ecs_task_execution_assume_role",
            "data.aws_iam_policy_document.lambda_assume_role",
            "random_string.test_cases_suffix"
          ]
        }
      ]
    },
    {
      "mode": "managed",
      "type": "aws_lambda_function",
      "name": "start_lab",
      "provider": "provider[\"registry.terraform.io/hashicorp/aws\"]",
      "instances": [
        {
          "schema_version": 0,
          "attributes": {
            "architectures": [
              "x86_64"
            ],
            "arn": "arn:aws:lambda:ap-south-1:465443875617:function:python-lab-dev-start-lab",
            "code_sha256": "JgFDL6TPGHq6Hys4lObs6AeL5Ooy6d3MtFoh8X8NCrE=",
            "code_signing_config_arn": "",
            "dead_letter_config": [],
            "description": "",
            "environment": [
              {
                "variables": {
                  "ALB_DNS_NAME": "",
                  "ALLOWED_LAB_TYPES": "python,java,linux,dbms",
                  "DEFAULT_SESSION_TIMEOUT": "60",
                  "DYNAMODB_TABLE_NAME": "python-lab-sessions",
                  "ECS_CLUSTER_ARN": "arn:aws:ecs:ap-south-1:465443875617:cluster/python-lab-dev-cluster",
                  "ECS_SECURITY_GROUP_ID": "sg-0681b7b6d1fde08c3",
                  "ECS_SUBNET_IDS": "subnet-0587bab6117f52e32,subnet-040be3bd0f74956eb",
                  "ENABLE_ALB": "false",
                  "LAB_TASK_DEFINITION_MAP": "{\"dbms\":\"arn:aws:ecs:ap-south-1:465443875617:task-definition/python-lab-dev-dbms-task:1\",\"java\":\"arn:aws:ecs:ap-south-1:465443875617:task-definition/python-lab-dev-java-task:1\",\"linux\":\"arn:aws:ecs:ap-south-1:465443875617:task-definition/python-lab-dev-linux-task:1\",\"python\":\"arn:aws:ecs:ap-south-1:465443875617:task-definition/python-lab-dev-python-task:1\"}",
                  "SCHEDULER_GROUP_NAME": "python-lab-dev-sessions",
                  "SCHEDULER_ROLE_ARN": "arn:aws:iam::465443875617:role/python-lab-dev-scheduler-stop-lambda-role",
                  "STOP_LAB_LAMBDA_ARN": "arn:aws:lambda:ap-south-1:465443875617:function:python-lab-dev-stop-lab"
                }
              }
            ],
            "ephemeral_storage": [
              {
                "size": 512
              }
            ],
            "file_system_config": [],
            "filename": "./start_lab.zip",
            "function_name": "python-lab-dev-start-lab",
            "handler": "start_lab.lambda_handler",
            "id": "python-lab-dev-start-lab",
            "image_config": [],
            "image_uri": "",
            "invoke_arn": "arn:aws:apigateway:ap-south-1:lambda:path/2015-03-31/functions/arn:aws:lambda:ap-south-1:465443875617:function:python-lab-dev-start-lab/invocations",
            "kms_key_arn": "",
            "last_modified": "2026-04-22T11:23:40.000+0000",
            "layers": [],
            "logging_config": [
              {
                "application_log_level": "",
                "log_format": "Text",
                "log_group": "/aws/lambda/python-lab-dev-start-lab",
                "system_log_level": ""
              }
            ],
            "memory_size": 256,
            "package_type": "Zip",
            "publish": false,
            "qualified_arn": "arn:aws:lambda:ap-south-1:465443875617:function:python-lab-dev-start-lab:$LATEST",
            "qualified_invoke_arn": "arn:aws:apigateway:ap-south-1:lambda:path/2015-03-31/functions/arn:aws:lambda:ap-south-1:465443875617:function:python-lab-dev-start-lab:$LATEST/invocations",
            "replace_security_groups_on_destroy": null,
            "replacement_security_group_ids": null,
            "reserved_concurrent_executions": -1,
            "role": "arn:aws:iam::465443875617:role/python-lab-dev-start-lab-lambda-role",
            "runtime": "python3.12",
            "s3_bucket": null,
            "s3_key": null,
            "s3_object_version": null,
            "signing_job_arn": "",
            "signing_profile_version_arn": "",
            "skip_destroy": false,
            "snap_start": [],
            "source_code_hash": "JgFDL6TPGHq6Hys4lObs6AeL5Ooy6d3MtFoh8X8NCrE=",
            "source_code_size": 2082,
            "tags": {
              "Environment": "dev",
              "ManagedBy": "terraform",
              "Project": "python-lab"
            },
            "tags_all": {
              "Environment": "dev",
              "ManagedBy": "terraform",
              "Project": "python-lab"
            },
            "timeout": 30,
            "timeouts": null,
            "tracing_config": [
              {
                "mode": "PassThrough"
              }
            ],
            "version": "$LATEST",
            "vpc_config": [
              {
                "ipv6_allowed_for_dual_stack": false,
                "security_group_ids": [
                  "sg-09837bae4d658df14"
                ],
                "subnet_ids": [
                  "subnet-040be3bd0f74956eb",
                  "subnet-0587bab6117f52e32"
                ],
                "vpc_id": "vpc-03478218adc0b99d9"
              }
            ]
          },
          "sensitive_attributes": [],
          "identity_schema_version": 0,
          "private": "eyJlMmJmYjczMC1lY2FhLTExZTYtOGY4OC0zNDM2M2JjN2M0YzAiOnsiY3JlYXRlIjo2MDAwMDAwMDAwMDAsImRlbGV0ZSI6NjAwMDAwMDAwMDAwLCJ1cGRhdGUiOjYwMDAwMDAwMDAwMH19",
          "dependencies": [
            "aws_cloudwatch_log_group.ecs",
            "aws_dynamodb_table.results",
            "aws_dynamodb_table.sessions",
            "aws_dynamodb_table.submissions",
            "aws_ecr_repository.lab_images",
            "aws_ecs_cluster.lab",
            "aws_ecs_task_definition.lab",
            "aws_iam_role.ecs_task",
            "aws_iam_role.ecs_task_execution",
            "aws_iam_role.lab_ops_lambda",
            "aws_iam_role.scheduler_invoke_stop_lambda",
            "aws_iam_role.start_lab_lambda",
            "aws_iam_role.stop_lab_lambda",
            "aws_lambda_function.grade_lab",
            "aws_lambda_function.stop_lab",
            "aws_lb.lab",
            "aws_s3_bucket.test_cases",
            "aws_scheduler_schedule_group.lab",
            "aws_security_group.alb",
            "aws_security_group.ecs_tasks",
            "aws_security_group.lambda",
            "aws_subnet.private",
            "aws_subnet.public",
            "aws_vpc.main",
            "data.archive_file.grade_lab_zip",
            "data.archive_file.start_lab_zip",
            "data.archive_file.stop_lab_zip",
            "data.aws_availability_zones.available",
            "data.aws_iam_policy_document.ecs_task_execution_assume_role",
            "data.aws_iam_policy_document.lambda_assume_role",
            "data.aws_iam_policy_document.scheduler_assume_role",
            "random_string.test_cases_suffix"
          ]
        }
      ]
    },
    {
      "mode": "managed",
      "type": "aws_lambda_function",
      "name": "stop_lab",
      "provider": "provider[\"registry.terraform.io/hashicorp/aws\"]",
      "instances": [
        {
          "schema_version": 0,
          "attributes": {
            "architectures": [
              "x86_64"
            ],
            "arn": "arn:aws:lambda:ap-south-1:465443875617:function:python-lab-dev-stop-lab",
            "code_sha256": "26hJQ3NQRB44dHsaqFStMQbnaJe3GSB5Q7r9MRiLckQ=",
            "code_signing_config_arn": "",
            "dead_letter_config": [],
            "description": "",
            "environment": [
              {
                "variables": {
                  "DYNAMODB_TABLE_NAME": "python-lab-sessions",
                  "ECS_CLUSTER_ARN": "arn:aws:ecs:ap-south-1:465443875617:cluster/python-lab-dev-cluster",
                  "GRADE_LAB_LAMBDA_ARN": "arn:aws:lambda:ap-south-1:465443875617:function:python-lab-dev-grade-lab",
                  "SCHEDULER_GROUP_NAME": "python-lab-dev-sessions"
                }
              }
            ],
            "ephemeral_storage": [
              {
                "size": 512
              }
            ],
            "file_system_config": [],
            "filename": "./stop_lab.zip",
            "function_name": "python-lab-dev-stop-lab",
            "handler": "stop_lab.lambda_handler",
            "id": "python-lab-dev-stop-lab",
            "image_config": [],
            "image_uri": "",
            "invoke_arn": "arn:aws:apigateway:ap-south-1:lambda:path/2015-03-31/functions/arn:aws:lambda:ap-south-1:465443875617:function:python-lab-dev-stop-lab/invocations",
            "kms_key_arn": "",
            "last_modified": "2026-04-22T10:36:21.965+0000",
            "layers": [],
            "logging_config": [
              {
                "application_log_level": "",
                "log_format": "Text",
                "log_group": "/aws/lambda/python-lab-dev-stop-lab",
                "system_log_level": ""
              }
            ],
            "memory_size": 256,
            "package_type": "Zip",
            "publish": false,
            "qualified_arn": "arn:aws:lambda:ap-south-1:465443875617:function:python-lab-dev-stop-lab:$LATEST",
            "qualified_invoke_arn": "arn:aws:apigateway:ap-south-1:lambda:path/2015-03-31/functions/arn:aws:lambda:ap-south-1:465443875617:function:python-lab-dev-stop-lab:$LATEST/invocations",
            "replace_security_groups_on_destroy": null,
            "replacement_security_group_ids": null,
            "reserved_concurrent_executions": -1,
            "role": "arn:aws:iam::465443875617:role/python-lab-dev-stop-lab-lambda-role",
            "runtime": "python3.12",
            "s3_bucket": null,
            "s3_key": null,
            "s3_object_version": null,
            "signing_job_arn": "",
            "signing_profile_version_arn": "",
            "skip_destroy": false,
            "snap_start": [],
            "source_code_hash": "26hJQ3NQRB44dHsaqFStMQbnaJe3GSB5Q7r9MRiLckQ=",
            "source_code_size": 1181,
            "tags": {
              "Environment": "dev",
              "ManagedBy": "terraform",
              "Project": "python-lab"
            },
            "tags_all": {
              "Environment": "dev",
              "ManagedBy": "terraform",
              "Project": "python-lab"
            },
            "timeout": 30,
            "timeouts": null,
            "tracing_config": [
              {
                "mode": "PassThrough"
              }
            ],
            "version": "$LATEST",
            "vpc_config": [
              {
                "ipv6_allowed_for_dual_stack": false,
                "security_group_ids": [
                  "sg-09837bae4d658df14"
                ],
                "subnet_ids": [
                  "subnet-040be3bd0f74956eb",
                  "subnet-0587bab6117f52e32"
                ],
                "vpc_id": "vpc-03478218adc0b99d9"
              }
            ]
          },
          "sensitive_attributes": [],
          "identity_schema_version": 0,
          "private": "eyJlMmJmYjczMC1lY2FhLTExZTYtOGY4OC0zNDM2M2JjN2M0YzAiOnsiY3JlYXRlIjo2MDAwMDAwMDAwMDAsImRlbGV0ZSI6NjAwMDAwMDAwMDAwLCJ1cGRhdGUiOjYwMDAwMDAwMDAwMH19",
          "dependencies": [
            "aws_cloudwatch_log_group.ecs",
            "aws_dynamodb_table.results",
            "aws_dynamodb_table.sessions",
            "aws_dynamodb_table.submissions",
            "aws_ecr_repository.lab_images",
            "aws_ecs_cluster.lab",
            "aws_ecs_task_definition.lab",
            "aws_iam_role.ecs_task",
            "aws_iam_role.ecs_task_execution",
            "aws_iam_role.lab_ops_lambda",
            "aws_iam_role.stop_lab_lambda",
            "aws_lambda_function.grade_lab",
            "aws_s3_bucket.test_cases",
            "aws_scheduler_schedule_group.lab",
            "aws_security_group.alb",
            "aws_security_group.ecs_tasks",
            "aws_security_group.lambda",
            "aws_subnet.private",
            "aws_vpc.main",
            "data.archive_file.grade_lab_zip",
            "data.archive_file.stop_lab_zip",
            "data.aws_availability_zones.available",
            "data.aws_iam_policy_document.ecs_task_execution_assume_role",
            "data.aws_iam_policy_document.lambda_assume_role",
            "random_string.test_cases_suffix"
          ]
        }
      ]
    },
    {
      "mode": "managed",
      "type": "aws_lambda_function",
      "name": "submit_code",
      "provider": "provider[\"registry.terraform.io/hashicorp/aws\"]",
      "instances": [
        {
          "schema_version": 0,
          "attributes": {
            "architectures": [
              "x86_64"
            ],
            "arn": "arn:aws:lambda:ap-south-1:465443875617:function:python-lab-dev-submit-code",
            "code_sha256": "bkUm7uC8VVrHTj8bIIkFQdU1IKmU3SNtdrub/MU3oMc=",
            "code_signing_config_arn": "",
            "dead_letter_config": [],
            "description": "",
            "environment": [
              {
                "variables": {
                  "GRADE_LAB_LAMBDA_ARN": "arn:aws:lambda:ap-south-1:465443875617:function:python-lab-dev-grade-lab",
                  "SESSIONS_TABLE_NAME": "python-lab-sessions",
                  "SUBMISSIONS_TABLE_NAME": "lab-submissions"
                }
              }
            ],
            "ephemeral_storage": [
              {
                "size": 512
              }
            ],
            "file_system_config": [],
            "filename": "./submit_code.zip",
            "function_name": "python-lab-dev-submit-code",
            "handler": "submit_code.lambda_handler",
            "id": "python-lab-dev-submit-code",
            "image_config": [],
            "image_uri": "",
            "invoke_arn": "arn:aws:apigateway:ap-south-1:lambda:path/2015-03-31/functions/arn:aws:lambda:ap-south-1:465443875617:function:python-lab-dev-submit-code/invocations",
            "kms_key_arn": "",
            "last_modified": "2026-04-22T10:36:15.824+0000",
            "layers": [],
            "logging_config": [
              {
                "application_log_level": "",
                "log_format": "Text",
                "log_group": "/aws/lambda/python-lab-dev-submit-code",
                "system_log_level": ""
              }
            ],
            "memory_size": 256,
            "package_type": "Zip",
            "publish": false,
            "qualified_arn": "arn:aws:lambda:ap-south-1:465443875617:function:python-lab-dev-submit-code:$LATEST",
            "qualified_invoke_arn": "arn:aws:apigateway:ap-south-1:lambda:path/2015-03-31/functions/arn:aws:lambda:ap-south-1:465443875617:function:python-lab-dev-submit-code:$LATEST/invocations",
            "replace_security_groups_on_destroy": null,
            "replacement_security_group_ids": null,
            "reserved_concurrent_executions": -1,
            "role": "arn:aws:iam::465443875617:role/python-lab-dev-lab-ops-lambda-role",
            "runtime": "python3.12",
            "s3_bucket": null,
            "s3_key": null,
            "s3_object_version": null,
            "signing_job_arn": "",
            "signing_profile_version_arn": "",
            "skip_destroy": false,
            "snap_start": [],
            "source_code_hash": "bkUm7uC8VVrHTj8bIIkFQdU1IKmU3SNtdrub/MU3oMc=",
            "source_code_size": 910,
            "tags": {
              "Environment": "dev",
              "ManagedBy": "terraform",
              "Project": "python-lab"
            },
            "tags_all": {
              "Environment": "dev",
              "ManagedBy": "terraform",
              "Project": "python-lab"
            },
            "timeout": 30,
            "timeouts": null,
            "tracing_config": [
              {
                "mode": "PassThrough"
              }
            ],
            "version": "$LATEST",
            "vpc_config": [
              {
                "ipv6_allowed_for_dual_stack": false,
                "security_group_ids": [
                  "sg-09837bae4d658df14"
                ],
                "subnet_ids": [
                  "subnet-040be3bd0f74956eb",
                  "subnet-0587bab6117f52e32"
                ],
                "vpc_id": "vpc-03478218adc0b99d9"
              }
            ]
          },
          "sensitive_attributes": [],
          "identity_schema_version": 0,
          "private": "eyJlMmJmYjczMC1lY2FhLTExZTYtOGY4OC0zNDM2M2JjN2M0YzAiOnsiY3JlYXRlIjo2MDAwMDAwMDAwMDAsImRlbGV0ZSI6NjAwMDAwMDAwMDAwLCJ1cGRhdGUiOjYwMDAwMDAwMDAwMH19",
          "dependencies": [
            "aws_cloudwatch_log_group.ecs",
            "aws_dynamodb_table.results",
            "aws_dynamodb_table.sessions",
            "aws_dynamodb_table.submissions",
            "aws_ecr_repository.lab_images",
            "aws_ecs_cluster.lab",
            "aws_ecs_task_definition.lab",
            "aws_iam_role.ecs_task",
            "aws_iam_role.ecs_task_execution",
            "aws_iam_role.lab_ops_lambda",
            "aws_lambda_function.grade_lab",
            "aws_s3_bucket.test_cases",
            "aws_security_group.alb",
            "aws_security_group.ecs_tasks",
            "aws_security_group.lambda",
            "aws_subnet.private",
            "aws_vpc.main",
            "data.archive_file.grade_lab_zip",
            "data.archive_file.submit_code_zip",
            "data.aws_availability_zones.available",
            "data.aws_iam_policy_document.ecs_task_execution_assume_role",
            "data.aws_iam_policy_document.lambda_assume_role",
            "random_string.test_cases_suffix"
          ]
        }
      ]
    },
    {
      "mode": "managed",
      "type": "aws_lambda_permission",
      "name": "apigw_execute",
      "provider": "provider[\"registry.terraform.io/hashicorp/aws\"]",
      "instances": [
        {
          "schema_version": 0,
          "attributes": {
            "action": "lambda:InvokeFunction",
            "event_source_token": null,
            "function_name": "python-lab-dev-execute-code",
            "function_url_auth_type": null,
            "id": "AllowApiGatewayInvokeExecuteCode",
            "principal": "apigateway.amazonaws.com",
            "principal_org_id": null,
            "qualifier": "",
            "source_account": null,
            "source_arn": "arn:aws:execute-api:ap-south-1:465443875617:tqr8s2tjq9/*/*",
            "statement_id": "AllowApiGatewayInvokeExecuteCode",
            "statement_id_prefix": ""
          },
          "sensitive_attributes": [],
          "identity_schema_version": 0,
          "private": "bnVsbA==",
          "dependencies": [
            "aws_apigatewayv2_api.lab",
            "aws_cloudwatch_log_group.ecs",
            "aws_dynamodb_table.sessions",
            "aws_ecr_repository.lab_images",
            "aws_ecs_cluster.lab",
            "aws_ecs_task_definition.lab",
            "aws_iam_role.ecs_task",
            "aws_iam_role.ecs_task_execution",
            "aws_iam_role.lab_ops_lambda",
            "aws_lambda_function.execute_code",
            "aws_security_group.alb",
            "aws_security_group.ecs_tasks",
            "aws_security_group.lambda",
            "aws_subnet.private",
            "aws_vpc.main",
            "data.archive_file.execute_code_zip",
            "data.aws_availability_zones.available",
            "data.aws_iam_policy_document.ecs_task_execution_assume_role",
            "data.aws_iam_policy_document.lambda_assume_role"
          ]
        }
      ]
    },
    {
      "mode": "managed",
      "type": "aws_lambda_permission",
      "name": "apigw_grade",
      "provider": "provider[\"registry.terraform.io/hashicorp/aws\"]",
      "instances": [
        {
          "schema_version": 0,
          "attributes": {
            "action": "lambda:InvokeFunction",
            "event_source_token": null,
            "function_name": "python-lab-dev-grade-lab",
            "function_url_auth_type": null,
            "id": "AllowApiGatewayInvokeGradeLab",
            "principal": "apigateway.amazonaws.com",
            "principal_org_id": null,
            "qualifier": "",
            "source_account": null,
            "source_arn": "arn:aws:execute-api:ap-south-1:465443875617:tqr8s2tjq9/*/*",
            "statement_id": "AllowApiGatewayInvokeGradeLab",
            "statement_id_prefix": ""
          },
          "sensitive_attributes": [],
          "identity_schema_version": 0,
          "private": "bnVsbA==",
          "dependencies": [
            "aws_apigatewayv2_api.lab",
            "aws_cloudwatch_log_group.ecs",
            "aws_dynamodb_table.results",
            "aws_dynamodb_table.sessions",
            "aws_dynamodb_table.submissions",
            "aws_ecr_repository.lab_images",
            "aws_ecs_cluster.lab",
            "aws_ecs_task_definition.lab",
            "aws_iam_role.ecs_task",
            "aws_iam_role.ecs_task_execution",
            "aws_iam_role.lab_ops_lambda",
            "aws_lambda_function.grade_lab",
            "aws_s3_bucket.test_cases",
            "aws_security_group.alb",
            "aws_security_group.ecs_tasks",
            "aws_security_group.lambda",
            "aws_subnet.private",
            "aws_vpc.main",
            "data.archive_file.grade_lab_zip",
            "data.aws_availability_zones.available",
            "data.aws_iam_policy_document.ecs_task_execution_assume_role",
            "data.aws_iam_policy_document.lambda_assume_role",
            "random_string.test_cases_suffix"
          ]
        }
      ]
    },
    {
      "mode": "managed",
      "type": "aws_lambda_permission",
      "name": "apigw_result",
      "provider": "provider[\"registry.terraform.io/hashicorp/aws\"]",
      "instances": [
        {
          "schema_version": 0,
          "attributes": {
            "action": "lambda:InvokeFunction",
            "event_source_token": null,
            "function_name": "python-lab-dev-get-result",
            "function_url_auth_type": null,
            "id": "AllowApiGatewayInvokeGetResult",
            "principal": "apigateway.amazonaws.com",
            "principal_org_id": null,
            "qualifier": "",
            "source_account": null,
            "source_arn": "arn:aws:execute-api:ap-south-1:465443875617:tqr8s2tjq9/*/*",
            "statement_id": "AllowApiGatewayInvokeGetResult",
            "statement_id_prefix": ""
          },
          "sensitive_attributes": [],
          "identity_schema_version": 0,
          "private": "bnVsbA==",
          "dependencies": [
            "aws_apigatewayv2_api.lab",
            "aws_dynamodb_table.results",
            "aws_iam_role.lab_ops_lambda",
            "aws_lambda_function.get_result",
            "aws_security_group.lambda",
            "aws_subnet.private",
            "aws_vpc.main",
            "data.archive_file.get_result_zip",
            "data.aws_availability_zones.available",
            "data.aws_iam_policy_document.lambda_assume_role"
          ]
        }
      ]
    },
    {
      "mode": "managed",
      "type": "aws_lambda_permission",
      "name": "apigw_start",
      "provider": "provider[\"registry.terraform.io/hashicorp/aws\"]",
      "instances": [
        {
          "schema_version": 0,
          "attributes": {
            "action": "lambda:InvokeFunction",
            "event_source_token": null,
            "function_name": "python-lab-dev-start-lab",
            "function_url_auth_type": null,
            "id": "AllowApiGatewayInvokeStartLab",
            "principal": "apigateway.amazonaws.com",
            "principal_org_id": null,
            "qualifier": "",
            "source_account": null,
            "source_arn": "arn:aws:execute-api:ap-south-1:465443875617:tqr8s2tjq9/*/*",
            "statement_id": "AllowApiGatewayInvokeStartLab",
            "statement_id_prefix": ""
          },
          "sensitive_attributes": [],
          "identity_schema_version": 0,
          "private": "bnVsbA==",
          "dependencies": [
            "aws_apigatewayv2_api.lab",
            "aws_cloudwatch_log_group.ecs",
            "aws_dynamodb_table.results",
            "aws_dynamodb_table.sessions",
            "aws_dynamodb_table.submissions",
            "aws_ecr_repository.lab_images",
            "aws_ecs_cluster.lab",
            "aws_ecs_task_definition.lab",
            "aws_iam_role.ecs_task",
            "aws_iam_role.ecs_task_execution",
            "aws_iam_role.lab_ops_lambda",
            "aws_iam_role.scheduler_invoke_stop_lambda",
            "aws_iam_role.start_lab_lambda",
            "aws_iam_role.stop_lab_lambda",
            "aws_lambda_function.grade_lab",
            "aws_lambda_function.start_lab",
            "aws_lambda_function.stop_lab",
            "aws_lb.lab",
            "aws_s3_bucket.test_cases",
            "aws_scheduler_schedule_group.lab",
            "aws_security_group.alb",
            "aws_security_group.ecs_tasks",
            "aws_security_group.lambda",
            "aws_subnet.private",
            "aws_subnet.public",
            "aws_vpc.main",
            "data.archive_file.grade_lab_zip",
            "data.archive_file.start_lab_zip",
            "data.archive_file.stop_lab_zip",
            "data.aws_availability_zones.available",
            "data.aws_iam_policy_document.ecs_task_execution_assume_role",
            "data.aws_iam_policy_document.lambda_assume_role",
            "data.aws_iam_policy_document.scheduler_assume_role",
            "random_string.test_cases_suffix"
          ]
        }
      ]
    },
    {
      "mode": "managed",
      "type": "aws_lambda_permission",
      "name": "apigw_stop",
      "provider": "provider[\"registry.terraform.io/hashicorp/aws\"]",
      "instances": [
        {
          "schema_version": 0,
          "attributes": {
            "action": "lambda:InvokeFunction",
            "event_source_token": null,
            "function_name": "python-lab-dev-stop-lab",
            "function_url_auth_type": null,
            "id": "AllowApiGatewayInvokeStopLab",
            "principal": "apigateway.amazonaws.com",
            "principal_org_id": null,
            "qualifier": "",
            "source_account": null,
            "source_arn": "arn:aws:execute-api:ap-south-1:465443875617:tqr8s2tjq9/*/*",
            "statement_id": "AllowApiGatewayInvokeStopLab",
            "statement_id_prefix": ""
          },
          "sensitive_attributes": [],
          "identity_schema_version": 0,
          "private": "bnVsbA==",
          "dependencies": [
            "aws_apigatewayv2_api.lab",
            "aws_cloudwatch_log_group.ecs",
            "aws_dynamodb_table.results",
            "aws_dynamodb_table.sessions",
            "aws_dynamodb_table.submissions",
            "aws_ecr_repository.lab_images",
            "aws_ecs_cluster.lab",
            "aws_ecs_task_definition.lab",
            "aws_iam_role.ecs_task",
            "aws_iam_role.ecs_task_execution",
            "aws_iam_role.lab_ops_lambda",
            "aws_iam_role.stop_lab_lambda",
            "aws_lambda_function.grade_lab",
            "aws_lambda_function.stop_lab",
            "aws_s3_bucket.test_cases",
            "aws_scheduler_schedule_group.lab",
            "aws_security_group.alb",
            "aws_security_group.ecs_tasks",
            "aws_security_group.lambda",
            "aws_subnet.private",
            "aws_vpc.main",
            "data.archive_file.grade_lab_zip",
            "data.archive_file.stop_lab_zip",
            "data.aws_availability_zones.available",
            "data.aws_iam_policy_document.ecs_task_execution_assume_role",
            "data.aws_iam_policy_document.lambda_assume_role",
            "random_string.test_cases_suffix"
          ]
        }
      ]
    },
    {
      "mode": "managed",
      "type": "aws_lambda_permission",
      "name": "apigw_submit",
      "provider": "provider[\"registry.terraform.io/hashicorp/aws\"]",
      "instances": [
        {
          "schema_version": 0,
          "attributes": {
            "action": "lambda:InvokeFunction",
            "event_source_token": null,
            "function_name": "python-lab-dev-submit-code",
            "function_url_auth_type": null,
            "id": "AllowApiGatewayInvokeSubmitCode",
            "principal": "apigateway.amazonaws.com",
            "principal_org_id": null,
            "qualifier": "",
            "source_account": null,
            "source_arn": "arn:aws:execute-api:ap-south-1:465443875617:tqr8s2tjq9/*/*",
            "statement_id": "AllowApiGatewayInvokeSubmitCode",
            "statement_id_prefix": ""
          },
          "sensitive_attributes": [],
          "identity_schema_version": 0,
          "private": "bnVsbA==",
          "dependencies": [
            "aws_apigatewayv2_api.lab",
            "aws_cloudwatch_log_group.ecs",
            "aws_dynamodb_table.results",
            "aws_dynamodb_table.sessions",
            "aws_dynamodb_table.submissions",
            "aws_ecr_repository.lab_images",
            "aws_ecs_cluster.lab",
            "aws_ecs_task_definition.lab",
            "aws_iam_role.ecs_task",
            "aws_iam_role.ecs_task_execution",
            "aws_iam_role.lab_ops_lambda",
            "aws_lambda_function.grade_lab",
            "aws_lambda_function.submit_code",
            "aws_s3_bucket.test_cases",
            "aws_security_group.alb",
            "aws_security_group.ecs_tasks",
            "aws_security_group.lambda",
            "aws_subnet.private",
            "aws_vpc.main",
            "data.archive_file.grade_lab_zip",
            "data.archive_file.submit_code_zip",
            "data.aws_availability_zones.available",
            "data.aws_iam_policy_document.ecs_task_execution_assume_role",
            "data.aws_iam_policy_document.lambda_assume_role",
            "random_string.test_cases_suffix"
          ]
        }
      ]
    },
    {
      "mode": "managed",
      "type": "aws_route_table",
      "name": "private",
      "provider": "provider[\"registry.terraform.io/hashicorp/aws\"]",
      "instances": [
        {
          "index_key": 0,
          "schema_version": 0,
          "attributes": {
            "arn": "arn:aws:ec2:ap-south-1:465443875617:route-table/rtb-06f898a2c95d91a57",
            "id": "rtb-06f898a2c95d91a57",
            "owner_id": "465443875617",
            "propagating_vgws": [],
            "route": [],
            "tags": {
              "Environment": "dev",
              "ManagedBy": "terraform",
              "Name": "python-lab-dev-private-rt-1",
              "Project": "python-lab"
            },
            "tags_all": {
              "Environment": "dev",
              "ManagedBy": "terraform",
              "Name": "python-lab-dev-private-rt-1",
              "Project": "python-lab"
            },
            "timeouts": null,
            "vpc_id": "vpc-03478218adc0b99d9"
          },
          "sensitive_attributes": [],
          "identity_schema_version": 0,
          "private": "eyJlMmJmYjczMC1lY2FhLTExZTYtOGY4OC0zNDM2M2JjN2M0YzAiOnsiY3JlYXRlIjozMDAwMDAwMDAwMDAsImRlbGV0ZSI6MzAwMDAwMDAwMDAwLCJ1cGRhdGUiOjEyMDAwMDAwMDAwMH19",
          "dependencies": [
            "aws_subnet.private",
            "aws_vpc.main",
            "data.aws_availability_zones.available"
          ]
        },
        {
          "index_key": 1,
          "schema_version": 0,
          "attributes": {
            "arn": "arn:aws:ec2:ap-south-1:465443875617:route-table/rtb-0e3c22d9d253dfab5",
            "id": "rtb-0e3c22d9d253dfab5",
            "owner_id": "465443875617",
            "propagating_vgws": [],
            "route": [],
            "tags": {
              "Environment": "dev",
              "ManagedBy": "terraform",
              "Name": "python-lab-dev-private-rt-2",
              "Project": "python-lab"
            },
            "tags_all": {
              "Environment": "dev",
              "ManagedBy": "terraform",
              "Name": "python-lab-dev-private-rt-2",
              "Project": "python-lab"
            },
            "timeouts": null,
            "vpc_id": "vpc-03478218adc0b99d9"
          },
          "sensitive_attributes": [],
          "identity_schema_version": 0,
          "private": "eyJlMmJmYjczMC1lY2FhLTExZTYtOGY4OC0zNDM2M2JjN2M0YzAiOnsiY3JlYXRlIjozMDAwMDAwMDAwMDAsImRlbGV0ZSI6MzAwMDAwMDAwMDAwLCJ1cGRhdGUiOjEyMDAwMDAwMDAwMH19",
          "dependencies": [
            "aws_subnet.private",
            "aws_vpc.main",
            "data.aws_availability_zones.available"
          ]
        }
      ]
    },
    {
      "mode": "managed",
      "type": "aws_route_table_association",
      "name": "private",
      "provider": "provider[\"registry.terraform.io/hashicorp/aws\"]",
      "instances": [
        {
          "index_key": 0,
          "schema_version": 0,
          "attributes": {
            "gateway_id": "",
            "id": "rtbassoc-09148365ca2043922",
            "route_table_id": "rtb-06f898a2c95d91a57",
            "subnet_id": "subnet-0587bab6117f52e32",
            "timeouts": null
          },
          "sensitive_attributes": [],
          "identity_schema_version": 0,
          "private": "eyJlMmJmYjczMC1lY2FhLTExZTYtOGY4OC0zNDM2M2JjN2M0YzAiOnsiY3JlYXRlIjozMDAwMDAwMDAwMDAsImRlbGV0ZSI6MzAwMDAwMDAwMDAwLCJ1cGRhdGUiOjEyMDAwMDAwMDAwMH19",
          "dependencies": [
            "aws_route_table.private",
            "aws_subnet.private",
            "aws_vpc.main",
            "data.aws_availability_zones.available"
          ]
        },
        {
          "index_key": 1,
          "schema_version": 0,
          "attributes": {
            "gateway_id": "",
            "id": "rtbassoc-0b939165bacc5085b",
            "route_table_id": "rtb-0e3c22d9d253dfab5",
            "subnet_id": "subnet-040be3bd0f74956eb",
            "timeouts": null
          },
          "sensitive_attributes": [],
          "identity_schema_version": 0,
          "private": "eyJlMmJmYjczMC1lY2FhLTExZTYtOGY4OC0zNDM2M2JjN2M0YzAiOnsiY3JlYXRlIjozMDAwMDAwMDAwMDAsImRlbGV0ZSI6MzAwMDAwMDAwMDAwLCJ1cGRhdGUiOjEyMDAwMDAwMDAwMH19",
          "dependencies": [
            "aws_route_table.private",
            "aws_subnet.private",
            "aws_vpc.main",
            "data.aws_availability_zones.available"
          ]
        }
      ]
    },
    {
      "mode": "managed",
      "type": "aws_s3_bucket",
      "name": "test_cases",
      "provider": "provider[\"registry.terraform.io/hashicorp/aws\"]",
      "instances": [
        {
          "schema_version": 0,
          "attributes": {
            "acceleration_status": "",
            "acl": null,
            "arn": "arn:aws:s3:::python-lab-dev-test-cases-z18dh34l",
            "bucket": "python-lab-dev-test-cases-z18dh34l",
            "bucket_domain_name": "python-lab-dev-test-cases-z18dh34l.s3.amazonaws.com",
            "bucket_prefix": "",
            "bucket_regional_domain_name": "python-lab-dev-test-cases-z18dh34l.s3.ap-south-1.amazonaws.com",
            "cors_rule": [],
            "force_destroy": false,
            "grant": [
              {
                "id": "ff10efb958309f884659d700a4d562d7fe35160ba4e53adab7bad092070355ec",
                "permissions": [
                  "FULL_CONTROL"
                ],
                "type": "CanonicalUser",
                "uri": ""
              }
            ],
            "hosted_zone_id": "Z11RGJOFQNVJUP",
            "id": "python-lab-dev-test-cases-z18dh34l",
            "lifecycle_rule": [],
            "logging": [],
            "object_lock_configuration": [],
            "object_lock_enabled": false,
            "policy": "",
            "region": "ap-south-1",
            "replication_configuration": [],
            "request_payer": "BucketOwner",
            "server_side_encryption_configuration": [
              {
                "rule": [
                  {
                    "apply_server_side_encryption_by_default": [
                      {
                        "kms_master_key_id": "",
                        "sse_algorithm": "AES256"
                      }
                    ],
                    "bucket_key_enabled": false
                  }
                ]
              }
            ],
            "tags": {
              "Environment": "dev",
              "ManagedBy": "terraform",
              "Name": "python-lab-dev-test-cases",
              "Project": "python-lab"
            },
            "tags_all": {
              "Environment": "dev",
              "ManagedBy": "terraform",
              "Name": "python-lab-dev-test-cases",
              "Project": "python-lab"
            },
            "timeouts": null,
            "versioning": [
              {
                "enabled": false,
                "mfa_delete": false
              }
            ],
            "website": [],
            "website_domain": null,
            "website_endpoint": null
          },
          "sensitive_attributes": [],
          "identity_schema_version": 0,
          "private": "eyJlMmJmYjczMC1lY2FhLTExZTYtOGY4OC0zNDM2M2JjN2M0YzAiOnsiY3JlYXRlIjoxMjAwMDAwMDAwMDAwLCJkZWxldGUiOjM2MDAwMDAwMDAwMDAsInJlYWQiOjEyMDAwMDAwMDAwMDAsInVwZGF0ZSI6MTIwMDAwMDAwMDAwMH19",
          "dependencies": [
            "random_string.test_cases_suffix"
          ]
        }
      ]
    },
    {
      "mode": "managed",
      "type": "aws_s3_bucket_public_access_block",
      "name": "test_cases",
      "provider": "provider[\"registry.terraform.io/hashicorp/aws\"]",
      "instances": [
        {
          "schema_version": 0,
          "attributes": {
            "block_public_acls": true,
            "block_public_policy": true,
            "bucket": "python-lab-dev-test-cases-z18dh34l",
            "id": "python-lab-dev-test-cases-z18dh34l",
            "ignore_public_acls": true,
            "restrict_public_buckets": true
          },
          "sensitive_attributes": [],
          "identity_schema_version": 0,
          "private": "bnVsbA==",
          "dependencies": [
            "aws_s3_bucket.test_cases",
            "random_string.test_cases_suffix"
          ]
        }
      ]
    },
    {
      "mode": "managed",
      "type": "aws_scheduler_schedule",
      "name": "cleanup_expired",
      "provider": "provider[\"registry.terraform.io/hashicorp/aws\"]",
      "instances": [
        {
          "schema_version": 0,
          "attributes": {
            "arn": "arn:aws:scheduler:ap-south-1:465443875617:schedule/python-lab-dev-sessions/python-lab-dev-cleanup-expired",
            "description": "",
            "end_date": "",
            "flexible_time_window": [
              {
                "maximum_window_in_minutes": 0,
                "mode": "OFF"
              }
            ],
            "group_name": "python-lab-dev-sessions",
            "id": "python-lab-dev-sessions/python-lab-dev-cleanup-expired",
            "kms_key_arn": "",
            "name": "python-lab-dev-cleanup-expired",
            "name_prefix": "",
            "schedule_expression": "rate(5 minutes)",
            "schedule_expression_timezone": "UTC",
            "start_date": "",
            "state": "ENABLED",
            "target": [
              {
                "arn": "arn:aws:lambda:ap-south-1:465443875617:function:python-lab-dev-cleanup-expired",
                "dead_letter_config": [],
                "ecs_parameters": [],
                "eventbridge_parameters": [],
                "input": "{\"trigger\":\"SCHEDULED_CLEANUP\"}",
                "kinesis_parameters": [],
                "retry_policy": [
                  {
                    "maximum_event_age_in_seconds": 86400,
                    "maximum_retry_attempts": 185
                  }
                ],
                "role_arn": "arn:aws:iam::465443875617:role/python-lab-dev-scheduler-stop-lambda-role",
                "sagemaker_pipeline_parameters": [],
                "sqs_parameters": []
              }
            ]
          },
          "sensitive_attributes": [],
          "identity_schema_version": 0,
          "private": "bnVsbA==",
          "dependencies": [
            "aws_cloudwatch_log_group.ecs",
            "aws_dynamodb_table.results",
            "aws_dynamodb_table.sessions",
            "aws_dynamodb_table.submissions",
            "aws_ecr_repository.lab_images",
            "aws_ecs_cluster.lab",
            "aws_ecs_task_definition.lab",
            "aws_iam_role.ecs_task",
            "aws_iam_role.ecs_task_execution",
            "aws_iam_role.lab_ops_lambda",
            "aws_iam_role.scheduler_invoke_stop_lambda",
            "aws_iam_role.stop_lab_lambda",
            "aws_lambda_function.cleanup_expired",
            "aws_lambda_function.grade_lab",
            "aws_lambda_function.stop_lab",
            "aws_s3_bucket.test_cases",
            "aws_scheduler_schedule_group.lab",
            "aws_security_group.alb",
            "aws_security_group.ecs_tasks",
            "aws_security_group.lambda",
            "aws_subnet.private",
            "aws_vpc.main",
            "data.archive_file.cleanup_expired_zip",
            "data.archive_file.grade_lab_zip",
            "data.archive_file.stop_lab_zip",
            "data.aws_availability_zones.available",
            "data.aws_iam_policy_document.ecs_task_execution_assume_role",
            "data.aws_iam_policy_document.lambda_assume_role",
            "data.aws_iam_policy_document.scheduler_assume_role",
            "random_string.test_cases_suffix"
          ]
        }
      ]
    },
    {
      "mode": "managed",
      "type": "aws_scheduler_schedule_group",
      "name": "lab",
      "provider": "provider[\"registry.terraform.io/hashicorp/aws\"]",
      "instances": [
        {
          "schema_version": 0,
          "attributes": {
            "arn": "arn:aws:scheduler:ap-south-1:465443875617:schedule-group/python-lab-dev-sessions",
            "creation_date": "2026-04-22T10:33:32Z",
            "id": "python-lab-dev-sessions",
            "last_modification_date": "2026-04-22T10:33:32Z",
            "name": "python-lab-dev-sessions",
            "name_prefix": "",
            "state": "ACTIVE",
            "tags": {
              "Environment": "dev",
              "ManagedBy": "terraform",
              "Project": "python-lab"
            },
            "tags_all": {
              "Environment": "dev",
              "ManagedBy": "terraform",
              "Project": "python-lab"
            },
            "timeouts": null
          },
          "sensitive_attributes": [],
          "identity_schema_version": 0,
          "private": "eyJlMmJmYjczMC1lY2FhLTExZTYtOGY4OC0zNDM2M2JjN2M0YzAiOnsiY3JlYXRlIjozMDAwMDAwMDAwMDAsImRlbGV0ZSI6MzAwMDAwMDAwMDAwfX0="
        }
      ]
    },
    {
      "mode": "managed",
      "type": "aws_security_group",
      "name": "ecs_tasks",
      "provider": "provider[\"registry.terraform.io/hashicorp/aws\"]",
      "instances": [
        {
          "schema_version": 1,
          "attributes": {
            "arn": "arn:aws:ec2:ap-south-1:465443875617:security-group/sg-0681b7b6d1fde08c3",
            "description": "Security group for ephemeral lab tasks",
            "egress": [
              {
                "cidr_blocks": [
                  "0.0.0.0/0"
                ],
                "description": "Allow all outbound",
                "from_port": 0,
                "ipv6_cidr_blocks": [],
                "prefix_list_ids": [],
                "protocol": "-1",
                "security_groups": [],
                "self": false,
                "to_port": 0
              }
            ],
            "id": "sg-0681b7b6d1fde08c3",
            "ingress": [],
            "name": "python-lab-dev-ecs-task-sg",
            "name_prefix": "",
            "owner_id": "465443875617",
            "revoke_rules_on_delete": false,
            "tags": {
              "Environment": "dev",
              "ManagedBy": "terraform",
              "Name": "python-lab-dev-ecs-task-sg",
              "Project": "python-lab"
            },
            "tags_all": {
              "Environment": "dev",
              "ManagedBy": "terraform",
              "Name": "python-lab-dev-ecs-task-sg",
              "Project": "python-lab"
            },
            "timeouts": null,
            "vpc_id": "vpc-03478218adc0b99d9"
          },
          "sensitive_attributes": [],
          "identity_schema_version": 0,
          "private": "eyJlMmJmYjczMC1lY2FhLTExZTYtOGY4OC0zNDM2M2JjN2M0YzAiOnsiY3JlYXRlIjo2MDAwMDAwMDAwMDAsImRlbGV0ZSI6OTAwMDAwMDAwMDAwfSwic2NoZW1hX3ZlcnNpb24iOiIxIn0=",
          "dependencies": [
            "aws_security_group.alb",
            "aws_vpc.main"
          ]
        }
      ]
    },
    {
      "mode": "managed",
      "type": "aws_security_group",
      "name": "lambda",
      "provider": "provider[\"registry.terraform.io/hashicorp/aws\"]",
      "instances": [
        {
          "schema_version": 1,
          "attributes": {
            "arn": "arn:aws:ec2:ap-south-1:465443875617:security-group/sg-09837bae4d658df14",
            "description": "Security group for lab control Lambdas",
            "egress": [
              {
                "cidr_blocks": [
                  "0.0.0.0/0"
                ],
                "description": "Allow all outbound",
                "from_port": 0,
                "ipv6_cidr_blocks": [],
                "prefix_list_ids": [],
                "protocol": "-1",
                "security_groups": [],
                "self": false,
                "to_port": 0
              }
            ],
            "id": "sg-09837bae4d658df14",
            "ingress": [],
            "name": "python-lab-dev-lambda-sg",
            "name_prefix": "",
            "owner_id": "465443875617",
            "revoke_rules_on_delete": false,
            "tags": {
              "Environment": "dev",
              "ManagedBy": "terraform",
              "Name": "python-lab-dev-lambda-sg",
              "Project": "python-lab"
            },
            "tags_all": {
              "Environment": "dev",
              "ManagedBy": "terraform",
              "Name": "python-lab-dev-lambda-sg",
              "Project": "python-lab"
            },
            "timeouts": null,
            "vpc_id": "vpc-03478218adc0b99d9"
          },
          "sensitive_attributes": [],
          "identity_schema_version": 0,
          "private": "eyJlMmJmYjczMC1lY2FhLTExZTYtOGY4OC0zNDM2M2JjN2M0YzAiOnsiY3JlYXRlIjo2MDAwMDAwMDAwMDAsImRlbGV0ZSI6OTAwMDAwMDAwMDAwfSwic2NoZW1hX3ZlcnNpb24iOiIxIn0=",
          "dependencies": [
            "aws_vpc.main"
          ]
        }
      ]
    },
    {
      "mode": "managed",
      "type": "aws_security_group",
      "name": "vpc_endpoints",
      "provider": "provider[\"registry.terraform.io/hashicorp/aws\"]",
      "instances": [
        {
          "schema_version": 1,
          "attributes": {
            "arn": "arn:aws:ec2:ap-south-1:465443875617:security-group/sg-0fe370f7332a0ab1c",
            "description": "Security group for interface VPC endpoints",
            "egress": [
              {
                "cidr_blocks": [
                  "0.0.0.0/0"
                ],
                "description": "Allow endpoint responses",
                "from_port": 0,
                "ipv6_cidr_blocks": [],
                "prefix_list_ids": [],
                "protocol": "-1",
                "security_groups": [],
                "self": false,
                "to_port": 0
              }
            ],
            "id": "sg-0fe370f7332a0ab1c",
            "ingress": [
              {
                "cidr_blocks": [],
                "description": "Allow VPC resources to call endpoints",
                "from_port": 443,
                "ipv6_cidr_blocks": [],
                "prefix_list_ids": [],
                "protocol": "tcp",
                "security_groups": [
                  "sg-0681b7b6d1fde08c3",
                  "sg-09837bae4d658df14"
                ],
                "self": false,
                "to_port": 443
              }
            ],
            "name": "python-lab-dev-vpce-sg",
            "name_prefix": "",
            "owner_id": "465443875617",
            "revoke_rules_on_delete": false,
            "tags": {
              "Environment": "dev",
              "ManagedBy": "terraform",
              "Name": "python-lab-dev-vpce-sg",
              "Project": "python-lab"
            },
            "tags_all": {
              "Environment": "dev",
              "ManagedBy": "terraform",
              "Name": "python-lab-dev-vpce-sg",
              "Project": "python-lab"
            },
            "timeouts": null,
            "vpc_id": "vpc-03478218adc0b99d9"
          },
          "sensitive_attributes": [],
          "identity_schema_version": 0,
          "private": "eyJlMmJmYjczMC1lY2FhLTExZTYtOGY4OC0zNDM2M2JjN2M0YzAiOnsiY3JlYXRlIjo2MDAwMDAwMDAwMDAsImRlbGV0ZSI6OTAwMDAwMDAwMDAwfSwic2NoZW1hX3ZlcnNpb24iOiIxIn0=",
          "dependencies": [
            "aws_security_group.alb",
            "aws_security_group.ecs_tasks",
            "aws_security_group.lambda",
            "aws_vpc.main"
          ]
        }
      ]
    },
    {
      "mode": "managed",
      "type": "aws_subnet",
      "name": "private",
      "provider": "provider[\"registry.terraform.io/hashicorp/aws\"]",
      "instances": [
        {
          "index_key": 0,
          "schema_version": 1,
          "attributes": {
            "arn": "arn:aws:ec2:ap-south-1:465443875617:subnet/subnet-0587bab6117f52e32",
            "assign_ipv6_address_on_creation": false,
            "availability_zone": "ap-south-1a",
            "availability_zone_id": "aps1-az1",
            "cidr_block": "10.40.1.0/24",
            "customer_owned_ipv4_pool": "",
            "enable_dns64": false,
            "enable_lni_at_device_index": 0,
            "enable_resource_name_dns_a_record_on_launch": false,
            "enable_resource_name_dns_aaaa_record_on_launch": false,
            "id": "subnet-0587bab6117f52e32",
            "ipv6_cidr_block": "",
            "ipv6_cidr_block_association_id": "",
            "ipv6_native": false,
            "map_customer_owned_ip_on_launch": false,
            "map_public_ip_on_launch": false,
            "outpost_arn": "",
            "owner_id": "465443875617",
            "private_dns_hostname_type_on_launch": "ip-name",
            "tags": {
              "Environment": "dev",
              "ManagedBy": "terraform",
              "Name": "python-lab-dev-private-1",
              "Project": "python-lab",
              "Tier": "private"
            },
            "tags_all": {
              "Environment": "dev",
              "ManagedBy": "terraform",
              "Name": "python-lab-dev-private-1",
              "Project": "python-lab",
              "Tier": "private"
            },
            "timeouts": null,
            "vpc_id": "vpc-03478218adc0b99d9"
          },
          "sensitive_attributes": [],
          "identity_schema_version": 0,
          "private": "eyJlMmJmYjczMC1lY2FhLTExZTYtOGY4OC0zNDM2M2JjN2M0YzAiOnsiY3JlYXRlIjo2MDAwMDAwMDAwMDAsImRlbGV0ZSI6MTIwMDAwMDAwMDAwMH0sInNjaGVtYV92ZXJzaW9uIjoiMSJ9",
          "dependencies": [
            "aws_vpc.main",
            "data.aws_availability_zones.available"
          ]
        },
        {
          "index_key": 1,
          "schema_version": 1,
          "attributes": {
            "arn": "arn:aws:ec2:ap-south-1:465443875617:subnet/subnet-040be3bd0f74956eb",
            "assign_ipv6_address_on_creation": false,
            "availability_zone": "ap-south-1b",
            "availability_zone_id": "aps1-az3",
            "cidr_block": "10.40.2.0/24",
            "customer_owned_ipv4_pool": "",
            "enable_dns64": false,
            "enable_lni_at_device_index": 0,
            "enable_resource_name_dns_a_record_on_launch": false,
            "enable_resource_name_dns_aaaa_record_on_launch": false,
            "id": "subnet-040be3bd0f74956eb",
            "ipv6_cidr_block": "",
            "ipv6_cidr_block_association_id": "",
            "ipv6_native": false,
            "map_customer_owned_ip_on_launch": false,
            "map_public_ip_on_launch": false,
            "outpost_arn": "",
            "owner_id": "465443875617",
            "private_dns_hostname_type_on_launch": "ip-name",
            "tags": {
              "Environment": "dev",
              "ManagedBy": "terraform",
              "Name": "python-lab-dev-private-2",
              "Project": "python-lab",
              "Tier": "private"
            },
            "tags_all": {
              "Environment": "dev",
              "ManagedBy": "terraform",
              "Name": "python-lab-dev-private-2",
              "Project": "python-lab",
              "Tier": "private"
            },
            "timeouts": null,
            "vpc_id": "vpc-03478218adc0b99d9"
          },
          "sensitive_attributes": [],
          "identity_schema_version": 0,
          "private": "eyJlMmJmYjczMC1lY2FhLTExZTYtOGY4OC0zNDM2M2JjN2M0YzAiOnsiY3JlYXRlIjo2MDAwMDAwMDAwMDAsImRlbGV0ZSI6MTIwMDAwMDAwMDAwMH0sInNjaGVtYV92ZXJzaW9uIjoiMSJ9",
          "dependencies": [
            "aws_vpc.main",
            "data.aws_availability_zones.available"
          ]
        }
      ]
    },
    {
      "mode": "managed",
      "type": "aws_vpc",
      "name": "main",
      "provider": "provider[\"registry.terraform.io/hashicorp/aws\"]",
      "instances": [
        {
          "schema_version": 1,
          "attributes": {
            "arn": "arn:aws:ec2:ap-south-1:465443875617:vpc/vpc-03478218adc0b99d9",
            "assign_generated_ipv6_cidr_block": false,
            "cidr_block": "10.40.0.0/16",
            "default_network_acl_id": "acl-0d344a4fed9aa04a4",
            "default_route_table_id": "rtb-0d271bb0757637e80",
            "default_security_group_id": "sg-010d9a7938f5a71aa",
            "dhcp_options_id": "dopt-0c69ebb4ca70f7a94",
            "enable_dns_hostnames": true,
            "enable_dns_support": true,
            "enable_network_address_usage_metrics": false,
            "id": "vpc-03478218adc0b99d9",
            "instance_tenancy": "default",
            "ipv4_ipam_pool_id": null,
            "ipv4_netmask_length": null,
            "ipv6_association_id": "",
            "ipv6_cidr_block": "",
            "ipv6_cidr_block_network_border_group": "",
            "ipv6_ipam_pool_id": "",
            "ipv6_netmask_length": 0,
            "main_route_table_id": "rtb-0d271bb0757637e80",
            "owner_id": "465443875617",
            "tags": {
              "Environment": "dev",
              "ManagedBy": "terraform",
              "Name": "python-lab-dev-vpc",
              "Project": "python-lab"
            },
            "tags_all": {
              "Environment": "dev",
              "ManagedBy": "terraform",
              "Name": "python-lab-dev-vpc",
              "Project": "python-lab"
            }
          },
          "sensitive_attributes": [],
          "identity_schema_version": 0,
          "private": "eyJzY2hlbWFfdmVyc2lvbiI6IjEifQ=="
        }
      ]
    },
    {
      "mode": "managed",
      "type": "aws_vpc_endpoint",
      "name": "dynamodb",
      "provider": "provider[\"registry.terraform.io/hashicorp/aws\"]",
      "instances": [
        {
          "schema_version": 0,
          "attributes": {
            "arn": "arn:aws:ec2:ap-south-1:465443875617:vpc-endpoint/vpce-06ffd5e08f1c509f0",
            "auto_accept": null,
            "cidr_blocks": [
              "35.71.100.0/25",
              "35.71.100.128/26",
              "52.94.20.0/24"
            ],
            "dns_entry": [],
            "dns_options": [
              {
                "dns_record_ip_type": "service-defined",
                "private_dns_only_for_inbound_resolver_endpoint": false
              }
            ],
            "id": "vpce-06ffd5e08f1c509f0",
            "ip_address_type": "ipv4",
            "network_interface_ids": [],
            "owner_id": "465443875617",
            "policy": "{\"Statement\":[{\"Action\":\"*\",\"Effect\":\"Allow\",\"Principal\":\"*\",\"Resource\":\"*\"}],\"Version\":\"2008-10-17\"}",
            "prefix_list_id": "pl-66a7420f",
            "private_dns_enabled": false,
            "requester_managed": false,
            "resource_configuration_arn": "",
            "route_table_ids": [
              "rtb-06f898a2c95d91a57",
              "rtb-0e3c22d9d253dfab5"
            ],
            "security_group_ids": [],
            "service_name": "com.amazonaws.ap-south-1.dynamodb",
            "service_network_arn": "",
            "service_region": "ap-south-1",
            "state": "available",
            "subnet_configuration": [],
            "subnet_ids": [],
            "tags": {
              "Environment": "dev",
              "ManagedBy": "terraform",
              "Name": "python-lab-dev-dynamodb-endpoint",
              "Project": "python-lab"
            },
            "tags_all": {
              "Environment": "dev",
              "ManagedBy": "terraform",
              "Name": "python-lab-dev-dynamodb-endpoint",
              "Project": "python-lab"
            },
            "timeouts": null,
            "vpc_endpoint_type": "Gateway",
            "vpc_id": "vpc-03478218adc0b99d9"
          },
          "sensitive_attributes": [],
          "identity_schema_version": 0,
          "private": "eyJlMmJmYjczMC1lY2FhLTExZTYtOGY4OC0zNDM2M2JjN2M0YzAiOnsiY3JlYXRlIjo2MDAwMDAwMDAwMDAsImRlbGV0ZSI6NjAwMDAwMDAwMDAwLCJ1cGRhdGUiOjYwMDAwMDAwMDAwMH19",
          "dependencies": [
            "aws_route_table.private",
            "aws_subnet.private",
            "aws_vpc.main",
            "data.aws_availability_zones.available"
          ]
        }
      ]
    },
    {
      "mode": "managed",
      "type": "aws_vpc_endpoint",
      "name": "ecr_api",
      "provider": "provider[\"registry.terraform.io/hashicorp/aws\"]",
      "instances": [
        {
          "schema_version": 0,
          "attributes": {
            "arn": "arn:aws:ec2:ap-south-1:465443875617:vpc-endpoint/vpce-063240f897433f9f0",
            "auto_accept": null,
            "cidr_blocks": [],
            "dns_entry": [
              {
                "dns_name": "vpce-063240f897433f9f0-i8ep9f6o.api.ecr.ap-south-1.vpce.amazonaws.com",
                "hosted_zone_id": "Z2KVTB3ZLFM7JR"
              },
              {
                "dns_name": "vpce-063240f897433f9f0-i8ep9f6o-ap-south-1b.api.ecr.ap-south-1.vpce.amazonaws.com",
                "hosted_zone_id": "Z2KVTB3ZLFM7JR"
              },
              {
                "dns_name": "vpce-063240f897433f9f0-i8ep9f6o-ap-south-1a.api.ecr.ap-south-1.vpce.amazonaws.com",
                "hosted_zone_id": "Z2KVTB3ZLFM7JR"
              },
              {
                "dns_name": "api.ecr.ap-south-1.amazonaws.com",
                "hosted_zone_id": "Z09274832SPYS82YCQH52"
              },
              {
                "dns_name": "ecr.ap-south-1.api.aws",
                "hosted_zone_id": "Z0927478290M4ZOZC54WP"
              }
            ],
            "dns_options": [
              {
                "dns_record_ip_type": "ipv4",
                "private_dns_only_for_inbound_resolver_endpoint": false
              }
            ],
            "id": "vpce-063240f897433f9f0",
            "ip_address_type": "ipv4",
            "network_interface_ids": [
              "eni-06b7e3968686136f2",
              "eni-0d9c112a9cca6621e"
            ],
            "owner_id": "465443875617",
            "policy": "{\"Statement\":[{\"Action\":\"*\",\"Effect\":\"Allow\",\"Principal\":\"*\",\"Resource\":\"*\"}]}",
            "prefix_list_id": null,
            "private_dns_enabled": true,
            "requester_managed": false,
            "resource_configuration_arn": "",
            "route_table_ids": [],
            "security_group_ids": [
              "sg-0fe370f7332a0ab1c"
            ],
            "service_name": "com.amazonaws.ap-south-1.ecr.api",
            "service_network_arn": "",
            "service_region": "ap-south-1",
            "state": "available",
            "subnet_configuration": [
              {
                "ipv4": "10.40.1.32",
                "ipv6": "",
                "subnet_id": "subnet-0587bab6117f52e32"
              },
              {
                "ipv4": "10.40.2.121",
                "ipv6": "",
                "subnet_id": "subnet-040be3bd0f74956eb"
              }
            ],
            "subnet_ids": [
              "subnet-040be3bd0f74956eb",
              "subnet-0587bab6117f52e32"
            ],
            "tags": {
              "Environment": "dev",
              "ManagedBy": "terraform",
              "Name": "python-lab-dev-ecr-api-endpoint",
              "Project": "python-lab"
            },
            "tags_all": {
              "Environment": "dev",
              "ManagedBy": "terraform",
              "Name": "python-lab-dev-ecr-api-endpoint",
              "Project": "python-lab"
            },
            "timeouts": null,
            "vpc_endpoint_type": "Interface",
            "vpc_id": "vpc-03478218adc0b99d9"
          },
          "sensitive_attributes": [],
          "identity_schema_version": 0,
          "private": "eyJlMmJmYjczMC1lY2FhLTExZTYtOGY4OC0zNDM2M2JjN2M0YzAiOnsiY3JlYXRlIjo2MDAwMDAwMDAwMDAsImRlbGV0ZSI6NjAwMDAwMDAwMDAwLCJ1cGRhdGUiOjYwMDAwMDAwMDAwMH19",
          "dependencies": [
            "aws_security_group.alb",
            "aws_security_group.ecs_tasks",
            "aws_security_group.lambda",
            "aws_security_group.vpc_endpoints",
            "aws_subnet.private",
            "aws_vpc.main",
            "data.aws_availability_zones.available"
          ]
        }
      ]
    },
    {
      "mode": "managed",
      "type": "aws_vpc_endpoint",
      "name": "ecr_dkr",
      "provider": "provider[\"registry.terraform.io/hashicorp/aws\"]",
      "instances": [
        {
          "schema_version": 0,
          "attributes": {
            "arn": "arn:aws:ec2:ap-south-1:465443875617:vpc-endpoint/vpce-0906295d7e2236fab",
            "auto_accept": null,
            "cidr_blocks": [],
            "dns_entry": [
              {
                "dns_name": "vpce-0906295d7e2236fab-r46axk2c.dkr.ecr.ap-south-1.vpce.amazonaws.com",
                "hosted_zone_id": "Z2KVTB3ZLFM7JR"
              },
              {
                "dns_name": "vpce-0906295d7e2236fab-r46axk2c-ap-south-1a.dkr.ecr.ap-south-1.vpce.amazonaws.com",
                "hosted_zone_id": "Z2KVTB3ZLFM7JR"
              },
              {
                "dns_name": "vpce-0906295d7e2236fab-r46axk2c-ap-south-1b.dkr.ecr.ap-south-1.vpce.amazonaws.com",
                "hosted_zone_id": "Z2KVTB3ZLFM7JR"
              },
              {
                "dns_name": "dkr.ecr.ap-south-1.amazonaws.com",
                "hosted_zone_id": "Z092604338UIDZDEIYDRU"
              },
              {
                "dns_name": "*.dkr.ecr.ap-south-1.amazonaws.com",
                "hosted_zone_id": "Z092604338UIDZDEIYDRU"
              },
              {
                "dns_name": "dkr-ecr.ap-south-1.on.aws",
                "hosted_zone_id": "Z004321337T270TIVG89H"
              },
              {
                "dns_name": "*.dkr-ecr.ap-south-1.on.aws",
                "hosted_zone_id": "Z004321337T270TIVG89H"
              }
            ],
            "dns_options": [
              {
                "dns_record_ip_type": "ipv4",
                "private_dns_only_for_inbound_resolver_endpoint": false
              }
            ],
            "id": "vpce-0906295d7e2236fab",
            "ip_address_type": "ipv4",
            "network_interface_ids": [
              "eni-039643c59cc8bb495",
              "eni-0d42283160ef11173"
            ],
            "owner_id": "465443875617",
            "policy": "{\"Statement\":[{\"Action\":\"*\",\"Effect\":\"Allow\",\"Principal\":\"*\",\"Resource\":\"*\"}]}",
            "prefix_list_id": null,
            "private_dns_enabled": true,
            "requester_managed": false,
            "resource_configuration_arn": "",
            "route_table_ids": [],
            "security_group_ids": [
              "sg-0fe370f7332a0ab1c"
            ],
            "service_name": "com.amazonaws.ap-south-1.ecr.dkr",
            "service_network_arn": "",
            "service_region": "ap-south-1",
            "state": "available",
            "subnet_configuration": [
              {
                "ipv4": "10.40.1.208",
                "ipv6": "",
                "subnet_id": "subnet-0587bab6117f52e32"
              },
              {
                "ipv4": "10.40.2.37",
                "ipv6": "",
                "subnet_id": "subnet-040be3bd0f74956eb"
              }
            ],
            "subnet_ids": [
              "subnet-040be3bd0f74956eb",
              "subnet-0587bab6117f52e32"
            ],
            "tags": {
              "Environment": "dev",
              "ManagedBy": "terraform",
              "Name": "python-lab-dev-ecr-dkr-endpoint",
              "Project": "python-lab"
            },
            "tags_all": {
              "Environment": "dev",
              "ManagedBy": "terraform",
              "Name": "python-lab-dev-ecr-dkr-endpoint",
              "Project": "python-lab"
            },
            "timeouts": null,
            "vpc_endpoint_type": "Interface",
            "vpc_id": "vpc-03478218adc0b99d9"
          },
          "sensitive_attributes": [],
          "identity_schema_version": 0,
          "private": "eyJlMmJmYjczMC1lY2FhLTExZTYtOGY4OC0zNDM2M2JjN2M0YzAiOnsiY3JlYXRlIjo2MDAwMDAwMDAwMDAsImRlbGV0ZSI6NjAwMDAwMDAwMDAwLCJ1cGRhdGUiOjYwMDAwMDAwMDAwMH19",
          "dependencies": [
            "aws_security_group.alb",
            "aws_security_group.ecs_tasks",
            "aws_security_group.lambda",
            "aws_security_group.vpc_endpoints",
            "aws_subnet.private",
            "aws_vpc.main",
            "data.aws_availability_zones.available"
          ]
        }
      ]
    },
    {
      "mode": "managed",
      "type": "aws_vpc_endpoint",
      "name": "ecs",
      "provider": "provider[\"registry.terraform.io/hashicorp/aws\"]",
      "instances": [
        {
          "schema_version": 0,
          "attributes": {
            "arn": "arn:aws:ec2:ap-south-1:465443875617:vpc-endpoint/vpce-081e45eb928ad1c90",
            "auto_accept": null,
            "cidr_blocks": [],
            "dns_entry": [
              {
                "dns_name": "vpce-081e45eb928ad1c90-lgpmc25o.ecs.ap-south-1.vpce.amazonaws.com",
                "hosted_zone_id": "Z2KVTB3ZLFM7JR"
              },
              {
                "dns_name": "vpce-081e45eb928ad1c90-lgpmc25o-ap-south-1b.ecs.ap-south-1.vpce.amazonaws.com",
                "hosted_zone_id": "Z2KVTB3ZLFM7JR"
              },
              {
                "dns_name": "vpce-081e45eb928ad1c90-lgpmc25o-ap-south-1a.ecs.ap-south-1.vpce.amazonaws.com",
                "hosted_zone_id": "Z2KVTB3ZLFM7JR"
              },
              {
                "dns_name": "ecs.ap-south-1.amazonaws.com",
                "hosted_zone_id": "Z025108227UX7DPX32UBY"
              },
              {
                "dns_name": "ecs.ap-south-1.api.aws",
                "hosted_zone_id": "Z0932633CHG5B9ZF6KDB"
              }
            ],
            "dns_options": [
              {
                "dns_record_ip_type": "ipv4",
                "private_dns_only_for_inbound_resolver_endpoint": false
              }
            ],
            "id": "vpce-081e45eb928ad1c90",
            "ip_address_type": "ipv4",
            "network_interface_ids": [
              "eni-09488e6fde73c8707",
              "eni-0f007f263c1f6877a"
            ],
            "owner_id": "465443875617",
            "policy": "{\"Statement\":[{\"Action\":\"*\",\"Effect\":\"Allow\",\"Principal\":\"*\",\"Resource\":\"*\"}]}",
            "prefix_list_id": null,
            "private_dns_enabled": true,
            "requester_managed": false,
            "resource_configuration_arn": "",
            "route_table_ids": [],
            "security_group_ids": [
              "sg-0fe370f7332a0ab1c"
            ],
            "service_name": "com.amazonaws.ap-south-1.ecs",
            "service_network_arn": "",
            "service_region": "ap-south-1",
            "state": "available",
            "subnet_configuration": [
              {
                "ipv4": "10.40.1.204",
                "ipv6": "",
                "subnet_id": "subnet-0587bab6117f52e32"
              },
              {
                "ipv4": "10.40.2.143",
                "ipv6": "",
                "subnet_id": "subnet-040be3bd0f74956eb"
              }
            ],
            "subnet_ids": [
              "subnet-040be3bd0f74956eb",
              "subnet-0587bab6117f52e32"
            ],
            "tags": {
              "Environment": "dev",
              "ManagedBy": "terraform",
              "Name": "python-lab-dev-ecs-endpoint",
              "Project": "python-lab"
            },
            "tags_all": {
              "Environment": "dev",
              "ManagedBy": "terraform",
              "Name": "python-lab-dev-ecs-endpoint",
              "Project": "python-lab"
            },
            "timeouts": null,
            "vpc_endpoint_type": "Interface",
            "vpc_id": "vpc-03478218adc0b99d9"
          },
          "sensitive_attributes": [],
          "identity_schema_version": 0,
          "private": "eyJlMmJmYjczMC1lY2FhLTExZTYtOGY4OC0zNDM2M2JjN2M0YzAiOnsiY3JlYXRlIjo2MDAwMDAwMDAwMDAsImRlbGV0ZSI6NjAwMDAwMDAwMDAwLCJ1cGRhdGUiOjYwMDAwMDAwMDAwMH19",
          "dependencies": [
            "aws_security_group.alb",
            "aws_security_group.ecs_tasks",
            "aws_security_group.lambda",
            "aws_security_group.vpc_endpoints",
            "aws_subnet.private",
            "aws_vpc.main",
            "data.aws_availability_zones.available"
          ]
        }
      ]
    },
    {
      "mode": "managed",
      "type": "aws_vpc_endpoint",
      "name": "logs",
      "provider": "provider[\"registry.terraform.io/hashicorp/aws\"]",
      "instances": [
        {
          "schema_version": 0,
          "attributes": {
            "arn": "arn:aws:ec2:ap-south-1:465443875617:vpc-endpoint/vpce-004131a65aac71a65",
            "auto_accept": null,
            "cidr_blocks": [],
            "dns_entry": [
              {
                "dns_name": "vpce-004131a65aac71a65-hthfdkj8.logs.ap-south-1.vpce.amazonaws.com",
                "hosted_zone_id": "Z2KVTB3ZLFM7JR"
              },
              {
                "dns_name": "vpce-004131a65aac71a65-hthfdkj8-ap-south-1b.logs.ap-south-1.vpce.amazonaws.com",
                "hosted_zone_id": "Z2KVTB3ZLFM7JR"
              },
              {
                "dns_name": "vpce-004131a65aac71a65-hthfdkj8-ap-south-1a.logs.ap-south-1.vpce.amazonaws.com",
                "hosted_zone_id": "Z2KVTB3ZLFM7JR"
              },
              {
                "dns_name": "logs.ap-south-1.amazonaws.com",
                "hosted_zone_id": "Z00423793VDMNNOKRY0WW"
              },
              {
                "dns_name": "streaming-logs.ap-south-1.api.aws",
                "hosted_zone_id": "Z02966311WZL3ZMICA2Z4"
              },
              {
                "dns_name": "streaming-logs.ap-south-1.amazonaws.com",
                "hosted_zone_id": "Z00422071B0607KEU2S8T"
              },
              {
                "dns_name": "logs.ap-south-1.api.aws",
                "hosted_zone_id": "Z09257192XWJO7E68OLT4"
              }
            ],
            "dns_options": [
              {
                "dns_record_ip_type": "ipv4",
                "private_dns_only_for_inbound_resolver_endpoint": false
              }
            ],
            "id": "vpce-004131a65aac71a65",
            "ip_address_type": "ipv4",
            "network_interface_ids": [
              "eni-09c033a2e928d2bff",
              "eni-0d0f1eefe7fadd2ac"
            ],
            "owner_id": "465443875617",
            "policy": "{\"Statement\":[{\"Action\":\"*\",\"Effect\":\"Allow\",\"Principal\":\"*\",\"Resource\":\"*\"}]}",
            "prefix_list_id": null,
            "private_dns_enabled": true,
            "requester_managed": false,
            "resource_configuration_arn": "",
            "route_table_ids": [],
            "security_group_ids": [
              "sg-0fe370f7332a0ab1c"
            ],
            "service_name": "com.amazonaws.ap-south-1.logs",
            "service_network_arn": "",
            "service_region": "ap-south-1",
            "state": "available",
            "subnet_configuration": [
              {
                "ipv4": "10.40.1.94",
                "ipv6": "",
                "subnet_id": "subnet-0587bab6117f52e32"
              },
              {
                "ipv4": "10.40.2.248",
                "ipv6": "",
                "subnet_id": "subnet-040be3bd0f74956eb"
              }
            ],
            "subnet_ids": [
              "subnet-040be3bd0f74956eb",
              "subnet-0587bab6117f52e32"
            ],
            "tags": {
              "Environment": "dev",
              "ManagedBy": "terraform",
              "Name": "python-lab-dev-logs-endpoint",
              "Project": "python-lab"
            },
            "tags_all": {
              "Environment": "dev",
              "ManagedBy": "terraform",
              "Name": "python-lab-dev-logs-endpoint",
              "Project": "python-lab"
            },
            "timeouts": null,
            "vpc_endpoint_type": "Interface",
            "vpc_id": "vpc-03478218adc0b99d9"
          },
          "sensitive_attributes": [],
          "identity_schema_version": 0,
          "private": "eyJlMmJmYjczMC1lY2FhLTExZTYtOGY4OC0zNDM2M2JjN2M0YzAiOnsiY3JlYXRlIjo2MDAwMDAwMDAwMDAsImRlbGV0ZSI6NjAwMDAwMDAwMDAwLCJ1cGRhdGUiOjYwMDAwMDAwMDAwMH19",
          "dependencies": [
            "aws_security_group.alb",
            "aws_security_group.ecs_tasks",
            "aws_security_group.lambda",
            "aws_security_group.vpc_endpoints",
            "aws_subnet.private",
            "aws_vpc.main",
            "data.aws_availability_zones.available"
          ]
        }
      ]
    },
    {
      "mode": "managed",
      "type": "aws_vpc_endpoint",
      "name": "s3",
      "provider": "provider[\"registry.terraform.io/hashicorp/aws\"]",
      "instances": [
        {
          "schema_version": 0,
          "attributes": {
            "arn": "arn:aws:ec2:ap-south-1:465443875617:vpc-endpoint/vpce-03fc5fac75dc0c7f1",
            "auto_accept": null,
            "cidr_blocks": [
              "52.219.156.0/22",
              "52.219.160.0/23",
              "52.219.62.0/23",
              "3.5.212.0/23",
              "3.5.208.0/22",
              "16.12.3.0/24",
              "16.12.40.0/23",
              "52.219.64.0/22",
              "16.12.36.0/22"
            ],
            "dns_entry": [],
            "dns_options": [
              {
                "dns_record_ip_type": "service-defined",
                "private_dns_only_for_inbound_resolver_endpoint": false
              }
            ],
            "id": "vpce-03fc5fac75dc0c7f1",
            "ip_address_type": "ipv4",
            "network_interface_ids": [],
            "owner_id": "465443875617",
            "policy": "{\"Statement\":[{\"Action\":\"*\",\"Effect\":\"Allow\",\"Principal\":\"*\",\"Resource\":\"*\"}],\"Version\":\"2008-10-17\"}",
            "prefix_list_id": "pl-78a54011",
            "private_dns_enabled": false,
            "requester_managed": false,
            "resource_configuration_arn": "",
            "route_table_ids": [
              "rtb-06f898a2c95d91a57",
              "rtb-0e3c22d9d253dfab5"
            ],
            "security_group_ids": [],
            "service_name": "com.amazonaws.ap-south-1.s3",
            "service_network_arn": "",
            "service_region": "ap-south-1",
            "state": "available",
            "subnet_configuration": [],
            "subnet_ids": [],
            "tags": {
              "Environment": "dev",
              "ManagedBy": "terraform",
              "Name": "python-lab-dev-s3-endpoint",
              "Project": "python-lab"
            },
            "tags_all": {
              "Environment": "dev",
              "ManagedBy": "terraform",
              "Name": "python-lab-dev-s3-endpoint",
              "Project": "python-lab"
            },
            "timeouts": null,
            "vpc_endpoint_type": "Gateway",
            "vpc_id": "vpc-03478218adc0b99d9"
          },
          "sensitive_attributes": [],
          "identity_schema_version": 0,
          "private": "eyJlMmJmYjczMC1lY2FhLTExZTYtOGY4OC0zNDM2M2JjN2M0YzAiOnsiY3JlYXRlIjo2MDAwMDAwMDAwMDAsImRlbGV0ZSI6NjAwMDAwMDAwMDAwLCJ1cGRhdGUiOjYwMDAwMDAwMDAwMH19",
          "dependencies": [
            "aws_route_table.private",
            "aws_subnet.private",
            "aws_vpc.main",
            "data.aws_availability_zones.available"
          ]
        }
      ]
    },
    {
      "mode": "managed",
      "type": "aws_vpc_endpoint",
      "name": "scheduler",
      "provider": "provider[\"registry.terraform.io/hashicorp/aws\"]",
      "instances": [
        {
          "schema_version": 0,
          "attributes": {
            "arn": "arn:aws:ec2:ap-south-1:465443875617:vpc-endpoint/vpce-0520684525ee4ea5f",
            "auto_accept": null,
            "cidr_blocks": [],
            "dns_entry": [
              {
                "dns_name": "vpce-0520684525ee4ea5f-1lqkiy7z.scheduler.ap-south-1.vpce.amazonaws.com",
                "hosted_zone_id": "Z2KVTB3ZLFM7JR"
              },
              {
                "dns_name": "vpce-0520684525ee4ea5f-1lqkiy7z-ap-south-1b.scheduler.ap-south-1.vpce.amazonaws.com",
                "hosted_zone_id": "Z2KVTB3ZLFM7JR"
              },
              {
                "dns_name": "vpce-0520684525ee4ea5f-1lqkiy7z-ap-south-1a.scheduler.ap-south-1.vpce.amazonaws.com",
                "hosted_zone_id": "Z2KVTB3ZLFM7JR"
              },
              {
                "dns_name": "scheduler.ap-south-1.amazonaws.com",
                "hosted_zone_id": "Z092715519SCPG6ON2J2G"
              },
              {
                "dns_name": "scheduler.ap-south-1.api.aws",
                "hosted_zone_id": "Z029515822PUYIU1S47F1"
              }
            ],
            "dns_options": [
              {
                "dns_record_ip_type": "ipv4",
                "private_dns_only_for_inbound_resolver_endpoint": false
              }
            ],
            "id": "vpce-0520684525ee4ea5f",
            "ip_address_type": "ipv4",
            "network_interface_ids": [
              "eni-01ef135a8e3f09ce9",
              "eni-08e4d73a3b33b7040"
            ],
            "owner_id": "465443875617",
            "policy": "{\"Statement\":[{\"Action\":\"*\",\"Effect\":\"Allow\",\"Principal\":\"*\",\"Resource\":\"*\"}]}",
            "prefix_list_id": null,
            "private_dns_enabled": true,
            "requester_managed": false,
            "resource_configuration_arn": "",
            "route_table_ids": [],
            "security_group_ids": [
              "sg-0fe370f7332a0ab1c"
            ],
            "service_name": "com.amazonaws.ap-south-1.scheduler",
            "service_network_arn": "",
            "service_region": "ap-south-1",
            "state": "available",
            "subnet_configuration": [
              {
                "ipv4": "10.40.1.35",
                "ipv6": "",
                "subnet_id": "subnet-0587bab6117f52e32"
              },
              {
                "ipv4": "10.40.2.161",
                "ipv6": "",
                "subnet_id": "subnet-040be3bd0f74956eb"
              }
            ],
            "subnet_ids": [
              "subnet-040be3bd0f74956eb",
              "subnet-0587bab6117f52e32"
            ],
            "tags": {
              "Environment": "dev",
              "ManagedBy": "terraform",
              "Name": "python-lab-dev-scheduler-endpoint",
              "Project": "python-lab"
            },
            "tags_all": {
              "Environment": "dev",
              "ManagedBy": "terraform",
              "Name": "python-lab-dev-scheduler-endpoint",
              "Project": "python-lab"
            },
            "timeouts": null,
            "vpc_endpoint_type": "Interface",
            "vpc_id": "vpc-03478218adc0b99d9"
          },
          "sensitive_attributes": [],
          "identity_schema_version": 0,
          "private": "eyJlMmJmYjczMC1lY2FhLTExZTYtOGY4OC0zNDM2M2JjN2M0YzAiOnsiY3JlYXRlIjo2MDAwMDAwMDAwMDAsImRlbGV0ZSI6NjAwMDAwMDAwMDAwLCJ1cGRhdGUiOjYwMDAwMDAwMDAwMH19",
          "dependencies": [
            "aws_security_group.alb",
            "aws_security_group.ecs_tasks",
            "aws_security_group.lambda",
            "aws_security_group.vpc_endpoints",
            "aws_subnet.private",
            "aws_vpc.main",
            "data.aws_availability_zones.available"
          ]
        }
      ]
    },
    {
      "mode": "managed",
      "type": "random_string",
      "name": "test_cases_suffix",
      "provider": "provider[\"registry.terraform.io/hashicorp/random\"]",
      "instances": [
        {
          "schema_version": 2,
          "attributes": {
            "id": "z18dh34l",
            "keepers": null,
            "length": 8,
            "lower": true,
            "min_lower": 0,
            "min_numeric": 0,
            "min_special": 0,
            "min_upper": 0,
            "number": true,
            "numeric": true,
            "override_special": null,
            "result": "z18dh34l",
            "special": false,
            "upper": false
          },
          "sensitive_attributes": [],
          "identity_schema_version": 0
        }
      ]
    }
  ],
  "check_results": [
    {
      "object_kind": "var",
      "config_addr": "var.lab_types",
      "status": "pass",
      "objects": [
        {
          "object_addr": "var.lab_types",
          "status": "pass"
        }
      ]
    }
  ]
}
